{"format_version":"1.0","provider_schemas":{"registry.terraform.io/rootlyhq/rootly":{"provider":{"version":0,"block":{"attributes":{"api_host":{"type":"string","description":"The Rootly API host. Defaults to https://api.rootly.com. Can also be sourced from the `ROOTLY_API_URL` environment variable.","description_kind":"markdown","optional":true},"api_token":{"type":"string","description":"The Rootly API Token. Generate it from your account at https://rootly.com/account. It must be provided but can also be sourced from the `ROOTLY_API_TOKEN` environment variable.","description_kind":"markdown","optional":true,"sensitive":true}},"description_kind":"plain"}},"resource_schemas":{"rootly_alert_field":{"version":0,"block":{"attributes":{"id":{"type":"string","description_kind":"plain","optional":true,"computed":true},"kind":{"type":"string","description":"The kind of alert field","description_kind":"markdown","optional":true,"computed":true},"name":{"type":"string","description":"The name of the alert field","description_kind":"markdown","required":true},"slug":{"type":"string","description":"The slug of the alert field","description_kind":"markdown","deprecated":true,"optional":true,"computed":true}},"description_kind":"plain"}},"rootly_alert_group":{"version":0,"block":{"attributes":{"condition_type":{"type":"string","description":"Grouping condition for the alert group","description_kind":"markdown","optional":true,"computed":true},"deleted_at":{"type":"string","description":"Date or deletion","description_kind":"markdown","optional":true,"computed":true},"description":{"type":"string","description":"The description of the alert group","description_kind":"markdown","optional":true,"computed":true},"group_by_alert_title":{"type":"bool","description":"[DEPRECATED] Whether the alerts are grouped by title or not. This field is deprecated. Please use the `conditions` field with advanced alert grouping instead.. Value must be one of true or false","description_kind":"markdown","deprecated":true,"optional":true,"computed":true},"group_by_alert_urgency":{"type":"bool","description":"[DEPRECATED] Whether the alerts are grouped by urgency or not. This field is deprecated. Please use the `conditions` field with advanced alert grouping instead.. Value must be one of true or false","description_kind":"markdown","deprecated":true,"optional":true,"computed":true},"id":{"type":"string","description_kind":"plain","optional":true,"computed":true},"name":{"type":"string","description":"The name of the alert group","description_kind":"markdown","required":true},"slug":{"type":"string","description":"[DEPRECATED] The slug of the alert group. Derived from `name`; any configured value is ignored.","description_kind":"markdown","deprecated":true,"optional":true,"computed":true},"time_window":{"type":"number","description":"Time window for the alert grouping","description_kind":"markdown","optional":true,"computed":true}},"block_types":{"attributes":{"nesting_mode":"list","block":{"attributes":{"json_path":{"type":"string","description":"The JSON path to the value to group by.","description_kind":"markdown","optional":true,"computed":true}},"description":"This field is deprecated. Please use the `conditions` field instead, `attributes` will be removed in the future.","description_kind":"markdown"}},"conditions":{"nesting_mode":"list","block":{"attributes":{"alert_urgency_ids":{"type":["list","string"],"description":"The Alert Urgency IDs to check in the condition. Only need to be set when the property field type is 'attribute', the property field name is 'alert_urgency' and the property field condition type is 'is_one_of' or 'is_not_one_of'","description_kind":"markdown","optional":true},"conditionable_id":{"type":"string","description":"The ID of the conditionable. If conditionable_type is AlertField, this is the ID of the alert field.","description_kind":"markdown","optional":true,"computed":true},"conditionable_type":{"type":"string","description":"The type of the conditionable. Value must be one of `AlertField`.","description_kind":"markdown","optional":true,"computed":true},"property_field_condition_type":{"type":"string","description":"The condition type of the property field. Value must be one of `is_one_of`, `is_not_one_of`, `contains`, `does_not_contain`, `starts_with`, `ends_with`, `matches_regex`, `is_empty`, `matches_existing_alert`.","description_kind":"markdown","optional":true},"property_field_name":{"type":"string","description":"The name of the property field. If the property field type is selected as 'attribute', then the allowed property field names are 'summary' (for Title), 'description', 'alert_urgency' and 'external_url' (for Alert Source URL). If the property field type is selected as 'payload', then the property field name should be supplied in JSON Path syntax.","description_kind":"markdown","optional":true,"computed":true},"property_field_type":{"type":"string","description":"The type of the property field. Value must be one of `attribute`, `payload`, `alert_field`.","description_kind":"markdown","optional":true},"property_field_value":{"type":"string","description":"The value of the property field. Can be null if the property field condition type is 'is_one_of' or 'is_not_one_of'","description_kind":"markdown","optional":true,"computed":true},"property_field_values":{"type":["list","string"],"description":"The values of the property field. Used if the property field condition type is 'is_one_of' or 'is_not_one_of' except for when property field name is 'alert_urgency'","description_kind":"markdown","optional":true}},"block_types":{"values":{"nesting_mode":"list","block":{"attributes":{"record_id":{"type":"string","description":"ID of the Alert Urgency to set.","description_kind":"markdown","optional":true,"computed":true},"record_type":{"type":"string","description":"Should be \"AlertUrgency\".","description_kind":"markdown","optional":true,"computed":true}},"description_kind":"plain"}}},"description":"The conditions for the alert group","description_kind":"markdown"}},"targets":{"nesting_mode":"list","block":{"attributes":{"target_id":{"type":"string","description":"id for the Group, Service or EscalationPolicy","description_kind":"markdown","optional":true,"computed":true},"target_type":{"type":"string","description":"The type of the target.. Value must be one of `Group`, `Service`, `Functionality`, `EscalationPolicy`.","description_kind":"markdown","optional":true}},"description_kind":"plain"}}},"description_kind":"plain"}},"rootly_alert_route":{"version":0,"block":{"attributes":{"alerts_source_ids":{"type":["list","string"],"description_kind":"plain","required":true},"enabled":{"type":"bool","description_kind":"plain","optional":true},"id":{"type":"string","description_kind":"plain","optional":true,"computed":true},"name":{"type":"string","description":"The name of the alert route","description_kind":"markdown","required":true},"owning_team_ids":{"type":["list","string"],"description_kind":"plain","optional":true}},"block_types":{"rules":{"nesting_mode":"list","block":{"attributes":{"fallback_rule":{"type":"bool","description":"Whether this is a fallback rule. Must be `true` if `condition_groups` is not specified.","description_kind":"markdown","optional":true},"name":{"type":"string","description":"The name of the alert routing rule","description_kind":"markdown","optional":true,"computed":true},"position":{"type":"number","description":"The position of the alert routing rule for ordering evaluation","description_kind":"markdown","optional":true,"computed":true}},"block_types":{"condition_groups":{"nesting_mode":"list","block":{"attributes":{"position":{"type":"number","description":"The position of the condition group","description_kind":"markdown","optional":true,"computed":true}},"block_types":{"conditions":{"nesting_mode":"list","block":{"attributes":{"alert_urgency_ids":{"type":["list","string"],"description":"The Alert Urgency IDs to check in the condition","description_kind":"markdown","optional":true},"conditionable_id":{"type":"string","description":"The ID of the conditionable","description_kind":"markdown","optional":true,"computed":true},"conditionable_type":{"type":"string","description":"The type of the conditionable. Value must be one of `AlertField`.","description_kind":"markdown","optional":true,"computed":true},"property_field_condition_type":{"type":"string","description":"Value must be one of `is_one_of`, `is_not_one_of`, `contains`, `does_not_contain`, `starts_with`, `ends_with`, `matches_regex`, `is_empty`.","description_kind":"markdown","optional":true},"property_field_name":{"type":"string","description":"The name of the property field","description_kind":"markdown","optional":true,"computed":true},"property_field_type":{"type":"string","description":"Value must be one of `attribute`, `payload`, `alert_field`.","description_kind":"markdown","optional":true},"property_field_value":{"type":"string","description":"The value of the property field","description_kind":"markdown","optional":true,"computed":true},"property_field_values":{"type":["list","string"],"description_kind":"plain","optional":true}},"description_kind":"plain"}}},"description":"Must be specified if `fallback_rule` is `false`.","description_kind":"markdown"}},"destinations":{"nesting_mode":"list","block":{"attributes":{"target_id":{"type":"string","description":"The ID of the target","description_kind":"markdown","optional":true,"computed":true},"target_type":{"type":"string","description":"The type of the target. Value must be one of `Service`, `Group`, `Functionality`, `EscalationPolicy`.","description_kind":"markdown","optional":true}},"description_kind":"plain"}}},"description_kind":"plain"}}},"description_kind":"plain"}},"rootly_alert_routing_rule":{"version":0,"block":{"attributes":{"alerts_source_id":{"type":"string","description":"The ID of the alerts source","description_kind":"markdown","required":true},"condition_type":{"type":"string","description":"The type of condition for the alert routing rule. Value must be one of `all`, `any`.","description_kind":"markdown","optional":true},"enabled":{"type":"bool","description_kind":"plain","optional":true},"id":{"type":"string","description_kind":"plain","optional":true,"computed":true},"name":{"type":"string","description":"The name of the alert routing rule","description_kind":"markdown","required":true},"position":{"type":"number","description":"The position of the alert routing rule for ordering evaluation","description_kind":"markdown","optional":true,"computed":true}},"block_types":{"condition_groups":{"nesting_mode":"list","block":{"attributes":{"created_at":{"type":"string","description":"Date of creation","description_kind":"markdown","optional":true,"computed":true},"id":{"type":"string","description":"Unique ID of the condition group","description_kind":"markdown","optional":true,"computed":true},"position":{"type":"number","description":"The position of the condition group for ordering","description_kind":"markdown","optional":true,"computed":true},"updated_at":{"type":"string","description":"Date of last update","description_kind":"markdown","optional":true,"computed":true}},"block_types":{"conditions":{"nesting_mode":"list","block":{"attributes":{"conditionable_id":{"type":"string","description":"The ID of the conditionable object","description_kind":"markdown","optional":true,"computed":true},"conditionable_type":{"type":"string","description":"The type of the conditionable object","description_kind":"markdown","optional":true,"computed":true},"created_at":{"type":"string","description":"Date of creation","description_kind":"markdown","optional":true,"computed":true},"id":{"type":"string","description":"Unique ID of the condition","description_kind":"markdown","optional":true,"computed":true},"property_field_condition_type":{"type":"string","description":"The condition type of the property field. Value must be one of `is_one_of`, `is_not_one_of`, `contains`, `does_not_contain`, `starts_with`, `ends_with`, `matches_regex`, `is_empty`.","description_kind":"markdown","optional":true},"property_field_name":{"type":"string","description":"The name of the property field","description_kind":"markdown","optional":true,"computed":true},"property_field_type":{"type":"string","description":"The type of the property field. Value must be one of `attribute`, `payload`.","description_kind":"markdown","optional":true},"property_field_value":{"type":"string","description":"The value of the property field","description_kind":"markdown","optional":true,"computed":true},"property_field_values":{"type":["list","string"],"description":"The values of the property field","description_kind":"markdown","optional":true},"updated_at":{"type":"string","description":"Date of last update","description_kind":"markdown","optional":true,"computed":true}},"description":"The conditions within this group","description_kind":"markdown"}}},"description":"The condition groups for the alert routing rule","description_kind":"markdown"}},"conditions":{"nesting_mode":"list","block":{"attributes":{"property_field_condition_type":{"type":"string","description":"The condition type of the property field. Value must be one of `is_one_of`, `is_not_one_of`, `contains`, `does_not_contain`, `starts_with`, `ends_with`, `matches_regex`, `is_empty`.","description_kind":"markdown","optional":true},"property_field_name":{"type":"string","description":"The name of the property field. If the property field type is selected as 'attribute', then the allowed property field names are 'summary' (for Title), 'description', 'alert_urgency' and 'external_url' (for Alert Source URL). If the property field type is selected as 'payload', then the property field name should be supplied in JSON Path syntax.","description_kind":"markdown","optional":true,"computed":true},"property_field_type":{"type":"string","description":"The type of the property field. Value must be one of `attribute`, `payload`.","description_kind":"markdown","optional":true},"property_field_value":{"type":"string","description":"The value of the property field. Can be null if the property field condition type is 'is_one_of' or 'is_not_one_of'","description_kind":"markdown","optional":true,"computed":true},"property_field_values":{"type":["list","string"],"description":"The values of the property field. Used if the property field condition type is 'is_one_of' or 'is_not_one_of' except for when property field name is 'alert_urgency'","description_kind":"markdown","optional":true}},"description":"The conditions for the alert routing rule","description_kind":"markdown"}},"destination":{"nesting_mode":"list","block":{"attributes":{"target_id":{"type":"string","description":"The ID of the target","description_kind":"markdown","required":true},"target_type":{"type":"string","description":"The type of the target. Please contact support if you encounter issues using `Functionality` as a target type.. Value must be one of `Service`, `Group`, `Functionality`, `EscalationPolicy`.","description_kind":"markdown","optional":true}},"description":"The destinations for the alert routing rule","description_kind":"markdown"},"min_items":1,"max_items":1}},"description_kind":"plain"}},"rootly_alert_urgency":{"version":0,"block":{"attributes":{"color":{"type":"string","description":"The color associated with this urgency level","description_kind":"markdown","optional":true,"computed":true},"deleted_at":{"type":"string","description":"Date of deletion","description_kind":"markdown","optional":true,"computed":true},"description":{"type":"string","description":"The description of the alert urgency","description_kind":"markdown","required":true},"id":{"type":"string","description":"Unique ID of the alert urgency","description_kind":"markdown","optional":true,"computed":true},"name":{"type":"string","description":"The name of the alert urgency","description_kind":"markdown","required":true},"position":{"type":"number","description":"Position of the alert urgency","description_kind":"markdown","optional":true,"computed":true},"team_id":{"type":"number","description":"The ID of the team this urgency belongs to","description_kind":"markdown","optional":true,"computed":true},"urgency":{"type":"string","description":"The urgency level","description_kind":"markdown","optional":true,"computed":true}},"description_kind":"plain"}},"rootly_alerts_source":{"version":0,"block":{"attributes":{"alert_urgency_id":{"type":"string","description":"ID for the default alert urgency assigned to this alert source","description_kind":"markdown","optional":true,"computed":true},"deduplicate_alerts_by_key":{"type":"bool","description":"Toggle alert deduplication using deduplication key. If enabled, deduplication_key_kind and deduplication_key_path are required.. Value must be one of true or false","description_kind":"markdown","optional":true,"computed":true},"deduplication_key_kind":{"type":"string","description":"Kind of deduplication key.. Value must be one of `payload`.","description_kind":"markdown","optional":true},"deduplication_key_path":{"type":"string","description":"Path to deduplication key. This is a JSON Path to extract the deduplication key from the request body.","description_kind":"markdown","optional":true,"computed":true},"deduplication_key_regexp":{"type":"string","description":"Regular expression to extract key from value found at key path.","description_kind":"markdown","optional":true,"computed":true},"email":{"type":"string","description":"The email generated for email alert sources","description_kind":"markdown","optional":true,"computed":true},"id":{"type":"string","description_kind":"plain","optional":true,"computed":true},"name":{"type":"string","description":"The name of the alert source","description_kind":"markdown","required":true},"owner_group_ids":{"type":["list","string"],"description":"List of team IDs that will own the alert source","description_kind":"markdown","optional":true},"secret":{"type":"string","description":"The secret used to authenticate non-email alert sources","description_kind":"markdown","optional":true,"computed":true,"sensitive":true},"source_type":{"type":"string","description":"The alert source type. Value must be one of `email`, `app_dynamics`, `catchpoint`, `datadog`, `dynatrace`, `alertmanager`, `google_cloud`, `grafana`, `sentry`, `generic_webhook`, `cloud_watch`, `aws_sns`, `checkly`, `azure`, `new_relic`, `splunk`, `chronosphere`, `app_optics`, `bug_snag`, `honeycomb`, `monte_carlo`, `nagios`, `prtg`.","description_kind":"markdown","optional":true},"status":{"type":"string","description":"The status of the alert source. Value must be one of `connected`, `setup_complete`, `setup_incomplete`.","description_kind":"markdown","optional":true,"computed":true},"webhook_endpoint":{"type":"string","description":"The webhook URL generated for non-email alert sources","description_kind":"markdown","optional":true,"computed":true}},"block_types":{"alert_source_fields_attributes":{"nesting_mode":"list","block":{"attributes":{"alert_field_id":{"type":"string","description":"The ID of the alert field","description_kind":"markdown","optional":true,"computed":true},"template_body":{"type":"string","description":"Liquid expression to extract a specific value from the alert's payload for evaluation","description_kind":"markdown","optional":true,"computed":true}},"description":"List of alert fields to be added to the alert source. Note: This attribute requires the alert field feature to be enabled on your account. Contact Rootly customer support if you need assistance with this feature.","description_kind":"markdown"}},"alert_source_urgency_rules_attributes":{"nesting_mode":"list","block":{"attributes":{"alert_urgency_id":{"type":"string","description":"The ID of the alert urgency","description_kind":"markdown","optional":true,"computed":true},"conditionable_id":{"type":"string","description":"The ID of the conditionable. If conditionable_type is AlertField, this is the ID of the alert field.","description_kind":"markdown","optional":true,"computed":true},"conditionable_type":{"type":"string","description":"The type of the conditionable. Value must be one of `AlertField or (empty string)`.","description_kind":"markdown","optional":true,"computed":true},"json_path":{"type":"string","description":"JSON path expression to extract a specific value from the alert's payload for evaluation","description_kind":"markdown","optional":true,"computed":true},"kind":{"type":"string","description":"The kind of the conditionable. Value must be one of `payload`, `alert_field`.","description_kind":"markdown","optional":true},"operator":{"type":"string","description":"Comparison operator used to evaluate the extracted value against the specified condition. Value must be one of `is`, `is_not`, `contains`, `does_not_contain`.","description_kind":"markdown","optional":true},"value":{"type":"string","description":"Value that the extracted payload data is compared to using the specified operator to determine a match","description_kind":"markdown","optional":true,"computed":true}},"description":"List of rules that define the conditions under which the alert urgency will be set automatically based on the alert payload","description_kind":"markdown"}},"alert_template_attributes":{"nesting_mode":"list","block":{"attributes":{"description":{"type":"string","description":"The alert description.","description_kind":"markdown","optional":true,"computed":true},"external_url":{"type":"string","description":"The alert URL.","description_kind":"markdown","optional":true,"computed":true},"title":{"type":"string","description":"The alert title.","description_kind":"markdown","optional":true,"computed":true}},"description":"Note that when alert fields are enabled at the team level, alert template attributes cannot be provided. Use `alert_source_fields_attributes` instead.","description_kind":"markdown"},"max_items":1},"resolution_rule_attributes":{"nesting_mode":"list","block":{"attributes":{"condition_type":{"type":"string","description":"The type of condition to evaluate to apply auto resolution rule. Value must be one of `all`, `any`.","description_kind":"markdown","optional":true},"enabled":{"type":"bool","description_kind":"plain","optional":true},"identifier_json_path":{"type":"string","description":"JSON path expression to extract unique alert identifier used to match triggered alerts with resolving alerts","description_kind":"markdown","optional":true,"computed":true},"identifier_matchable_id":{"type":"string","description":"The ID of the identifier matchable. If identifier_matchable_type is AlertField, this is the ID of the alert field.","description_kind":"markdown","optional":true,"computed":true},"identifier_matchable_type":{"type":"string","description":"The type of the identifier matchable. Value must be one of `AlertField`.","description_kind":"markdown","optional":true},"identifier_reference_kind":{"type":"string","description":"The kind of the identifier reference. Value must be one of `payload`, `alert_field`.","description_kind":"markdown","optional":true},"identifier_value_regex":{"type":"string","description":"Regex group to further specify the part of the string used as a unique identifier","description_kind":"markdown","optional":true,"computed":true}},"block_types":{"conditions_attributes":{"nesting_mode":"list","block":{"attributes":{"conditionable_id":{"type":"string","description":"The ID of the conditionable. If conditionable_type is AlertField, this is the ID of the alert field.","description_kind":"markdown","optional":true,"computed":true},"conditionable_type":{"type":"string","description":"The type of the conditionable. Value must be one of `AlertField or (empty string)`.","description_kind":"markdown","optional":true,"computed":true},"field":{"type":"string","description":"JSON path expression to extract a specific value from the alert's payload for evaluation","description_kind":"markdown","optional":true,"computed":true},"kind":{"type":"string","description":"The kind of the conditionable. Value must be one of `payload`, `alert_field`.","description_kind":"markdown","optional":true},"operator":{"type":"string","description":"Comparison operator used to evaluate the extracted value against the specified condition. Value must be one of `is`, `is_not`, `contains`, `does_not_contain`, `starts_with`, `ends_with`.","description_kind":"markdown","optional":true},"value":{"type":"string","description":"Value that the extracted payload data is compared to using the specified operator to determine a match","description_kind":"markdown","optional":true,"computed":true}},"description":"List of conditions to evaluate for auto resolution","description_kind":"markdown"}}},"description":"Provide additional attributes for email alerts source","description_kind":"markdown"},"max_items":1},"sourceable_attributes":{"nesting_mode":"list","block":{"attributes":{"accept_threaded_emails":{"type":"bool","description":"Set this to false to reject threaded emails. Value must be one of true or false","description_kind":"markdown","optional":true,"computed":true},"auto_resolve":{"type":"bool","description":"Set this to true to auto-resolve alerts based on field_mappings_attributes conditions. Value must be one of true or false","description_kind":"markdown","optional":true,"computed":true},"resolve_state":{"type":"string","description":"This value is matched with the value extracted from alerts payload using JSON path in field_mappings_attributes","description_kind":"markdown","optional":true,"computed":true}},"block_types":{"field_mappings_attributes":{"nesting_mode":"list","block":{"attributes":{"field":{"type":"string","description":"Select the field on which the condition to be evaluated. Value must be one of `external_id`, `state`, `alert_title`, `alert_external_url`, `notification_target_type`, `notification_target_id`.","description_kind":"markdown","optional":true},"json_path":{"type":"string","description":"JSON path expression to extract a specific value from the alert's payload for evaluation","description_kind":"markdown","optional":true,"computed":true}},"description":"Specify rules to auto resolve alerts","description_kind":"markdown"}}},"description":"Provide additional attributes for generic_webhook alerts source","description_kind":"markdown"},"max_items":1}},"description_kind":"plain"}},"rootly_api_key":{"version":0,"block":{"attributes":{"description":{"type":"string","description":"A description of the API key","description_kind":"markdown","optional":true,"computed":true},"expires_at":{"type":"string","description":"Expiration date","description_kind":"markdown","required":true},"grace_period_ends_at":{"type":"string","description":"Grace period end date","description_kind":"markdown","optional":true,"computed":true},"id":{"type":"string","description_kind":"plain","optional":true,"computed":true},"kind":{"type":"string","description":"The kind of the API key. Value must be one of `personal`, `team`, `organization`.","description_kind":"markdown","optional":true},"last_used_at":{"type":"string","description":"Date of last use","description_kind":"markdown","optional":true,"computed":true},"name":{"type":"string","description":"The name of the API key","description_kind":"markdown","required":true},"on_call_role_id":{"type":"string","description":"The on-call role ID","description_kind":"markdown","optional":true,"computed":true},"role_id":{"type":"string","description":"The role ID","description_kind":"markdown","optional":true,"computed":true}},"description_kind":"plain"}},"rootly_authorization":{"version":0,"block":{"attributes":{"authorizable_id":{"type":"string","description":"The id of the resource being accessed.","description_kind":"markdown","required":true},"authorizable_type":{"type":"string","description":"The type of resource being accessed.. Value must be one of `Dashboard`.","description_kind":"markdown","optional":true},"grantee_id":{"type":"string","description":"The resource id granted access.","description_kind":"markdown","required":true},"grantee_type":{"type":"string","description":"The type of resource granted access.. Value must be one of `User`, `Team`.","description_kind":"markdown","optional":true},"id":{"type":"string","description_kind":"plain","optional":true,"computed":true},"permissions":{"type":["list","string"],"description":"Value must be one of `read`, `update`, `authorize`, `destroy`.","description_kind":"markdown","required":true}},"description_kind":"plain"}},"rootly_catalog":{"version":0,"block":{"attributes":{"description":{"type":"string","description_kind":"plain","optional":true,"computed":true},"external_id":{"type":"string","description":"An external identifier for this catalog. Must be unique within the team.","description_kind":"markdown","optional":true,"computed":true},"icon":{"type":"string","description":"Value must be one of `globe-alt`, `server-stack`, `users`, `user-group`, `chart-bar`, `shapes`, `light-bulb`, `cursor-arrow-ripple`.","description_kind":"markdown","optional":true},"id":{"type":"string","description_kind":"plain","optional":true,"computed":true},"managed_by":{"type":"string","description":"Which source manages this resource (read-only).. Value must be one of `web`, `admin_web`, `api`, `terraform`, `pulumi`, `backstage`, `catalog_sync`.","description_kind":"markdown","computed":true},"name":{"type":"string","description_kind":"plain","required":true},"position":{"type":"number","description":"Default position of the catalog when displayed in a list.","description_kind":"markdown","optional":true,"computed":true},"slug":{"type":"string","description":"The slug of the catalog. Derived from `name`.","description_kind":"markdown","deprecated":true,"optional":true,"computed":true}},"description_kind":"plain"}},"rootly_catalog_checklist_template":{"version":0,"block":{"attributes":{"catalog_type":{"type":"string","description":"The catalog type. Value must be one of `Service`, `Functionality`, `Environment`, `Group`, `Cause`, `IncidentType`, `Catalog`.","description_kind":"markdown","optional":true},"description":{"type":"string","description":"The description of the checklist template","description_kind":"markdown","optional":true,"computed":true},"id":{"type":"string","description_kind":"plain","optional":true,"computed":true},"name":{"type":"string","description":"The name of the checklist template","description_kind":"markdown","required":true},"scope_id":{"type":"string","description":"The scope ID","description_kind":"markdown","optional":true,"computed":true},"scope_type":{"type":"string","description":"The scope type. Value must be one of `Team`, `Catalog`.","description_kind":"markdown","optional":true},"slug":{"type":"string","description":"The slug of the checklist template","description_kind":"markdown","deprecated":true,"optional":true,"computed":true}},"block_types":{"fields":{"nesting_mode":"list","block":{"attributes":{"catalog_property_id":{"type":"string","description":"ID of the catalog property for custom fields","description_kind":"markdown","optional":true,"computed":true},"field_key":{"type":"string","description":"Key identifying the field","description_kind":"markdown","optional":true,"computed":true},"field_source":{"type":"string","description":"Source of the field. Value must be one of `builtin`, `custom`.","description_kind":"markdown","optional":true}},"description":"Template fields in position order","description_kind":"markdown"}},"owners":{"nesting_mode":"list","block":{"attributes":{"id":{"type":"string","description":"User ID for user owners, or field key for field owners","description_kind":"markdown","optional":true,"computed":true},"type":{"type":"string","description":"Type of owner. Value must be one of `field`, `user`.","description_kind":"markdown","optional":true}},"description":"Template owners","description_kind":"markdown"}}},"description_kind":"plain"}},"rootly_catalog_entity":{"version":0,"block":{"attributes":{"backstage_id":{"type":"string","description":"The Backstage entity ID this catalog entity is linked to.","description_kind":"markdown","optional":true,"computed":true},"catalog_id":{"type":"string","description":"The ID of the parent catalog","description_kind":"markdown","required":true},"description":{"type":"string","description_kind":"plain","optional":true,"computed":true},"external_id":{"type":"string","description":"An external identifier for this catalog entity. Must be unique within the catalog.","description_kind":"markdown","optional":true,"computed":true},"id":{"type":"string","description_kind":"plain","optional":true,"computed":true},"managed_by":{"type":"string","description":"Which source manages this resource (read-only).. Value must be one of `web`, `admin_web`, `api`, `terraform`, `pulumi`, `backstage`, `catalog_sync`.","description_kind":"markdown","computed":true},"name":{"type":"string","description_kind":"plain","required":true},"position":{"type":"number","description":"Default position of the item when displayed in a list.","description_kind":"markdown","optional":true,"computed":true},"public_description":{"type":"string","description":"The status page description of the catalog entity","description_kind":"markdown","optional":true,"computed":true},"slug":{"type":"string","description":"The slug of the catalog entity. Derived from `name`.","description_kind":"markdown","deprecated":true,"optional":true,"computed":true}},"block_types":{"properties":{"nesting_mode":"list","block":{"attributes":{"catalog_property_id":{"type":"string","description":"Unique ID of the catalog property","description_kind":"markdown","optional":true,"computed":true},"value":{"type":"string","description":"The value for this property","description_kind":"markdown","optional":true,"computed":true}},"description":"Array of property values for this catalog entity","description_kind":"markdown"}}},"description_kind":"plain"}},"rootly_catalog_property":{"version":0,"block":{"attributes":{"catalog_id":{"type":"string","description_kind":"plain","optional":true,"computed":true},"catalog_type":{"type":"string","description":"The type of catalog the property belongs to.. Value must be one of `catalog`, `cause`, `environment`, `functionality`, `incident_type`, `service`, `team`.","description_kind":"markdown","optional":true},"id":{"type":"string","description_kind":"plain","optional":true,"computed":true},"kind":{"type":"string","description":"Value must be one of `text`, `reference`, `boolean`, `service`, `functionality`, `environment`, `group`, `cause`, `incident_type`, `user`.","description_kind":"markdown","optional":true},"kind_catalog_id":{"type":"string","description":"Restricts values to items of specified catalog.","description_kind":"markdown","optional":true,"computed":true},"multiple":{"type":"bool","description":"Whether the attribute accepts multiple values.. Value must be one of true or false","description_kind":"markdown","optional":true,"computed":true},"name":{"type":"string","description_kind":"plain","required":true},"required":{"type":"bool","description":"Whether the property is required.. Value must be one of true or false","description_kind":"markdown","optional":true,"computed":true},"slug":{"type":"string","description_kind":"plain","deprecated":true,"optional":true,"computed":true}},"description_kind":"plain"}},"rootly_cause":{"version":0,"block":{"attributes":{"description":{"type":"string","description":"The description of the cause","description_kind":"markdown","optional":true,"computed":true},"id":{"type":"string","description_kind":"plain","optional":true,"computed":true},"name":{"type":"string","description":"The name of the cause","description_kind":"markdown","required":true},"position":{"type":"number","description":"Position of the cause","description_kind":"markdown","optional":true,"computed":true},"public_description":{"type":"string","description":"The status page description of the cause","description_kind":"markdown","optional":true,"computed":true},"slug":{"type":"string","description":"The slug of the cause","description_kind":"markdown","deprecated":true,"optional":true,"computed":true}},"block_types":{"properties":{"nesting_mode":"list","block":{"attributes":{"catalog_property_id":{"type":"string","description":"Catalog property ID","description_kind":"markdown","optional":true,"computed":true},"value":{"type":"string","description":"The property value","description_kind":"markdown","optional":true,"computed":true}},"description":"Array of property values for this cause.","description_kind":"markdown"}}},"description_kind":"plain"}},"rootly_communications_group":{"version":0,"block":{"attributes":{"communication_type_id":{"type":"string","description":"The communication type ID","description_kind":"markdown","required":true},"condition_type":{"type":"string","description":"Condition type. Value must be one of `any`, `all`.","description_kind":"markdown","optional":true},"description":{"type":"string","description":"The description of the communications group","description_kind":"markdown","optional":true,"computed":true},"email_channel":{"type":"bool","description":"Email channel enabled. Value must be one of true or false","description_kind":"markdown","optional":true,"computed":true},"id":{"type":"string","description_kind":"plain","optional":true,"computed":true},"is_private":{"type":"bool","description":"Whether the group is private. Value must be one of true or false","description_kind":"markdown","optional":true,"computed":true},"name":{"type":"string","description":"The name of the communications group","description_kind":"markdown","required":true},"slug":{"type":"string","description":"The slug of the communications group","description_kind":"markdown","deprecated":true,"optional":true,"computed":true},"sms_channel":{"type":"bool","description":"SMS channel enabled. Value must be one of true or false","description_kind":"markdown","optional":true,"computed":true}},"block_types":{"communication_external_group_members":{"nesting_mode":"list","block":{"attributes":{"email":{"type":"string","description":"Email of the external member","description_kind":"markdown","optional":true,"computed":true},"id":{"type":"string","description":"ID of the external group member","description_kind":"markdown","optional":true,"computed":true},"name":{"type":"string","description":"Name of the external member","description_kind":"markdown","optional":true,"computed":true},"phone_number":{"type":"string","description":"Phone number of the external member","description_kind":"markdown","optional":true,"computed":true}},"description":"External group members","description_kind":"markdown"}},"communication_group_conditions":{"nesting_mode":"list","block":{"attributes":{"condition":{"type":"string","description":"Condition","description_kind":"markdown","optional":true,"computed":true},"id":{"type":"string","description":"ID of the condition","description_kind":"markdown","optional":true,"computed":true},"property_type":{"type":"string","description":"Property type. Value must be one of `service`, `severity`, `functionality`, `group`, `incident_type`.","description_kind":"markdown","optional":true}},"block_types":{"properties":{"nesting_mode":"list","block":{"attributes":{"id":{"type":"string","description_kind":"plain","optional":true,"computed":true},"name":{"type":"string","description_kind":"plain","deprecated":true,"optional":true,"computed":true}},"description":"Properties","description_kind":"markdown"}}},"description":"Group conditions","description_kind":"markdown"}},"communication_group_members":{"nesting_mode":"list","block":{"attributes":{"id":{"type":"string","description":"ID of the group member","description_kind":"markdown","optional":true,"computed":true},"user_id":{"type":"number","description":"User ID","description_kind":"markdown","optional":true,"computed":true}},"description":"Group members","description_kind":"markdown"}}},"description_kind":"plain"}},"rootly_communications_stage":{"version":0,"block":{"attributes":{"description":{"type":"string","description":"The description of the communications stage","description_kind":"markdown","optional":true,"computed":true},"id":{"type":"string","description_kind":"plain","optional":true,"computed":true},"name":{"type":"string","description":"The name of the communications stage","description_kind":"markdown","required":true},"position":{"type":"number","description":"Position of the communications stage","description_kind":"markdown","optional":true,"computed":true},"slug":{"type":"string","description":"The slug of the communications stage","description_kind":"markdown","deprecated":true,"optional":true,"computed":true}},"description_kind":"plain"}},"rootly_communications_template":{"version":0,"block":{"attributes":{"communication_type_id":{"type":"string","description":"The communication type ID","description_kind":"markdown","required":true},"description":{"type":"string","description":"The description of the communications template","description_kind":"markdown","optional":true,"computed":true},"id":{"type":"string","description_kind":"plain","optional":true,"computed":true},"name":{"type":"string","description":"The name of the communications template","description_kind":"markdown","required":true},"position":{"type":"number","description":"Position of the communications template","description_kind":"markdown","optional":true,"computed":true},"slug":{"type":"string","description":"The slug of the communications template","description_kind":"markdown","deprecated":true,"optional":true,"computed":true}},"block_types":{"communication_template_stages":{"nesting_mode":"list","block":{"attributes":{"communication_stage_id":{"type":"string","description":"The communication stage ID","description_kind":"markdown","optional":true,"computed":true},"email_body":{"type":"string","description":"Email body for the stage","description_kind":"markdown","optional":true,"computed":true},"email_subject":{"type":"string","description":"Email subject for the stage","description_kind":"markdown","optional":true,"computed":true},"id":{"type":"string","description":"ID of the communication template stage","description_kind":"markdown","optional":true,"computed":true},"slack_content":{"type":"string","description":"Slack content for the stage","description_kind":"markdown","optional":true,"computed":true},"sms_content":{"type":"string","description":"SMS content for the stage","description_kind":"markdown","optional":true,"computed":true}},"description":"Communication template stages","description_kind":"markdown"}},"communication_type":{"nesting_mode":"list","block":{"attributes":{"id":{"type":"string","description":"ID of the communication type","description_kind":"markdown","optional":true,"computed":true},"name":{"type":"string","description":"Name of the communication type","description_kind":"markdown","optional":true,"computed":true}},"description":"Map must contain two fields, `id` and `name`. ","description_kind":"markdown"},"max_items":1}},"description_kind":"plain"}},"rootly_communications_type":{"version":0,"block":{"attributes":{"color":{"type":"string","description":"The color of the communications type","description_kind":"markdown","required":true},"description":{"type":"string","description":"The description of the communications type","description_kind":"markdown","optional":true,"computed":true},"id":{"type":"string","description_kind":"plain","optional":true,"computed":true},"name":{"type":"string","description":"The name of the communications type","description_kind":"markdown","required":true},"position":{"type":"number","description":"Position of the communications type","description_kind":"markdown","optional":true,"computed":true},"slug":{"type":"string","description":"The slug of the communications type","description_kind":"markdown","deprecated":true,"optional":true,"computed":true}},"description_kind":"plain"}},"rootly_custom_field":{"version":0,"block":{"attributes":{"default":{"type":"string","description":"The default value for text field kinds.","description_kind":"markdown","optional":true,"computed":true},"description":{"type":"string","description":"The description of the custom_field","description_kind":"markdown","optional":true,"computed":true},"enabled":{"type":"bool","description_kind":"plain","optional":true},"id":{"type":"string","description_kind":"plain","optional":true,"computed":true},"kind":{"type":"string","description":"The kind of the custom_field","description_kind":"markdown","optional":true,"computed":true},"label":{"type":"string","description":"The name of the custom_field","description_kind":"markdown","required":true},"position":{"type":"number","description":"The position of the custom_field","description_kind":"markdown","optional":true,"computed":true},"required":{"type":["list","string"],"description_kind":"plain","optional":true,"computed":true},"shown":{"type":["list","string"],"description_kind":"plain","optional":true,"computed":true},"slug":{"type":"string","description":"The slug of the custom_field","description_kind":"markdown","deprecated":true,"optional":true,"computed":true}},"description":"DEPRECATED: Please use `rootly_form_field` resource instead.","description_kind":"markdown","deprecated":true}},"rootly_custom_field_option":{"version":0,"block":{"attributes":{"color":{"type":"string","description":"The hex color of the custom_field_option","description_kind":"markdown","optional":true,"computed":true},"custom_field_id":{"type":"number","description":"The ID of the parent custom field","description_kind":"markdown","optional":true,"computed":true},"default":{"type":"bool","description_kind":"plain","optional":true,"computed":true},"id":{"type":"string","description_kind":"plain","optional":true,"computed":true},"position":{"type":"number","description":"The position of the custom_field_option","description_kind":"markdown","optional":true,"computed":true},"value":{"type":"string","description":"The value of the custom_field_option","description_kind":"markdown","required":true}},"description":"DEPRECATED: Please use `rootly_form_field` and `rootly_form_field_option` resources instead.","description_kind":"markdown","deprecated":true}},"rootly_custom_form":{"version":0,"block":{"attributes":{"command":{"type":"string","description":"The Slack command used to trigger this form.","description_kind":"markdown","required":true},"description":{"type":"string","description_kind":"plain","optional":true,"computed":true},"enabled":{"type":"bool","description_kind":"plain","optional":true},"id":{"type":"string","description_kind":"plain","optional":true,"computed":true},"name":{"type":"string","description":"The name of the custom form.","description_kind":"markdown","required":true},"slug":{"type":"string","description":"The custom form slug. Add this to form_field.shown or form_field.required to associate form fields with custom forms.","description_kind":"markdown","deprecated":true,"optional":true,"computed":true}},"description_kind":"plain"}},"rootly_dashboard":{"version":0,"block":{"attributes":{"id":{"type":"string","description_kind":"plain","optional":true,"computed":true},"name":{"type":"string","description":"The name of the dashboard","description_kind":"markdown","required":true},"owner":{"type":"string","description":"Whether the dashboard is owned by organization or user.","description_kind":"markdown","optional":true},"public":{"type":"bool","description":"Whether the dashboard is public","description_kind":"markdown","optional":true},"slug":{"type":"string","description":"The slug of the dashboard","description_kind":"markdown","computed":true},"user_id":{"type":"number","description":"The user_id of the dashboard, for dashboards with owner == user","description_kind":"markdown","computed":true}},"description":"Manages dashboards.","description_kind":"markdown"}},"rootly_dashboard_panel":{"version":0,"block":{"attributes":{"dashboard_id":{"type":"string","description":"The panel dashboard","description_kind":"markdown","required":true},"id":{"type":"string","description_kind":"plain","optional":true,"computed":true},"name":{"type":"string","description":"The name of the dashboard_panel","description_kind":"markdown","optional":true,"computed":true}},"block_types":{"params":{"nesting_mode":"list","block":{"attributes":{"description":{"type":"string","description_kind":"plain","optional":true},"display":{"type":"string","description":"Value must be one of `line_chart`, `line_stepped_chart`, `column_chart`, `stacked_column_chart`, `monitoring_chart`, `pie_chart`, `table`, `aggregate_value`.","description_kind":"markdown","optional":true},"table_fields":{"type":["list","string"],"description_kind":"plain","optional":true}},"block_types":{"datalabels":{"nesting_mode":"list","block":{"attributes":{"enabled":{"type":"bool","description_kind":"plain","optional":true}},"description_kind":"plain"},"max_items":1},"datasets":{"nesting_mode":"list","block":{"attributes":{"collection":{"type":"string","description":"Value must be one of `alerts`, `incidents`, `incident_post_mortems`, `incident_action_items`, `users`.","description_kind":"markdown","optional":true},"group_by":{"type":"string","description_kind":"plain","optional":true,"computed":true},"name":{"type":"string","description_kind":"plain","optional":true,"computed":true}},"block_types":{"aggregate":{"nesting_mode":"list","block":{"attributes":{"cumulative":{"type":"bool","description":"Value must be one of true or false","description_kind":"markdown","optional":true,"computed":true},"key":{"type":"string","description_kind":"plain","optional":true,"computed":true},"operation":{"type":"string","description":"Value must be one of `count`, `sum`, `average`.","description_kind":"markdown","optional":true}},"description_kind":"plain"},"max_items":1},"filter":{"nesting_mode":"list","block":{"attributes":{"operation":{"type":"string","description":"Value must be one of `and`, `or`.","description_kind":"markdown","optional":true}},"block_types":{"rules":{"nesting_mode":"list","block":{"attributes":{"condition":{"type":"string","description":"Value must be one of `=`, `!=`, `\u003e=`, `\u003c=`, `exists`, `not_exists`, `contains`, `not_contains`, `assigned`, `unassigned`.","description_kind":"markdown","optional":true},"key":{"type":"string","description_kind":"plain","optional":true,"computed":true},"operation":{"type":"string","description":"Value must be one of `and`, `or`.","description_kind":"markdown","optional":true},"value":{"type":"string","description_kind":"plain","optional":true,"computed":true}},"description_kind":"plain"}}},"description_kind":"plain"}}},"description_kind":"plain"}},"legend":{"nesting_mode":"list","block":{"attributes":{"groups":{"type":"string","description":"Value must be one of `all`, `charted`.","description_kind":"markdown","optional":true}},"description_kind":"plain"},"max_items":1}},"description_kind":"plain"},"min_items":1,"max_items":1},"position":{"nesting_mode":"list","block":{"attributes":{"h":{"type":"number","description_kind":"plain","required":true},"w":{"type":"number","description_kind":"plain","required":true},"x":{"type":"number","description_kind":"plain","required":true},"y":{"type":"number","description_kind":"plain","required":true}},"description_kind":"plain"},"max_items":1}},"description_kind":"plain"}},"rootly_edge_connector":{"version":0,"block":{"attributes":{"created_at":{"type":"string","description_kind":"plain","computed":true},"description":{"type":"string","description":"Connector description","description_kind":"markdown","optional":true,"computed":true},"id":{"type":"string","description_kind":"plain","optional":true,"computed":true},"name":{"type":"string","description":"Connector name","description_kind":"markdown","required":true},"online":{"type":"bool","description":"Whether connector is currently online","description_kind":"markdown","computed":true},"status":{"type":"string","description":"Connector status. Value must be one of `active`, `paused`.","description_kind":"markdown","optional":true,"computed":true},"subscriptions":{"type":["list","string"],"description":"Array of event types to subscribe to","description_kind":"markdown","optional":true},"updated_at":{"type":"string","description_kind":"plain","computed":true}},"description_kind":"plain"}},"rootly_edge_connector_action":{"version":0,"block":{"attributes":{"action_type":{"type":"string","description":"Action type. Value must be one of `script`, `http`.","description_kind":"markdown","optional":true},"created_at":{"type":"string","description_kind":"plain","computed":true},"description":{"type":"string","description":"Action description","description_kind":"markdown","optional":true,"computed":true},"edge_connector_id":{"type":"string","description":"The ID of the edge connector","description_kind":"markdown","required":true},"icon":{"type":"string","description":"Action icon. Value must be one of `bolt`, `bolt-slash`, `cog`, `command-line`, `code-bracket`, `server`, `server-stack`, `play`, `arrow-path`, `wrench-screwdriver`, `cube`, `rocket-launch`.","description_kind":"markdown","optional":true,"computed":true},"id":{"type":"string","description_kind":"plain","optional":true,"computed":true},"last_executed_at":{"type":"string","description_kind":"plain","computed":true},"name":{"type":"string","description":"Action name","description_kind":"markdown","required":true},"slug":{"type":"string","description":"Action slug","description_kind":"markdown","computed":true},"timeout":{"type":"number","description":"Timeout in seconds","description_kind":"markdown","optional":true,"computed":true},"updated_at":{"type":"string","description_kind":"plain","computed":true}},"block_types":{"parameters":{"nesting_mode":"list","block":{"attributes":{"default":{"type":"string","description_kind":"plain","optional":true,"computed":true},"description":{"type":"string","description_kind":"plain","optional":true,"computed":true},"name":{"type":"string","description_kind":"plain","optional":true,"computed":true},"options":{"type":["list","string"],"description_kind":"plain","optional":true},"required":{"type":"bool","description_kind":"plain","optional":true,"computed":true},"type":{"type":"string","description_kind":"plain","optional":true}},"description":"Parameter definitions","description_kind":"markdown"}}},"description_kind":"plain"}},"rootly_environment":{"version":0,"block":{"attributes":{"color":{"type":"string","description":"The hex color of the environment","description_kind":"markdown","optional":true,"computed":true},"description":{"type":"string","description":"The description of the environment","description_kind":"markdown","optional":true,"computed":true},"external_id":{"type":"string","description":"The external id associated to this environment","description_kind":"markdown","optional":true,"computed":true},"id":{"type":"string","description_kind":"plain","optional":true,"computed":true},"managed_by":{"type":"string","description":"How this environment is managed (provenance): web, api, terraform, etc. Read-only.. Value must be one of `web`, `admin_web`, `api`, `terraform`, `pulumi`, `backstage`, `catalog_sync`.","description_kind":"markdown","computed":true},"name":{"type":"string","description":"The name of the environment","description_kind":"markdown","required":true},"notify_emails":{"type":["list","string"],"description":"Emails attached to the environment","description_kind":"markdown","optional":true},"position":{"type":"number","description":"Position of the environment","description_kind":"markdown","optional":true,"computed":true},"public_description":{"type":"string","description":"The status page description of the environment","description_kind":"markdown","optional":true,"computed":true},"slug":{"type":"string","description":"The slug of the environment","description_kind":"markdown","deprecated":true,"optional":true,"computed":true}},"block_types":{"properties":{"nesting_mode":"list","block":{"attributes":{"catalog_property_id":{"type":"string","description":"Catalog property ID","description_kind":"markdown","optional":true,"computed":true},"value":{"type":"string","description":"The property value","description_kind":"markdown","optional":true,"computed":true}},"description":"Array of property values for this environment.","description_kind":"markdown"}},"slack_aliases":{"nesting_mode":"list","block":{"attributes":{"id":{"type":"string","description":"Slack alias ID","description_kind":"markdown","optional":true,"computed":true},"name":{"type":"string","description":"Slack alias name","description_kind":"markdown","optional":true,"computed":true}},"description":"Slack Aliases associated with this environment","description_kind":"markdown"}},"slack_channels":{"nesting_mode":"list","block":{"attributes":{"id":{"type":"string","description":"Slack channel ID","description_kind":"markdown","optional":true,"computed":true},"name":{"type":"string","description":"Slack channel name","description_kind":"markdown","optional":true,"computed":true}},"description":"Slack Channels associated with this environment","description_kind":"markdown"}}},"description_kind":"plain"}},"rootly_escalation_level":{"version":0,"block":{"attributes":{"delay":{"type":"number","description":"Delay before notifying targets in the next Escalation Level.","description_kind":"markdown","optional":true,"computed":true},"escalation_policy_id":{"type":"string","description":"The ID of the escalation policy","description_kind":"markdown","required":true},"escalation_policy_path_id":{"type":"string","description":"The ID of the dynamic escalation policy path the level will belong to. If nothing is specified it will add the level to your default path.","description_kind":"markdown","optional":true,"computed":true},"id":{"type":"string","description_kind":"plain","optional":true,"computed":true},"paging_strategy_configuration_page_users_count":{"type":"number","description":"Number of users to page at a time (cycle-based round robin).","description_kind":"markdown","optional":true,"computed":true},"paging_strategy_configuration_repeats":{"type":"number","description":"Number of times to rotate through the roster (cycle-based round robin).","description_kind":"markdown","optional":true,"computed":true},"paging_strategy_configuration_repeats_mode":{"type":"string","description":"Controls how repeats are interpreted: 'users' pages exactly N users, 'all' pages everyone once.. Value must be one of `users`, `all`.","description_kind":"markdown","optional":true,"computed":true},"paging_strategy_configuration_rotation_scope":{"type":"string","description":"Scope of rotation ordering: active rotation members only, or entire schedule.. Value must be one of `active_rotation`, `entire_schedule`.","description_kind":"markdown","optional":true,"computed":true},"paging_strategy_configuration_schedule_strategy":{"type":"string","description":"Value must be one of `on_call_only`, `everyone`.","description_kind":"markdown","optional":true},"paging_strategy_configuration_strategy":{"type":"string","description":"Value must be one of `default`, `random`, `cycle`, `alert`.","description_kind":"markdown","optional":true},"position":{"type":"number","description":"Position of the escalation policy level","description_kind":"markdown","required":true}},"block_types":{"notification_target_params":{"nesting_mode":"list","block":{"attributes":{"id":{"type":"string","description":"The ID of notification target","description_kind":"markdown","optional":true,"computed":true},"team_members":{"type":"string","description":"For targets with type=team, controls whether to notify admins, all team members, or escalate to team EP.. Value must be one of `all`, `admins`, `escalate`.","description_kind":"markdown","optional":true,"computed":true},"type":{"type":"string","description":"The type of the notification target. Value must be one of `team`, `user`, `schedule`, `slack_channel`, `microsoft_teams_channel`, `service`.","description_kind":"markdown","optional":true}},"description":"Escalation level's notification targets","description_kind":"markdown"},"min_items":1}},"description_kind":"plain"}},"rootly_escalation_path":{"version":0,"block":{"attributes":{"after_deferral_behavior":{"type":"string","description":"What happens after a deferral path finishes. Required for deferral paths.. Value must be one of `re_evaluate`, `execute_path`.","description_kind":"markdown","optional":true,"computed":true},"after_deferral_path_id":{"type":"string","description":"The escalation path to execute after this deferral path when after_deferral_behavior is execute_path.","description_kind":"markdown","optional":true,"computed":true},"default":{"type":"bool","description":"Whether this escalation path is the default path. Value must be one of true or false","description_kind":"markdown","optional":true,"computed":true},"escalation_policy_id":{"type":"string","description":"The ID of the escalation policy","description_kind":"markdown","optional":true,"computed":true},"id":{"type":"string","description_kind":"plain","optional":true,"computed":true},"initial_delay":{"type":"number","description":"Initial delay for escalation path in minutes. Maximum 1 week (10080).","description_kind":"markdown","optional":true,"computed":true},"match_mode":{"type":"string","description":"How path rules are matched.. Value must be one of `match-all-rules`, `match-any-rule`.","description_kind":"markdown","optional":true},"name":{"type":"string","description":"The name of the escalation path","description_kind":"markdown","required":true},"notification_type":{"type":"string","description":"Notification rule type","description_kind":"markdown","optional":true,"computed":true},"path_type":{"type":"string","description":"The type of escalation path. Cannot be changed after creation.. Value must be one of `escalation`, `deferral`.","description_kind":"markdown","optional":true},"position":{"type":"number","description":"The position of this path in the paths for this EP.","description_kind":"markdown","optional":true,"computed":true},"repeat":{"type":"bool","description":"Whether this path should be repeated until someone acknowledges the alert. Value must be one of true or false","description_kind":"markdown","optional":true,"computed":true},"repeat_count":{"type":"number","description":"The number of times this path will be executed until someone acknowledges the alert","description_kind":"markdown","optional":true,"computed":true},"time_restriction_time_zone":{"type":"string","description":"Time zone used for time restrictions.. Value must be one of `International Date Line West`, `Etc/GMT+12`, `American Samoa`, `Pacific/Pago_Pago`, `Midway Island`, `Pacific/Midway`, `Hawaii`, `Pacific/Honolulu`, `Alaska`, `America/Juneau`, `Pacific Time (US \u0026 Canada)`, `America/Los_Angeles`, `Tijuana`, `America/Tijuana`, `Arizona`, `America/Phoenix`, `Mazatlan`, `America/Mazatlan`, `Mountain Time (US \u0026 Canada)`, `America/Denver`, `Central America`, `America/Guatemala`, `Central Time (US \u0026 Canada)`, `America/Chicago`, `Chihuahua`, `America/Chihuahua`, `Guadalajara`, `America/Mexico_City`, `Mexico City`, `America/Mexico_City`, `Monterrey`, `America/Monterrey`, `Saskatchewan`, `America/Regina`, `Bogota`, `America/Bogota`, `Eastern Time (US \u0026 Canada)`, `America/New_York`, `Indiana (East)`, `America/Indiana/Indianapolis`, `Lima`, `America/Lima`, `Quito`, `America/Lima`, `Atlantic Time (Canada)`, `America/Halifax`, `Caracas`, `America/Caracas`, `Georgetown`, `America/Guyana`, `La Paz`, `America/La_Paz`, `Puerto Rico`, `America/Puerto_Rico`, `Santiago`, `America/Santiago`, `Newfoundland`, `America/St_Johns`, `Brasilia`, `America/Sao_Paulo`, `Buenos Aires`, `America/Argentina/Buenos_Aires`, `Montevideo`, `America/Montevideo`, `Greenland`, `America/Godthab`, `Mid-Atlantic`, `Atlantic/South_Georgia`, `Azores`, `Atlantic/Azores`, `Cape Verde Is.`, `Atlantic/Cape_Verde`, `Casablanca`, `Africa/Casablanca`, `Dublin`, `Europe/Dublin`, `Edinburgh`, `Europe/London`, `Lisbon`, `Europe/Lisbon`, `London`, `Europe/London`, `Monrovia`, `Africa/Monrovia`, `UTC`, `Etc/UTC`, `Amsterdam`, `Europe/Amsterdam`, `Belgrade`, `Europe/Belgrade`, `Berlin`, `Europe/Berlin`, `Bern`, `Europe/Zurich`, `Bratislava`, `Europe/Bratislava`, `Brussels`, `Europe/Brussels`, `Budapest`, `Europe/Budapest`, `Copenhagen`, `Europe/Copenhagen`, `Ljubljana`, `Europe/Ljubljana`, `Madrid`, `Europe/Madrid`, `Paris`, `Europe/Paris`, `Prague`, `Europe/Prague`, `Rome`, `Europe/Rome`, `Sarajevo`, `Europe/Sarajevo`, `Skopje`, `Europe/Skopje`, `Stockholm`, `Europe/Stockholm`, `Vienna`, `Europe/Vienna`, `Warsaw`, `Europe/Warsaw`, `West Central Africa`, `Africa/Algiers`, `Zagreb`, `Europe/Zagreb`, `Zurich`, `Europe/Zurich`, `Athens`, `Europe/Athens`, `Bucharest`, `Europe/Bucharest`, `Cairo`, `Africa/Cairo`, `Harare`, `Africa/Harare`, `Helsinki`, `Europe/Helsinki`, `Jerusalem`, `Asia/Jerusalem`, `Kaliningrad`, `Europe/Kaliningrad`, `Kyiv`, `Europe/Kiev`, `Pretoria`, `Africa/Johannesburg`, `Riga`, `Europe/Riga`, `Sofia`, `Europe/Sofia`, `Tallinn`, `Europe/Tallinn`, `Vilnius`, `Europe/Vilnius`, `Baghdad`, `Asia/Baghdad`, `Istanbul`, `Europe/Istanbul`, `Kuwait`, `Asia/Kuwait`, `Minsk`, `Europe/Minsk`, `Moscow`, `Europe/Moscow`, `Nairobi`, `Africa/Nairobi`, `Riyadh`, `Asia/Riyadh`, `St. Petersburg`, `Europe/Moscow`, `Volgograd`, `Europe/Volgograd`, `Tehran`, `Asia/Tehran`, `Abu Dhabi`, `Asia/Muscat`, `Baku`, `Asia/Baku`, `Muscat`, `Asia/Muscat`, `Samara`, `Europe/Samara`, `Tbilisi`, `Asia/Tbilisi`, `Yerevan`, `Asia/Yerevan`, `Kabul`, `Asia/Kabul`, `Almaty`, `Asia/Almaty`, `Astana`, `Asia/Almaty`, `Ekaterinburg`, `Asia/Yekaterinburg`, `Islamabad`, `Asia/Karachi`, `Karachi`, `Asia/Karachi`, `Tashkent`, `Asia/Tashkent`, `Chennai`, `Asia/Kolkata`, `Kolkata`, `Asia/Kolkata`, `Mumbai`, `Asia/Kolkata`, `New Delhi`, `Asia/Kolkata`, `Sri Jayawardenepura`, `Asia/Colombo`, `Kathmandu`, `Asia/Kathmandu`, `Dhaka`, `Asia/Dhaka`, `Urumqi`, `Asia/Urumqi`, `Rangoon`, `Asia/Rangoon`, `Bangkok`, `Asia/Bangkok`, `Hanoi`, `Asia/Bangkok`, `Jakarta`, `Asia/Jakarta`, `Krasnoyarsk`, `Asia/Krasnoyarsk`, `Novosibirsk`, `Asia/Novosibirsk`, `Beijing`, `Asia/Shanghai`, `Chongqing`, `Asia/Chongqing`, `Hong Kong`, `Asia/Hong_Kong`, `Irkutsk`, `Asia/Irkutsk`, `Kuala Lumpur`, `Asia/Kuala_Lumpur`, `Perth`, `Australia/Perth`, `Singapore`, `Asia/Singapore`, `Taipei`, `Asia/Taipei`, `Ulaanbaatar`, `Asia/Ulaanbaatar`, `Osaka`, `Asia/Tokyo`, `Sapporo`, `Asia/Tokyo`, `Seoul`, `Asia/Seoul`, `Tokyo`, `Asia/Tokyo`, `Yakutsk`, `Asia/Yakutsk`, `Adelaide`, `Australia/Adelaide`, `Darwin`, `Australia/Darwin`, `Brisbane`, `Australia/Brisbane`, `Canberra`, `Australia/Canberra`, `Guam`, `Pacific/Guam`, `Hobart`, `Australia/Hobart`, `Melbourne`, `Australia/Melbourne`, `Port Moresby`, `Pacific/Port_Moresby`, `Sydney`, `Australia/Sydney`, `Vladivostok`, `Asia/Vladivostok`, `Magadan`, `Asia/Magadan`, `New Caledonia`, `Pacific/Noumea`, `Solomon Is.`, `Pacific/Guadalcanal`, `Srednekolymsk`, `Asia/Srednekolymsk`, `Auckland`, `Pacific/Auckland`, `Fiji`, `Pacific/Fiji`, `Kamchatka`, `Asia/Kamchatka`, `Marshall Is.`, `Pacific/Majuro`, `Wellington`, `Pacific/Auckland`, `Chatham Is.`, `Pacific/Chatham`, `Nuku'alofa`, `Pacific/Tongatapu`, `Samoa`, `Pacific/Apia`, `Tokelau Is.`, `Pacific/Fakaofo`.","description_kind":"markdown","optional":true}},"block_types":{"rules":{"nesting_mode":"list","block":{"attributes":{"fieldable_id":{"type":"string","description":"The ID of the alert field. Only used with `field` rule type.","description_kind":"markdown","optional":true,"computed":true},"fieldable_type":{"type":"string","description":"The type of the fieldable. Only used with `field` rule type. Value must be one of `AlertField`.","description_kind":"markdown","optional":true,"computed":true},"json_path":{"type":"string","description":"JSON path to extract value from payload","description_kind":"markdown","optional":true,"computed":true},"operator":{"type":"string","description":"How the value should be matched. For `json_path` rule type: `is`, `is_not`, `contains`, `does_not_contain`. For `field` rule type: `is`, `is_not`, `contains`, `does_not_contain`, `is_one_of`, `is_not_one_of`, `is_empty`, `is_not_empty`, `contains_key`, `does_not_contain_key`, `starts_with`, `does_not_start_with`, `matches`, `does_not_match`. For `source` rule type: `is`, `is_not`, `is_one_of`, `is_not_one_of`. For `related_incidents` rule type: `is_set`, `is_not_set`.","description_kind":"markdown","optional":true,"computed":true},"rule_type":{"type":"string","description":"The type of the escalation path rule. Value must be one of `alert_urgency`, `working_hour`, `json_path`, `field`, `service`, `deferral_window`, `source`, `related_incidents`.","description_kind":"markdown","optional":true,"computed":true},"service_ids":{"type":["list","string"],"description":"Service ids for which this escalation path should be used. Only used with `service` rule type.","description_kind":"markdown","optional":true},"time_zone":{"type":"string","description":"Time zone for the deferral window (IANA format, e.g. `America/New_York`). Only used with `deferral_window` rule type.","description_kind":"markdown","optional":true,"computed":true},"urgency_ids":{"type":["list","string"],"description":"Alert urgency ids for which this escalation path should be used","description_kind":"markdown","optional":true},"value":{"type":"string","description":"Value with which JSON path value should be matched","description_kind":"markdown","optional":true,"computed":true},"values":{"type":["list","string"],"description":"Values to match against. Used with `field` and `source` rule types.","description_kind":"markdown","optional":true},"within_working_hour":{"type":"bool","description":"Whether the escalation path should be used within working hours. Value must be one of true or false","description_kind":"markdown","optional":true,"computed":true}},"block_types":{"time_blocks":{"nesting_mode":"list","block":{"attributes":{"all_day":{"type":"bool","description":"Whether this time block covers the entire day","description_kind":"markdown","optional":true},"end_time":{"type":"string","description":"Formatted as HH:MM","description_kind":"markdown","optional":true,"computed":true},"friday":{"type":"bool","description":"Whether the time block applies on Friday","description_kind":"markdown","optional":true},"monday":{"type":"bool","description":"Whether the time block applies on Monday","description_kind":"markdown","optional":true},"position":{"type":"number","description":"Position of the time block","description_kind":"markdown","optional":true,"computed":true},"saturday":{"type":"bool","description":"Whether the time block applies on Saturday","description_kind":"markdown","optional":true},"start_time":{"type":"string","description":"Formatted as HH:MM","description_kind":"markdown","optional":true,"computed":true},"sunday":{"type":"bool","description":"Whether the time block applies on Sunday","description_kind":"markdown","optional":true},"thursday":{"type":"bool","description":"Whether the time block applies on Thursday","description_kind":"markdown","optional":true},"tuesday":{"type":"bool","description":"Whether the time block applies on Tuesday","description_kind":"markdown","optional":true},"wednesday":{"type":"bool","description":"Whether the time block applies on Wednesday","description_kind":"markdown","optional":true}},"description":"Time windows during which alerts are deferred. Only used with `deferral_window` rule type.","description_kind":"markdown"}}},"description":"Escalation path rules","description_kind":"markdown"}},"time_restrictions":{"nesting_mode":"list","block":{"attributes":{"end_day":{"type":"string","description":"Value must be one of `monday`, `tuesday`, `wednesday`, `thursday`, `friday`, `saturday`, `sunday`.","description_kind":"markdown","optional":true},"end_time":{"type":"string","description":"Formatted as HH:MM","description_kind":"markdown","optional":true,"computed":true},"start_day":{"type":"string","description":"Value must be one of `monday`, `tuesday`, `wednesday`, `thursday`, `friday`, `saturday`, `sunday`.","description_kind":"markdown","optional":true},"start_time":{"type":"string","description":"Formatted as HH:MM","description_kind":"markdown","optional":true,"computed":true}},"description":"If time restrictions are set, alerts will follow this path when they arrive within the specified time ranges and meet the rules.","description_kind":"markdown"}}},"description_kind":"plain"}},"rootly_escalation_policy":{"version":0,"block":{"attributes":{"created_by_user_id":{"type":"number","description":"User who created the escalation policy","description_kind":"markdown","optional":true,"computed":true},"description":{"type":"string","description":"The description of the escalation policy","description_kind":"markdown","optional":true,"computed":true},"group_ids":{"type":["list","string"],"description":"Associated groups (alerting the group will trigger escalation policy)","description_kind":"markdown","optional":true},"id":{"type":"string","description_kind":"plain","optional":true,"computed":true},"last_updated_by_user_id":{"type":"number","description":"User who updated the escalation policy","description_kind":"markdown","optional":true,"computed":true},"name":{"type":"string","description":"The name of the escalation policy","description_kind":"markdown","required":true},"repeat_count":{"type":"number","description":"The number of times this policy will be executed until someone acknowledges the alert","description_kind":"markdown","optional":true,"computed":true},"service_ids":{"type":["list","string"],"description":"Associated services (alerting the service will trigger escalation policy)","description_kind":"markdown","optional":true,"computed":true}},"block_types":{"business_hours":{"nesting_mode":"list","block":{"attributes":{"days":{"type":["set","string"],"description":"Business days. Value must be one of `M`, `T`, `W`, `R`, `F`, `U`, `S`.","description_kind":"markdown","optional":true,"computed":true},"end_time":{"type":"string","description":"End time for business hours (HH:MM)","description_kind":"markdown","optional":true,"computed":true},"start_time":{"type":"string","description":"Start time for business hours (HH:MM)","description_kind":"markdown","optional":true,"computed":true},"time_zone":{"type":"string","description":"Time zone for business hours. Value must be one of `International Date Line West`, `Etc/GMT+12`, `American Samoa`, `Pacific/Pago_Pago`, `Midway Island`, `Pacific/Midway`, `Hawaii`, `Pacific/Honolulu`, `Alaska`, `America/Juneau`, `Pacific Time (US \u0026 Canada)`, `America/Los_Angeles`, `Tijuana`, `America/Tijuana`, `Arizona`, `America/Phoenix`, `Mazatlan`, `America/Mazatlan`, `Mountain Time (US \u0026 Canada)`, `America/Denver`, `Central America`, `America/Guatemala`, `Central Time (US \u0026 Canada)`, `America/Chicago`, `Chihuahua`, `America/Chihuahua`, `Guadalajara`, `America/Mexico_City`, `Mexico City`, `America/Mexico_City`, `Monterrey`, `America/Monterrey`, `Saskatchewan`, `America/Regina`, `Bogota`, `America/Bogota`, `Eastern Time (US \u0026 Canada)`, `America/New_York`, `Indiana (East)`, `America/Indiana/Indianapolis`, `Lima`, `America/Lima`, `Quito`, `America/Lima`, `Atlantic Time (Canada)`, `America/Halifax`, `Caracas`, `America/Caracas`, `Georgetown`, `America/Guyana`, `La Paz`, `America/La_Paz`, `Puerto Rico`, `America/Puerto_Rico`, `Santiago`, `America/Santiago`, `Newfoundland`, `America/St_Johns`, `Asuncion`, `America/Asuncion`, `Brasilia`, `America/Sao_Paulo`, `Buenos Aires`, `America/Argentina/Buenos_Aires`, `Montevideo`, `America/Montevideo`, `Greenland`, `America/Nuuk`, `Mid-Atlantic`, `Atlantic/South_Georgia`, `Azores`, `Atlantic/Azores`, `Cape Verde Is.`, `Atlantic/Cape_Verde`, `Casablanca`, `Africa/Casablanca`, `Dublin`, `Europe/Dublin`, `Edinburgh`, `Europe/London`, `Lisbon`, `Europe/Lisbon`, `London`, `Europe/London`, `Monrovia`, `Africa/Monrovia`, `UTC`, `Etc/UTC`, `Amsterdam`, `Europe/Amsterdam`, `Belgrade`, `Europe/Belgrade`, `Berlin`, `Europe/Berlin`, `Bern`, `Europe/Zurich`, `Bratislava`, `Europe/Bratislava`, `Brussels`, `Europe/Brussels`, `Budapest`, `Europe/Budapest`, `Copenhagen`, `Europe/Copenhagen`, `Ljubljana`, `Europe/Ljubljana`, `Madrid`, `Europe/Madrid`, `Paris`, `Europe/Paris`, `Prague`, `Europe/Prague`, `Rome`, `Europe/Rome`, `Sarajevo`, `Europe/Sarajevo`, `Skopje`, `Europe/Skopje`, `Stockholm`, `Europe/Stockholm`, `Vienna`, `Europe/Vienna`, `Warsaw`, `Europe/Warsaw`, `West Central Africa`, `Africa/Algiers`, `Zagreb`, `Europe/Zagreb`, `Zurich`, `Europe/Zurich`, `Athens`, `Europe/Athens`, `Bucharest`, `Europe/Bucharest`, `Cairo`, `Africa/Cairo`, `Harare`, `Africa/Harare`, `Helsinki`, `Europe/Helsinki`, `Jerusalem`, `Asia/Jerusalem`, `Kaliningrad`, `Europe/Kaliningrad`, `Kyiv`, `Europe/Kiev`, `Pretoria`, `Africa/Johannesburg`, `Riga`, `Europe/Riga`, `Sofia`, `Europe/Sofia`, `Tallinn`, `Europe/Tallinn`, `Vilnius`, `Europe/Vilnius`, `Baghdad`, `Asia/Baghdad`, `Istanbul`, `Europe/Istanbul`, `Kuwait`, `Asia/Kuwait`, `Minsk`, `Europe/Minsk`, `Moscow`, `Europe/Moscow`, `Nairobi`, `Africa/Nairobi`, `Riyadh`, `Asia/Riyadh`, `St. Petersburg`, `Europe/Moscow`, `Volgograd`, `Europe/Volgograd`, `Tehran`, `Asia/Tehran`, `Abu Dhabi`, `Asia/Muscat`, `Baku`, `Asia/Baku`, `Muscat`, `Asia/Muscat`, `Samara`, `Europe/Samara`, `Tbilisi`, `Asia/Tbilisi`, `Yerevan`, `Asia/Yerevan`, `Kabul`, `Asia/Kabul`, `Almaty`, `Asia/Almaty`, `Astana`, `Asia/Almaty`, `Ekaterinburg`, `Asia/Yekaterinburg`, `Islamabad`, `Asia/Karachi`, `Karachi`, `Asia/Karachi`, `Tashkent`, `Asia/Tashkent`, `Chennai`, `Asia/Kolkata`, `Kolkata`, `Asia/Kolkata`, `Mumbai`, `Asia/Kolkata`, `New Delhi`, `Asia/Kolkata`, `Sri Jayawardenepura`, `Asia/Colombo`, `Kathmandu`, `Asia/Kathmandu`, `Dhaka`, `Asia/Dhaka`, `Urumqi`, `Asia/Urumqi`, `Rangoon`, `Asia/Rangoon`, `Bangkok`, `Asia/Bangkok`, `Hanoi`, `Asia/Bangkok`, `Jakarta`, `Asia/Jakarta`, `Krasnoyarsk`, `Asia/Krasnoyarsk`, `Novosibirsk`, `Asia/Novosibirsk`, `Beijing`, `Asia/Shanghai`, `Chongqing`, `Asia/Chongqing`, `Hong Kong`, `Asia/Hong_Kong`, `Irkutsk`, `Asia/Irkutsk`, `Kuala Lumpur`, `Asia/Kuala_Lumpur`, `Perth`, `Australia/Perth`, `Singapore`, `Asia/Singapore`, `Taipei`, `Asia/Taipei`, `Ulaanbaatar`, `Asia/Ulaanbaatar`, `Osaka`, `Asia/Tokyo`, `Sapporo`, `Asia/Tokyo`, `Seoul`, `Asia/Seoul`, `Tokyo`, `Asia/Tokyo`, `Yakutsk`, `Asia/Yakutsk`, `Adelaide`, `Australia/Adelaide`, `Darwin`, `Australia/Darwin`, `Brisbane`, `Australia/Brisbane`, `Canberra`, `Australia/Canberra`, `Guam`, `Pacific/Guam`, `Hobart`, `Australia/Hobart`, `Melbourne`, `Australia/Melbourne`, `Port Moresby`, `Pacific/Port_Moresby`, `Sydney`, `Australia/Sydney`, `Vladivostok`, `Asia/Vladivostok`, `Magadan`, `Asia/Magadan`, `New Caledonia`, `Pacific/Noumea`, `Solomon Is.`, `Pacific/Guadalcanal`, `Srednekolymsk`, `Asia/Srednekolymsk`, `Auckland`, `Pacific/Auckland`, `Fiji`, `Pacific/Fiji`, `Kamchatka`, `Asia/Kamchatka`, `Marshall Is.`, `Pacific/Majuro`, `Wellington`, `Pacific/Auckland`, `Chatham Is.`, `Pacific/Chatham`, `Nuku'alofa`, `Pacific/Tongatapu`, `Samoa`, `Pacific/Apia`, `Tokelau Is.`, `Pacific/Fakaofo`.","description_kind":"markdown","optional":true}},"description_kind":"plain"},"max_items":1}},"description_kind":"plain"}},"rootly_form_field":{"version":0,"block":{"attributes":{"auto_set_by_catalog_property_id":{"type":"string","description":"Catalog property ID to auto-set this form field. Only reference-kind catalog properties are supported.","description_kind":"markdown","optional":true,"computed":true},"default_values":{"type":["list","string"],"description_kind":"plain","optional":true},"description":{"type":"string","description":"The description of the form field","description_kind":"markdown","optional":true,"computed":true},"enabled":{"type":"bool","description_kind":"plain","optional":true},"id":{"type":"string","description_kind":"plain","optional":true,"computed":true},"input_kind":{"type":"string","description":"The input kind of the form field. Value must be one of `text`, `textarea`, `select`, `multi_select`, `date`, `datetime`, `number`, `checkbox`, `tags`, `rich_text`.","description_kind":"markdown","optional":true},"kind":{"type":"string","description":"The kind of the form field. Value must be one of `custom`, `title`, `summary`, `mitigation_message`, `resolution_message`, `severity`, `environments`, `types`, `services`, `causes`, `functionalities`, `teams`, `status`, `visibility`, `mark_as_test`, `mark_as_backfilled`, `labels`, `notify_emails`, `trigger_manual_workflows`, `show_ongoing_incidents`, `attach_alerts`, `mark_as_in_triage`, `in_triage_at`, `started_at`, `detected_at`, `acknowledged_at`, `mitigated_at`, `resolved_at`, `closed_at`, `custom_sub_status`, `manual_starting_datetime_field`.","description_kind":"markdown","optional":true},"name":{"type":"string","description":"The name of the form field","description_kind":"markdown","required":true},"required":{"type":["list","string"],"description_kind":"plain","optional":true},"resource_type":{"type":"string","description":"The resource type this field belongs to. Value must be one of `incident`, `problem`.","description_kind":"markdown","computed":true},"show_on_incident_details":{"type":"bool","description":"Whether the form field is shown on the incident details panel. Value must be one of true or false","description_kind":"markdown","optional":true,"computed":true},"shown":{"type":["list","string"],"description_kind":"plain","optional":true},"slug":{"type":"string","description":"The slug of the form field","description_kind":"markdown","deprecated":true,"optional":true,"computed":true},"value_kind":{"type":"string","description":"The value kind of the form field. Value must be one of `inherit`, `group`, `service`, `functionality`, `user`, `catalog_entity`, `environment`, `cause`, `incident_type`.","description_kind":"markdown","optional":true},"value_kind_catalog_id":{"type":"string","description":"The ID of the catalog used when value_kind is `catalog_entity`","description_kind":"markdown","optional":true,"computed":true}},"description_kind":"plain"}},"rootly_form_field_option":{"version":0,"block":{"attributes":{"color":{"type":"string","description":"The hex color of the form field option","description_kind":"markdown","optional":true,"computed":true},"default":{"type":"bool","description":"Value must be one of true or false","description_kind":"markdown","optional":true,"computed":true},"form_field_id":{"type":"string","description":"The ID of the parent custom field","description_kind":"markdown","required":true},"id":{"type":"string","description":"Unique ID of the form field option","description_kind":"markdown","optional":true,"computed":true},"position":{"type":"number","description":"The position of the form field option","description_kind":"markdown","optional":true,"computed":true},"value":{"type":"string","description":"The value of the form field option","description_kind":"markdown","required":true}},"description_kind":"plain"}},"rootly_form_field_placement":{"version":0,"block":{"attributes":{"form":{"type":"string","description":"The form this field is placed on.","description_kind":"markdown","required":true},"form_field_id":{"type":"string","description":"The form field that is placed.","description_kind":"markdown","required":true},"form_set_id":{"type":"string","description":"The form set this field is placed in.","description_kind":"markdown","required":true},"id":{"type":"string","description_kind":"plain","optional":true,"computed":true},"non_editable":{"type":"bool","description":"Whether the field is read-only and cannot be edited by users.. Value must be one of true or false","description_kind":"markdown","optional":true,"computed":true},"placement_operator":{"type":"string","description":"Logical operator when evaluating multiple form_field_placement_conditions with conditioned=placement. Value must be one of `and`, `or`.","description_kind":"markdown","optional":true},"position":{"type":"number","description":"The position of the field placement.","description_kind":"markdown","optional":true,"computed":true},"required":{"type":"bool","description":"Whether the field is unconditionally required on this form.. Value must be one of true or false","description_kind":"markdown","optional":true,"computed":true},"required_operator":{"type":"string","description":"Logical operator when evaluating multiple form_field_placement_conditions with conditioned=required. Value must be one of `and`, `or`.","description_kind":"markdown","optional":true}},"description_kind":"plain"}},"rootly_form_field_placement_condition":{"version":0,"block":{"attributes":{"comparison":{"type":"string","description":"The condition comparison.. Value must be one of `equal`, `not_equal`, `is_set`, `is_not_set`.","description_kind":"markdown","optional":true},"conditioned":{"type":"string","description":"The resource or attribute the condition applies.. Value must be one of `placement`, `required`.","description_kind":"markdown","optional":true},"form_field_id":{"type":"string","description":"The condition field.","description_kind":"markdown","required":true},"form_field_placement_id":{"type":"string","description":"The form field placement this condition applies.","description_kind":"markdown","required":true},"id":{"type":"string","description_kind":"plain","optional":true,"computed":true},"position":{"type":"number","description":"The condition position.","description_kind":"markdown","optional":true,"computed":true},"values":{"type":["list","string"],"description":"The values for comparison.","description_kind":"markdown","required":true}},"description_kind":"plain"}},"rootly_form_field_position":{"version":0,"block":{"attributes":{"form":{"type":"string","description":"The form for the position. Value must be one of `web_new_incident_form`, `web_update_incident_form`, `web_incident_post_mortem_form`, `web_incident_mitigation_form`, `web_incident_resolution_form`, `web_incident_cancellation_form`, `web_scheduled_incident_form`, `web_update_scheduled_incident_form`, `incident_post_mortem`, `slack_new_incident_form`, `slack_update_incident_form`, `slack_update_incident_status_form`, `slack_incident_mitigation_form`, `slack_incident_resolution_form`, `slack_incident_cancellation_form`, `slack_scheduled_incident_form`, `slack_update_scheduled_incident_form`, `web_action_item_form`, `slack_action_item_form`.","description_kind":"markdown","optional":true},"form_field_id":{"type":"string","description":"The ID of the form field.","description_kind":"markdown","required":true},"id":{"type":"string","description_kind":"plain","optional":true,"computed":true},"position":{"type":"number","description":"The position of the form_field_position","description_kind":"markdown","required":true}},"description_kind":"plain"}},"rootly_form_set":{"version":0,"block":{"attributes":{"forms":{"type":["list","string"],"description":"The forms included in the form set. Add custom forms using the custom form's `slug` field. Or choose a built-in form: `web_new_incident_form`, `web_update_incident_form`, `web_incident_post_mortem_form`, `web_incident_mitigation_form`, `web_incident_resolution_form`, `web_incident_cancellation_form`, `web_scheduled_incident_form`, `web_update_scheduled_incident_form`, `slack_new_incident_form`, `slack_update_incident_form`, `slack_update_incident_status_form`, `slack_incident_mitigation_form`, `slack_incident_resolution_form`, `slack_incident_cancellation_form`, `slack_scheduled_incident_form`, `slack_update_scheduled_incident_form`, `google_chat_new_incident_form`, `google_chat_update_incident_form`, `microsoft_teams_new_incident_form`","description_kind":"markdown","required":true},"id":{"type":"string","description_kind":"plain","optional":true,"computed":true},"is_default":{"type":"bool","description":"Whether the form set is default. Value must be one of true or false","description_kind":"markdown","optional":true,"computed":true},"name":{"type":"string","description":"The name of the form set","description_kind":"markdown","required":true},"slug":{"type":"string","description":"The slug of the form set","description_kind":"markdown","deprecated":true,"optional":true,"computed":true}},"description_kind":"plain"}},"rootly_form_set_condition":{"version":0,"block":{"attributes":{"comparison":{"type":"string","description":"The condition comparison.. Value must be one of `equal`.","description_kind":"markdown","optional":true},"form_field_id":{"type":"string","description":"The form field this condition applies.","description_kind":"markdown","required":true},"form_set_id":{"type":"string","description":"The form set this condition applies.","description_kind":"markdown","required":true},"id":{"type":"string","description_kind":"plain","optional":true,"computed":true},"values":{"type":["list","string"],"description":"The values for comparison.","description_kind":"markdown","required":true}},"description_kind":"plain"}},"rootly_functionality":{"version":0,"block":{"attributes":{"backstage_id":{"type":"string","description":"The Backstage entity id associated to this functionality. eg: :namespace/:kind/:entity_name","description_kind":"markdown","optional":true,"computed":true},"color":{"type":"string","description":"The hex color of the functionality","description_kind":"markdown","optional":true,"computed":true},"cortex_id":{"type":"string","description":"The Cortex group id associated to this functionality","description_kind":"markdown","optional":true,"computed":true},"description":{"type":"string","description":"The description of the functionality","description_kind":"markdown","optional":true,"computed":true},"environment_ids":{"type":["list","string"],"description":"Environments associated with this functionality","description_kind":"markdown","optional":true,"computed":true},"escalation_policy_id":{"type":"string","description":"The escalation policy id of the functionality","description_kind":"markdown","optional":true,"computed":true},"external_id":{"type":"string","description":"The external id associated to this functionality","description_kind":"markdown","optional":true,"computed":true},"id":{"type":"string","description_kind":"plain","optional":true,"computed":true},"managed_by":{"type":"string","description":"How this functionality is managed (provenance): web, api, terraform, etc. Read-only.. Value must be one of `web`, `admin_web`, `api`, `terraform`, `pulumi`, `backstage`, `catalog_sync`.","description_kind":"markdown","computed":true},"name":{"type":"string","description":"The name of the functionality","description_kind":"markdown","required":true},"notify_emails":{"type":["list","string"],"description":"Emails attached to the functionality","description_kind":"markdown","optional":true},"opsgenie_id":{"type":"string","description":"The Opsgenie service id associated to this functionality","description_kind":"markdown","optional":true,"computed":true},"opsgenie_team_id":{"type":"string","description":"The Opsgenie team id associated to this functionality","description_kind":"markdown","optional":true,"computed":true},"owner_group_ids":{"type":["list","string"],"description":"Owner Teams associated with this functionality","description_kind":"markdown","optional":true,"computed":true},"owner_user_ids":{"type":["list","number"],"description":"Owner Users associated with this functionality","description_kind":"markdown","optional":true,"computed":true},"pagerduty_id":{"type":"string","description":"The PagerDuty service id associated to this functionality","description_kind":"markdown","optional":true,"computed":true},"position":{"type":"number","description":"Position of the functionality","description_kind":"markdown","optional":true,"computed":true},"public_description":{"type":"string","description":"The status page description of the functionality","description_kind":"markdown","optional":true,"computed":true},"service_ids":{"type":["list","string"],"description":"Services associated with this functionality","description_kind":"markdown","optional":true,"computed":true},"service_now_ci_sys_id":{"type":"string","description":"The Service Now CI sys id associated to this functionality","description_kind":"markdown","optional":true,"computed":true},"slug":{"type":"string","description":"The slug of the functionality","description_kind":"markdown","deprecated":true,"optional":true,"computed":true}},"block_types":{"properties":{"nesting_mode":"list","block":{"attributes":{"catalog_property_id":{"type":"string","description":"Catalog property ID","description_kind":"markdown","optional":true,"computed":true},"value":{"type":"string","description":"The property value","description_kind":"markdown","optional":true,"computed":true}},"description":"Array of property values for this functionality.","description_kind":"markdown"}},"slack_aliases":{"nesting_mode":"list","block":{"attributes":{"id":{"type":"string","description":"Slack alias ID","description_kind":"markdown","optional":true,"computed":true},"name":{"type":"string","description":"Slack alias name","description_kind":"markdown","optional":true,"computed":true}},"description":"Slack Aliases associated with this functionality","description_kind":"markdown"}},"slack_channels":{"nesting_mode":"list","block":{"attributes":{"id":{"type":"string","description":"Slack channel ID","description_kind":"markdown","optional":true,"computed":true},"name":{"type":"string","description":"Slack channel name","description_kind":"markdown","optional":true,"computed":true}},"description":"Slack Channels associated with this functionality","description_kind":"markdown"}}},"description_kind":"plain"}},"rootly_heartbeat":{"version":0,"block":{"attributes":{"alert_description":{"type":"string","description":"Description of alerts triggered when heartbeat expires.","description_kind":"markdown","optional":true,"computed":true},"alert_summary":{"type":"string","description":"Summary of alerts triggered when heartbeat expires.","description_kind":"markdown","required":true},"alert_urgency_id":{"type":"string","description":"Urgency of alerts triggered when heartbeat expires.","description_kind":"markdown","optional":true,"computed":true},"description":{"type":"string","description":"The description of the heartbeat","description_kind":"markdown","optional":true,"computed":true},"email_address":{"type":"string","description":"Email address to receive heartbeat pings.","description_kind":"markdown","optional":true,"computed":true},"enabled":{"type":"bool","description_kind":"plain","optional":true},"expires_at":{"type":"string","description":"When heartbeat expires","description_kind":"markdown","optional":true,"computed":true},"id":{"type":"string","description_kind":"plain","optional":true,"computed":true},"interval":{"type":"number","description_kind":"plain","required":true},"interval_unit":{"type":"string","description":"Value must be one of `minutes`, `hours`, `days`.","description_kind":"markdown","optional":true},"last_pinged_at":{"type":"string","description":"When the heartbeat was last pinged.","description_kind":"markdown","optional":true,"computed":true},"name":{"type":"string","description":"The name of the heartbeat","description_kind":"markdown","required":true},"notification_target_id":{"type":"string","description_kind":"plain","required":true},"notification_target_type":{"type":"string","description":"The type of the notification target. Please contact support if you encounter issues using `Functionality` as a target type.. Value must be one of `User`, `Group`, `Service`, `EscalationPolicy`, `Functionality`.","description_kind":"markdown","optional":true},"owner_group_ids":{"type":["list","string"],"description":"List of team IDs that own this heartbeat","description_kind":"markdown","optional":true},"ping_url":{"type":"string","description":"URL to receive heartbeat pings.","description_kind":"markdown","computed":true},"secret":{"type":"string","description":"Secret used as bearer token when pinging heartbeat.","description_kind":"markdown","computed":true},"status":{"type":"string","description":"Value must be one of `waiting`, `active`, `expired`.","description_kind":"markdown","optional":true,"computed":true}},"description_kind":"plain"}},"rootly_incident_permission_set":{"version":0,"block":{"attributes":{"description":{"type":"string","description":"The incident permission set description.","description_kind":"markdown","optional":true,"computed":true},"id":{"type":"string","description_kind":"plain","optional":true,"computed":true},"name":{"type":"string","description":"The incident permission set name.","description_kind":"markdown","required":true},"private_incident_permissions":{"type":["list","string"],"description":"Value must be one of `create`, `read`, `update`, `delete`.","description_kind":"markdown","optional":true,"computed":true},"public_incident_permissions":{"type":["list","string"],"description":"Value must be one of `create`, `read`, `update`, `delete`.","description_kind":"markdown","optional":true,"computed":true},"slug":{"type":"string","description":"The incident permission set slug.","description_kind":"markdown","deprecated":true,"optional":true,"computed":true}},"description_kind":"plain"}},"rootly_incident_permission_set_boolean":{"version":0,"block":{"attributes":{"enabled":{"type":"bool","description_kind":"plain","optional":true},"id":{"type":"string","description_kind":"plain","optional":true,"computed":true},"incident_permission_set_id":{"type":"string","description_kind":"plain","required":true},"kind":{"type":"string","description":"Value must be one of `publish_to_status_page`, `assign_incident_roles`, `invite_subscribers`, `update_summary`, `update_timeline`, `trigger_workflows`, `create_communications`, `read_communications`, `update_communications`, `delete_communications`, `send_communications`, `modify_custom_fields`.","description_kind":"markdown","optional":true},"private":{"type":"bool","description":"Value must be one of true or false","description_kind":"markdown","optional":true,"computed":true}},"description_kind":"plain"}},"rootly_incident_permission_set_resource":{"version":0,"block":{"attributes":{"id":{"type":"string","description_kind":"plain","optional":true,"computed":true},"incident_permission_set_id":{"type":"string","description_kind":"plain","required":true},"kind":{"type":"string","description":"Value must be one of `severities`, `incident_types`, `statuses`, `sub_statuses`.","description_kind":"markdown","optional":true},"private":{"type":"bool","description":"Value must be one of true or false","description_kind":"markdown","optional":true,"computed":true},"resource_id":{"type":"string","description_kind":"plain","optional":true,"computed":true},"resource_type":{"type":"string","description_kind":"plain","optional":true,"computed":true}},"description_kind":"plain"}},"rootly_incident_role":{"version":0,"block":{"attributes":{"allow_multi_user_assignment":{"type":"bool","description":"Value must be one of true or false","description_kind":"markdown","optional":true,"computed":true},"description":{"type":"string","description":"The description of the incident role","description_kind":"markdown","optional":true,"computed":true},"enabled":{"type":"bool","description_kind":"plain","optional":true},"id":{"type":"string","description_kind":"plain","optional":true,"computed":true},"name":{"type":"string","description":"The name of the incident role","description_kind":"markdown","required":true},"optional":{"type":"bool","description":"Value must be one of true or false","description_kind":"markdown","optional":true,"computed":true},"position":{"type":"number","description":"Position of the incident role","description_kind":"markdown","optional":true,"computed":true},"slug":{"type":"string","description":"The slug of the incident role","description_kind":"markdown","deprecated":true,"optional":true,"computed":true},"summary":{"type":"string","description":"The summary of the incident role","description_kind":"markdown","optional":true,"computed":true}},"description_kind":"plain"}},"rootly_incident_role_task":{"version":0,"block":{"attributes":{"description":{"type":"string","description":"The description of incident task","description_kind":"markdown","optional":true,"computed":true},"id":{"type":"string","description_kind":"plain","optional":true,"computed":true},"incident_role_id":{"type":"string","description_kind":"plain","required":true},"priority":{"type":"string","description":"The priority of the incident task. Value must be one of `high`, `medium`, `low`.","description_kind":"markdown","optional":true},"task":{"type":"string","description":"The task of the incident task","description_kind":"markdown","required":true}},"description_kind":"plain"}},"rootly_incident_sub_status":{"version":0,"block":{"attributes":{"assigned_at":{"type":"string","description_kind":"plain","required":true},"assigned_by_user_id":{"type":"number","description_kind":"plain","optional":true,"computed":true},"id":{"type":"string","description_kind":"plain","optional":true,"computed":true},"incident_id":{"type":"string","description_kind":"plain","required":true},"sub_status_id":{"type":"string","description":"Note: To change an incident's sub-status, use the PATCH /incidents/:id endpoint and set the sub_status_id attribute. This endpoint is for modifying the timestamp of when an incident's sub-status was assigned.","description_kind":"markdown","required":true}},"description_kind":"plain"}},"rootly_incident_type":{"version":0,"block":{"attributes":{"color":{"type":"string","description":"The hex color of the incident type","description_kind":"markdown","optional":true,"computed":true},"description":{"type":"string","description":"The description of the incident type","description_kind":"markdown","optional":true,"computed":true},"id":{"type":"string","description_kind":"plain","optional":true,"computed":true},"name":{"type":"string","description":"The name of the incident type","description_kind":"markdown","required":true},"notify_emails":{"type":["list","string"],"description":"Emails to attach to the incident type","description_kind":"markdown","optional":true},"position":{"type":"number","description":"Position of the incident type","description_kind":"markdown","optional":true,"computed":true},"public_description":{"type":"string","description":"The status page description of the incident type","description_kind":"markdown","optional":true,"computed":true},"slug":{"type":"string","description":"The slug of the incident type","description_kind":"markdown","deprecated":true,"optional":true,"computed":true}},"block_types":{"properties":{"nesting_mode":"list","block":{"attributes":{"catalog_property_id":{"type":"string","description":"Catalog property ID","description_kind":"markdown","optional":true,"computed":true},"value":{"type":"string","description":"The property value","description_kind":"markdown","optional":true,"computed":true}},"description":"Array of property values for this incident type.","description_kind":"markdown"}},"slack_aliases":{"nesting_mode":"list","block":{"attributes":{"id":{"type":"string","description":"Slack alias ID","description_kind":"markdown","optional":true,"computed":true},"name":{"type":"string","description":"Slack alias name","description_kind":"markdown","optional":true,"computed":true}},"description":"Slack Aliases associated with this incident type","description_kind":"markdown"}},"slack_channels":{"nesting_mode":"list","block":{"attributes":{"id":{"type":"string","description":"Slack channel ID","description_kind":"markdown","optional":true,"computed":true},"name":{"type":"string","description":"Slack channel name","description_kind":"markdown","optional":true,"computed":true}},"description":"Slack Channels associated with this incident type","description_kind":"markdown"}}},"description_kind":"plain"}},"rootly_live_call_router":{"version":0,"block":{"attributes":{"alert_urgency_id":{"type":"string","description":"This is used in escalation paths to determine who to page","description_kind":"markdown","optional":true,"computed":true},"caller_greeting":{"type":"string","description":"The caller greeting message of the live_call_router","description_kind":"markdown","optional":true,"computed":true},"calling_tree_prompt":{"type":"string","description":"The audio instructions callers will hear when they call this number, prompting them to select from available options to route their call","description_kind":"markdown","optional":true,"computed":true},"country_code":{"type":"string","description":"The country code of the live_call_router. Value must be one of `AU`, `CA`, `DE`, `NL`, `NZ`, `GB`, `US`.","description_kind":"markdown","required":true},"enabled":{"type":"bool","description_kind":"plain","optional":true},"escalation_level_delay_in_seconds":{"type":"number","description":"This overrides the delay (seconds) in escalation levels","description_kind":"markdown","optional":true,"computed":true},"escalation_policy_trigger_params":{"type":["map","string"],"description_kind":"plain","optional":true,"computed":true},"id":{"type":"string","description_kind":"plain","optional":true,"computed":true},"kind":{"type":"string","description":"The kind of the live_call_router. Value must be one of `voicemail`, `live`.","description_kind":"markdown","optional":true},"name":{"type":"string","description":"The name of the live_call_router","description_kind":"markdown","required":true},"phone_number":{"type":"string","description":"You can select a phone number using [generate_phone_number](https://docs.rootly.com/api-reference/livecallrouters/generates-a-phone-number-for-live-call-router) API and pass that phone number here to register","description_kind":"markdown","required":true},"phone_type":{"type":"string","description":"The phone type of the live_call_router. Value must be one of `local`, `toll_free`, `mobile`.","description_kind":"markdown","required":true},"sent_to_voicemail_delay":{"type":"number","description":"The delay (seconds) after which the caller in redirected to voicemail","description_kind":"markdown","optional":true,"computed":true},"should_auto_resolve_alert_on_call_end":{"type":"bool","description":"This overrides the delay (seconds) in escalation levels. Value must be one of true or false","description_kind":"markdown","optional":true,"computed":true},"should_redirect_to_voicemail_on_no_answer":{"type":"bool","description":"This prompts the caller to choose voicemail or connect live. Value must be one of true or false","description_kind":"markdown","optional":true,"computed":true},"voicemail_greeting":{"type":"string","description":"The voicemail greeting of the live_call_router","description_kind":"markdown","required":true},"waiting_music_url":{"type":"string","description":"The waiting music URL of the live_call_router. Value must be one of `https://storage.rootly.com/twilio/voicemail/ClockworkWaltz.mp3`, `https://storage.rootly.com/twilio/voicemail/ith_brahms-116-4.mp3`, `https://storage.rootly.com/twilio/voicemail/Mellotroniac_-_Flight_Of_Young_Hearts_Flute.mp3`, `https://storage.rootly.com/twilio/voicemail/BusyStrings.mp3`, `https://storage.rootly.com/twilio/voicemail/oldDog_-_endless_goodbye_%28instr.%29.mp3`, `https://storage.rootly.com/twilio/voicemail/MARKOVICHAMP-Borghestral.mp3`, `https://storage.rootly.com/twilio/voicemail/ith_chopin-15-2.mp3`.","description_kind":"markdown","optional":true}},"block_types":{"paging_targets":{"nesting_mode":"list","block":{"attributes":{"alert_urgency_id":{"type":"string","description":"This is used in escalation paths to determine who to page","description_kind":"markdown","optional":true,"computed":true},"id":{"type":"string","description":"The ID of paging target","description_kind":"markdown","optional":true,"computed":true},"type":{"type":"string","description":"The type of the paging target. Value must be one of `service`, `team`, `escalation_policy`.","description_kind":"markdown","optional":true}},"description":"Paging targets that callers can select from when this live call router is configured as a phone tree.","description_kind":"markdown"},"min_items":1}},"description_kind":"plain"}},"rootly_on_call_role":{"version":0,"block":{"attributes":{"alert_fields_permissions":{"type":["list","string"],"description":"Value must be one of `create`, `read`, `update`, `delete`.","description_kind":"markdown","optional":true,"computed":true},"alert_groups_permissions":{"type":["list","string"],"description":"Value must be one of `create`, `read`, `update`, `delete`.","description_kind":"markdown","optional":true,"computed":true},"alert_routing_rules_permissions":{"type":["list","string"],"description":"Value must be one of `create`, `read`, `update`, `delete`.","description_kind":"markdown","optional":true,"computed":true},"alert_sources_permissions":{"type":["list","string"],"description":"Value must be one of `create`, `read`, `update`, `delete`.","description_kind":"markdown","optional":true,"computed":true},"alert_urgency_permissions":{"type":["list","string"],"description":"Value must be one of `create`, `read`, `update`, `delete`.","description_kind":"markdown","optional":true,"computed":true},"alerts_permissions":{"type":["list","string"],"description":"Value must be one of `create`, `update`, `read`, `delete`.","description_kind":"markdown","optional":true,"computed":true},"api_keys_permissions":{"type":["list","string"],"description":"Value must be one of `create`, `read`, `update`, `delete`.","description_kind":"markdown","optional":true,"computed":true},"audits_permissions":{"type":["list","string"],"description":"Value must be one of `create`, `read`, `update`, `delete`.","description_kind":"markdown","optional":true,"computed":true},"contacts_permissions":{"type":["list","string"],"description":"Value must be one of `read`.","description_kind":"markdown","optional":true,"computed":true},"escalation_policies_permissions":{"type":["list","string"],"description":"Value must be one of `create`, `read`, `update`, `delete`.","description_kind":"markdown","optional":true,"computed":true},"groups_permissions":{"type":["list","string"],"description":"Value must be one of `create`, `read`, `update`, `delete`.","description_kind":"markdown","optional":true,"computed":true},"heartbeats_permissions":{"type":["list","string"],"description":"Value must be one of `create`, `read`, `update`, `delete`.","description_kind":"markdown","optional":true,"computed":true},"id":{"type":"string","description_kind":"plain","optional":true,"computed":true},"integrations_permissions":{"type":["list","string"],"description":"Value must be one of `create`, `read`, `update`, `delete`.","description_kind":"markdown","optional":true,"computed":true},"invitations_permissions":{"type":["list","string"],"description":"Value must be one of `create`, `read`, `update`, `delete`.","description_kind":"markdown","optional":true,"computed":true},"live_call_routing_permissions":{"type":["list","string"],"description":"Value must be one of `create`, `read`, `update`, `delete`.","description_kind":"markdown","optional":true,"computed":true},"name":{"type":"string","description":"The role name.","description_kind":"markdown","required":true},"on_call_readiness_report_permissions":{"type":["list","string"],"description":"Value must be one of `create`, `read`, `update`, `delete`.","description_kind":"markdown","optional":true,"computed":true},"on_call_roles_permissions":{"type":["list","string"],"description":"Value must be one of `create`, `read`, `update`, `delete`.","description_kind":"markdown","optional":true,"computed":true},"schedule_override_permissions":{"type":["list","string"],"description":"Value must be one of `create`, `update`.","description_kind":"markdown","optional":true,"computed":true},"schedules_permissions":{"type":["list","string"],"description":"Value must be one of `create`, `read`, `update`, `delete`.","description_kind":"markdown","optional":true,"computed":true},"services_permissions":{"type":["list","string"],"description":"Value must be one of `create`, `read`, `update`, `delete`.","description_kind":"markdown","optional":true,"computed":true},"slug":{"type":"string","description":"[DEPRECATED] The role slug. Derived from `name`; any configured value is ignored.","description_kind":"markdown","deprecated":true,"optional":true,"computed":true},"system_role":{"type":"string","description":"The kind of role","description_kind":"markdown","optional":true},"webhooks_permissions":{"type":["list","string"],"description":"Value must be one of `create`, `read`, `update`, `delete`.","description_kind":"markdown","optional":true,"computed":true},"workflows_permissions":{"type":["list","string"],"description":"Value must be one of `create`, `read`, `update`, `delete`.","description_kind":"markdown","optional":true,"computed":true}},"description_kind":"plain"}},"rootly_on_call_shadow":{"version":0,"block":{"attributes":{"ends_at":{"type":"string","description":"End datetime for shadow shift","description_kind":"markdown","required":true},"id":{"type":"string","description_kind":"plain","optional":true,"computed":true},"schedule_id":{"type":"string","description":"ID of schedule the shadow shift belongs to","description_kind":"markdown","required":true},"shadow_user_id":{"type":"number","description":"Which user the shadow shift belongs to.","description_kind":"markdown","required":true},"shadowable_id":{"type":"string","description":"ID of schedule or user the shadow user is shadowing","description_kind":"markdown","required":true},"shadowable_type":{"type":"string","description":"Value must be one of `User`, `Schedule`.","description_kind":"markdown","optional":true},"starts_at":{"type":"string","description":"Start datetime of shadow shift","description_kind":"markdown","required":true}},"description_kind":"plain"}},"rootly_override_shift":{"version":0,"block":{"attributes":{"ends_at":{"type":"string","description":"End datetime of shift","description_kind":"markdown","required":true},"id":{"type":"string","description_kind":"plain","optional":true,"computed":true},"rotation_id":{"type":"string","description":"ID of rotation","description_kind":"markdown","optional":true,"computed":true},"schedule_id":{"type":"string","description":"ID of schedule","description_kind":"markdown","optional":true,"computed":true},"starts_at":{"type":"string","description":"Start datetime of shift","description_kind":"markdown","required":true},"user_id":{"type":"number","description":"Override shift user","description_kind":"markdown","required":true}},"description_kind":"plain"}},"rootly_playbook":{"version":0,"block":{"attributes":{"environment_ids":{"type":["list","string"],"description":"The Environment IDs to attach to the incident","description_kind":"markdown","optional":true,"computed":true},"external_url":{"type":"string","description":"The external url of the playbook","description_kind":"markdown","optional":true,"computed":true},"functionality_ids":{"type":["list","string"],"description":"The Functionality IDs to attach to the incident","description_kind":"markdown","optional":true,"computed":true},"group_ids":{"type":["list","string"],"description":"The Team IDs to attach to the incident","description_kind":"markdown","optional":true,"computed":true},"id":{"type":"string","description_kind":"plain","optional":true,"computed":true},"incident_type_ids":{"type":["list","string"],"description":"The Incident Type IDs to attach to the incident","description_kind":"markdown","optional":true,"computed":true},"service_ids":{"type":["list","string"],"description":"The Service IDs to attach to the incident","description_kind":"markdown","optional":true,"computed":true},"severity_ids":{"type":["list","string"],"description":"The Severity IDs to attach to the incident","description_kind":"markdown","optional":true,"computed":true},"summary":{"type":"string","description":"The summary of the playbook","description_kind":"markdown","optional":true,"computed":true},"title":{"type":"string","description":"The title of the playbook","description_kind":"markdown","required":true}},"description_kind":"plain"}},"rootly_playbook_task":{"version":0,"block":{"attributes":{"description":{"type":"string","description":"The description of task","description_kind":"markdown","optional":true,"computed":true},"id":{"type":"string","description_kind":"plain","optional":true,"computed":true},"playbook_id":{"type":"string","description_kind":"plain","required":true},"position":{"type":"number","description":"The position of the task","description_kind":"markdown","optional":true,"computed":true},"task":{"type":"string","description":"The task of the task","description_kind":"markdown","required":true}},"description_kind":"plain"}},"rootly_post_mortem_template":{"version":0,"block":{"attributes":{"content":{"type":"string","description":"The postmortem template. Liquid syntax and markdown are supported","description_kind":"markdown","optional":true,"computed":true},"default":{"type":"bool","description":"Default selected template when editing a postmortem. Value must be one of true or false","description_kind":"markdown","optional":true,"computed":true},"format":{"type":"string","description":"The format of the input. Value must be one of `html`, `markdown`.","description_kind":"markdown","optional":true},"id":{"type":"string","description_kind":"plain","optional":true,"computed":true},"name":{"type":"string","description":"The name of the postmortem template","description_kind":"markdown","required":true}},"description_kind":"plain"}},"rootly_retrospective_configuration":{"version":0,"block":{"attributes":{"group_ids":{"type":["list","string"],"description":"Teams associated with the retrospective configuration.","description_kind":"markdown","optional":true,"computed":true},"id":{"type":"string","description_kind":"plain","optional":true,"computed":true},"incident_type_ids":{"type":["list","string"],"description":"Incident types associated with the retrospective configuration.","description_kind":"markdown","optional":true,"computed":true},"kind":{"type":"string","description":"The kind of the retrospective configuration.","description_kind":"markdown","optional":true,"computed":true},"severity_ids":{"type":["list","string"],"description":"Severities associated with the retrospective configuration.","description_kind":"markdown","optional":true,"computed":true}},"description_kind":"plain"}},"rootly_retrospective_process":{"version":0,"block":{"attributes":{"copy_from":{"type":"string","description":"Retrospective process ID from which retrospective steps have to be copied. To use starter template for retrospective steps provide value: 'starter_template'","description_kind":"markdown","optional":true},"description":{"type":"string","description":"The description of the retrospective process","description_kind":"markdown","optional":true,"computed":true},"id":{"type":"string","description_kind":"plain","optional":true,"computed":true},"is_default":{"type":"bool","description":"Is the retrospective process default?. Value must be one of true or false","description_kind":"markdown","optional":true,"computed":true},"name":{"type":"string","description":"The name of the retrospective process","description_kind":"markdown","required":true}},"block_types":{"retrospective_process_matching_criteria":{"nesting_mode":"list","block":{"attributes":{"group_ids":{"type":["list","string"],"description":"Teams for process matching criteria.","description_kind":"markdown","optional":true},"incident_type_ids":{"type":["list","string"],"description":"Incident types for process matching criteria.","description_kind":"markdown","optional":true},"severity_ids":{"type":["list","string"],"description":"Severities for process matching criteria.","description_kind":"markdown","optional":true}},"description_kind":"plain"},"min_items":1,"max_items":1}},"description_kind":"plain"}},"rootly_retrospective_process_group":{"version":0,"block":{"attributes":{"id":{"type":"string","description_kind":"plain","optional":true,"computed":true},"position":{"type":"number","description_kind":"plain","optional":true,"computed":true},"retrospective_process_id":{"type":"string","description_kind":"plain","required":true},"sub_status_id":{"type":"string","description_kind":"plain","required":true}},"description_kind":"plain"}},"rootly_retrospective_process_group_step":{"version":0,"block":{"attributes":{"id":{"type":"string","description_kind":"plain","optional":true,"computed":true},"position":{"type":"number","description_kind":"plain","optional":true,"computed":true},"retrospective_process_group_id":{"type":"string","description_kind":"plain","required":true},"retrospective_step_id":{"type":"string","description_kind":"plain","required":true}},"description_kind":"plain"}},"rootly_retrospective_step":{"version":0,"block":{"attributes":{"description":{"type":"string","description":"The description of the step","description_kind":"markdown","optional":true,"computed":true},"due_after_days":{"type":"number","description":"Due date in days","description_kind":"markdown","optional":true,"computed":true},"id":{"type":"string","description_kind":"plain","optional":true,"computed":true},"incident_role_id":{"type":"string","description":"Users assigned to the selected incident role will be the default owners for this step","description_kind":"markdown","optional":true,"computed":true},"position":{"type":"number","description":"Position of the step","description_kind":"markdown","optional":true,"computed":true},"retrospective_process_id":{"type":"string","description_kind":"plain","optional":true,"computed":true},"skippable":{"type":"bool","description":"Is the step skippable?. Value must be one of true or false","description_kind":"markdown","optional":true,"computed":true},"slug":{"type":"string","description":"The slug of the step","description_kind":"markdown","deprecated":true,"optional":true,"computed":true},"title":{"type":"string","description":"The name of the step","description_kind":"markdown","required":true}},"description_kind":"plain"}},"rootly_role":{"version":0,"block":{"attributes":{"alerts_permissions":{"type":["list","string"],"description":"Value must be one of `create`, `read`.","description_kind":"markdown","optional":true,"computed":true},"api_keys_permissions":{"type":["list","string"],"description":"Value must be one of `create`, `read`, `update`, `delete`.","description_kind":"markdown","optional":true,"computed":true},"audits_permissions":{"type":["list","string"],"description":"Value must be one of `create`, `read`, `update`, `delete`.","description_kind":"markdown","optional":true,"computed":true},"billing_permissions":{"type":["list","string"],"description":"Value must be one of `create`, `read`, `update`, `delete`.","description_kind":"markdown","optional":true,"computed":true},"catalogs_permissions":{"type":["list","string"],"description":"Value must be one of `create`, `read`, `update`, `delete`.","description_kind":"markdown","optional":true,"computed":true},"communication_permissions":{"type":["list","string"],"description":"Value must be one of `create`, `read`, `update`, `delete`.","description_kind":"markdown","optional":true,"computed":true},"edge_connector_permissions":{"type":["list","string"],"description":"Value must be one of `create`, `read`, `update`, `delete`.","description_kind":"markdown","optional":true,"computed":true},"environments_permissions":{"type":["list","string"],"description":"Value must be one of `create`, `read`, `update`, `delete`.","description_kind":"markdown","optional":true,"computed":true},"form_fields_permissions":{"type":["list","string"],"description":"Value must be one of `create`, `read`, `update`, `delete`.","description_kind":"markdown","optional":true,"computed":true},"functionalities_permissions":{"type":["list","string"],"description":"Value must be one of `create`, `read`, `update`, `delete`.","description_kind":"markdown","optional":true,"computed":true},"groups_permissions":{"type":["list","string"],"description":"Value must be one of `create`, `read`, `update`, `delete`.","description_kind":"markdown","optional":true,"computed":true},"id":{"type":"string","description_kind":"plain","optional":true,"computed":true},"incident_causes_permissions":{"type":["list","string"],"description":"Value must be one of `create`, `read`, `update`, `delete`.","description_kind":"markdown","optional":true,"computed":true},"incident_communication_permissions":{"type":["list","string"],"description":"Value must be one of `create`, `read`, `update`, `delete`, `send`.","description_kind":"markdown","optional":true,"computed":true},"incident_feedbacks_permissions":{"type":["list","string"],"description":"Value must be one of `create`, `read`, `update`, `delete`.","description_kind":"markdown","optional":true,"computed":true},"incident_permission_set_id":{"type":"string","description":"Associated incident permissions set.","description_kind":"markdown","optional":true,"computed":true},"incident_roles_permissions":{"type":["list","string"],"description":"Value must be one of `create`, `read`, `update`, `delete`.","description_kind":"markdown","optional":true,"computed":true},"incident_types_permissions":{"type":["list","string"],"description":"Value must be one of `create`, `read`, `update`, `delete`.","description_kind":"markdown","optional":true,"computed":true},"incidents_permissions":{"type":["list","string"],"description":"Value must be one of `create`, `read`, `update`, `delete`.","description_kind":"markdown","optional":true,"computed":true},"integrations_permissions":{"type":["list","string"],"description":"Value must be one of `create`, `read`, `update`, `delete`.","description_kind":"markdown","optional":true,"computed":true},"invitations_permissions":{"type":["list","string"],"description":"Value must be one of `create`, `read`, `update`, `delete`.","description_kind":"markdown","optional":true,"computed":true},"is_deletable":{"type":"bool","description":"Whether the role can be deleted.. Value must be one of true or false","description_kind":"markdown","optional":true,"computed":true},"is_editable":{"type":"bool","description":"Whether the role can be edited.. Value must be one of true or false","description_kind":"markdown","optional":true,"computed":true},"name":{"type":"string","description":"The role name.","description_kind":"markdown","required":true},"paging_permissions":{"type":["list","string"],"description":"Value must be one of `create`, `read`, `update`, `delete`.","description_kind":"markdown","optional":true,"computed":true},"playbooks_permissions":{"type":["list","string"],"description":"Value must be one of `create`, `read`, `update`, `delete`.","description_kind":"markdown","optional":true,"computed":true},"private_incidents_permissions":{"type":["list","string"],"description":"Value must be one of `create`, `read`, `update`, `delete`.","description_kind":"markdown","optional":true,"computed":true},"pulses_permissions":{"type":["list","string"],"description":"Value must be one of `create`, `update`, `read`.","description_kind":"markdown","optional":true,"computed":true},"retrospective_permissions":{"type":["list","string"],"description":"Value must be one of `create`, `read`, `update`, `delete`.","description_kind":"markdown","optional":true,"computed":true},"roles_permissions":{"type":["list","string"],"description":"Value must be one of `create`, `read`, `update`, `delete`.","description_kind":"markdown","optional":true,"computed":true},"secrets_permissions":{"type":["list","string"],"description":"Value must be one of `create`, `read`, `update`, `delete`.","description_kind":"markdown","optional":true,"computed":true},"services_permissions":{"type":["list","string"],"description":"Value must be one of `create`, `read`, `update`, `delete`.","description_kind":"markdown","optional":true,"computed":true},"severities_permissions":{"type":["list","string"],"description":"Value must be one of `create`, `read`, `update`, `delete`.","description_kind":"markdown","optional":true,"computed":true},"slas_permissions":{"type":["list","string"],"description":"Value must be one of `create`, `read`, `update`, `delete`.","description_kind":"markdown","optional":true,"computed":true},"slug":{"type":"string","description":"The role slug.","description_kind":"markdown","deprecated":true,"optional":true,"computed":true},"status_pages_permissions":{"type":["list","string"],"description":"Value must be one of `create`, `read`, `update`, `delete`.","description_kind":"markdown","optional":true,"computed":true},"sub_statuses_permissions":{"type":["list","string"],"description":"Value must be one of `create`, `read`, `update`, `delete`.","description_kind":"markdown","optional":true,"computed":true},"webhooks_permissions":{"type":["list","string"],"description":"Value must be one of `create`, `read`, `update`, `delete`.","description_kind":"markdown","optional":true,"computed":true},"workflows_permissions":{"type":["list","string"],"description":"Value must be one of `create`, `read`, `update`, `delete`.","description_kind":"markdown","optional":true,"computed":true}},"description_kind":"plain"}},"rootly_schedule":{"version":1,"block":{"attributes":{"all_time_coverage":{"type":"bool","description":"24/7 coverage of the schedule. Value must be one of true or false","description_kind":"markdown","optional":true,"computed":true},"description":{"type":"string","description":"The description of the schedule","description_kind":"markdown","optional":true,"computed":true},"id":{"type":"string","description_kind":"plain","optional":true,"computed":true},"include_shadows_in_slack_notifications":{"type":"bool","description":"Whether shadow users are included in Slack notifications and user group syncing. Value must be one of true or false","description_kind":"markdown","optional":true,"computed":true},"name":{"type":"string","description":"The name of the schedule","description_kind":"markdown","required":true},"owner_group_ids":{"type":["list","string"],"description":"The owning teams for this schedules.","description_kind":"markdown","optional":true},"owner_user_id":{"type":"number","description":"ID of user assigned as owner of the schedule. Defaults to the API token's user if not specified.","description_kind":"markdown","optional":true,"computed":true},"shift_report_day_of_week":{"type":"string","description":"Day of week the weekly shift summary is sent. Value must be one of `monday`, `tuesday`, `wednesday`, `thursday`, `friday`, `saturday`, `sunday`.","description_kind":"markdown","optional":true,"computed":true},"shift_report_enabled":{"type":"bool","description":"Whether the weekly shift summary report is sent. Requires `slack_channel` to be set. Value must be one of true or false","description_kind":"markdown","optional":true,"computed":true},"shift_report_time_of_day":{"type":"string","description":"Time of day the weekly shift summary is sent, in `HH:MM` 24-hour format.","description_kind":"markdown","optional":true,"computed":true},"shift_report_time_zone":{"type":"string","description":"IANA time zone used for the weekly shift summary (e.g. `Australia/Sydney`).","description_kind":"markdown","optional":true,"computed":true},"shift_start_notifications_enabled":{"type":"bool","description":"Whether to send a Slack message every time a new shift begins. Requires `slack_channel` to be set. Value must be one of true or false","description_kind":"markdown","optional":true,"computed":true},"shift_update_notifications_enabled":{"type":"bool","description":"Whether to send a Slack message whenever a shift is updated (overrides, removed users, rotation changes, etc.). Requires `slack_channel` to be set. Value must be one of true or false","description_kind":"markdown","optional":true,"computed":true},"slack_channel":{"type":["map","string"],"description":"Map must contain two fields, `id` and `name`. Synced slack channel of the schedule","description_kind":"markdown","optional":true},"slack_user_group":{"type":["map","string"],"description":"Map must contain two fields, `id` and `name`. Synced slack group of the schedule","description_kind":"markdown","optional":true},"sync_linear_enabled":{"type":"bool","description":"Whether the schedule is synced with Linear. Value must be one of true or false","description_kind":"markdown","optional":true,"computed":true},"time_zone":{"type":"string","description":"A valid IANA time zone name. Only applicable when config_one_timezone_per_schedule_enabled is true for the organization.","description_kind":"markdown","optional":true,"computed":true}},"description_kind":"plain"}},"rootly_schedule_rotation":{"version":0,"block":{"attributes":{"active_all_week":{"type":"bool","description":"Schedule rotation active all week?","description_kind":"markdown","optional":true,"computed":true},"active_days":{"type":["set","string"],"description":"Value must be one of `S`, `M`, `T`, `W`, `R`, `F`, `U`.","description_kind":"markdown","optional":true,"computed":true},"active_time_type":{"type":"string","description":"Value must be one of `all_day`, `same_time`, or `custom`. The value chosen will override `active_time_attributes` in any `rootly_schedule_rotation_active_day` resources linked to this `rootly_schedule_rotation`.","description_kind":"markdown","optional":true,"computed":true},"end_time":{"type":"string","description":"ISO8601 date and time when rotation ends. Shifts will only be created before this time.","description_kind":"markdown","optional":true,"computed":true},"id":{"type":"string","description":"The ID of this resource.","description_kind":"markdown","computed":true},"name":{"type":"string","description":"The name of the schedule rotation.","description_kind":"markdown","required":true},"position":{"type":"number","description":"Position of the schedule rotation.","description_kind":"markdown","optional":true,"computed":true},"schedule_id":{"type":"string","description":"The ID of parent schedule.","description_kind":"markdown","required":true},"schedule_rotationable_attributes":{"nested_type":{"attributes":{"handoff_day":{"type":"string","description":"Hand off day. Only applicable for weekly/biweekly, and monthly.","description_kind":"markdown","optional":true},"handoff_time":{"type":"string","description":"Hand off time. Only applicable for daily, weekly/biweekly, monthly, and custom rotations.","description_kind":"markdown","required":true},"shift_length":{"type":"number","description":"Shift length for custom rotation.","description_kind":"markdown","optional":true},"shift_length_unit":{"type":"string","description":"Shift length unit for custom rotation. Value must be one of `hours`, `days`, `weeks`.","description_kind":"markdown","optional":true}},"nesting_mode":"single"},"description":"handoff_time and/or handoff_day may be required, depending on schedule_rotationable_type. Please see API docs for options based on schedule_rotationable_type: https://docs.rootly.com/api-reference/schedulerotations/creates-a-schedule-rotation#response-data-attributes-schedule-rotationable-attributes","description_kind":"markdown","required":true},"schedule_rotationable_type":{"type":"string","description":"Schedule rotation type. Value must be one of `ScheduleDailyRotation`, `ScheduleWeeklyRotation`, `ScheduleBiweeklyRotation`, `ScheduleMonthlyRotation`, `ScheduleCustomRotation`.","description_kind":"markdown","optional":true,"computed":true},"start_time":{"type":"string","description":"ISO8601 date and time when rotation starts. Shifts will only be created after this time.","description_kind":"markdown","optional":true,"computed":true},"time_zone":{"type":"string","description":"A valid IANA time zone name.","description_kind":"markdown","optional":true,"computed":true}},"block_types":{"active_time_attributes":{"nesting_mode":"set","block":{"attributes":{"end_time":{"type":"string","description":"End time for schedule rotation active time.","description_kind":"markdown","required":true},"start_time":{"type":"string","description":"Start time for schedule rotation active time.","description_kind":"markdown","required":true}},"description":"Schedule rotation's active times.","description_kind":"markdown"}},"schedule_rotation_members":{"nesting_mode":"set","block":{"attributes":{"member_id":{"type":"string","description":"ID of the member.","description_kind":"markdown","required":true},"member_type":{"type":"string","description":"Type of member. Value must be one of `Schedule` or `User`.","description_kind":"markdown","required":true},"position":{"type":"number","description":"Position of the member in rotation","description_kind":"markdown","optional":true,"computed":true}},"description":"Schedule rotation members. You can only add schedule rotation members if your account has schedule nesting feature enabled.","description_kind":"markdown"}}},"description":"Manages a schedule rotation.","description_kind":"markdown"}},"rootly_schedule_rotation_active_day":{"version":0,"block":{"attributes":{"day_name":{"type":"string","description":"Schedule rotation day name for which active times to be created. Value must be one of `S`, `M`, `T`, `W`, `R`, `F`, `U`.","description_kind":"markdown","optional":true},"id":{"type":"string","description_kind":"plain","optional":true,"computed":true},"schedule_rotation_id":{"type":"string","description_kind":"plain","required":true}},"block_types":{"active_time_attributes":{"nesting_mode":"list","block":{"attributes":{"end_time":{"type":"string","description":"End time for schedule rotation active time","description_kind":"markdown","optional":true,"computed":true},"start_time":{"type":"string","description":"Start time for schedule rotation active time","description_kind":"markdown","optional":true,"computed":true}},"description":"Schedule rotation active times per day","description_kind":"markdown"},"min_items":1}},"description_kind":"plain"}},"rootly_schedule_rotation_user":{"version":0,"block":{"attributes":{"id":{"type":"string","description_kind":"plain","optional":true,"computed":true},"position":{"type":"number","description":"Position of the user inside rotation","description_kind":"markdown","optional":true,"computed":true},"schedule_rotation_id":{"type":"string","description_kind":"plain","optional":true,"computed":true},"user_id":{"type":"number","description":"Schedule rotation user","description_kind":"markdown","required":true}},"description":"This resource is deprecated. Please use the `schedule_rotation_members` attribute within the [`rootly_schedule_rotation`](schedule_rotation.md) resource instead. This resource will be removed in the next major version.","description_kind":"markdown","deprecated":true}},"rootly_secret":{"version":0,"block":{"attributes":{"hashicorp_vault_mount":{"type":"string","description":"The HashiCorp Vault secret mount path","description_kind":"markdown","optional":true,"computed":true},"hashicorp_vault_path":{"type":"string","description":"The HashiCorp Vault secret path","description_kind":"markdown","optional":true,"computed":true},"hashicorp_vault_version":{"type":"number","description":"The HashiCorp Vault secret version","description_kind":"markdown","optional":true,"computed":true},"id":{"type":"string","description_kind":"plain","optional":true,"computed":true},"name":{"type":"string","description":"The name of the secret","description_kind":"markdown","required":true},"secret":{"type":"string","description":"The redacted secret","description_kind":"markdown","optional":true,"computed":true}},"description_kind":"plain"}},"rootly_service":{"version":0,"block":{"attributes":{"alert_broadcast_enabled":{"type":"bool","description":"Enable alerts to be broadcasted to a specific channel. Value must be one of true or false","description_kind":"markdown","optional":true,"computed":true},"alert_urgency_id":{"type":"string","description":"The alert urgency id of the service","description_kind":"markdown","optional":true,"computed":true},"alerts_email_address":{"type":"string","description":"Email generated to send alerts to","description_kind":"markdown","optional":true,"computed":true},"alerts_email_enabled":{"type":"bool","description":"Enable alerts through email. Value must be one of true or false","description_kind":"markdown","optional":true,"computed":true},"backstage_id":{"type":"string","description":"The Backstage entity id associated to this service. eg: :namespace/:kind/:entity_name","description_kind":"markdown","optional":true},"color":{"type":"string","description":"The hex color of the service","description_kind":"markdown","optional":true,"computed":true},"cortex_id":{"type":"string","description":"The Cortex group id associated to this service","description_kind":"markdown","optional":true},"description":{"type":"string","description":"The description of the service","description_kind":"markdown","optional":true,"computed":true},"environment_ids":{"type":["list","string"],"description":"Environments associated with this service","description_kind":"markdown","optional":true,"computed":true},"escalation_policy_id":{"type":"string","description":"The escalation policy id of the service","description_kind":"markdown","optional":true,"computed":true},"external_id":{"type":"string","description":"The external id associated to this service","description_kind":"markdown","optional":true},"github_repository_branch":{"type":"string","description":"The GitHub repository branch associated to this service. eg: main","description_kind":"markdown","optional":true,"computed":true},"github_repository_name":{"type":"string","description":"The GitHub repository name associated to this service. eg: rootlyhq/my-service","description_kind":"markdown","optional":true,"computed":true},"gitlab_repository_branch":{"type":"string","description":"The GitLab repository branch associated to this service. eg: main","description_kind":"markdown","optional":true,"computed":true},"gitlab_repository_name":{"type":"string","description":"The GitLab repository name associated to this service. eg: rootlyhq/my-service","description_kind":"markdown","optional":true,"computed":true},"id":{"type":"string","description_kind":"plain","optional":true,"computed":true},"incident_broadcast_enabled":{"type":"bool","description":"Enable incidents to be broadcasted to a specific channel. Value must be one of true or false","description_kind":"markdown","optional":true,"computed":true},"kubernetes_deployment_name":{"type":"string","description":"The Kubernetes deployment name associated to this service. eg: namespace/deployment-name","description_kind":"markdown","optional":true,"computed":true},"managed_by":{"type":"string","description":"How this service is managed (provenance): web, api, terraform, etc. Read-only.. Value must be one of `web`, `admin_web`, `api`, `terraform`, `pulumi`, `backstage`, `catalog_sync`.","description_kind":"markdown","computed":true},"name":{"type":"string","description":"The name of the service","description_kind":"markdown","required":true},"notify_emails":{"type":["list","string"],"description":"Emails attached to the service","description_kind":"markdown","optional":true},"opsgenie_id":{"type":"string","description":"The Opsgenie service id associated to this service","description_kind":"markdown","optional":true},"owner_group_ids":{"type":["list","string"],"description":"Owner Teams associated with this service","description_kind":"markdown","optional":true,"computed":true},"owner_user_ids":{"type":["list","number"],"description":"Owner Users associated with this service","description_kind":"markdown","optional":true,"computed":true},"pagerduty_id":{"type":"string","description":"The PagerDuty service id associated to this service","description_kind":"markdown","optional":true},"position":{"type":"number","description":"Position of the service","description_kind":"markdown","optional":true,"computed":true},"public_description":{"type":"string","description":"The status page description of the service","description_kind":"markdown","optional":true,"computed":true},"service_ids":{"type":["list","string"],"description":"Services dependent on this service","description_kind":"markdown","optional":true,"computed":true},"service_now_ci_sys_id":{"type":"string","description":"The Service Now CI sys id associated to this service","description_kind":"markdown","optional":true},"slug":{"type":"string","description":"The slug of the service","description_kind":"markdown","deprecated":true,"optional":true,"computed":true}},"block_types":{"alert_broadcast_channel":{"nesting_mode":"list","block":{"attributes":{"id":{"type":"string","description":"Slack channel ID","description_kind":"markdown","optional":true,"computed":true},"name":{"type":"string","description":"Slack channel name","description_kind":"markdown","optional":true,"computed":true}},"description":"Map must contain two fields, `id` and `name`. Slack channel to broadcast alerts to","description_kind":"markdown"},"max_items":1},"incident_broadcast_channel":{"nesting_mode":"list","block":{"attributes":{"id":{"type":"string","description":"Slack channel ID","description_kind":"markdown","optional":true,"computed":true},"name":{"type":"string","description":"Slack channel name","description_kind":"markdown","optional":true,"computed":true}},"description":"Map must contain two fields, `id` and `name`. Slack channel to broadcast incidents to","description_kind":"markdown"},"max_items":1},"properties":{"nesting_mode":"list","block":{"attributes":{"catalog_property_id":{"type":"string","description":"Catalog property ID","description_kind":"markdown","optional":true,"computed":true},"value":{"type":"string","description":"The property value","description_kind":"markdown","optional":true,"computed":true}},"description":"Array of property values for this service.","description_kind":"markdown"}},"slack_aliases":{"nesting_mode":"list","block":{"attributes":{"id":{"type":"string","description":"Slack alias ID","description_kind":"markdown","optional":true,"computed":true},"name":{"type":"string","description":"Slack alias name","description_kind":"markdown","optional":true,"computed":true}},"description":"Slack Aliases associated with this service","description_kind":"markdown"}},"slack_channels":{"nesting_mode":"list","block":{"attributes":{"id":{"type":"string","description":"Slack channel ID","description_kind":"markdown","optional":true,"computed":true},"name":{"type":"string","description":"Slack channel name","description_kind":"markdown","optional":true,"computed":true}},"description":"Slack Channels associated with this service","description_kind":"markdown"}}},"description_kind":"plain"}},"rootly_severity":{"version":0,"block":{"attributes":{"color":{"type":"string","description":"The hex color of the severity","description_kind":"markdown","optional":true,"computed":true},"description":{"type":"string","description":"The description of the severity","description_kind":"markdown","optional":true,"computed":true},"id":{"type":"string","description_kind":"plain","optional":true,"computed":true},"name":{"type":"string","description":"The name of the severity","description_kind":"markdown","required":true},"notify_emails":{"type":["list","string"],"description":"Emails to attach to the severity","description_kind":"markdown","optional":true},"position":{"type":"number","description":"Position of the severity","description_kind":"markdown","optional":true,"computed":true},"severity":{"type":"string","description":"The severity of the severity. Value must be one of `critical`, `high`, `medium`, `low`.","description_kind":"markdown","optional":true},"slug":{"type":"string","description":"The slug of the severity","description_kind":"markdown","deprecated":true,"optional":true,"computed":true}},"block_types":{"slack_aliases":{"nesting_mode":"list","block":{"attributes":{"id":{"type":"string","description":"Slack alias ID","description_kind":"markdown","optional":true,"computed":true},"name":{"type":"string","description":"Slack alias name","description_kind":"markdown","optional":true,"computed":true}},"description":"Slack Aliases associated with this severity","description_kind":"markdown"}},"slack_channels":{"nesting_mode":"list","block":{"attributes":{"id":{"type":"string","description":"Slack channel ID","description_kind":"markdown","optional":true,"computed":true},"name":{"type":"string","description":"Slack channel name","description_kind":"markdown","optional":true,"computed":true}},"description":"Slack Channels associated with this severity","description_kind":"markdown"}}},"description_kind":"plain"}},"rootly_sla":{"version":0,"block":{"attributes":{"assignment_deadline_days":{"type":"number","description":"Number of days for the assignment deadline","description_kind":"markdown","required":true},"assignment_deadline_parent_status":{"type":"string","description":"The incident parent status that triggers the assignment deadline","description_kind":"markdown","required":true},"assignment_deadline_sub_status_id":{"type":"string","description":"Sub-status for the assignment deadline. Required when custom lifecycle statuses are enabled on the team.","description_kind":"markdown","optional":true,"computed":true},"assignment_skip_weekends":{"type":"bool","description":"Whether to skip weekends when calculating the assignment deadline. Value must be one of true or false","description_kind":"markdown","optional":true,"computed":true},"completion_deadline_days":{"type":"number","description":"Number of days for the completion deadline","description_kind":"markdown","required":true},"completion_deadline_parent_status":{"type":"string","description":"The incident parent status that triggers the completion deadline","description_kind":"markdown","required":true},"completion_deadline_sub_status_id":{"type":"string","description":"Sub-status for the completion deadline. Required when custom lifecycle statuses are enabled on the team.","description_kind":"markdown","optional":true,"computed":true},"completion_skip_weekends":{"type":"bool","description":"Whether to skip weekends when calculating the completion deadline. Value must be one of true or false","description_kind":"markdown","optional":true,"computed":true},"condition_match_type":{"type":"string","description":"Whether all or any conditions must match. Value must be one of `ALL`, `ANY`.","description_kind":"markdown","optional":true},"description":{"type":"string","description":"A description of the SLA","description_kind":"markdown","optional":true,"computed":true},"entity_type":{"type":"string","description":"The entity type this SLA applies to. Value must be one of `follow_up`.","description_kind":"markdown","optional":true},"id":{"type":"string","description_kind":"plain","optional":true,"computed":true},"manager_role_id":{"type":"string","description":"The ID of the manager incident role. Exactly one of `manager_role_id` or `manager_user_id` must be provided.","description_kind":"markdown","optional":true,"computed":true},"manager_user_id":{"type":"number","description":"The ID of the manager user. Exactly one of `manager_role_id` or `manager_user_id` must be provided.","description_kind":"markdown","optional":true,"computed":true},"name":{"type":"string","description":"The name of the SLA","description_kind":"markdown","required":true},"position":{"type":"number","description":"Position of the SLA for ordering","description_kind":"markdown","optional":true,"computed":true},"slug":{"type":"string","description":"The slug of the SLA","description_kind":"markdown","deprecated":true,"optional":true,"computed":true}},"block_types":{"conditions":{"nesting_mode":"list","block":{"attributes":{"conditionable_type":{"type":"string","description":"The type of condition. Value must be one of `SLAs::BuiltInFieldCondition`, `SLAs::CustomFieldCondition`.","description_kind":"markdown","optional":true},"form_field_id":{"type":"string","description":"The ID of the form field (for custom field conditions)","description_kind":"markdown","optional":true,"computed":true},"id":{"type":"string","description":"Unique ID of the condition","description_kind":"markdown","optional":true,"computed":true},"operator":{"type":"string","description":"The comparison operator","description_kind":"markdown","optional":true,"computed":true},"position":{"type":"number","description":"The position of the condition","description_kind":"markdown","optional":true,"computed":true},"property":{"type":"string","description":"The property to evaluate (for built-in field conditions)","description_kind":"markdown","optional":true,"computed":true},"values":{"type":["list","string"],"description":"The values to compare against","description_kind":"markdown","optional":true}},"description":"Conditions that determine which incidents this SLA applies to","description_kind":"markdown"}},"notification_configurations":{"nesting_mode":"list","block":{"attributes":{"created_at":{"type":"string","description":"Date of creation","description_kind":"markdown","optional":true,"computed":true},"id":{"type":"string","description":"Unique ID of the notification configuration","description_kind":"markdown","optional":true,"computed":true},"offset_days":{"type":"number","description":"Number of days offset from the deadline","description_kind":"markdown","optional":true,"computed":true},"offset_type":{"type":"string","description":"When to send the notification relative to the deadline. Value must be one of `before_due`, `when_due`, `after_due`.","description_kind":"markdown","optional":true},"updated_at":{"type":"string","description":"Date of last update","description_kind":"markdown","optional":true,"computed":true}},"description":"Notification timing configurations","description_kind":"markdown"}}},"description_kind":"plain"}},"rootly_status_page":{"version":0,"block":{"attributes":{"allow_search_engine_index":{"type":"bool","description":"Allow search engines to include your public status page in search results. Value must be one of true or false","description_kind":"markdown","optional":true,"computed":true},"authentication_enabled":{"type":"bool","description":"Enable authentication (deprecated - use authentication_method instead). Value must be one of true or false","description_kind":"markdown","optional":true,"computed":true},"authentication_method":{"type":"string","description":"Authentication method. Value must be one of `none`, `password`, `saml`.","description_kind":"markdown","optional":true},"authentication_password":{"type":"string","description":"Authentication password","description_kind":"markdown","optional":true,"computed":true},"cname_records":{"type":["map","string"],"description":"CNAME records mapping external domain names to their DNS target values. Populated asynchronously after setting external_domain_names.","description_kind":"markdown","computed":true},"description":{"type":"string","description":"The description of the status page","description_kind":"markdown","optional":true,"computed":true},"enabled":{"type":"bool","description_kind":"plain","optional":true},"external_domain_names":{"type":["list","string"],"description":"External domain names attached to the status page","description_kind":"markdown","optional":true},"failure_message":{"type":"string","description":"Message showing when at least one component is not operational","description_kind":"markdown","optional":true,"computed":true},"footer_color":{"type":"string","description":"The color of the footer. Eg. \"#1F2F41\"","description_kind":"markdown","optional":true,"computed":true},"functionality_ids":{"type":["list","string"],"description":"Functionalities attached to the status page","description_kind":"markdown","optional":true,"computed":true},"ga_tracking_id":{"type":"string","description":"Google Analytics tracking ID","description_kind":"markdown","optional":true,"computed":true},"header_color":{"type":"string","description":"The color of the header. Eg. \"#0061F2\"","description_kind":"markdown","optional":true,"computed":true},"id":{"type":"string","description_kind":"plain","optional":true,"computed":true},"public":{"type":"bool","description":"Make the status page accessible to the public. Value must be one of true or false","description_kind":"markdown","optional":true,"computed":true},"public_description":{"type":"string","description":"The public description of the status page","description_kind":"markdown","optional":true,"computed":true},"public_title":{"type":"string","description":"The public title of the status page","description_kind":"markdown","optional":true,"computed":true},"saml_idp_cert":{"type":"string","description":"SAML IdP certificate","description_kind":"markdown","optional":true,"computed":true},"saml_idp_cert_fingerprint":{"type":"string","description":"SAML IdP certificate fingerprint","description_kind":"markdown","optional":true,"computed":true},"saml_idp_slo_service_url":{"type":"string","description":"SAML IdP SLO service URL","description_kind":"markdown","optional":true,"computed":true},"saml_idp_sso_service_url":{"type":"string","description":"SAML IdP SSO service URL","description_kind":"markdown","optional":true,"computed":true},"saml_name_identifier_format":{"type":"string","description":"SAML name identifier format. Value must be one of `urn:oasis:names:tc:SAML:1.1:nameid-format:emailAddress`, `urn:oasis:names:tc:SAML:2.0:nameid-format:persistent`, `urn:oasis:names:tc:SAML:2.0:nameid-format:transient`, `urn:oasis:names:tc:SAML:1.1:nameid-format:unspecified`.","description_kind":"markdown","optional":true,"computed":true},"section_order":{"type":["list","string"],"description":"Order of sections on the status page. Value must be a list of `maintenance`, `system_status`, `incidents`.","description_kind":"markdown","optional":true,"computed":true},"service_ids":{"type":["list","string"],"description":"Services attached to the status page","description_kind":"markdown","optional":true,"computed":true},"show_uptime":{"type":"bool","description":"Show uptime. Value must be one of true or false","description_kind":"markdown","optional":true,"computed":true},"show_uptime_last_days":{"type":"number","description":"Show uptime over x days. Value must be one of `30`, `60`, `90`.","description_kind":"markdown","optional":true,"computed":true},"slug":{"type":"string","description":"The slug of the status page","description_kind":"markdown","deprecated":true,"optional":true,"computed":true},"success_message":{"type":"string","description":"Message showing when all components are operational","description_kind":"markdown","optional":true,"computed":true},"time_zone":{"type":"string","description":"A valid IANA time zone name.","description_kind":"markdown","optional":true},"title":{"type":"string","description":"The title of the status page","description_kind":"markdown","required":true},"website_privacy_url":{"type":"string","description":"Website Privacy URL","description_kind":"markdown","optional":true,"computed":true},"website_support_url":{"type":"string","description":"Website Support URL","description_kind":"markdown","optional":true,"computed":true},"website_url":{"type":"string","description":"Website URL","description_kind":"markdown","optional":true,"computed":true}},"description_kind":"plain"}},"rootly_status_page_component":{"version":0,"block":{"attributes":{"description":{"type":"string","description":"Description of the component (derived from the source for catalog-backed components)","description_kind":"markdown","optional":true,"computed":true},"id":{"type":"string","description_kind":"plain","optional":true,"computed":true},"name":{"type":"string","description":"Name of the component (derived from the source for catalog-backed components)","description_kind":"markdown","optional":true,"computed":true},"position":{"type":"number","description":"Position of the component","description_kind":"markdown","optional":true,"computed":true},"source_id":{"type":"string","description":"ID of the catalog source backing the component (null for ad-hoc components)","description_kind":"markdown","optional":true,"computed":true},"source_type":{"type":"string","description":"Catalog source type backing the component (null for ad-hoc components)","description_kind":"markdown","optional":true,"computed":true},"status":{"type":"string","description":"Latest recorded status of the component. Value must be one of `operational`, `degraded_performance`, `partial_outage`, `major_outage`, `maintenance`, `impacted`.","description_kind":"markdown","optional":true,"computed":true},"status_page_component_group_id":{"type":"string","description":"ID of the component group the component belongs to","description_kind":"markdown","optional":true},"status_page_id":{"type":"string","description_kind":"plain","required":true}},"description_kind":"plain"}},"rootly_status_page_component_group":{"version":0,"block":{"attributes":{"collapsed_by_default":{"type":"bool","description":"Whether the group renders collapsed on the public page. Value must be one of true or false","description_kind":"markdown","optional":true,"computed":true},"description":{"type":"string","description":"Description of the component group","description_kind":"markdown","optional":true,"computed":true},"id":{"type":"string","description_kind":"plain","optional":true,"computed":true},"name":{"type":"string","description":"Name of the component group","description_kind":"markdown","required":true},"position":{"type":"number","description":"Position of the group on the status page's top-level list","description_kind":"markdown","optional":true,"computed":true},"status_page_id":{"type":"string","description_kind":"plain","required":true}},"description_kind":"plain"}},"rootly_status_page_template":{"version":0,"block":{"attributes":{"body":{"type":"string","description":"Description of the event the template will populate","description_kind":"markdown","required":true},"enabled":{"type":"bool","description_kind":"plain","optional":true},"id":{"type":"string","description_kind":"plain","optional":true,"computed":true},"kind":{"type":"string","description":"The kind of the status page template. Value must be one of `normal`, `scheduled`.","description_kind":"markdown","optional":true},"position":{"type":"number","description":"Position of the workflow task","description_kind":"markdown","optional":true,"computed":true},"should_notify_subscribers":{"type":"bool","description":"Controls if incident subscribers should be notified. Value must be one of true or false","description_kind":"markdown","optional":true,"computed":true},"status_page_id":{"type":"string","description_kind":"plain","required":true},"title":{"type":"string","description":"Title of the template","description_kind":"markdown","required":true},"update_status":{"type":"string","description":"Status of the event the template will populate","description_kind":"markdown","optional":true,"computed":true},"update_title":{"type":"string","description":"Title that will be used for the status page update","description_kind":"markdown","optional":true,"computed":true}},"description_kind":"plain"}},"rootly_sub_status":{"version":0,"block":{"attributes":{"description":{"type":"string","description_kind":"plain","optional":true,"computed":true},"id":{"type":"string","description_kind":"plain","optional":true,"computed":true},"name":{"type":"string","description_kind":"plain","required":true},"parent_status":{"type":"string","description":"Value must be one of `in_triage`, `started`, `resolved`, `closed`, `cancelled`, `planning`, `scheduled`, `in_progress`, `verifying`, `completed`.","description_kind":"markdown","optional":true},"position":{"type":"number","description_kind":"plain","optional":true,"computed":true},"slug":{"type":"string","description_kind":"plain","deprecated":true,"optional":true,"computed":true}},"description_kind":"plain"}},"rootly_team":{"version":0,"block":{"attributes":{"admin_ids":{"type":["list","number"],"description":"The user ids of the admins of this team. These users must also be present in user_ids attribute.","description_kind":"markdown","optional":true,"computed":true},"alert_broadcast_enabled":{"type":"bool","description":"Enable alerts to be broadcasted to a specific channel. Value must be one of true or false","description_kind":"markdown","optional":true,"computed":true},"alert_urgency_id":{"type":"string","description":"The alert urgency id of the team","description_kind":"markdown","optional":true,"computed":true},"auto_add_members_when_attached":{"type":"bool","description":"Auto add members to incident channel when team is attached. Value must be one of true or false","description_kind":"markdown","optional":true,"computed":true},"backstage_id":{"type":"string","description":"The Backstage entity id associated to this team. eg: :namespace/:kind/:entity_name","description_kind":"markdown","optional":true,"computed":true},"color":{"type":"string","description":"The hex color of the team","description_kind":"markdown","optional":true,"computed":true},"cortex_id":{"type":"string","description":"The Cortex group id associated to this team","description_kind":"markdown","optional":true,"computed":true},"description":{"type":"string","description":"The description of the team","description_kind":"markdown","optional":true,"computed":true},"external_id":{"type":"string","description":"The external id associated to this team","description_kind":"markdown","optional":true,"computed":true},"id":{"type":"string","description_kind":"plain","optional":true,"computed":true},"incident_broadcast_enabled":{"type":"bool","description":"Enable incidents to be broadcasted to a specific channel. Value must be one of true or false","description_kind":"markdown","optional":true,"computed":true},"name":{"type":"string","description":"The name of the team","description_kind":"markdown","required":true},"notify_emails":{"type":["list","string"],"description":"Emails to attach to the team","description_kind":"markdown","optional":true},"opsgenie_id":{"type":"string","description":"The Opsgenie group id associated to this team","description_kind":"markdown","optional":true,"computed":true},"pagerduty_id":{"type":"string","description":"The PagerDuty group id associated to this team","description_kind":"markdown","optional":true,"computed":true},"pagerduty_service_id":{"type":"string","description":"The PagerDuty service id associated to this team","description_kind":"markdown","optional":true,"computed":true},"pagertree_id":{"type":"string","description":"The PagerTree group id associated to this team","description_kind":"markdown","optional":true,"computed":true},"position":{"type":"number","description":"Position of the team","description_kind":"markdown","optional":true,"computed":true},"service_now_ci_sys_id":{"type":"string","description":"The Service Now CI sys id associated to this team","description_kind":"markdown","optional":true,"computed":true},"slug":{"type":"string","description_kind":"plain","deprecated":true,"optional":true,"computed":true},"user_ids":{"type":["list","number"],"description":"The user ids of the members of this team.","description_kind":"markdown","optional":true,"computed":true},"victor_ops_id":{"type":"string","description":"The VictorOps group id associated to this team","description_kind":"markdown","optional":true,"computed":true}},"block_types":{"alert_broadcast_channel":{"nesting_mode":"list","block":{"attributes":{"id":{"type":"string","description":"Slack channel ID","description_kind":"markdown","optional":true,"computed":true},"name":{"type":"string","description":"Slack channel name","description_kind":"markdown","optional":true,"computed":true}},"description":"Map must contain two fields, `id` and `name`. Slack channel to broadcast alerts to","description_kind":"markdown"},"max_items":1},"incident_broadcast_channel":{"nesting_mode":"list","block":{"attributes":{"id":{"type":"string","description":"Slack channel ID","description_kind":"markdown","optional":true,"computed":true},"name":{"type":"string","description":"Slack channel name","description_kind":"markdown","optional":true,"computed":true}},"description":"Map must contain two fields, `id` and `name`. Slack channel to broadcast incidents to","description_kind":"markdown"},"max_items":1},"properties":{"nesting_mode":"list","block":{"attributes":{"catalog_property_id":{"type":"string","description":"Catalog property ID","description_kind":"markdown","optional":true,"computed":true},"value":{"type":"string","description":"The property value","description_kind":"markdown","optional":true,"computed":true}},"description":"Array of property values for this team.","description_kind":"markdown"}},"slack_aliases":{"nesting_mode":"list","block":{"attributes":{"id":{"type":"string","description":"Slack alias ID","description_kind":"markdown","optional":true,"computed":true},"name":{"type":"string","description":"Slack alias name","description_kind":"markdown","optional":true,"computed":true}},"description":"Slack Aliases associated with this team","description_kind":"markdown"}},"slack_channels":{"nesting_mode":"list","block":{"attributes":{"id":{"type":"string","description":"Slack channel ID","description_kind":"markdown","optional":true,"computed":true},"name":{"type":"string","description":"Slack channel name","description_kind":"markdown","optional":true,"computed":true}},"description":"Slack Channels associated with this team","description_kind":"markdown"}}},"description_kind":"plain"}},"rootly_user_on_call_role":{"version":0,"block":{"attributes":{"id":{"type":"string","description_kind":"plain","optional":true,"computed":true},"on_call_role_id":{"type":"string","description":"The id of the on-call role to assign.","description_kind":"markdown","required":true},"user_id":{"type":"string","description":"The id of the user to assign the on-call role to.","description_kind":"markdown","required":true}},"description":"Manages the on-call role assigned to a Rootly user. The resource id is the user id. Destroying it stops managing the assignment but leaves the user's on-call role unchanged.","description_kind":"markdown"}},"rootly_webhooks_endpoint":{"version":0,"block":{"attributes":{"enabled":{"type":"bool","description_kind":"plain","optional":true},"event_types":{"type":["list","string"],"description":"Value must be one of `incident.created`, `incident.updated`, `incident.in_triage`, `incident.mitigated`, `incident.resolved`, `incident.cancelled`, `incident.deleted`, `incident.scheduled.created`, `incident.scheduled.updated`, `incident.scheduled.in_progress`, `incident.scheduled.completed`, `incident.scheduled.deleted`, `incident_post_mortem.created`, `incident_post_mortem.updated`, `incident_post_mortem.published`, `incident_post_mortem.deleted`, `incident_status_page_event.created`, `incident_status_page_event.updated`, `incident_status_page_event.deleted`, `incident_event.created`, `incident_event.updated`, `incident_event.deleted`, `alert.created`, `alert.updated`, `pulse.created`, `shift.started`, `genius_workflow_run.queued`, `genius_workflow_run.started`, `genius_workflow_run.completed`, `genius_workflow_run.failed`, `genius_workflow_run.canceled`, `audit_log.created`.","description_kind":"markdown","optional":true},"id":{"type":"string","description_kind":"plain","optional":true,"computed":true},"name":{"type":"string","description":"The name of the endpoint","description_kind":"markdown","required":true},"secret":{"type":"string","description":"The webhook signing secret used to verify webhook requests.","description_kind":"markdown","optional":true,"computed":true},"slug":{"type":"string","description":"The slug of the endpoint","description_kind":"markdown","deprecated":true,"optional":true,"computed":true},"url":{"type":"string","description":"The URL of the endpoint.","description_kind":"markdown","required":true}},"block_types":{"custom_headers":{"nesting_mode":"list","block":{"attributes":{"name":{"type":"string","description_kind":"plain","optional":true,"computed":true},"value":{"type":"string","description_kind":"plain","optional":true,"computed":true}},"description":"Custom HTTP headers sent with each delivery. Max 10. Reserved names (Content-Type, X-Rootly-Signature, Host, etc.) are rejected.","description_kind":"markdown"}}},"description_kind":"plain"}},"rootly_workflow_action_item":{"version":0,"block":{"attributes":{"cause_ids":{"type":["list","string"],"description_kind":"plain","optional":true,"computed":true},"command":{"type":"string","description":"Workflow command","description_kind":"markdown","optional":true,"computed":true},"command_feedback_enabled":{"type":"bool","description":"This will notify you back when the workflow is starting. Value must be one of true or false","description_kind":"markdown","optional":true,"computed":true},"continuously_repeat":{"type":"bool","description":"When continuously repeat is true, repeat workflows aren't automatically stopped when conditions aren't met. This setting won't override your conditions set by repeat_condition_duration_since_first_run and repeat_condition_number_of_repeats parameters.. Value must be one of true or false","description_kind":"markdown","optional":true,"computed":true},"description":{"type":"string","description":"The description of the workflow","description_kind":"markdown","optional":true,"computed":true},"enabled":{"type":"bool","description_kind":"plain","optional":true},"environment_ids":{"type":["list","string"],"description_kind":"plain","optional":true,"computed":true},"functionality_ids":{"type":["list","string"],"description_kind":"plain","optional":true,"computed":true},"group_ids":{"type":["list","string"],"description_kind":"plain","optional":true,"computed":true},"id":{"type":"string","description_kind":"plain","optional":true,"computed":true},"incident_role_ids":{"type":["list","string"],"description_kind":"plain","optional":true,"computed":true},"incident_type_ids":{"type":["list","string"],"description_kind":"plain","optional":true,"computed":true},"locked":{"type":"bool","description":"Restricts workflow edits to admins when turned on. Only admins can set this field.. Value must be one of true or false","description_kind":"markdown","optional":true,"computed":true},"name":{"type":"string","description":"The title of the workflow","description_kind":"markdown","required":true},"position":{"type":"number","description":"The order which the workflow should run with other workflows.","description_kind":"markdown","optional":true,"computed":true},"repeat_condition_duration_since_first_run":{"type":"string","description":"The workflow will stop repeating if its runtime since it's first workflow run exceeds the duration set in this field","description_kind":"markdown","optional":true,"computed":true},"repeat_condition_number_of_repeats":{"type":"number","description":"The workflow will stop repeating if the number of repeats exceeds the value set in this field","description_kind":"markdown","optional":true,"computed":true},"repeat_every_duration":{"type":"string","description":"Repeat workflow every duration","description_kind":"markdown","optional":true,"computed":true},"repeat_on":{"type":["list","string"],"description":"Repeat on weekdays. Value must be one of `S`, `M`, `T`, `W`, `R`, `F`, `U`.","description_kind":"markdown","optional":true,"computed":true},"service_ids":{"type":["list","string"],"description_kind":"plain","optional":true,"computed":true},"severity_ids":{"type":["list","string"],"description_kind":"plain","optional":true,"computed":true},"slug":{"type":"string","description":"The slug of the workflow","description_kind":"markdown","deprecated":true,"optional":true,"computed":true},"sub_status_ids":{"type":["list","string"],"description_kind":"plain","optional":true,"computed":true},"wait":{"type":"string","description":"Wait this duration before executing","description_kind":"markdown","optional":true,"computed":true},"workflow_group_id":{"type":"string","description":"The group this workflow belongs to.","description_kind":"markdown","optional":true,"computed":true}},"block_types":{"trigger_params":{"nesting_mode":"list","block":{"attributes":{"incident_action_item_condition":{"type":"string","description":"Value must be one of `ALL`, `ANY`, `NONE`.","description_kind":"markdown","optional":true},"incident_action_item_condition_group":{"type":"string","description":"Value must be one of `IS`, `IS NOT`, `ANY`, `CONTAINS`, `CONTAINS_ALL`, `CONTAINS_NONE`, `NONE`, `SET`, `UNSET`.","description_kind":"markdown","optional":true},"incident_action_item_condition_kind":{"type":"string","description":"Value must be one of `IS`, `IS NOT`, `ANY`, `CONTAINS`, `CONTAINS_ALL`, `CONTAINS_NONE`, `NONE`, `SET`, `UNSET`.","description_kind":"markdown","optional":true},"incident_action_item_condition_priority":{"type":"string","description":"Value must be one of `IS`, `IS NOT`, `ANY`, `CONTAINS`, `CONTAINS_ALL`, `CONTAINS_NONE`, `NONE`, `SET`, `UNSET`.","description_kind":"markdown","optional":true},"incident_action_item_condition_status":{"type":"string","description":"Value must be one of `IS`, `IS NOT`, `ANY`, `CONTAINS`, `CONTAINS_ALL`, `CONTAINS_NONE`, `NONE`, `SET`, `UNSET`.","description_kind":"markdown","optional":true},"incident_action_item_group_ids":{"type":["list","string"],"description_kind":"plain","optional":true,"computed":true},"incident_action_item_kinds":{"type":["list","string"],"description":"Value must be one of `task`, `follow_up`.","description_kind":"markdown","optional":true,"computed":true},"incident_action_item_priorities":{"type":["list","string"],"description":"Value must be one of `high`, `medium`, `low`.","description_kind":"markdown","optional":true,"computed":true},"incident_action_item_statuses":{"type":["list","string"],"description":"Value must be one of `open`, `in_progress`, `cancelled`, `done`.","description_kind":"markdown","optional":true,"computed":true},"incident_condition":{"type":"string","description":"Value must be one of `ALL`, `ANY`, `NONE`.","description_kind":"markdown","optional":true},"incident_condition_acknowledged_at":{"type":"string","description":"Value must be one of `SET`, `UNSET`.","description_kind":"markdown","optional":true,"computed":true},"incident_condition_detected_at":{"type":"string","description":"Value must be one of `SET`, `UNSET`.","description_kind":"markdown","optional":true,"computed":true},"incident_condition_environment":{"type":"string","description":"Value must be one of `IS`, `IS NOT`, `ANY`, `CONTAINS`, `CONTAINS_ALL`, `CONTAINS_NONE`, `NONE`, `SET`, `UNSET`.","description_kind":"markdown","optional":true},"incident_condition_functionality":{"type":"string","description":"Value must be one of `IS`, `IS NOT`, `ANY`, `CONTAINS`, `CONTAINS_ALL`, `CONTAINS_NONE`, `NONE`, `SET`, `UNSET`.","description_kind":"markdown","optional":true},"incident_condition_group":{"type":"string","description":"Value must be one of `IS`, `IS NOT`, `ANY`, `CONTAINS`, `CONTAINS_ALL`, `CONTAINS_NONE`, `NONE`, `SET`, `UNSET`.","description_kind":"markdown","optional":true},"incident_condition_incident_roles":{"type":"string","description":"Value must be one of `IS`, `IS NOT`, `ANY`, `CONTAINS`, `CONTAINS_ALL`, `CONTAINS_NONE`, `NONE`, `SET`, `UNSET`.","description_kind":"markdown","optional":true},"incident_condition_incident_type":{"type":"string","description":"Value must be one of `IS`, `IS NOT`, `ANY`, `CONTAINS`, `CONTAINS_ALL`, `CONTAINS_NONE`, `NONE`, `SET`, `UNSET`.","description_kind":"markdown","optional":true},"incident_condition_kind":{"type":"string","description":"Value must be one of `IS`, `IS NOT`, `ANY`, `CONTAINS`, `CONTAINS_ALL`, `CONTAINS_NONE`, `NONE`, `SET`, `UNSET`.","description_kind":"markdown","optional":true},"incident_condition_label":{"type":"string","description":"Value must be one of `IS`, `IS NOT`, `ANY`, `CONTAINS`, `CONTAINS_ALL`, `CONTAINS_NONE`, `NONE`, `SET`, `UNSET`.","description_kind":"markdown","optional":true},"incident_condition_label_use_regexp":{"type":"bool","description":"Value must be one of true or false","description_kind":"markdown","optional":true,"computed":true},"incident_condition_mitigated_at":{"type":"string","description":"Value must be one of `SET`, `UNSET`.","description_kind":"markdown","optional":true,"computed":true},"incident_condition_resolved_at":{"type":"string","description":"Value must be one of `SET`, `UNSET`.","description_kind":"markdown","optional":true,"computed":true},"incident_condition_service":{"type":"string","description":"Value must be one of `IS`, `IS NOT`, `ANY`, `CONTAINS`, `CONTAINS_ALL`, `CONTAINS_NONE`, `NONE`, `SET`, `UNSET`.","description_kind":"markdown","optional":true},"incident_condition_severity":{"type":"string","description":"Value must be one of `IS`, `IS NOT`, `ANY`, `CONTAINS`, `CONTAINS_ALL`, `CONTAINS_NONE`, `NONE`, `SET`, `UNSET`.","description_kind":"markdown","optional":true},"incident_condition_started_at":{"type":"string","description":"Value must be one of `SET`, `UNSET`.","description_kind":"markdown","optional":true,"computed":true},"incident_condition_status":{"type":"string","description":"Value must be one of `IS`, `IS NOT`, `ANY`, `CONTAINS`, `CONTAINS_ALL`, `CONTAINS_NONE`, `NONE`, `SET`, `UNSET`.","description_kind":"markdown","optional":true},"incident_condition_sub_status":{"type":"string","description":"Value must be one of `IS`, `IS NOT`, `ANY`, `CONTAINS`, `CONTAINS_ALL`, `CONTAINS_NONE`, `NONE`, `SET`, `UNSET`.","description_kind":"markdown","optional":true},"incident_condition_summary":{"type":"string","description":"Value must be one of `SET`, `UNSET`.","description_kind":"markdown","optional":true,"computed":true},"incident_condition_visibility":{"type":"string","description":"Value must be one of `IS`, `IS NOT`, `ANY`, `CONTAINS`, `CONTAINS_ALL`, `CONTAINS_NONE`, `NONE`, `SET`, `UNSET`.","description_kind":"markdown","optional":true},"incident_conditional_inactivity":{"type":"string","description":"Value must be one of `IS`.","description_kind":"markdown","optional":true,"computed":true},"incident_inactivity_duration":{"type":"string","description":"ex. 10 min, 1h, 3 days, 2 weeks","description_kind":"markdown","optional":true,"computed":true},"incident_kinds":{"type":["list","string"],"description":"Value must be one of `test`, `test_sub`, `example`, `example_sub`, `normal`, `normal_sub`, `backfilled`, `scheduled`, `scheduled_sub`.","description_kind":"markdown","optional":true,"computed":true},"incident_labels":{"type":["list","string"],"description_kind":"plain","optional":true,"computed":true},"incident_statuses":{"type":["list","string"],"description":"Value must be one of `in_triage`, `started`, `detected`, `acknowledged`, `mitigated`, `resolved`, `closed`, `cancelled`, `scheduled`, `in_progress`, `completed`.","description_kind":"markdown","optional":true,"computed":true},"incident_visibilities":{"type":["list","string"],"description_kind":"plain","optional":true,"computed":true},"trigger_type":{"type":"string","description":"Value must be one of `action_item`.","description_kind":"markdown","optional":true},"triggers":{"type":["list","string"],"description":"Actions that trigger the workflow. One of custom_fields.\u003cslug\u003e.updated, incident_updated, action_item_created, action_item_updated, assigned_user_updated, summary_updated, description_updated, status_updated, priority_updated, due_date_updated, teams_updated, slack_command","description_kind":"markdown","optional":true,"computed":true}},"description_kind":"plain"},"max_items":1}},"description_kind":"plain"}},"rootly_workflow_action_item_form_field_condition":{"version":0,"block":{"attributes":{"action_item_condition":{"type":"string","description":"The trigger condition. Value must be one of `IS`, `IS NOT`, `ANY`, `CONTAINS`, `CONTAINS_ALL`, `CONTAINS_NONE`, `NONE`, `SET`, `UNSET`.","description_kind":"markdown","optional":true},"form_field_id":{"type":"string","description":"The custom field for this condition","description_kind":"markdown","required":true},"id":{"type":"string","description_kind":"plain","optional":true,"computed":true},"selected_catalog_entity_ids":{"type":["list","string"],"description_kind":"plain","optional":true},"selected_cause_ids":{"type":["list","string"],"description_kind":"plain","optional":true},"selected_environment_ids":{"type":["list","string"],"description_kind":"plain","optional":true},"selected_functionality_ids":{"type":["list","string"],"description_kind":"plain","optional":true},"selected_group_ids":{"type":["list","string"],"description_kind":"plain","optional":true},"selected_incident_type_ids":{"type":["list","string"],"description_kind":"plain","optional":true},"selected_option_ids":{"type":["list","string"],"description_kind":"plain","optional":true},"selected_service_ids":{"type":["list","string"],"description_kind":"plain","optional":true},"selected_user_ids":{"type":["list","number"],"description_kind":"plain","optional":true},"values":{"type":["list","string"],"description_kind":"plain","optional":true},"workflow_id":{"type":"string","description":"The workflow for this condition","description_kind":"markdown","required":true}},"description_kind":"plain"}},"rootly_workflow_alert":{"version":1,"block":{"attributes":{"cause_ids":{"type":["list","string"],"description_kind":"plain","optional":true,"computed":true},"command":{"type":"string","description":"Workflow command","description_kind":"markdown","optional":true,"computed":true},"command_feedback_enabled":{"type":"bool","description":"This will notify you back when the workflow is starting. Value must be one of true or false","description_kind":"markdown","optional":true,"computed":true},"continuously_repeat":{"type":"bool","description":"When continuously repeat is true, repeat workflows aren't automatically stopped when conditions aren't met. This setting won't override your conditions set by repeat_condition_duration_since_first_run and repeat_condition_number_of_repeats parameters.. Value must be one of true or false","description_kind":"markdown","optional":true,"computed":true},"description":{"type":"string","description":"The description of the workflow","description_kind":"markdown","optional":true,"computed":true},"enabled":{"type":"bool","description_kind":"plain","optional":true},"environment_ids":{"type":["list","string"],"description_kind":"plain","optional":true,"computed":true},"functionality_ids":{"type":["list","string"],"description_kind":"plain","optional":true,"computed":true},"group_ids":{"type":["list","string"],"description_kind":"plain","optional":true,"computed":true},"id":{"type":"string","description_kind":"plain","optional":true,"computed":true},"incident_role_ids":{"type":["list","string"],"description_kind":"plain","optional":true,"computed":true},"incident_type_ids":{"type":["list","string"],"description_kind":"plain","optional":true,"computed":true},"locked":{"type":"bool","description":"Restricts workflow edits to admins when turned on. Only admins can set this field.. Value must be one of true or false","description_kind":"markdown","optional":true,"computed":true},"name":{"type":"string","description":"The title of the workflow","description_kind":"markdown","required":true},"position":{"type":"number","description":"The order which the workflow should run with other workflows.","description_kind":"markdown","optional":true,"computed":true},"repeat_condition_duration_since_first_run":{"type":"string","description":"The workflow will stop repeating if its runtime since it's first workflow run exceeds the duration set in this field","description_kind":"markdown","optional":true,"computed":true},"repeat_condition_number_of_repeats":{"type":"number","description":"The workflow will stop repeating if the number of repeats exceeds the value set in this field","description_kind":"markdown","optional":true,"computed":true},"repeat_every_duration":{"type":"string","description":"Repeat workflow every duration","description_kind":"markdown","optional":true,"computed":true},"repeat_on":{"type":["list","string"],"description":"Repeat on weekdays. Value must be one of `S`, `M`, `T`, `W`, `R`, `F`, `U`.","description_kind":"markdown","optional":true,"computed":true},"service_ids":{"type":["list","string"],"description_kind":"plain","optional":true,"computed":true},"severity_ids":{"type":["list","string"],"description_kind":"plain","optional":true,"computed":true},"slug":{"type":"string","description":"The slug of the workflow","description_kind":"markdown","deprecated":true,"optional":true,"computed":true},"sub_status_ids":{"type":["list","string"],"description_kind":"plain","optional":true,"computed":true},"wait":{"type":"string","description":"Wait this duration before executing","description_kind":"markdown","optional":true,"computed":true},"workflow_group_id":{"type":"string","description":"The group this workflow belongs to.","description_kind":"markdown","optional":true,"computed":true}},"block_types":{"trigger_params":{"nesting_mode":"list","block":{"attributes":{"alert_condition":{"type":"string","description":"Value must be one of `ALL`, `ANY`, `NONE`.","description_kind":"markdown","optional":true},"alert_condition_label":{"type":"string","description":"Value must be one of `IS`, `IS NOT`, `ANY`, `CONTAINS`, `CONTAINS_ALL`, `CONTAINS_NONE`, `NONE`, `SET`, `UNSET`.","description_kind":"markdown","optional":true},"alert_condition_label_use_regexp":{"type":"bool","description":"Value must be one of true or false","description_kind":"markdown","optional":true,"computed":true},"alert_condition_payload":{"type":"string","description":"Value must be one of `IS`, `IS NOT`, `ANY`, `CONTAINS`, `CONTAINS_ALL`, `CONTAINS_NONE`, `NONE`, `SET`, `UNSET`.","description_kind":"markdown","optional":true},"alert_condition_payload_use_regexp":{"type":"bool","description":"Value must be one of true or false","description_kind":"markdown","optional":true,"computed":true},"alert_condition_source":{"type":"string","description":"Value must be one of `IS`, `IS NOT`, `ANY`, `CONTAINS`, `CONTAINS_ALL`, `CONTAINS_NONE`, `NONE`, `SET`, `UNSET`.","description_kind":"markdown","optional":true},"alert_condition_source_use_regexp":{"type":"bool","description":"Value must be one of true or false","description_kind":"markdown","optional":true,"computed":true},"alert_condition_status":{"type":"string","description":"Value must be one of `IS`, `IS NOT`, `ANY`, `CONTAINS`, `CONTAINS_ALL`, `CONTAINS_NONE`, `NONE`, `SET`, `UNSET`.","description_kind":"markdown","optional":true},"alert_condition_status_use_regexp":{"type":"bool","description":"Value must be one of true or false","description_kind":"markdown","optional":true,"computed":true},"alert_condition_urgency":{"type":"string","description":"Value must be one of `IS`, `IS NOT`, `ANY`, `CONTAINS`, `CONTAINS_ALL`, `CONTAINS_NONE`, `NONE`, `SET`, `UNSET`.","description_kind":"markdown","optional":true},"alert_labels":{"type":["list","string"],"description_kind":"plain","optional":true,"computed":true},"alert_payload":{"type":["list","string"],"description_kind":"plain","optional":true,"computed":true},"alert_query_payload":{"type":"string","description":"You can use jsonpath syntax. eg: $.incident.teams[*]","description_kind":"markdown","optional":true,"computed":true},"alert_sources":{"type":["list","string"],"description_kind":"plain","optional":true,"computed":true},"alert_statuses":{"type":["list","string"],"description_kind":"plain","optional":true,"computed":true},"alert_urgency_ids":{"type":["list","string"],"description_kind":"plain","optional":true,"computed":true},"trigger_type":{"type":"string","description":"Value must be one of `alert`.","description_kind":"markdown","optional":true},"triggers":{"type":["list","string"],"description":"Actions that trigger the workflow. Value must be one of `alert_created`, `alert_status_updated`.","description_kind":"markdown","optional":true,"computed":true}},"block_types":{"alert_field_conditions":{"nesting_mode":"list","block":{"attributes":{"id":{"type":"string","description_kind":"plain","required":true},"name":{"type":"string","description_kind":"plain","required":true}},"description_kind":"plain"}},"alert_payload_conditions":{"nesting_mode":"list","block":{"attributes":{"logic":{"type":"string","description":"Logic operator for conditions. Value must be one of `ALL` or `ANY`.","description_kind":"markdown","optional":true}},"block_types":{"conditions":{"nesting_mode":"list","block":{"attributes":{"operator":{"type":"string","description":"Value must be one of `IS`, `IS NOT`, `CONTAINS`, `CONTAINS_ALL`, `CONTAINS_NONE`, `SET`, `UNSET`.","description_kind":"markdown","required":true},"query":{"type":"string","description":"JSONPath query. eg: $.commonLabels.namespace","description_kind":"markdown","required":true},"use_regexp":{"type":"bool","description_kind":"plain","optional":true},"values":{"type":["list","string"],"description_kind":"plain","required":true}},"description_kind":"plain"}}},"description_kind":"plain"},"max_items":1}},"description_kind":"plain"},"max_items":1}},"description_kind":"plain"}},"rootly_workflow_custom_field_selection":{"version":0,"block":{"attributes":{"custom_field_id":{"type":"number","description":"The custom field for this selection","description_kind":"markdown","required":true},"id":{"type":"string","description_kind":"plain","optional":true,"computed":true},"incident_condition":{"type":"string","description":"The trigger condition. Value must be one of `IS`, `IS NOT`, `ANY`, `CONTAINS`, `CONTAINS_ALL`, `CONTAINS_NONE`, `NONE`, `SET`, `UNSET`.","description_kind":"markdown","optional":true},"selected_option_ids":{"type":["list","number"],"description_kind":"plain","optional":true},"values":{"type":["list","string"],"description_kind":"plain","optional":true},"workflow_id":{"type":"string","description":"The workflow for this selection","description_kind":"markdown","required":true}},"description_kind":"plain"}},"rootly_workflow_form_field_condition":{"version":0,"block":{"attributes":{"form_field_id":{"type":"string","description":"The custom field for this condition","description_kind":"markdown","required":true},"id":{"type":"string","description_kind":"plain","optional":true,"computed":true},"incident_condition":{"type":"string","description":"The trigger condition. Value must be one of `IS`, `IS NOT`, `ANY`, `CONTAINS`, `CONTAINS_ALL`, `CONTAINS_NONE`, `NONE`, `SET`, `UNSET`.","description_kind":"markdown","optional":true},"selected_catalog_entity_ids":{"type":["list","string"],"description_kind":"plain","optional":true},"selected_cause_ids":{"type":["list","string"],"description_kind":"plain","optional":true},"selected_environment_ids":{"type":["list","string"],"description_kind":"plain","optional":true},"selected_functionality_ids":{"type":["list","string"],"description_kind":"plain","optional":true},"selected_group_ids":{"type":["list","string"],"description_kind":"plain","optional":true},"selected_incident_type_ids":{"type":["list","string"],"description_kind":"plain","optional":true},"selected_option_ids":{"type":["list","string"],"description_kind":"plain","optional":true},"selected_service_ids":{"type":["list","string"],"description_kind":"plain","optional":true},"selected_user_ids":{"type":["list","number"],"description_kind":"plain","optional":true},"values":{"type":["list","string"],"description_kind":"plain","optional":true},"workflow_id":{"type":"string","description":"The workflow for this condition","description_kind":"markdown","required":true}},"description_kind":"plain"}},"rootly_workflow_group":{"version":0,"block":{"attributes":{"description":{"type":"string","description":"A description of the workflow group.","description_kind":"markdown","optional":true,"computed":true},"expanded":{"type":"bool","description":"Whether the group is expanded or collapsed.. Value must be one of true or false","description_kind":"markdown","optional":true,"computed":true},"icon":{"type":"string","description":"An emoji icon displayed next to the workflow group.","description_kind":"markdown","optional":true,"computed":true},"id":{"type":"string","description_kind":"plain","optional":true,"computed":true},"kind":{"type":"string","description":"The kind of the workflow group. Value must be one of `simple`, `incident`, `post_mortem`, `action_item`, `pulse`, `alert`.","description_kind":"markdown","optional":true,"computed":true},"name":{"type":"string","description":"The name of the workflow group.","description_kind":"markdown","required":true},"position":{"type":"number","description":"The position of the workflow group","description_kind":"markdown","optional":true,"computed":true},"slug":{"type":"string","description":"The slug of the workflow group.","description_kind":"markdown","deprecated":true,"optional":true,"computed":true}},"description_kind":"plain"}},"rootly_workflow_incident":{"version":0,"block":{"attributes":{"cause_ids":{"type":["list","string"],"description_kind":"plain","optional":true,"computed":true},"command":{"type":"string","description":"Workflow command","description_kind":"markdown","optional":true,"computed":true},"command_feedback_enabled":{"type":"bool","description":"This will notify you back when the workflow is starting. Value must be one of true or false","description_kind":"markdown","optional":true,"computed":true},"continuously_repeat":{"type":"bool","description":"When continuously repeat is true, repeat workflows aren't automatically stopped when conditions aren't met. This setting won't override your conditions set by repeat_condition_duration_since_first_run and repeat_condition_number_of_repeats parameters.. Value must be one of true or false","description_kind":"markdown","optional":true,"computed":true},"description":{"type":"string","description":"The description of the workflow","description_kind":"markdown","optional":true,"computed":true},"enabled":{"type":"bool","description_kind":"plain","optional":true},"environment_ids":{"type":["list","string"],"description_kind":"plain","optional":true,"computed":true},"functionality_ids":{"type":["list","string"],"description_kind":"plain","optional":true,"computed":true},"group_ids":{"type":["list","string"],"description_kind":"plain","optional":true,"computed":true},"id":{"type":"string","description_kind":"plain","optional":true,"computed":true},"incident_role_ids":{"type":["list","string"],"description_kind":"plain","optional":true,"computed":true},"incident_type_ids":{"type":["list","string"],"description_kind":"plain","optional":true,"computed":true},"locked":{"type":"bool","description":"Restricts workflow edits to admins when turned on. Only admins can set this field.. Value must be one of true or false","description_kind":"markdown","optional":true,"computed":true},"name":{"type":"string","description":"The title of the workflow","description_kind":"markdown","required":true},"position":{"type":"number","description":"The order which the workflow should run with other workflows.","description_kind":"markdown","optional":true,"computed":true},"repeat_condition_duration_since_first_run":{"type":"string","description":"The workflow will stop repeating if its runtime since it's first workflow run exceeds the duration set in this field","description_kind":"markdown","optional":true,"computed":true},"repeat_condition_number_of_repeats":{"type":"number","description":"The workflow will stop repeating if the number of repeats exceeds the value set in this field","description_kind":"markdown","optional":true,"computed":true},"repeat_every_duration":{"type":"string","description":"Repeat workflow every duration","description_kind":"markdown","optional":true,"computed":true},"repeat_on":{"type":["list","string"],"description":"Repeat on weekdays. Value must be one of `S`, `M`, `T`, `W`, `R`, `F`, `U`.","description_kind":"markdown","optional":true,"computed":true},"service_ids":{"type":["list","string"],"description_kind":"plain","optional":true,"computed":true},"severity_ids":{"type":["list","string"],"description_kind":"plain","optional":true,"computed":true},"slug":{"type":"string","description":"The slug of the workflow","description_kind":"markdown","deprecated":true,"optional":true,"computed":true},"sub_status_ids":{"type":["list","string"],"description_kind":"plain","optional":true,"computed":true},"wait":{"type":"string","description":"Wait this duration before executing","description_kind":"markdown","optional":true,"computed":true},"workflow_group_id":{"type":"string","description":"The group this workflow belongs to.","description_kind":"markdown","optional":true,"computed":true}},"block_types":{"trigger_params":{"nesting_mode":"list","block":{"attributes":{"incident_condition":{"type":"string","description":"Value must be one of `ALL`, `ANY`, `NONE`.","description_kind":"markdown","optional":true},"incident_condition_acknowledged_at":{"type":"string","description":"Value must be one of `SET`, `UNSET`.","description_kind":"markdown","optional":true,"computed":true},"incident_condition_cause":{"type":"string","description":"Value must be one of `IS`, `IS NOT`, `ANY`, `CONTAINS`, `CONTAINS_ALL`, `CONTAINS_NONE`, `NONE`, `SET`, `UNSET`.","description_kind":"markdown","optional":true},"incident_condition_detected_at":{"type":"string","description":"Value must be one of `SET`, `UNSET`.","description_kind":"markdown","optional":true,"computed":true},"incident_condition_environment":{"type":"string","description":"Value must be one of `IS`, `IS NOT`, `ANY`, `CONTAINS`, `CONTAINS_ALL`, `CONTAINS_NONE`, `NONE`, `SET`, `UNSET`.","description_kind":"markdown","optional":true},"incident_condition_functionality":{"type":"string","description":"Value must be one of `IS`, `IS NOT`, `ANY`, `CONTAINS`, `CONTAINS_ALL`, `CONTAINS_NONE`, `NONE`, `SET`, `UNSET`.","description_kind":"markdown","optional":true},"incident_condition_group":{"type":"string","description":"Value must be one of `IS`, `IS NOT`, `ANY`, `CONTAINS`, `CONTAINS_ALL`, `CONTAINS_NONE`, `NONE`, `SET`, `UNSET`.","description_kind":"markdown","optional":true},"incident_condition_incident_roles":{"type":"string","description":"Value must be one of `IS`, `IS NOT`, `ANY`, `CONTAINS`, `CONTAINS_ALL`, `CONTAINS_NONE`, `NONE`, `SET`, `UNSET`.","description_kind":"markdown","optional":true},"incident_condition_incident_type":{"type":"string","description":"Value must be one of `IS`, `IS NOT`, `ANY`, `CONTAINS`, `CONTAINS_ALL`, `CONTAINS_NONE`, `NONE`, `SET`, `UNSET`.","description_kind":"markdown","optional":true},"incident_condition_kind":{"type":"string","description":"Value must be one of `IS`, `IS NOT`, `ANY`, `CONTAINS`, `CONTAINS_ALL`, `CONTAINS_NONE`, `NONE`, `SET`, `UNSET`.","description_kind":"markdown","optional":true},"incident_condition_label":{"type":"string","description":"Value must be one of `IS`, `IS NOT`, `ANY`, `CONTAINS`, `CONTAINS_ALL`, `CONTAINS_NONE`, `NONE`, `SET`, `UNSET`.","description_kind":"markdown","optional":true},"incident_condition_label_use_regexp":{"type":"bool","description":"Value must be one of true or false","description_kind":"markdown","optional":true,"computed":true},"incident_condition_mitigated_at":{"type":"string","description":"Value must be one of `SET`, `UNSET`.","description_kind":"markdown","optional":true,"computed":true},"incident_condition_resolved_at":{"type":"string","description":"Value must be one of `SET`, `UNSET`.","description_kind":"markdown","optional":true,"computed":true},"incident_condition_service":{"type":"string","description":"Value must be one of `IS`, `IS NOT`, `ANY`, `CONTAINS`, `CONTAINS_ALL`, `CONTAINS_NONE`, `NONE`, `SET`, `UNSET`.","description_kind":"markdown","optional":true},"incident_condition_severity":{"type":"string","description":"Value must be one of `IS`, `IS NOT`, `ANY`, `CONTAINS`, `CONTAINS_ALL`, `CONTAINS_NONE`, `NONE`, `SET`, `UNSET`.","description_kind":"markdown","optional":true},"incident_condition_started_at":{"type":"string","description":"Value must be one of `SET`, `UNSET`.","description_kind":"markdown","optional":true,"computed":true},"incident_condition_status":{"type":"string","description":"Value must be one of `IS`, `IS NOT`, `ANY`, `CONTAINS`, `CONTAINS_ALL`, `CONTAINS_NONE`, `NONE`, `SET`, `UNSET`.","description_kind":"markdown","optional":true},"incident_condition_sub_status":{"type":"string","description":"Value must be one of `IS`, `IS NOT`, `ANY`, `CONTAINS`, `CONTAINS_ALL`, `CONTAINS_NONE`, `NONE`, `SET`, `UNSET`.","description_kind":"markdown","optional":true},"incident_condition_summary":{"type":"string","description":"Value must be one of `SET`, `UNSET`.","description_kind":"markdown","optional":true,"computed":true},"incident_condition_visibility":{"type":"string","description":"Value must be one of `IS`, `IS NOT`, `ANY`, `CONTAINS`, `CONTAINS_ALL`, `CONTAINS_NONE`, `NONE`, `SET`, `UNSET`.","description_kind":"markdown","optional":true},"incident_conditional_inactivity":{"type":"string","description":"Value must be one of `IS`.","description_kind":"markdown","optional":true,"computed":true},"incident_inactivity_duration":{"type":"string","description":"ex. 10 min, 1h, 3 days, 2 weeks","description_kind":"markdown","optional":true,"computed":true},"incident_kinds":{"type":["list","string"],"description":"Value must be one of `test`, `test_sub`, `example`, `example_sub`, `normal`, `normal_sub`, `backfilled`, `scheduled`, `scheduled_sub`.","description_kind":"markdown","optional":true,"computed":true},"incident_labels":{"type":["list","string"],"description_kind":"plain","optional":true,"computed":true},"incident_post_mortem_condition_cause":{"type":"string","description":"[DEPRECATED] Use incident_condition_cause instead. Value must be one of `IS`, `IS NOT`, `ANY`, `CONTAINS`, `CONTAINS_ALL`, `CONTAINS_NONE`, `NONE`, `SET`, `UNSET`.","description_kind":"markdown","optional":true},"incident_statuses":{"type":["list","string"],"description":"Value must be one of `in_triage`, `started`, `detected`, `acknowledged`, `mitigated`, `resolved`, `closed`, `cancelled`, `scheduled`, `in_progress`, `completed`.","description_kind":"markdown","optional":true,"computed":true},"incident_visibilities":{"type":["list","string"],"description_kind":"plain","optional":true,"computed":true},"trigger_type":{"type":"string","description":"Value must be one of `incident`.","description_kind":"markdown","optional":true},"triggers":{"type":["list","string"],"description":"Actions that trigger the workflow. One of custom_fields.\u003cslug\u003e.updated, incident_in_triage, incident_created, incident_started, incident_updated, title_updated, summary_updated, status_updated, severity_updated, environments_added, environments_removed, environments_updated, incident_types_added, incident_types_removed, incident_types_updated, services_added, services_removed, services_updated, visibility_updated, functionalities_added, functionalities_removed, functionalities_updated, teams_added, teams_removed, teams_updated, causes_added, causes_removed, causes_updated, timeline_updated, status_page_timeline_updated, role_assignments_updated, role_assignments_added, role_assignments_removed, slack_command, slack_channel_created, slack_channel_converted, microsoft_teams_channel_created, microsoft_teams_chat_created, google_chat_space_created, subscribers_updated, subscribers_added, subscribers_removed, user_joined_slack_channel, user_left_slack_channel, meeting_summary_created","description_kind":"markdown","optional":true,"computed":true}},"description_kind":"plain"},"max_items":1}},"description_kind":"plain"}},"rootly_workflow_post_mortem":{"version":0,"block":{"attributes":{"cause_ids":{"type":["list","string"],"description_kind":"plain","optional":true,"computed":true},"command":{"type":"string","description":"Workflow command","description_kind":"markdown","optional":true,"computed":true},"command_feedback_enabled":{"type":"bool","description":"This will notify you back when the workflow is starting. Value must be one of true or false","description_kind":"markdown","optional":true,"computed":true},"continuously_repeat":{"type":"bool","description":"When continuously repeat is true, repeat workflows aren't automatically stopped when conditions aren't met. This setting won't override your conditions set by repeat_condition_duration_since_first_run and repeat_condition_number_of_repeats parameters.. Value must be one of true or false","description_kind":"markdown","optional":true,"computed":true},"description":{"type":"string","description":"The description of the workflow","description_kind":"markdown","optional":true,"computed":true},"enabled":{"type":"bool","description_kind":"plain","optional":true},"environment_ids":{"type":["list","string"],"description_kind":"plain","optional":true,"computed":true},"functionality_ids":{"type":["list","string"],"description_kind":"plain","optional":true,"computed":true},"group_ids":{"type":["list","string"],"description_kind":"plain","optional":true,"computed":true},"id":{"type":"string","description_kind":"plain","optional":true,"computed":true},"incident_role_ids":{"type":["list","string"],"description_kind":"plain","optional":true,"computed":true},"incident_type_ids":{"type":["list","string"],"description_kind":"plain","optional":true,"computed":true},"locked":{"type":"bool","description":"Restricts workflow edits to admins when turned on. Only admins can set this field.. Value must be one of true or false","description_kind":"markdown","optional":true,"computed":true},"name":{"type":"string","description":"The title of the workflow","description_kind":"markdown","required":true},"position":{"type":"number","description":"The order which the workflow should run with other workflows.","description_kind":"markdown","optional":true,"computed":true},"repeat_condition_duration_since_first_run":{"type":"string","description":"The workflow will stop repeating if its runtime since it's first workflow run exceeds the duration set in this field","description_kind":"markdown","optional":true,"computed":true},"repeat_condition_number_of_repeats":{"type":"number","description":"The workflow will stop repeating if the number of repeats exceeds the value set in this field","description_kind":"markdown","optional":true,"computed":true},"repeat_every_duration":{"type":"string","description":"Repeat workflow every duration","description_kind":"markdown","optional":true,"computed":true},"repeat_on":{"type":["list","string"],"description":"Repeat on weekdays. Value must be one of `S`, `M`, `T`, `W`, `R`, `F`, `U`.","description_kind":"markdown","optional":true,"computed":true},"service_ids":{"type":["list","string"],"description_kind":"plain","optional":true,"computed":true},"severity_ids":{"type":["list","string"],"description_kind":"plain","optional":true,"computed":true},"slug":{"type":"string","description":"The slug of the workflow","description_kind":"markdown","deprecated":true,"optional":true,"computed":true},"sub_status_ids":{"type":["list","string"],"description_kind":"plain","optional":true,"computed":true},"wait":{"type":"string","description":"Wait this duration before executing","description_kind":"markdown","optional":true,"computed":true},"workflow_group_id":{"type":"string","description":"The group this workflow belongs to.","description_kind":"markdown","optional":true,"computed":true}},"block_types":{"trigger_params":{"nesting_mode":"list","block":{"attributes":{"incident_condition":{"type":"string","description":"Value must be one of `ALL`, `ANY`, `NONE`.","description_kind":"markdown","optional":true},"incident_condition_acknowledged_at":{"type":"string","description":"Value must be one of `SET`, `UNSET`.","description_kind":"markdown","optional":true,"computed":true},"incident_condition_cause":{"type":"string","description":"Value must be one of `IS`, `IS NOT`, `ANY`, `CONTAINS`, `CONTAINS_ALL`, `CONTAINS_NONE`, `NONE`, `SET`, `UNSET`.","description_kind":"markdown","optional":true},"incident_condition_detected_at":{"type":"string","description":"Value must be one of `SET`, `UNSET`.","description_kind":"markdown","optional":true,"computed":true},"incident_condition_environment":{"type":"string","description":"Value must be one of `IS`, `IS NOT`, `ANY`, `CONTAINS`, `CONTAINS_ALL`, `CONTAINS_NONE`, `NONE`, `SET`, `UNSET`.","description_kind":"markdown","optional":true},"incident_condition_functionality":{"type":"string","description":"Value must be one of `IS`, `IS NOT`, `ANY`, `CONTAINS`, `CONTAINS_ALL`, `CONTAINS_NONE`, `NONE`, `SET`, `UNSET`.","description_kind":"markdown","optional":true},"incident_condition_group":{"type":"string","description":"Value must be one of `IS`, `IS NOT`, `ANY`, `CONTAINS`, `CONTAINS_ALL`, `CONTAINS_NONE`, `NONE`, `SET`, `UNSET`.","description_kind":"markdown","optional":true},"incident_condition_incident_roles":{"type":"string","description":"Value must be one of `IS`, `IS NOT`, `ANY`, `CONTAINS`, `CONTAINS_ALL`, `CONTAINS_NONE`, `NONE`, `SET`, `UNSET`.","description_kind":"markdown","optional":true},"incident_condition_incident_type":{"type":"string","description":"Value must be one of `IS`, `IS NOT`, `ANY`, `CONTAINS`, `CONTAINS_ALL`, `CONTAINS_NONE`, `NONE`, `SET`, `UNSET`.","description_kind":"markdown","optional":true},"incident_condition_kind":{"type":"string","description":"Value must be one of `IS`, `IS NOT`, `ANY`, `CONTAINS`, `CONTAINS_ALL`, `CONTAINS_NONE`, `NONE`, `SET`, `UNSET`.","description_kind":"markdown","optional":true},"incident_condition_label":{"type":"string","description":"Value must be one of `IS`, `IS NOT`, `ANY`, `CONTAINS`, `CONTAINS_ALL`, `CONTAINS_NONE`, `NONE`, `SET`, `UNSET`.","description_kind":"markdown","optional":true},"incident_condition_label_use_regexp":{"type":"bool","description":"Value must be one of true or false","description_kind":"markdown","optional":true,"computed":true},"incident_condition_mitigated_at":{"type":"string","description":"Value must be one of `SET`, `UNSET`.","description_kind":"markdown","optional":true,"computed":true},"incident_condition_resolved_at":{"type":"string","description":"Value must be one of `SET`, `UNSET`.","description_kind":"markdown","optional":true,"computed":true},"incident_condition_service":{"type":"string","description":"Value must be one of `IS`, `IS NOT`, `ANY`, `CONTAINS`, `CONTAINS_ALL`, `CONTAINS_NONE`, `NONE`, `SET`, `UNSET`.","description_kind":"markdown","optional":true},"incident_condition_severity":{"type":"string","description":"Value must be one of `IS`, `IS NOT`, `ANY`, `CONTAINS`, `CONTAINS_ALL`, `CONTAINS_NONE`, `NONE`, `SET`, `UNSET`.","description_kind":"markdown","optional":true},"incident_condition_started_at":{"type":"string","description":"Value must be one of `SET`, `UNSET`.","description_kind":"markdown","optional":true,"computed":true},"incident_condition_status":{"type":"string","description":"Value must be one of `IS`, `IS NOT`, `ANY`, `CONTAINS`, `CONTAINS_ALL`, `CONTAINS_NONE`, `NONE`, `SET`, `UNSET`.","description_kind":"markdown","optional":true},"incident_condition_sub_status":{"type":"string","description":"Value must be one of `IS`, `IS NOT`, `ANY`, `CONTAINS`, `CONTAINS_ALL`, `CONTAINS_NONE`, `NONE`, `SET`, `UNSET`.","description_kind":"markdown","optional":true},"incident_condition_summary":{"type":"string","description":"Value must be one of `SET`, `UNSET`.","description_kind":"markdown","optional":true,"computed":true},"incident_condition_visibility":{"type":"string","description":"Value must be one of `IS`, `IS NOT`, `ANY`, `CONTAINS`, `CONTAINS_ALL`, `CONTAINS_NONE`, `NONE`, `SET`, `UNSET`.","description_kind":"markdown","optional":true},"incident_conditional_inactivity":{"type":"string","description":"Value must be one of `IS`.","description_kind":"markdown","optional":true,"computed":true},"incident_inactivity_duration":{"type":"string","description":"ex. 10 min, 1h, 3 days, 2 weeks","description_kind":"markdown","optional":true,"computed":true},"incident_kinds":{"type":["list","string"],"description":"Value must be one of `test`, `test_sub`, `example`, `example_sub`, `normal`, `normal_sub`, `backfilled`, `scheduled`, `scheduled_sub`.","description_kind":"markdown","optional":true,"computed":true},"incident_labels":{"type":["list","string"],"description_kind":"plain","optional":true,"computed":true},"incident_post_mortem_condition":{"type":"string","description":"Value must be one of `ALL`, `ANY`, `NONE`.","description_kind":"markdown","optional":true},"incident_post_mortem_condition_cause":{"type":"string","description":"[DEPRECATED] Use incident_condition_cause instead. Value must be one of `IS`, `IS NOT`, `ANY`, `CONTAINS`, `CONTAINS_ALL`, `CONTAINS_NONE`, `NONE`, `SET`, `UNSET`.","description_kind":"markdown","optional":true},"incident_post_mortem_condition_status":{"type":"string","description":"Value must be one of `IS`, `IS NOT`, `ANY`, `CONTAINS`, `CONTAINS_ALL`, `CONTAINS_NONE`, `NONE`, `SET`, `UNSET`.","description_kind":"markdown","optional":true},"incident_post_mortem_statuses":{"type":["list","string"],"description":"Value must be one of `draft`, `published`.","description_kind":"markdown","optional":true,"computed":true},"incident_statuses":{"type":["list","string"],"description":"Value must be one of `in_triage`, `started`, `detected`, `acknowledged`, `mitigated`, `resolved`, `closed`, `cancelled`, `scheduled`, `in_progress`, `completed`.","description_kind":"markdown","optional":true,"computed":true},"incident_visibilities":{"type":["list","string"],"description_kind":"plain","optional":true,"computed":true},"trigger_type":{"type":"string","description":"Value must be one of `post_mortem`.","description_kind":"markdown","optional":true},"triggers":{"type":["list","string"],"description":"Actions that trigger the workflow. One of custom_fields.\u003cslug\u003e.updated, post_mortem_created, post_mortem_updated, status_updated, slack_command","description_kind":"markdown","optional":true,"computed":true}},"description_kind":"plain"},"max_items":1}},"description_kind":"plain"}},"rootly_workflow_pulse":{"version":0,"block":{"attributes":{"cause_ids":{"type":["list","string"],"description_kind":"plain","optional":true,"computed":true},"command":{"type":"string","description":"Workflow command","description_kind":"markdown","optional":true,"computed":true},"command_feedback_enabled":{"type":"bool","description":"This will notify you back when the workflow is starting. Value must be one of true or false","description_kind":"markdown","optional":true,"computed":true},"continuously_repeat":{"type":"bool","description":"When continuously repeat is true, repeat workflows aren't automatically stopped when conditions aren't met. This setting won't override your conditions set by repeat_condition_duration_since_first_run and repeat_condition_number_of_repeats parameters.. Value must be one of true or false","description_kind":"markdown","optional":true,"computed":true},"description":{"type":"string","description":"The description of the workflow","description_kind":"markdown","optional":true,"computed":true},"enabled":{"type":"bool","description_kind":"plain","optional":true},"environment_ids":{"type":["list","string"],"description_kind":"plain","optional":true,"computed":true},"functionality_ids":{"type":["list","string"],"description_kind":"plain","optional":true,"computed":true},"group_ids":{"type":["list","string"],"description_kind":"plain","optional":true,"computed":true},"id":{"type":"string","description_kind":"plain","optional":true,"computed":true},"incident_role_ids":{"type":["list","string"],"description_kind":"plain","optional":true,"computed":true},"incident_type_ids":{"type":["list","string"],"description_kind":"plain","optional":true,"computed":true},"locked":{"type":"bool","description":"Restricts workflow edits to admins when turned on. Only admins can set this field.. Value must be one of true or false","description_kind":"markdown","optional":true,"computed":true},"name":{"type":"string","description":"The title of the workflow","description_kind":"markdown","required":true},"position":{"type":"number","description":"The order which the workflow should run with other workflows.","description_kind":"markdown","optional":true,"computed":true},"repeat_condition_duration_since_first_run":{"type":"string","description":"The workflow will stop repeating if its runtime since it's first workflow run exceeds the duration set in this field","description_kind":"markdown","optional":true,"computed":true},"repeat_condition_number_of_repeats":{"type":"number","description":"The workflow will stop repeating if the number of repeats exceeds the value set in this field","description_kind":"markdown","optional":true,"computed":true},"repeat_every_duration":{"type":"string","description":"Repeat workflow every duration","description_kind":"markdown","optional":true,"computed":true},"repeat_on":{"type":["list","string"],"description":"Repeat on weekdays. Value must be one of `S`, `M`, `T`, `W`, `R`, `F`, `U`.","description_kind":"markdown","optional":true,"computed":true},"service_ids":{"type":["list","string"],"description_kind":"plain","optional":true,"computed":true},"severity_ids":{"type":["list","string"],"description_kind":"plain","optional":true,"computed":true},"slug":{"type":"string","description":"The slug of the workflow","description_kind":"markdown","deprecated":true,"optional":true,"computed":true},"sub_status_ids":{"type":["list","string"],"description_kind":"plain","optional":true,"computed":true},"wait":{"type":"string","description":"Wait this duration before executing","description_kind":"markdown","optional":true,"computed":true},"workflow_group_id":{"type":"string","description":"The group this workflow belongs to.","description_kind":"markdown","optional":true,"computed":true}},"block_types":{"trigger_params":{"nesting_mode":"list","block":{"attributes":{"pulse_condition":{"type":"string","description":"Value must be one of `ALL`, `ANY`, `NONE`.","description_kind":"markdown","optional":true},"pulse_condition_label":{"type":"string","description":"Value must be one of `IS`, `IS NOT`, `ANY`, `CONTAINS`, `CONTAINS_ALL`, `CONTAINS_NONE`, `NONE`, `SET`, `UNSET`.","description_kind":"markdown","optional":true},"pulse_condition_label_use_regexp":{"type":"bool","description":"Value must be one of true or false","description_kind":"markdown","optional":true,"computed":true},"pulse_condition_payload":{"type":"string","description":"Value must be one of `IS`, `IS NOT`, `ANY`, `CONTAINS`, `CONTAINS_ALL`, `CONTAINS_NONE`, `NONE`, `SET`, `UNSET`.","description_kind":"markdown","optional":true},"pulse_condition_payload_use_regexp":{"type":"bool","description":"Value must be one of true or false","description_kind":"markdown","optional":true,"computed":true},"pulse_condition_source":{"type":"string","description":"Value must be one of `IS`, `IS NOT`, `ANY`, `CONTAINS`, `CONTAINS_ALL`, `CONTAINS_NONE`, `NONE`, `SET`, `UNSET`.","description_kind":"markdown","optional":true},"pulse_condition_source_use_regexp":{"type":"bool","description":"Value must be one of true or false","description_kind":"markdown","optional":true,"computed":true},"pulse_labels":{"type":["list","string"],"description_kind":"plain","optional":true,"computed":true},"pulse_payload":{"type":["list","string"],"description_kind":"plain","optional":true,"computed":true},"pulse_query_payload":{"type":"string","description":"You can use jsonpath syntax. eg: $.incident.teams[*]","description_kind":"markdown","optional":true,"computed":true},"pulse_sources":{"type":["list","string"],"description_kind":"plain","optional":true,"computed":true},"trigger_type":{"type":"string","description":"Value must be one of `pulse`.","description_kind":"markdown","optional":true},"triggers":{"type":["list","string"],"description":"Actions that trigger the workflow. Value must be one of `pulse_created`.","description_kind":"markdown","optional":true,"computed":true}},"description_kind":"plain"},"max_items":1}},"description_kind":"plain"}},"rootly_workflow_simple":{"version":0,"block":{"attributes":{"cause_ids":{"type":["list","string"],"description_kind":"plain","optional":true,"computed":true},"command":{"type":"string","description":"Workflow command","description_kind":"markdown","optional":true,"computed":true},"command_feedback_enabled":{"type":"bool","description":"This will notify you back when the workflow is starting. Value must be one of true or false","description_kind":"markdown","optional":true,"computed":true},"continuously_repeat":{"type":"bool","description":"When continuously repeat is true, repeat workflows aren't automatically stopped when conditions aren't met. This setting won't override your conditions set by repeat_condition_duration_since_first_run and repeat_condition_number_of_repeats parameters.. Value must be one of true or false","description_kind":"markdown","optional":true,"computed":true},"description":{"type":"string","description":"The description of the workflow","description_kind":"markdown","optional":true,"computed":true},"enabled":{"type":"bool","description_kind":"plain","optional":true},"environment_ids":{"type":["list","string"],"description_kind":"plain","optional":true,"computed":true},"functionality_ids":{"type":["list","string"],"description_kind":"plain","optional":true,"computed":true},"group_ids":{"type":["list","string"],"description_kind":"plain","optional":true,"computed":true},"id":{"type":"string","description_kind":"plain","optional":true,"computed":true},"incident_role_ids":{"type":["list","string"],"description_kind":"plain","optional":true,"computed":true},"incident_type_ids":{"type":["list","string"],"description_kind":"plain","optional":true,"computed":true},"locked":{"type":"bool","description":"Restricts workflow edits to admins when turned on. Only admins can set this field.. Value must be one of true or false","description_kind":"markdown","optional":true,"computed":true},"name":{"type":"string","description":"The title of the workflow","description_kind":"markdown","required":true},"position":{"type":"number","description":"The order which the workflow should run with other workflows.","description_kind":"markdown","optional":true,"computed":true},"repeat_condition_duration_since_first_run":{"type":"string","description":"The workflow will stop repeating if its runtime since it's first workflow run exceeds the duration set in this field","description_kind":"markdown","optional":true,"computed":true},"repeat_condition_number_of_repeats":{"type":"number","description":"The workflow will stop repeating if the number of repeats exceeds the value set in this field","description_kind":"markdown","optional":true,"computed":true},"repeat_every_duration":{"type":"string","description":"Repeat workflow every duration","description_kind":"markdown","optional":true,"computed":true},"repeat_on":{"type":["list","string"],"description":"Repeat on weekdays. Value must be one of `S`, `M`, `T`, `W`, `R`, `F`, `U`.","description_kind":"markdown","optional":true,"computed":true},"service_ids":{"type":["list","string"],"description_kind":"plain","optional":true,"computed":true},"severity_ids":{"type":["list","string"],"description_kind":"plain","optional":true,"computed":true},"slug":{"type":"string","description":"The slug of the workflow","description_kind":"markdown","deprecated":true,"optional":true,"computed":true},"sub_status_ids":{"type":["list","string"],"description_kind":"plain","optional":true,"computed":true},"wait":{"type":"string","description":"Wait this duration before executing","description_kind":"markdown","optional":true,"computed":true},"workflow_group_id":{"type":"string","description":"The group this workflow belongs to.","description_kind":"markdown","optional":true,"computed":true}},"block_types":{"trigger_params":{"nesting_mode":"list","block":{"attributes":{"trigger_type":{"type":"string","description":"Value must be one of `simple`.","description_kind":"markdown","optional":true},"triggers":{"type":["list","string"],"description":"Actions that trigger the workflow. Value must be one of `slack_command`.","description_kind":"markdown","optional":true,"computed":true}},"description_kind":"plain"},"max_items":1}},"description_kind":"plain"}},"rootly_workflow_task_add_action_item":{"version":0,"block":{"attributes":{"enabled":{"type":"bool","description":"Enable/disable this workflow task","description_kind":"markdown","optional":true},"id":{"type":"string","description_kind":"plain","optional":true,"computed":true},"name":{"type":"string","description":"Name of the workflow task","description_kind":"markdown","optional":true,"computed":true},"position":{"type":"number","description":"The position of the workflow task (1 being top of list)","description_kind":"markdown","optional":true,"computed":true},"skip_on_failure":{"type":"bool","description":"Skip workflow task if any failures","description_kind":"markdown","optional":true},"workflow_id":{"type":"string","description":"The ID of the parent workflow","description_kind":"markdown","required":true}},"block_types":{"task_params":{"nesting_mode":"list","block":{"attributes":{"assigned_to_user":{"type":["map","string"],"description":"Map must contain two fields, `id` and `name`.  The user this action item is assigned to","description_kind":"markdown","optional":true},"assigned_to_user_id":{"type":"string","description":"[DEPRECATED] Use assigned_to_user attribute instead. The user id this action item is assigned to","description_kind":"markdown","optional":true},"attribute_to_query_by":{"type":"string","description":"Attribute of the Incident to match against. Value must be one of `jira_issue_id`.","description_kind":"markdown","optional":true},"custom_fields_mapping":{"type":"string","description":"Custom field mappings. Can contain liquid markup and need to be valid JSON","description_kind":"markdown","optional":true},"description":{"type":"string","description":"The action item description","description_kind":"markdown","optional":true},"incident_role_id":{"type":"string","description":"The role id this action item is associated with","description_kind":"markdown","optional":true},"kind":{"type":"string","description":"The action item kind","description_kind":"markdown","optional":true},"post_to_incident_timeline":{"type":"bool","description":"Value must be one of true or false","description_kind":"markdown","optional":true},"priority":{"type":"string","description":"The action item priority. Value must be one of `high`, `medium`, `low`.","description_kind":"markdown","required":true},"query_value":{"type":"string","description":"Value that attribute_to_query_by to uses to match against","description_kind":"markdown","optional":true},"status":{"type":"string","description":"The action item status. Value must be one of `open`, `in_progress`, `cancelled`, `done`.","description_kind":"markdown","required":true},"summary":{"type":"string","description":"The action item summary","description_kind":"markdown","required":true},"task_type":{"type":"string","description_kind":"plain","optional":true}},"block_types":{"post_to_slack_channels":{"nesting_mode":"list","block":{"attributes":{"id":{"type":"string","description_kind":"plain","required":true},"name":{"type":"string","description_kind":"plain","required":true}},"description_kind":"plain"}}},"description":"The parameters for this workflow task.","description_kind":"markdown"},"min_items":1,"max_items":1}},"description":"Manages workflow add_action_item task.","description_kind":"markdown"}},"rootly_workflow_task_add_microsoft_teams_chat_tab":{"version":0,"block":{"attributes":{"enabled":{"type":"bool","description":"Enable/disable this workflow task","description_kind":"markdown","optional":true},"id":{"type":"string","description_kind":"plain","optional":true,"computed":true},"name":{"type":"string","description":"Name of the workflow task","description_kind":"markdown","optional":true,"computed":true},"position":{"type":"number","description":"The position of the workflow task (1 being top of list)","description_kind":"markdown","optional":true,"computed":true},"skip_on_failure":{"type":"bool","description":"Skip workflow task if any failures","description_kind":"markdown","optional":true},"workflow_id":{"type":"string","description":"The ID of the parent workflow","description_kind":"markdown","required":true}},"block_types":{"task_params":{"nesting_mode":"list","block":{"attributes":{"chat":{"type":["map","string"],"description":"Map must contain two fields, `id` and `name`. ","description_kind":"markdown","required":true},"link":{"type":"string","description":"The tab link","description_kind":"markdown","required":true},"task_type":{"type":"string","description_kind":"plain","optional":true},"title":{"type":"string","description":"The tab title","description_kind":"markdown","required":true}},"description":"The parameters for this workflow task.","description_kind":"markdown"},"min_items":1,"max_items":1}},"description":"Manages workflow add_microsoft_teams_chat_tab task.","description_kind":"markdown"}},"rootly_workflow_task_add_microsoft_teams_tab":{"version":0,"block":{"attributes":{"enabled":{"type":"bool","description":"Enable/disable this workflow task","description_kind":"markdown","optional":true},"id":{"type":"string","description_kind":"plain","optional":true,"computed":true},"name":{"type":"string","description":"Name of the workflow task","description_kind":"markdown","optional":true,"computed":true},"position":{"type":"number","description":"The position of the workflow task (1 being top of list)","description_kind":"markdown","optional":true,"computed":true},"skip_on_failure":{"type":"bool","description":"Skip workflow task if any failures","description_kind":"markdown","optional":true},"workflow_id":{"type":"string","description":"The ID of the parent workflow","description_kind":"markdown","required":true}},"block_types":{"task_params":{"nesting_mode":"list","block":{"attributes":{"channel":{"type":["map","string"],"description":"Map must contain two fields, `id` and `name`. ","description_kind":"markdown","required":true},"link":{"type":"string","description":"The tab link. Required if not a playbook tab","description_kind":"markdown","optional":true},"playbook_id":{"type":"string","description":"The playbook id if tab is of an incident playbook","description_kind":"markdown","optional":true},"task_type":{"type":"string","description_kind":"plain","optional":true},"team":{"type":["map","string"],"description":"Map must contain two fields, `id` and `name`. ","description_kind":"markdown","required":true},"title":{"type":"string","description":"The tab title. Required if not a playbook tab","description_kind":"markdown","optional":true}},"description":"The parameters for this workflow task.","description_kind":"markdown"},"min_items":1,"max_items":1}},"description":"Manages workflow add_microsoft_teams_tab task.","description_kind":"markdown"}},"rootly_workflow_task_add_role":{"version":0,"block":{"attributes":{"enabled":{"type":"bool","description":"Enable/disable this workflow task","description_kind":"markdown","optional":true},"id":{"type":"string","description_kind":"plain","optional":true,"computed":true},"name":{"type":"string","description":"Name of the workflow task","description_kind":"markdown","optional":true,"computed":true},"position":{"type":"number","description":"The position of the workflow task (1 being top of list)","description_kind":"markdown","optional":true,"computed":true},"skip_on_failure":{"type":"bool","description":"Skip workflow task if any failures","description_kind":"markdown","optional":true},"workflow_id":{"type":"string","description":"The ID of the parent workflow","description_kind":"markdown","required":true}},"block_types":{"task_params":{"nesting_mode":"list","block":{"attributes":{"assigned_to_user":{"type":["map","string"],"description":"Map must contain two fields, `id` and `name`.  The user this role is assigned to","description_kind":"markdown","optional":true},"assigned_to_user_id":{"type":"string","description":"[DEPRECATED] Use assigned_to_user attribute instead. The user id this role is assigned to","description_kind":"markdown","optional":true},"incident_role_id":{"type":"string","description":"The role id to add to the incident","description_kind":"markdown","required":true},"task_type":{"type":"string","description_kind":"plain","optional":true}},"description":"The parameters for this workflow task.","description_kind":"markdown"},"min_items":1,"max_items":1}},"description":"Manages workflow add_role task.","description_kind":"markdown"}},"rootly_workflow_task_add_slack_bookmark":{"version":0,"block":{"attributes":{"enabled":{"type":"bool","description":"Enable/disable this workflow task","description_kind":"markdown","optional":true},"id":{"type":"string","description_kind":"plain","optional":true,"computed":true},"name":{"type":"string","description":"Name of the workflow task","description_kind":"markdown","optional":true,"computed":true},"position":{"type":"number","description":"The position of the workflow task (1 being top of list)","description_kind":"markdown","optional":true,"computed":true},"skip_on_failure":{"type":"bool","description":"Skip workflow task if any failures","description_kind":"markdown","optional":true},"workflow_id":{"type":"string","description":"The ID of the parent workflow","description_kind":"markdown","required":true}},"block_types":{"task_params":{"nesting_mode":"list","block":{"attributes":{"channel":{"type":["map","string"],"description":"Map must contain two fields, `id` and `name`. ","description_kind":"markdown","required":true},"emoji":{"type":"string","description":"The bookmark emoji","description_kind":"markdown","optional":true},"link":{"type":"string","description":"The bookmark link. Required if not a playbook bookmark","description_kind":"markdown","optional":true},"playbook_id":{"type":"string","description":"The playbook id if bookmark is of an incident playbook","description_kind":"markdown","optional":true},"task_type":{"type":"string","description_kind":"plain","optional":true},"title":{"type":"string","description":"The bookmark title. Required if not a playbook bookmark","description_kind":"markdown","optional":true}},"description":"The parameters for this workflow task.","description_kind":"markdown"},"min_items":1,"max_items":1}},"description":"Manages workflow add_slack_bookmark task.","description_kind":"markdown"}},"rootly_workflow_task_add_team":{"version":0,"block":{"attributes":{"enabled":{"type":"bool","description":"Enable/disable this workflow task","description_kind":"markdown","optional":true},"id":{"type":"string","description_kind":"plain","optional":true,"computed":true},"name":{"type":"string","description":"Name of the workflow task","description_kind":"markdown","optional":true,"computed":true},"position":{"type":"number","description":"The position of the workflow task (1 being top of list)","description_kind":"markdown","optional":true,"computed":true},"skip_on_failure":{"type":"bool","description":"Skip workflow task if any failures","description_kind":"markdown","optional":true},"workflow_id":{"type":"string","description":"The ID of the parent workflow","description_kind":"markdown","required":true}},"block_types":{"task_params":{"nesting_mode":"list","block":{"attributes":{"group_id":{"type":"string","description":"The team id","description_kind":"markdown","required":true},"task_type":{"type":"string","description_kind":"plain","optional":true}},"description":"The parameters for this workflow task.","description_kind":"markdown"},"min_items":1,"max_items":1}},"description":"Manages workflow add_team task.","description_kind":"markdown"}},"rootly_workflow_task_add_to_timeline":{"version":0,"block":{"attributes":{"enabled":{"type":"bool","description":"Enable/disable this workflow task","description_kind":"markdown","optional":true},"id":{"type":"string","description_kind":"plain","optional":true,"computed":true},"name":{"type":"string","description":"Name of the workflow task","description_kind":"markdown","optional":true,"computed":true},"position":{"type":"number","description":"The position of the workflow task (1 being top of list)","description_kind":"markdown","optional":true,"computed":true},"skip_on_failure":{"type":"bool","description":"Skip workflow task if any failures","description_kind":"markdown","optional":true},"workflow_id":{"type":"string","description":"The ID of the parent workflow","description_kind":"markdown","required":true}},"block_types":{"task_params":{"nesting_mode":"list","block":{"attributes":{"event":{"type":"string","description":"The timeline event description","description_kind":"markdown","required":true},"task_type":{"type":"string","description_kind":"plain","optional":true},"url":{"type":"string","description":"A URL for the timeline event","description_kind":"markdown","optional":true}},"block_types":{"post_to_slack_channels":{"nesting_mode":"list","block":{"attributes":{"id":{"type":"string","description_kind":"plain","required":true},"name":{"type":"string","description_kind":"plain","required":true}},"description_kind":"plain"}}},"description":"The parameters for this workflow task.","description_kind":"markdown"},"min_items":1,"max_items":1}},"description":"Manages workflow add_to_timeline task.","description_kind":"markdown"}},"rootly_workflow_task_archive_google_chat_spaces":{"version":0,"block":{"attributes":{"enabled":{"type":"bool","description":"Enable/disable this workflow task","description_kind":"markdown","optional":true},"id":{"type":"string","description_kind":"plain","optional":true,"computed":true},"name":{"type":"string","description":"Name of the workflow task","description_kind":"markdown","optional":true,"computed":true},"position":{"type":"number","description":"The position of the workflow task (1 being top of list)","description_kind":"markdown","optional":true,"computed":true},"skip_on_failure":{"type":"bool","description":"Skip workflow task if any failures","description_kind":"markdown","optional":true},"workflow_id":{"type":"string","description":"The ID of the parent workflow","description_kind":"markdown","required":true}},"block_types":{"task_params":{"nesting_mode":"list","block":{"attributes":{"task_type":{"type":"string","description_kind":"plain","optional":true}},"block_types":{"spaces":{"nesting_mode":"list","block":{"attributes":{"id":{"type":"string","description_kind":"plain","required":true},"name":{"type":"string","description_kind":"plain","required":true}},"description_kind":"plain"},"min_items":1}},"description":"The parameters for this workflow task.","description_kind":"markdown"},"min_items":1,"max_items":1}},"description":"Manages workflow archive_google_chat_spaces task.","description_kind":"markdown"}},"rootly_workflow_task_archive_microsoft_teams_channels":{"version":0,"block":{"attributes":{"enabled":{"type":"bool","description":"Enable/disable this workflow task","description_kind":"markdown","optional":true},"id":{"type":"string","description_kind":"plain","optional":true,"computed":true},"name":{"type":"string","description":"Name of the workflow task","description_kind":"markdown","optional":true,"computed":true},"position":{"type":"number","description":"The position of the workflow task (1 being top of list)","description_kind":"markdown","optional":true,"computed":true},"skip_on_failure":{"type":"bool","description":"Skip workflow task if any failures","description_kind":"markdown","optional":true},"workflow_id":{"type":"string","description":"The ID of the parent workflow","description_kind":"markdown","required":true}},"block_types":{"task_params":{"nesting_mode":"list","block":{"attributes":{"task_type":{"type":"string","description_kind":"plain","optional":true},"team":{"type":["map","string"],"description":"Map must contain two fields, `id` and `name`. ","description_kind":"markdown","required":true}},"block_types":{"channels":{"nesting_mode":"list","block":{"attributes":{"id":{"type":"string","description_kind":"plain","required":true},"name":{"type":"string","description_kind":"plain","required":true}},"description_kind":"plain"},"min_items":1}},"description":"The parameters for this workflow task.","description_kind":"markdown"},"min_items":1,"max_items":1}},"description":"Manages workflow archive_microsoft_teams_channels task.","description_kind":"markdown"}},"rootly_workflow_task_archive_slack_channels":{"version":0,"block":{"attributes":{"enabled":{"type":"bool","description":"Enable/disable this workflow task","description_kind":"markdown","optional":true},"id":{"type":"string","description_kind":"plain","optional":true,"computed":true},"name":{"type":"string","description":"Name of the workflow task","description_kind":"markdown","optional":true,"computed":true},"position":{"type":"number","description":"The position of the workflow task (1 being top of list)","description_kind":"markdown","optional":true,"computed":true},"skip_on_failure":{"type":"bool","description":"Skip workflow task if any failures","description_kind":"markdown","optional":true},"workflow_id":{"type":"string","description":"The ID of the parent workflow","description_kind":"markdown","required":true}},"block_types":{"task_params":{"nesting_mode":"list","block":{"attributes":{"task_type":{"type":"string","description_kind":"plain","optional":true}},"block_types":{"channels":{"nesting_mode":"list","block":{"attributes":{"id":{"type":"string","description_kind":"plain","required":true},"name":{"type":"string","description_kind":"plain","required":true}},"description_kind":"plain"},"min_items":1}},"description":"The parameters for this workflow task.","description_kind":"markdown"},"min_items":1,"max_items":1}},"description":"Manages workflow archive_slack_channels task.","description_kind":"markdown"}},"rootly_workflow_task_attach_datadog_dashboards":{"version":0,"block":{"attributes":{"enabled":{"type":"bool","description":"Enable/disable this workflow task","description_kind":"markdown","optional":true},"id":{"type":"string","description_kind":"plain","optional":true,"computed":true},"name":{"type":"string","description":"Name of the workflow task","description_kind":"markdown","optional":true,"computed":true},"position":{"type":"number","description":"The position of the workflow task (1 being top of list)","description_kind":"markdown","optional":true,"computed":true},"skip_on_failure":{"type":"bool","description":"Skip workflow task if any failures","description_kind":"markdown","optional":true},"workflow_id":{"type":"string","description":"The ID of the parent workflow","description_kind":"markdown","required":true}},"block_types":{"task_params":{"nesting_mode":"list","block":{"attributes":{"post_to_incident_timeline":{"type":"bool","description":"Value must be one of true or false","description_kind":"markdown","optional":true},"task_type":{"type":"string","description_kind":"plain","optional":true}},"block_types":{"dashboards":{"nesting_mode":"list","block":{"attributes":{"id":{"type":"string","description_kind":"plain","required":true},"name":{"type":"string","description_kind":"plain","required":true}},"description_kind":"plain"},"min_items":1},"post_to_slack_channels":{"nesting_mode":"list","block":{"attributes":{"id":{"type":"string","description_kind":"plain","required":true},"name":{"type":"string","description_kind":"plain","required":true}},"description_kind":"plain"}}},"description":"The parameters for this workflow task.","description_kind":"markdown"},"min_items":1,"max_items":1}},"description":"Manages workflow attach_datadog_dashboards task.","description_kind":"markdown"}},"rootly_workflow_task_auto_assign_role_opsgenie":{"version":0,"block":{"attributes":{"enabled":{"type":"bool","description":"Enable/disable this workflow task","description_kind":"markdown","optional":true},"id":{"type":"string","description_kind":"plain","optional":true,"computed":true},"name":{"type":"string","description":"Name of the workflow task","description_kind":"markdown","optional":true,"computed":true},"position":{"type":"number","description":"The position of the workflow task (1 being top of list)","description_kind":"markdown","optional":true,"computed":true},"skip_on_failure":{"type":"bool","description":"Skip workflow task if any failures","description_kind":"markdown","optional":true},"workflow_id":{"type":"string","description":"The ID of the parent workflow","description_kind":"markdown","required":true}},"block_types":{"task_params":{"nesting_mode":"list","block":{"attributes":{"incident_role_id":{"type":"string","description":"The role id","description_kind":"markdown","required":true},"schedule":{"type":["map","string"],"description":"Map must contain two fields, `id` and `name`. ","description_kind":"markdown","required":true},"task_type":{"type":"string","description_kind":"plain","optional":true}},"description":"The parameters for this workflow task.","description_kind":"markdown"},"min_items":1,"max_items":1}},"description":"Manages workflow auto_assign_role_opsgenie task.","description_kind":"markdown"}},"rootly_workflow_task_auto_assign_role_pagerduty":{"version":0,"block":{"attributes":{"enabled":{"type":"bool","description":"Enable/disable this workflow task","description_kind":"markdown","optional":true},"id":{"type":"string","description_kind":"plain","optional":true,"computed":true},"name":{"type":"string","description":"Name of the workflow task","description_kind":"markdown","optional":true,"computed":true},"position":{"type":"number","description":"The position of the workflow task (1 being top of list)","description_kind":"markdown","optional":true,"computed":true},"skip_on_failure":{"type":"bool","description":"Skip workflow task if any failures","description_kind":"markdown","optional":true},"workflow_id":{"type":"string","description":"The ID of the parent workflow","description_kind":"markdown","required":true}},"block_types":{"task_params":{"nesting_mode":"list","block":{"attributes":{"escalation_policy":{"type":["map","string"],"description":"Map must contain two fields, `id` and `name`. ","description_kind":"markdown","optional":true},"incident_role_id":{"type":"string","description":"The role id","description_kind":"markdown","required":true},"schedule":{"type":["map","string"],"description":"Map must contain two fields, `id` and `name`. ","description_kind":"markdown","optional":true},"service":{"type":["map","string"],"description":"Map must contain two fields, `id` and `name`. ","description_kind":"markdown","optional":true},"task_type":{"type":"string","description_kind":"plain","optional":true}},"description":"The parameters for this workflow task.","description_kind":"markdown"},"min_items":1,"max_items":1}},"description":"Manages workflow auto_assign_role_pagerduty task.","description_kind":"markdown"}},"rootly_workflow_task_auto_assign_role_rootly":{"version":0,"block":{"attributes":{"enabled":{"type":"bool","description":"Enable/disable this workflow task","description_kind":"markdown","optional":true},"id":{"type":"string","description_kind":"plain","optional":true,"computed":true},"name":{"type":"string","description":"Name of the workflow task","description_kind":"markdown","optional":true,"computed":true},"position":{"type":"number","description":"The position of the workflow task (1 being top of list)","description_kind":"markdown","optional":true,"computed":true},"skip_on_failure":{"type":"bool","description":"Skip workflow task if any failures","description_kind":"markdown","optional":true},"workflow_id":{"type":"string","description":"The ID of the parent workflow","description_kind":"markdown","required":true}},"block_types":{"task_params":{"nesting_mode":"list","block":{"attributes":{"escalation_policy_target":{"type":["map","string"],"description":"Map must contain two fields, `id` and `name`. ","description_kind":"markdown","optional":true},"group_target":{"type":["map","string"],"description":"Map must contain two fields, `id` and `name`. ","description_kind":"markdown","optional":true},"incident_role_id":{"type":"string","description":"The role id","description_kind":"markdown","required":true},"schedule_target":{"type":["map","string"],"description":"Map must contain two fields, `id` and `name`. ","description_kind":"markdown","optional":true},"service_target":{"type":["map","string"],"description":"Map must contain two fields, `id` and `name`. ","description_kind":"markdown","optional":true},"task_type":{"type":"string","description_kind":"plain","optional":true},"user_target":{"type":["map","string"],"description":"Map must contain two fields, `id` and `name`. ","description_kind":"markdown","optional":true}},"description":"The parameters for this workflow task.","description_kind":"markdown"},"min_items":1,"max_items":1}},"description":"Manages workflow auto_assign_role_rootly task.","description_kind":"markdown"}},"rootly_workflow_task_auto_assign_role_victor_ops":{"version":0,"block":{"attributes":{"enabled":{"type":"bool","description":"Enable/disable this workflow task","description_kind":"markdown","optional":true},"id":{"type":"string","description_kind":"plain","optional":true,"computed":true},"name":{"type":"string","description":"Name of the workflow task","description_kind":"markdown","optional":true,"computed":true},"position":{"type":"number","description":"The position of the workflow task (1 being top of list)","description_kind":"markdown","optional":true,"computed":true},"skip_on_failure":{"type":"bool","description":"Skip workflow task if any failures","description_kind":"markdown","optional":true},"workflow_id":{"type":"string","description":"The ID of the parent workflow","description_kind":"markdown","required":true}},"block_types":{"task_params":{"nesting_mode":"list","block":{"attributes":{"incident_role_id":{"type":"string","description":"The role id","description_kind":"markdown","required":true},"task_type":{"type":"string","description_kind":"plain","optional":true},"team":{"type":["map","string"],"description":"Map must contain two fields, `id` and `name`. ","description_kind":"markdown","required":true}},"description":"The parameters for this workflow task.","description_kind":"markdown"},"min_items":1,"max_items":1}},"description":"Manages workflow auto_assign_role_victor_ops task.","description_kind":"markdown"}},"rootly_workflow_task_call_people":{"version":0,"block":{"attributes":{"enabled":{"type":"bool","description":"Enable/disable this workflow task","description_kind":"markdown","optional":true},"id":{"type":"string","description_kind":"plain","optional":true,"computed":true},"name":{"type":"string","description":"Name of the workflow task","description_kind":"markdown","optional":true,"computed":true},"position":{"type":"number","description":"The position of the workflow task (1 being top of list)","description_kind":"markdown","optional":true,"computed":true},"skip_on_failure":{"type":"bool","description":"Skip workflow task if any failures","description_kind":"markdown","optional":true},"workflow_id":{"type":"string","description":"The ID of the parent workflow","description_kind":"markdown","required":true}},"block_types":{"task_params":{"nesting_mode":"list","block":{"attributes":{"content":{"type":"string","description":"The message to be read by text-to-voice","description_kind":"markdown","required":true},"name":{"type":"string","description":"The name","description_kind":"markdown","required":true},"phone_numbers":{"type":["list","string"],"description_kind":"plain","required":true},"task_type":{"type":"string","description_kind":"plain","optional":true}},"description":"The parameters for this workflow task.","description_kind":"markdown"},"min_items":1,"max_items":1}},"description":"Manages workflow call_people task.","description_kind":"markdown"}},"rootly_workflow_task_change_google_chat_space_privacy":{"version":0,"block":{"attributes":{"enabled":{"type":"bool","description":"Enable/disable this workflow task","description_kind":"markdown","optional":true},"id":{"type":"string","description_kind":"plain","optional":true,"computed":true},"name":{"type":"string","description":"Name of the workflow task","description_kind":"markdown","optional":true,"computed":true},"position":{"type":"number","description":"The position of the workflow task (1 being top of list)","description_kind":"markdown","optional":true,"computed":true},"skip_on_failure":{"type":"bool","description":"Skip workflow task if any failures","description_kind":"markdown","optional":true},"workflow_id":{"type":"string","description":"The ID of the parent workflow","description_kind":"markdown","required":true}},"block_types":{"task_params":{"nesting_mode":"list","block":{"attributes":{"audience":{"type":"string","description":"Target audience resource name (e.g. audiences/default). Leave blank to make private.","description_kind":"markdown","optional":true},"space":{"type":["map","string"],"description":"Map must contain two fields, `id` and `name`. ","description_kind":"markdown","required":true},"task_type":{"type":"string","description_kind":"plain","optional":true}},"description":"The parameters for this workflow task.","description_kind":"markdown"},"min_items":1,"max_items":1}},"description":"Manages workflow change_google_chat_space_privacy task.","description_kind":"markdown"}},"rootly_workflow_task_change_slack_channel_privacy":{"version":0,"block":{"attributes":{"enabled":{"type":"bool","description":"Enable/disable this workflow task","description_kind":"markdown","optional":true},"id":{"type":"string","description_kind":"plain","optional":true,"computed":true},"name":{"type":"string","description":"Name of the workflow task","description_kind":"markdown","optional":true,"computed":true},"position":{"type":"number","description":"The position of the workflow task (1 being top of list)","description_kind":"markdown","optional":true,"computed":true},"skip_on_failure":{"type":"bool","description":"Skip workflow task if any failures","description_kind":"markdown","optional":true},"workflow_id":{"type":"string","description":"The ID of the parent workflow","description_kind":"markdown","required":true}},"block_types":{"task_params":{"nesting_mode":"list","block":{"attributes":{"channel":{"type":["map","string"],"description":"Map must contain two fields, `id` and `name`. ","description_kind":"markdown","required":true},"privacy":{"type":"string","description":"Value must be one of `private`, `public`.","description_kind":"markdown","required":true},"task_type":{"type":"string","description_kind":"plain","optional":true}},"description":"The parameters for this workflow task.","description_kind":"markdown"},"min_items":1,"max_items":1}},"description":"Manages workflow change_slack_channel_privacy task.","description_kind":"markdown"}},"rootly_workflow_task_create_airtable_table_record":{"version":0,"block":{"attributes":{"enabled":{"type":"bool","description":"Enable/disable this workflow task","description_kind":"markdown","optional":true},"id":{"type":"string","description_kind":"plain","optional":true,"computed":true},"name":{"type":"string","description":"Name of the workflow task","description_kind":"markdown","optional":true,"computed":true},"position":{"type":"number","description":"The position of the workflow task (1 being top of list)","description_kind":"markdown","optional":true,"computed":true},"skip_on_failure":{"type":"bool","description":"Skip workflow task if any failures","description_kind":"markdown","optional":true},"workflow_id":{"type":"string","description":"The ID of the parent workflow","description_kind":"markdown","required":true}},"block_types":{"task_params":{"nesting_mode":"list","block":{"attributes":{"base":{"type":["map","string"],"description":"Map must contain two fields, `id` and `name`. ","description_kind":"markdown","required":true},"custom_fields_mapping":{"type":"string","description":"Custom field mappings. Can contain liquid markup and need to be valid JSON","description_kind":"markdown","optional":true},"table":{"type":["map","string"],"description":"Map must contain two fields, `id` and `name`. ","description_kind":"markdown","required":true},"task_type":{"type":"string","description_kind":"plain","optional":true}},"description":"The parameters for this workflow task.","description_kind":"markdown"},"min_items":1,"max_items":1}},"description":"Manages workflow create_airtable_table_record task.","description_kind":"markdown"}},"rootly_workflow_task_create_anthropic_chat_completion":{"version":0,"block":{"attributes":{"enabled":{"type":"bool","description":"Enable/disable this workflow task","description_kind":"markdown","optional":true},"id":{"type":"string","description_kind":"plain","optional":true,"computed":true},"name":{"type":"string","description":"Name of the workflow task","description_kind":"markdown","optional":true,"computed":true},"position":{"type":"number","description":"The position of the workflow task (1 being top of list)","description_kind":"markdown","optional":true,"computed":true},"skip_on_failure":{"type":"bool","description":"Skip workflow task if any failures","description_kind":"markdown","optional":true},"workflow_id":{"type":"string","description":"The ID of the parent workflow","description_kind":"markdown","required":true}},"block_types":{"task_params":{"nesting_mode":"list","block":{"attributes":{"max_tokens":{"type":"number","description":"Maximum number of tokens to generate. Defaults to 4000 when omitted","description_kind":"markdown","optional":true},"model":{"type":["map","string"],"description":"Map must contain two fields, `id` and `name`. The Anthropic model. eg: claude-3-5-sonnet-20241022","description_kind":"markdown","required":true},"prompt":{"type":"string","description":"The prompt to send to Anthropic","description_kind":"markdown","required":true},"system_prompt":{"type":"string","description":"The system prompt to send to Anthropic (optional)","description_kind":"markdown","optional":true},"task_type":{"type":"string","description_kind":"plain","optional":true}},"description":"The parameters for this workflow task.","description_kind":"markdown"},"min_items":1,"max_items":1}},"description":"Manages workflow create_anthropic_chat_completion task.","description_kind":"markdown"}},"rootly_workflow_task_create_asana_subtask":{"version":0,"block":{"attributes":{"enabled":{"type":"bool","description":"Enable/disable this workflow task","description_kind":"markdown","optional":true},"id":{"type":"string","description_kind":"plain","optional":true,"computed":true},"name":{"type":"string","description":"Name of the workflow task","description_kind":"markdown","optional":true,"computed":true},"position":{"type":"number","description":"The position of the workflow task (1 being top of list)","description_kind":"markdown","optional":true,"computed":true},"skip_on_failure":{"type":"bool","description":"Skip workflow task if any failures","description_kind":"markdown","optional":true},"workflow_id":{"type":"string","description":"The ID of the parent workflow","description_kind":"markdown","required":true}},"block_types":{"task_params":{"nesting_mode":"list","block":{"attributes":{"assign_user_email":{"type":"string","description":"The assigned user's email","description_kind":"markdown","optional":true},"completion":{"type":["map","string"],"description":"Map must contain two fields, `id` and `name`. ","description_kind":"markdown","required":true},"custom_fields_mapping":{"type":"string","description":"Custom field mappings. Can contain liquid markup and need to be valid JSON","description_kind":"markdown","optional":true},"dependency_direction":{"type":"string","description":"Value must be one of `blocking`, `blocked_by`.","description_kind":"markdown","optional":true},"dependent_task_ids":{"type":["list","string"],"description":"Dependent task ids. Supports liquid syntax","description_kind":"markdown","optional":true},"due_date":{"type":"string","description":"The due date","description_kind":"markdown","optional":true},"notes":{"type":"string","description_kind":"plain","optional":true},"parent_task_id":{"type":"string","description":"The parent task id","description_kind":"markdown","required":true},"task_type":{"type":"string","description_kind":"plain","optional":true},"title":{"type":"string","description":"The subtask title","description_kind":"markdown","required":true}},"description":"The parameters for this workflow task.","description_kind":"markdown"},"min_items":1,"max_items":1}},"description":"Manages workflow create_asana_subtask task.","description_kind":"markdown"}},"rootly_workflow_task_create_asana_task":{"version":0,"block":{"attributes":{"enabled":{"type":"bool","description":"Enable/disable this workflow task","description_kind":"markdown","optional":true},"id":{"type":"string","description_kind":"plain","optional":true,"computed":true},"name":{"type":"string","description":"Name of the workflow task","description_kind":"markdown","optional":true,"computed":true},"position":{"type":"number","description":"The position of the workflow task (1 being top of list)","description_kind":"markdown","optional":true,"computed":true},"skip_on_failure":{"type":"bool","description":"Skip workflow task if any failures","description_kind":"markdown","optional":true},"workflow_id":{"type":"string","description":"The ID of the parent workflow","description_kind":"markdown","required":true}},"block_types":{"task_params":{"nesting_mode":"list","block":{"attributes":{"assign_user_email":{"type":"string","description":"The assigned user's email","description_kind":"markdown","optional":true},"completion":{"type":["map","string"],"description":"Map must contain two fields, `id` and `name`. ","description_kind":"markdown","required":true},"custom_fields_mapping":{"type":"string","description":"Custom field mappings. Can contain liquid markup and need to be valid JSON","description_kind":"markdown","optional":true},"dependency_direction":{"type":"string","description":"Value must be one of `blocking`, `blocked_by`.","description_kind":"markdown","optional":true},"dependent_task_ids":{"type":["list","string"],"description":"Dependent task ids. Supports liquid syntax","description_kind":"markdown","optional":true},"due_date":{"type":"string","description":"The due date","description_kind":"markdown","optional":true},"notes":{"type":"string","description_kind":"plain","optional":true},"task_type":{"type":"string","description_kind":"plain","optional":true},"title":{"type":"string","description":"The task title","description_kind":"markdown","required":true},"workspace":{"type":["map","string"],"description":"Map must contain two fields, `id` and `name`. ","description_kind":"markdown","required":true}},"block_types":{"projects":{"nesting_mode":"list","block":{"attributes":{"id":{"type":"string","description_kind":"plain","required":true},"name":{"type":"string","description_kind":"plain","required":true}},"description_kind":"plain"},"min_items":1}},"description":"The parameters for this workflow task.","description_kind":"markdown"},"min_items":1,"max_items":1}},"description":"Manages workflow create_asana_task task.","description_kind":"markdown"}},"rootly_workflow_task_create_clickup_task":{"version":0,"block":{"attributes":{"enabled":{"type":"bool","description":"Enable/disable this workflow task","description_kind":"markdown","optional":true},"id":{"type":"string","description_kind":"plain","optional":true,"computed":true},"name":{"type":"string","description":"Name of the workflow task","description_kind":"markdown","optional":true,"computed":true},"position":{"type":"number","description":"The position of the workflow task (1 being top of list)","description_kind":"markdown","optional":true,"computed":true},"skip_on_failure":{"type":"bool","description":"Skip workflow task if any failures","description_kind":"markdown","optional":true},"workflow_id":{"type":"string","description":"The ID of the parent workflow","description_kind":"markdown","required":true}},"block_types":{"task_params":{"nesting_mode":"list","block":{"attributes":{"custom_fields_mapping":{"type":"string","description":"Custom field mappings. Can contain liquid markup and need to be valid JSON","description_kind":"markdown","optional":true},"description":{"type":"string","description":"The task description","description_kind":"markdown","optional":true},"due_date":{"type":"string","description":"The due date","description_kind":"markdown","optional":true},"list":{"type":["map","string"],"description":"Map must contain two fields, `id` and `name`. ","description_kind":"markdown","required":true},"priority":{"type":["map","string"],"description":"Map must contain two fields, `id` and `name`. The priority id and display name","description_kind":"markdown","optional":true},"tags":{"type":"string","description":"The task tags","description_kind":"markdown","optional":true},"task_payload":{"type":"string","description":"Additional ClickUp task attributes. Will be merged into whatever was specified in this tasks current parameters. Can contain liquid markup and need to be valid JSON","description_kind":"markdown","optional":true},"task_type":{"type":"string","description_kind":"plain","optional":true},"title":{"type":"string","description":"The task title","description_kind":"markdown","required":true}},"description":"The parameters for this workflow task.","description_kind":"markdown"},"min_items":1,"max_items":1}},"description":"Manages workflow create_clickup_task task.","description_kind":"markdown"}},"rootly_workflow_task_create_coda_page":{"version":0,"block":{"attributes":{"enabled":{"type":"bool","description":"Enable/disable this workflow task","description_kind":"markdown","optional":true},"id":{"type":"string","description_kind":"plain","optional":true,"computed":true},"name":{"type":"string","description":"Name of the workflow task","description_kind":"markdown","optional":true,"computed":true},"position":{"type":"number","description":"The position of the workflow task (1 being top of list)","description_kind":"markdown","optional":true,"computed":true},"skip_on_failure":{"type":"bool","description":"Skip workflow task if any failures","description_kind":"markdown","optional":true},"workflow_id":{"type":"string","description":"The ID of the parent workflow","description_kind":"markdown","required":true}},"block_types":{"task_params":{"nesting_mode":"list","block":{"attributes":{"content":{"type":"string","description":"The Coda page content","description_kind":"markdown","optional":true},"doc":{"type":["map","string"],"description":"Map must contain two fields, `id` and `name`. The Coda doc object with id and name","description_kind":"markdown","optional":true},"folder_id":{"type":"string","description":"The Coda folder id","description_kind":"markdown","optional":true},"mark_post_mortem_as_published":{"type":"bool","description":"Value must be one of true or false","description_kind":"markdown","optional":true},"post_mortem_template_id":{"type":"string","description":"Retrospective template to use when creating page, if desired","description_kind":"markdown","optional":true},"subtitle":{"type":"string","description":"The Coda page subtitle","description_kind":"markdown","optional":true},"task_type":{"type":"string","description_kind":"plain","optional":true},"template":{"type":["map","string"],"description":"Map must contain two fields, `id` and `name`. ","description_kind":"markdown","optional":true},"title":{"type":"string","description":"The Coda page title","description_kind":"markdown","required":true}},"description":"The parameters for this workflow task.","description_kind":"markdown"},"min_items":1,"max_items":1}},"description":"Manages workflow create_coda_page task.","description_kind":"markdown"}},"rootly_workflow_task_create_confluence_page":{"version":0,"block":{"attributes":{"enabled":{"type":"bool","description":"Enable/disable this workflow task","description_kind":"markdown","optional":true},"id":{"type":"string","description_kind":"plain","optional":true,"computed":true},"name":{"type":"string","description":"Name of the workflow task","description_kind":"markdown","optional":true,"computed":true},"position":{"type":"number","description":"The position of the workflow task (1 being top of list)","description_kind":"markdown","optional":true,"computed":true},"skip_on_failure":{"type":"bool","description":"Skip workflow task if any failures","description_kind":"markdown","optional":true},"workflow_id":{"type":"string","description":"The ID of the parent workflow","description_kind":"markdown","required":true}},"block_types":{"task_params":{"nesting_mode":"list","block":{"attributes":{"ancestor":{"type":["map","string"],"description":"Map must contain two fields, `id` and `name`. ","description_kind":"markdown","optional":true},"content":{"type":"string","description":"The page content","description_kind":"markdown","optional":true},"create_as_live_doc":{"type":"bool","description":"Value must be one of true or false","description_kind":"markdown","optional":true},"include_follow_ups":{"type":"bool","description":"Value must be one of true or false","description_kind":"markdown","optional":true},"include_overview":{"type":"bool","description":"Value must be one of true or false","description_kind":"markdown","optional":true},"include_timeline":{"type":"bool","description":"Value must be one of true or false","description_kind":"markdown","optional":true},"integration":{"type":["map","string"],"description":"Map must contain two fields, `id` and `name`. Specify integration id if you have more than one Confluence instance","description_kind":"markdown","optional":true},"mark_post_mortem_as_published":{"type":"bool","description":"Value must be one of true or false","description_kind":"markdown","optional":true},"post_mortem_template_id":{"type":"string","description":"The Retrospective template to use","description_kind":"markdown","optional":true},"space":{"type":["map","string"],"description":"Map must contain two fields, `id` and `name`. ","description_kind":"markdown","required":true},"task_type":{"type":"string","description_kind":"plain","optional":true},"template":{"type":["map","string"],"description":"Map must contain two fields, `id` and `name`. ","description_kind":"markdown","optional":true},"title":{"type":"string","description":"The page title","description_kind":"markdown","required":true}},"description":"The parameters for this workflow task.","description_kind":"markdown"},"min_items":1,"max_items":1}},"description":"Manages workflow create_confluence_page task.","description_kind":"markdown"}},"rootly_workflow_task_create_datadog_notebook":{"version":0,"block":{"attributes":{"enabled":{"type":"bool","description":"Enable/disable this workflow task","description_kind":"markdown","optional":true},"id":{"type":"string","description_kind":"plain","optional":true,"computed":true},"name":{"type":"string","description":"Name of the workflow task","description_kind":"markdown","optional":true,"computed":true},"position":{"type":"number","description":"The position of the workflow task (1 being top of list)","description_kind":"markdown","optional":true,"computed":true},"skip_on_failure":{"type":"bool","description":"Skip workflow task if any failures","description_kind":"markdown","optional":true},"workflow_id":{"type":"string","description":"The ID of the parent workflow","description_kind":"markdown","required":true}},"block_types":{"task_params":{"nesting_mode":"list","block":{"attributes":{"content":{"type":"string","description":"The notebook content","description_kind":"markdown","optional":true},"kind":{"type":"string","description":"The notebook kind. Value must be one of `postmortem`, `runbook`, `investigation`, `documentation`, `report`.","description_kind":"markdown","required":true},"mark_post_mortem_as_published":{"type":"bool","description":"Value must be one of true or false","description_kind":"markdown","optional":true},"post_mortem_template_id":{"type":"string","description":"Retrospective template to use when creating notebook, if desired","description_kind":"markdown","optional":true},"task_type":{"type":"string","description_kind":"plain","optional":true},"template":{"type":["map","string"],"description":"Map must contain two fields, `id` and `name`. ","description_kind":"markdown","optional":true},"title":{"type":"string","description":"The notebook title","description_kind":"markdown","required":true}},"description":"The parameters for this workflow task.","description_kind":"markdown"},"min_items":1,"max_items":1}},"description":"Manages workflow create_datadog_notebook task.","description_kind":"markdown"}},"rootly_workflow_task_create_dropbox_paper_page":{"version":0,"block":{"attributes":{"enabled":{"type":"bool","description":"Enable/disable this workflow task","description_kind":"markdown","optional":true},"id":{"type":"string","description_kind":"plain","optional":true,"computed":true},"name":{"type":"string","description":"Name of the workflow task","description_kind":"markdown","optional":true,"computed":true},"position":{"type":"number","description":"The position of the workflow task (1 being top of list)","description_kind":"markdown","optional":true,"computed":true},"skip_on_failure":{"type":"bool","description":"Skip workflow task if any failures","description_kind":"markdown","optional":true},"workflow_id":{"type":"string","description":"The ID of the parent workflow","description_kind":"markdown","required":true}},"block_types":{"task_params":{"nesting_mode":"list","block":{"attributes":{"content":{"type":"string","description":"The page content","description_kind":"markdown","optional":true},"mark_post_mortem_as_published":{"type":"bool","description":"Value must be one of true or false","description_kind":"markdown","optional":true},"namespace":{"type":["map","string"],"description":"Map must contain two fields, `id` and `name`. ","description_kind":"markdown","optional":true},"parent_folder":{"type":["map","string"],"description":"Map must contain two fields, `id` and `name`. ","description_kind":"markdown","optional":true},"post_mortem_template_id":{"type":"string","description":"Retrospective template to use when creating page task, if desired","description_kind":"markdown","optional":true},"task_type":{"type":"string","description_kind":"plain","optional":true},"title":{"type":"string","description":"The page task title","description_kind":"markdown","required":true}},"description":"The parameters for this workflow task.","description_kind":"markdown"},"min_items":1,"max_items":1}},"description":"Manages workflow create_dropbox_paper_page task.","description_kind":"markdown"}},"rootly_workflow_task_create_github_issue":{"version":0,"block":{"attributes":{"enabled":{"type":"bool","description":"Enable/disable this workflow task","description_kind":"markdown","optional":true},"id":{"type":"string","description_kind":"plain","optional":true,"computed":true},"name":{"type":"string","description":"Name of the workflow task","description_kind":"markdown","optional":true,"computed":true},"position":{"type":"number","description":"The position of the workflow task (1 being top of list)","description_kind":"markdown","optional":true,"computed":true},"skip_on_failure":{"type":"bool","description":"Skip workflow task if any failures","description_kind":"markdown","optional":true},"workflow_id":{"type":"string","description":"The ID of the parent workflow","description_kind":"markdown","required":true}},"block_types":{"task_params":{"nesting_mode":"list","block":{"attributes":{"body":{"type":"string","description":"The issue body","description_kind":"markdown","optional":true},"custom_fields_mapping":{"type":"string","description":"Custom field mappings. Can contain liquid markup and need to be valid JSON","description_kind":"markdown","optional":true},"issue_type":{"type":["map","string"],"description":"Map must contain two fields, `id` and `name`. The issue type","description_kind":"markdown","optional":true},"parent_issue_number":{"type":"string","description":"The parent issue number for sub-issue linking","description_kind":"markdown","optional":true},"repository":{"type":["map","string"],"description":"Map must contain two fields, `id` and `name`. ","description_kind":"markdown","required":true},"task_type":{"type":"string","description_kind":"plain","optional":true},"title":{"type":"string","description":"The issue title","description_kind":"markdown","required":true}},"block_types":{"labels":{"nesting_mode":"list","block":{"attributes":{"id":{"type":"string","description_kind":"plain","required":true},"name":{"type":"string","description_kind":"plain","required":true}},"description":"The issue labels","description_kind":"markdown"}}},"description":"The parameters for this workflow task.","description_kind":"markdown"},"min_items":1,"max_items":1}},"description":"Manages workflow create_github_issue task.","description_kind":"markdown"}},"rootly_workflow_task_create_gitlab_issue":{"version":0,"block":{"attributes":{"enabled":{"type":"bool","description":"Enable/disable this workflow task","description_kind":"markdown","optional":true},"id":{"type":"string","description_kind":"plain","optional":true,"computed":true},"name":{"type":"string","description":"Name of the workflow task","description_kind":"markdown","optional":true,"computed":true},"position":{"type":"number","description":"The position of the workflow task (1 being top of list)","description_kind":"markdown","optional":true,"computed":true},"skip_on_failure":{"type":"bool","description":"Skip workflow task if any failures","description_kind":"markdown","optional":true},"workflow_id":{"type":"string","description":"The ID of the parent workflow","description_kind":"markdown","required":true}},"block_types":{"task_params":{"nesting_mode":"list","block":{"attributes":{"description":{"type":"string","description":"The issue description","description_kind":"markdown","optional":true},"due_date":{"type":"string","description":"The due date","description_kind":"markdown","optional":true},"issue_type":{"type":"string","description":"The issue type. Value must be one of `issue`, `incident`, `test_case`, `task`.","description_kind":"markdown","optional":true},"labels":{"type":"string","description":"The issue labels","description_kind":"markdown","optional":true},"repository":{"type":["map","string"],"description":"Map must contain two fields, `id` and `name`. ","description_kind":"markdown","required":true},"task_type":{"type":"string","description_kind":"plain","optional":true},"title":{"type":"string","description":"The issue title","description_kind":"markdown","required":true}},"description":"The parameters for this workflow task.","description_kind":"markdown"},"min_items":1,"max_items":1}},"description":"Manages workflow create_gitlab_issue task.","description_kind":"markdown"}},"rootly_workflow_task_create_go_to_meeting":{"version":0,"block":{"attributes":{"enabled":{"type":"bool","description":"Enable/disable this workflow task","description_kind":"markdown","optional":true},"id":{"type":"string","description_kind":"plain","optional":true,"computed":true},"name":{"type":"string","description":"Name of the workflow task","description_kind":"markdown","optional":true,"computed":true},"position":{"type":"number","description":"The position of the workflow task (1 being top of list)","description_kind":"markdown","optional":true,"computed":true},"skip_on_failure":{"type":"bool","description":"Skip workflow task if any failures","description_kind":"markdown","optional":true},"workflow_id":{"type":"string","description":"The ID of the parent workflow","description_kind":"markdown","required":true}},"block_types":{"task_params":{"nesting_mode":"list","block":{"attributes":{"conference_call_info":{"type":"string","description":"Value must be one of `ptsn`, `free`, `hyrid`, `voip`.","description_kind":"markdown","optional":true},"password_required":{"type":"bool","description":"Value must be one of true or false","description_kind":"markdown","optional":true},"post_to_incident_timeline":{"type":"bool","description":"Value must be one of true or false","description_kind":"markdown","optional":true},"subject":{"type":"string","description":"The meeting subject","description_kind":"markdown","required":true},"task_type":{"type":"string","description_kind":"plain","optional":true}},"block_types":{"post_to_slack_channels":{"nesting_mode":"list","block":{"attributes":{"id":{"type":"string","description_kind":"plain","required":true},"name":{"type":"string","description_kind":"plain","required":true}},"description_kind":"plain"}}},"description":"The parameters for this workflow task.","description_kind":"markdown"},"min_items":1,"max_items":1}},"description":"Manages workflow create_go_to_meeting task.","description_kind":"markdown"}},"rootly_workflow_task_create_google_calendar_event":{"version":1,"block":{"attributes":{"enabled":{"type":"bool","description":"Enable/disable this workflow task","description_kind":"markdown","optional":true},"id":{"type":"string","description_kind":"plain","optional":true,"computed":true},"name":{"type":"string","description":"Name of the workflow task","description_kind":"markdown","optional":true,"computed":true},"position":{"type":"number","description":"The position of the workflow task (1 being top of list)","description_kind":"markdown","optional":true,"computed":true},"skip_on_failure":{"type":"bool","description":"Skip workflow task if any failures","description_kind":"markdown","optional":true},"workflow_id":{"type":"string","description":"The ID of the parent workflow","description_kind":"markdown","required":true}},"block_types":{"task_params":{"nesting_mode":"list","block":{"attributes":{"attendees":{"type":["list","string"],"description":"Emails of attendees","description_kind":"markdown","optional":true},"calendar_id":{"type":"string","description_kind":"plain","optional":true},"can_guests_invite_others":{"type":"bool","description":"Value must be one of true or false","description_kind":"markdown","optional":true},"can_guests_modify_event":{"type":"bool","description":"Value must be one of true or false","description_kind":"markdown","optional":true},"can_guests_see_other_guests":{"type":"bool","description":"Value must be one of true or false","description_kind":"markdown","optional":true},"conference_solution_key":{"type":"string","description":"Sets the video conference type attached to the meeting. Value must be one of `eventHangout`, `eventNamedHangout`, `hangoutsMeet`, `addOn`.","description_kind":"markdown","optional":true},"days_until_meeting":{"type":"number","description":"The days until meeting","description_kind":"markdown","required":true},"description":{"type":"string","description":"The event description","description_kind":"markdown","required":true},"exclude_weekends":{"type":"bool","description":"Value must be one of true or false","description_kind":"markdown","optional":true},"meeting_duration":{"type":"string","description":"Meeting duration in format like '1 hour', '30 minutes'","description_kind":"markdown","required":true},"post_to_incident_timeline":{"type":"bool","description":"Value must be one of true or false","description_kind":"markdown","optional":true},"send_updates":{"type":"bool","description":"Send an email to the attendees notifying them of the event. Value must be one of true or false","description_kind":"markdown","optional":true},"summary":{"type":"string","description":"The event summary","description_kind":"markdown","required":true},"task_type":{"type":"string","description_kind":"plain","optional":true},"time_of_meeting":{"type":"string","description":"Time of meeting in format HH:MM","description_kind":"markdown","required":true},"time_zone":{"type":"string","description":"A valid IANA time zone name.","description_kind":"markdown","optional":true}},"block_types":{"post_to_slack_channels":{"nesting_mode":"list","block":{"attributes":{"id":{"type":"string","description_kind":"plain","required":true},"name":{"type":"string","description_kind":"plain","required":true}},"description_kind":"plain"}}},"description":"The parameters for this workflow task.","description_kind":"markdown"},"min_items":1,"max_items":1}},"description":"Manages workflow create_google_calendar_event task.","description_kind":"markdown"}},"rootly_workflow_task_create_google_chat_space":{"version":0,"block":{"attributes":{"enabled":{"type":"bool","description":"Enable/disable this workflow task","description_kind":"markdown","optional":true},"id":{"type":"string","description_kind":"plain","optional":true,"computed":true},"name":{"type":"string","description":"Name of the workflow task","description_kind":"markdown","optional":true,"computed":true},"position":{"type":"number","description":"The position of the workflow task (1 being top of list)","description_kind":"markdown","optional":true,"computed":true},"skip_on_failure":{"type":"bool","description":"Skip workflow task if any failures","description_kind":"markdown","optional":true},"workflow_id":{"type":"string","description":"The ID of the parent workflow","description_kind":"markdown","required":true}},"block_types":{"task_params":{"nesting_mode":"list","block":{"attributes":{"audience":{"type":"string","description":"Target audience resource name (e.g. audiences/default). Leave blank for private space.","description_kind":"markdown","optional":true},"description":{"type":"string","description_kind":"plain","optional":true},"task_type":{"type":"string","description_kind":"plain","optional":true},"title":{"type":"string","description_kind":"plain","required":true}},"description":"The parameters for this workflow task.","description_kind":"markdown"},"min_items":1,"max_items":1}},"description":"Manages workflow create_google_chat_space task.","description_kind":"markdown"}},"rootly_workflow_task_create_google_docs_page":{"version":0,"block":{"attributes":{"enabled":{"type":"bool","description":"Enable/disable this workflow task","description_kind":"markdown","optional":true},"id":{"type":"string","description_kind":"plain","optional":true,"computed":true},"name":{"type":"string","description":"Name of the workflow task","description_kind":"markdown","optional":true,"computed":true},"position":{"type":"number","description":"The position of the workflow task (1 being top of list)","description_kind":"markdown","optional":true,"computed":true},"skip_on_failure":{"type":"bool","description":"Skip workflow task if any failures","description_kind":"markdown","optional":true},"workflow_id":{"type":"string","description":"The ID of the parent workflow","description_kind":"markdown","required":true}},"block_types":{"task_params":{"nesting_mode":"list","block":{"attributes":{"content":{"type":"string","description":"The page content","description_kind":"markdown","optional":true},"drive":{"type":["map","string"],"description":"Map must contain two fields, `id` and `name`. ","description_kind":"markdown","optional":true},"include_follow_ups":{"type":"bool","description":"Value must be one of true or false","description_kind":"markdown","optional":true},"include_overview":{"type":"bool","description":"Value must be one of true or false","description_kind":"markdown","optional":true},"include_timeline":{"type":"bool","description":"Value must be one of true or false","description_kind":"markdown","optional":true},"mark_post_mortem_as_published":{"type":"bool","description":"Value must be one of true or false","description_kind":"markdown","optional":true},"parent_folder":{"type":["map","string"],"description":"Map must contain two fields, `id` and `name`. ","description_kind":"markdown","optional":true},"permissions":{"type":"string","description":"Page permissions JSON","description_kind":"markdown","optional":true},"post_mortem_template_id":{"type":"string","description":"Retrospective template to use when creating page, if desired","description_kind":"markdown","optional":true},"task_type":{"type":"string","description_kind":"plain","optional":true},"template_id":{"type":"string","description":"The Google Doc file ID to use as a template","description_kind":"markdown","optional":true},"title":{"type":"string","description":"The page title","description_kind":"markdown","required":true}},"description":"The parameters for this workflow task.","description_kind":"markdown"},"min_items":1,"max_items":1}},"description":"Manages workflow create_google_docs_page task.","description_kind":"markdown"}},"rootly_workflow_task_create_google_docs_permissions":{"version":0,"block":{"attributes":{"enabled":{"type":"bool","description":"Enable/disable this workflow task","description_kind":"markdown","optional":true},"id":{"type":"string","description_kind":"plain","optional":true,"computed":true},"name":{"type":"string","description":"Name of the workflow task","description_kind":"markdown","optional":true,"computed":true},"position":{"type":"number","description":"The position of the workflow task (1 being top of list)","description_kind":"markdown","optional":true,"computed":true},"skip_on_failure":{"type":"bool","description":"Skip workflow task if any failures","description_kind":"markdown","optional":true},"workflow_id":{"type":"string","description":"The ID of the parent workflow","description_kind":"markdown","required":true}},"block_types":{"task_params":{"nesting_mode":"list","block":{"attributes":{"email_message":{"type":"string","description":"Email message notification","description_kind":"markdown","optional":true},"file_id":{"type":"string","description":"The Google Doc file ID","description_kind":"markdown","required":true},"permissions":{"type":"string","description":"Page permissions JSON","description_kind":"markdown","required":true},"send_notification_email":{"type":"bool","description":"Value must be one of true or false","description_kind":"markdown","optional":true},"task_type":{"type":"string","description_kind":"plain","optional":true}},"description":"The parameters for this workflow task.","description_kind":"markdown"},"min_items":1,"max_items":1}},"description":"Manages workflow create_google_docs_permissions task.","description_kind":"markdown"}},"rootly_workflow_task_create_google_gemini_chat_completion":{"version":0,"block":{"attributes":{"enabled":{"type":"bool","description":"Enable/disable this workflow task","description_kind":"markdown","optional":true},"id":{"type":"string","description_kind":"plain","optional":true,"computed":true},"name":{"type":"string","description":"Name of the workflow task","description_kind":"markdown","optional":true,"computed":true},"position":{"type":"number","description":"The position of the workflow task (1 being top of list)","description_kind":"markdown","optional":true,"computed":true},"skip_on_failure":{"type":"bool","description":"Skip workflow task if any failures","description_kind":"markdown","optional":true},"workflow_id":{"type":"string","description":"The ID of the parent workflow","description_kind":"markdown","required":true}},"block_types":{"task_params":{"nesting_mode":"list","block":{"attributes":{"model":{"type":["map","string"],"description":"Map must contain two fields, `id` and `name`. The Gemini model. eg: gemini-2.0-flash","description_kind":"markdown","required":true},"prompt":{"type":"string","description":"The prompt to send to Gemini","description_kind":"markdown","required":true},"system_prompt":{"type":"string","description":"The system prompt to send to Gemini (optional)","description_kind":"markdown","optional":true},"task_type":{"type":"string","description_kind":"plain","optional":true}},"description":"The parameters for this workflow task.","description_kind":"markdown"},"min_items":1,"max_items":1}},"description":"Manages workflow create_google_gemini_chat_completion task.","description_kind":"markdown"}},"rootly_workflow_task_create_google_meeting":{"version":0,"block":{"attributes":{"enabled":{"type":"bool","description":"Enable/disable this workflow task","description_kind":"markdown","optional":true},"id":{"type":"string","description_kind":"plain","optional":true,"computed":true},"name":{"type":"string","description":"Name of the workflow task","description_kind":"markdown","optional":true,"computed":true},"position":{"type":"number","description":"The position of the workflow task (1 being top of list)","description_kind":"markdown","optional":true,"computed":true},"skip_on_failure":{"type":"bool","description":"Skip workflow task if any failures","description_kind":"markdown","optional":true},"workflow_id":{"type":"string","description":"The ID of the parent workflow","description_kind":"markdown","required":true}},"block_types":{"task_params":{"nesting_mode":"list","block":{"attributes":{"conference_solution_key":{"type":"string","description":"[DEPRECATED] Sets the video conference type attached to the meeting. Value must be one of `eventHangout`, `eventNamedHangout`, `hangoutsMeet`, `addOn`.","description_kind":"markdown","optional":true},"description":{"type":"string","description":"[DEPRECATED] The meeting description","description_kind":"markdown","required":true},"post_to_incident_timeline":{"type":"bool","description":"Value must be one of true or false","description_kind":"markdown","optional":true},"record_meeting":{"type":"bool","description":"Rootly AI will record the meeting and automatically generate a transcript and summary from your meeting. Value must be one of true or false","description_kind":"markdown","optional":true},"recording_mode":{"type":"string","description":"The video layout for the bot's recording (e.g. speaker_view, gallery_view, gallery_view_v2, audio_only). Value must be one of `speaker_view`, `gallery_view`, `gallery_view_v2`, `audio_only`.","description_kind":"markdown","optional":true},"summary":{"type":"string","description":"[DEPRECATED] The meeting summary","description_kind":"markdown","required":true},"task_type":{"type":"string","description_kind":"plain","optional":true}},"block_types":{"post_to_slack_channels":{"nesting_mode":"list","block":{"attributes":{"id":{"type":"string","description_kind":"plain","required":true},"name":{"type":"string","description_kind":"plain","required":true}},"description_kind":"plain"}}},"description":"The parameters for this workflow task.","description_kind":"markdown"},"min_items":1,"max_items":1}},"description":"Manages workflow create_google_meeting task.","description_kind":"markdown"}},"rootly_workflow_task_create_incident":{"version":0,"block":{"attributes":{"enabled":{"type":"bool","description":"Enable/disable this workflow task","description_kind":"markdown","optional":true},"id":{"type":"string","description_kind":"plain","optional":true,"computed":true},"name":{"type":"string","description":"Name of the workflow task","description_kind":"markdown","optional":true,"computed":true},"position":{"type":"number","description":"The position of the workflow task (1 being top of list)","description_kind":"markdown","optional":true,"computed":true},"skip_on_failure":{"type":"bool","description":"Skip workflow task if any failures","description_kind":"markdown","optional":true},"workflow_id":{"type":"string","description":"The ID of the parent workflow","description_kind":"markdown","required":true}},"block_types":{"task_params":{"nesting_mode":"list","block":{"attributes":{"custom_fields_mapping":{"type":"string","description":"Custom field mappings. Can contain liquid markup and need to be valid JSON. Use 'services', 'functionalities', or 'groups' keys with arrays of names/slugs for name/slug lookup","description_kind":"markdown","optional":true},"environment_ids":{"type":["list","string"],"description_kind":"plain","optional":true},"functionality_ids":{"type":["list","string"],"description":"Array of functionality UUIDs","description_kind":"markdown","optional":true},"group_ids":{"type":["list","string"],"description":"Array of group/team UUIDs","description_kind":"markdown","optional":true},"incident_type_ids":{"type":["list","string"],"description_kind":"plain","optional":true},"private":{"type":"bool","description":"Value must be one of true or false","description_kind":"markdown","optional":true},"service_ids":{"type":["list","string"],"description":"Array of service UUIDs","description_kind":"markdown","optional":true},"severity_id":{"type":"string","description_kind":"plain","optional":true},"summary":{"type":"string","description":"The incident summary","description_kind":"markdown","optional":true},"task_type":{"type":"string","description_kind":"plain","optional":true},"title":{"type":"string","description":"The incident title","description_kind":"markdown","required":true}},"description":"The parameters for this workflow task.","description_kind":"markdown"},"min_items":1,"max_items":1}},"description":"Manages workflow create_incident task.","description_kind":"markdown"}},"rootly_workflow_task_create_incident_postmortem":{"version":0,"block":{"attributes":{"enabled":{"type":"bool","description":"Enable/disable this workflow task","description_kind":"markdown","optional":true},"id":{"type":"string","description_kind":"plain","optional":true,"computed":true},"name":{"type":"string","description":"Name of the workflow task","description_kind":"markdown","optional":true,"computed":true},"position":{"type":"number","description":"The position of the workflow task (1 being top of list)","description_kind":"markdown","optional":true,"computed":true},"skip_on_failure":{"type":"bool","description":"Skip workflow task if any failures","description_kind":"markdown","optional":true},"workflow_id":{"type":"string","description":"The ID of the parent workflow","description_kind":"markdown","required":true}},"block_types":{"task_params":{"nesting_mode":"list","block":{"attributes":{"incident_id":{"type":"string","description":"UUID of the incident that needs a retrospective","description_kind":"markdown","required":true},"status":{"type":"string","description_kind":"plain","optional":true},"task_type":{"type":"string","description_kind":"plain","optional":true},"template":{"type":["map","string"],"description":"Map must contain two fields, `id` and `name`. Retrospective template to use","description_kind":"markdown","optional":true},"title":{"type":"string","description":"The retrospective title","description_kind":"markdown","required":true}},"description":"The parameters for this workflow task.","description_kind":"markdown"},"min_items":1,"max_items":1}},"description":"Manages workflow create_incident_postmortem task.","description_kind":"markdown"}},"rootly_workflow_task_create_jira_issue":{"version":0,"block":{"attributes":{"enabled":{"type":"bool","description":"Enable/disable this workflow task","description_kind":"markdown","optional":true},"id":{"type":"string","description_kind":"plain","optional":true,"computed":true},"name":{"type":"string","description":"Name of the workflow task","description_kind":"markdown","optional":true,"computed":true},"position":{"type":"number","description":"The position of the workflow task (1 being top of list)","description_kind":"markdown","optional":true,"computed":true},"skip_on_failure":{"type":"bool","description":"Skip workflow task if any failures","description_kind":"markdown","optional":true},"workflow_id":{"type":"string","description":"The ID of the parent workflow","description_kind":"markdown","required":true}},"block_types":{"task_params":{"nesting_mode":"list","block":{"attributes":{"assign_user_email":{"type":"string","description":"The assigned user's email","description_kind":"markdown","optional":true},"custom_fields_mapping":{"type":"string","description":"Custom field mappings. Can contain liquid markup and need to be valid JSON","description_kind":"markdown","optional":true},"description":{"type":"string","description":"The issue description","description_kind":"markdown","optional":true},"due_date":{"type":"string","description":"The due date","description_kind":"markdown","optional":true},"integration":{"type":["map","string"],"description":"Map must contain two fields, `id` and `name`. Specify integration id if you have more than one Jira instance","description_kind":"markdown","optional":true},"issue_type":{"type":["map","string"],"description":"Map must contain two fields, `id` and `name`. The issue type id and display name","description_kind":"markdown","required":true},"labels":{"type":"string","description":"The issue labels","description_kind":"markdown","optional":true},"priority":{"type":["map","string"],"description":"Map must contain two fields, `id` and `name`. The priority id and display name","description_kind":"markdown","optional":true},"project_key":{"type":"string","description":"The project key","description_kind":"markdown","required":true},"reporter_user_email":{"type":"string","description":"The reporter user's email","description_kind":"markdown","optional":true},"retry_count":{"type":"number","description":"Number of times to retry on rate-limit (HTTP 429) responses (0-4). 0 disables retry.","description_kind":"markdown","optional":true},"retry_wait_time":{"type":"number","description":"Seconds to wait before each retry (1-15). Retry-After header is honored when present and \u003c= 90s, taking the larger of retry_wait_time and the header value.","description_kind":"markdown","optional":true},"status":{"type":["map","string"],"description":"Map must contain two fields, `id` and `name`. The status id and display name","description_kind":"markdown","optional":true},"task_type":{"type":"string","description_kind":"plain","optional":true},"title":{"type":"string","description":"The issue title","description_kind":"markdown","required":true},"update_payload":{"type":"string","description":"Update payload. Can contain liquid markup and need to be valid JSON","description_kind":"markdown","optional":true}},"description":"The parameters for this workflow task.","description_kind":"markdown"},"min_items":1,"max_items":1}},"description":"Manages workflow create_jira_issue task.","description_kind":"markdown"}},"rootly_workflow_task_create_jira_subtask":{"version":0,"block":{"attributes":{"enabled":{"type":"bool","description":"Enable/disable this workflow task","description_kind":"markdown","optional":true},"id":{"type":"string","description_kind":"plain","optional":true,"computed":true},"name":{"type":"string","description":"Name of the workflow task","description_kind":"markdown","optional":true,"computed":true},"position":{"type":"number","description":"The position of the workflow task (1 being top of list)","description_kind":"markdown","optional":true,"computed":true},"skip_on_failure":{"type":"bool","description":"Skip workflow task if any failures","description_kind":"markdown","optional":true},"workflow_id":{"type":"string","description":"The ID of the parent workflow","description_kind":"markdown","required":true}},"block_types":{"task_params":{"nesting_mode":"list","block":{"attributes":{"assign_user_email":{"type":"string","description":"The assigned user's email","description_kind":"markdown","optional":true},"custom_fields_mapping":{"type":"string","description":"Custom field mappings. Can contain liquid markup and need to be valid JSON","description_kind":"markdown","optional":true},"description":{"type":"string","description":"The issue description","description_kind":"markdown","optional":true},"due_date":{"type":"string","description":"The due date","description_kind":"markdown","optional":true},"integration":{"type":["map","string"],"description":"Map must contain two fields, `id` and `name`. Specify integration id if you have more than one Jira instance","description_kind":"markdown","optional":true},"labels":{"type":"string","description":"The issue labels","description_kind":"markdown","optional":true},"parent_issue_id":{"type":"string","description":"The parent issue","description_kind":"markdown","required":true},"priority":{"type":["map","string"],"description":"Map must contain two fields, `id` and `name`. The priority id and display name","description_kind":"markdown","optional":true},"project_key":{"type":"string","description":"The project key","description_kind":"markdown","required":true},"reporter_user_email":{"type":"string","description":"The reporter user's email","description_kind":"markdown","optional":true},"retry_count":{"type":"number","description":"Number of times to retry on rate-limit (HTTP 429) responses (0-4). 0 disables retry.","description_kind":"markdown","optional":true},"retry_wait_time":{"type":"number","description":"Seconds to wait before each retry (1-15). Retry-After header is honored when present and \u003c= 90s, taking the larger of retry_wait_time and the header value.","description_kind":"markdown","optional":true},"status":{"type":["map","string"],"description":"Map must contain two fields, `id` and `name`. The status id and display name","description_kind":"markdown","optional":true},"subtask_issue_type":{"type":["map","string"],"description":"Map must contain two fields, `id` and `name`. The issue type id and display name","description_kind":"markdown","required":true},"task_type":{"type":"string","description_kind":"plain","optional":true},"title":{"type":"string","description":"The issue title","description_kind":"markdown","required":true},"update_payload":{"type":"string","description":"Update payload. Can contain liquid markup and need to be valid JSON","description_kind":"markdown","optional":true}},"description":"The parameters for this workflow task.","description_kind":"markdown"},"min_items":1,"max_items":1}},"description":"Manages workflow create_jira_subtask task.","description_kind":"markdown"}},"rootly_workflow_task_create_jsmops_alert":{"version":0,"block":{"attributes":{"enabled":{"type":"bool","description":"Enable/disable this workflow task","description_kind":"markdown","optional":true},"id":{"type":"string","description_kind":"plain","optional":true,"computed":true},"name":{"type":"string","description":"Name of the workflow task","description_kind":"markdown","optional":true,"computed":true},"position":{"type":"number","description":"The position of the workflow task (1 being top of list)","description_kind":"markdown","optional":true,"computed":true},"skip_on_failure":{"type":"bool","description":"Skip workflow task if any failures","description_kind":"markdown","optional":true},"workflow_id":{"type":"string","description":"The ID of the parent workflow","description_kind":"markdown","required":true}},"block_types":{"task_params":{"nesting_mode":"list","block":{"attributes":{"description":{"type":"string","description":"Description field of the alert that is generally used to provide a detailed information about the alert","description_kind":"markdown","optional":true},"details":{"type":"string","description":"Details payload. Can contain liquid markup and need to be valid JSON","description_kind":"markdown","optional":true},"message":{"type":"string","description":"Message of the alert","description_kind":"markdown","required":true},"priority":{"type":"string","description":"Value must be one of `P3`, `P1`, `P2`, `P4`, `P5`, `auto`.","description_kind":"markdown","optional":true},"task_type":{"type":"string","description_kind":"plain","optional":true}},"block_types":{"escalations":{"nesting_mode":"list","block":{"attributes":{"id":{"type":"string","description_kind":"plain","required":true},"name":{"type":"string","description_kind":"plain","required":true}},"description_kind":"plain"}},"schedules":{"nesting_mode":"list","block":{"attributes":{"id":{"type":"string","description_kind":"plain","required":true},"name":{"type":"string","description_kind":"plain","required":true}},"description_kind":"plain"}},"teams":{"nesting_mode":"list","block":{"attributes":{"id":{"type":"string","description_kind":"plain","required":true},"name":{"type":"string","description_kind":"plain","required":true}},"description_kind":"plain"}},"users":{"nesting_mode":"list","block":{"attributes":{"id":{"type":"string","description_kind":"plain","required":true},"name":{"type":"string","description_kind":"plain","required":true}},"description_kind":"plain"}}},"description":"The parameters for this workflow task.","description_kind":"markdown"},"min_items":1,"max_items":1}},"description":"Manages workflow create_jsmops_alert task.","description_kind":"markdown"}},"rootly_workflow_task_create_linear_issue":{"version":0,"block":{"attributes":{"enabled":{"type":"bool","description":"Enable/disable this workflow task","description_kind":"markdown","optional":true},"id":{"type":"string","description_kind":"plain","optional":true,"computed":true},"name":{"type":"string","description":"Name of the workflow task","description_kind":"markdown","optional":true,"computed":true},"position":{"type":"number","description":"The position of the workflow task (1 being top of list)","description_kind":"markdown","optional":true,"computed":true},"skip_on_failure":{"type":"bool","description":"Skip workflow task if any failures","description_kind":"markdown","optional":true},"workflow_id":{"type":"string","description":"The ID of the parent workflow","description_kind":"markdown","required":true}},"block_types":{"task_params":{"nesting_mode":"list","block":{"attributes":{"assign_user_email":{"type":"string","description":"The assigned user's email","description_kind":"markdown","optional":true},"custom_fields_mapping":{"type":"string","description":"Custom field mappings. Can contain liquid markup and need to be valid JSON","description_kind":"markdown","optional":true},"description":{"type":"string","description":"The issue description","description_kind":"markdown","optional":true},"priority":{"type":["map","string"],"description":"Map must contain two fields, `id` and `name`. The priority id and display name","description_kind":"markdown","optional":true},"project":{"type":["map","string"],"description":"Map must contain two fields, `id` and `name`. The project id and display name","description_kind":"markdown","optional":true},"state":{"type":["map","string"],"description":"Map must contain two fields, `id` and `name`. The state id and display name","description_kind":"markdown","required":true},"task_type":{"type":"string","description_kind":"plain","optional":true},"team":{"type":["map","string"],"description":"Map must contain two fields, `id` and `name`. The team id and display name","description_kind":"markdown","required":true},"title":{"type":"string","description":"The issue title","description_kind":"markdown","required":true}},"block_types":{"labels":{"nesting_mode":"list","block":{"attributes":{"id":{"type":"string","description_kind":"plain","required":true},"name":{"type":"string","description_kind":"plain","required":true}},"description_kind":"plain"}}},"description":"The parameters for this workflow task.","description_kind":"markdown"},"min_items":1,"max_items":1}},"description":"Manages workflow create_linear_issue task.","description_kind":"markdown"}},"rootly_workflow_task_create_linear_issue_comment":{"version":0,"block":{"attributes":{"enabled":{"type":"bool","description":"Enable/disable this workflow task","description_kind":"markdown","optional":true},"id":{"type":"string","description_kind":"plain","optional":true,"computed":true},"name":{"type":"string","description":"Name of the workflow task","description_kind":"markdown","optional":true,"computed":true},"position":{"type":"number","description":"The position of the workflow task (1 being top of list)","description_kind":"markdown","optional":true,"computed":true},"skip_on_failure":{"type":"bool","description":"Skip workflow task if any failures","description_kind":"markdown","optional":true},"workflow_id":{"type":"string","description":"The ID of the parent workflow","description_kind":"markdown","required":true}},"block_types":{"task_params":{"nesting_mode":"list","block":{"attributes":{"body":{"type":"string","description":"The issue description","description_kind":"markdown","required":true},"issue_id":{"type":"string","description":"The issue id","description_kind":"markdown","required":true},"task_type":{"type":"string","description_kind":"plain","optional":true}},"description":"The parameters for this workflow task.","description_kind":"markdown"},"min_items":1,"max_items":1}},"description":"Manages workflow create_linear_issue_comment task.","description_kind":"markdown"}},"rootly_workflow_task_create_linear_subtask_issue":{"version":0,"block":{"attributes":{"enabled":{"type":"bool","description":"Enable/disable this workflow task","description_kind":"markdown","optional":true},"id":{"type":"string","description_kind":"plain","optional":true,"computed":true},"name":{"type":"string","description":"Name of the workflow task","description_kind":"markdown","optional":true,"computed":true},"position":{"type":"number","description":"The position of the workflow task (1 being top of list)","description_kind":"markdown","optional":true,"computed":true},"skip_on_failure":{"type":"bool","description":"Skip workflow task if any failures","description_kind":"markdown","optional":true},"workflow_id":{"type":"string","description":"The ID of the parent workflow","description_kind":"markdown","required":true}},"block_types":{"task_params":{"nesting_mode":"list","block":{"attributes":{"assign_user_email":{"type":"string","description":"The assigned user's email","description_kind":"markdown","optional":true},"custom_fields_mapping":{"type":"string","description":"Custom field mappings. Can contain liquid markup and need to be valid JSON","description_kind":"markdown","optional":true},"description":{"type":"string","description":"The issue description","description_kind":"markdown","optional":true},"parent_issue_id":{"type":"string","description":"The parent issue","description_kind":"markdown","required":true},"priority":{"type":["map","string"],"description":"Map must contain two fields, `id` and `name`. The priority id and display name","description_kind":"markdown","optional":true},"state":{"type":["map","string"],"description":"Map must contain two fields, `id` and `name`. The state id and display name","description_kind":"markdown","required":true},"task_type":{"type":"string","description_kind":"plain","optional":true},"title":{"type":"string","description":"The issue title","description_kind":"markdown","required":true}},"block_types":{"labels":{"nesting_mode":"list","block":{"attributes":{"id":{"type":"string","description_kind":"plain","required":true},"name":{"type":"string","description_kind":"plain","required":true}},"description_kind":"plain"}}},"description":"The parameters for this workflow task.","description_kind":"markdown"},"min_items":1,"max_items":1}},"description":"Manages workflow create_linear_subtask_issue task.","description_kind":"markdown"}},"rootly_workflow_task_create_microsoft_teams_channel":{"version":0,"block":{"attributes":{"enabled":{"type":"bool","description":"Enable/disable this workflow task","description_kind":"markdown","optional":true},"id":{"type":"string","description_kind":"plain","optional":true,"computed":true},"name":{"type":"string","description":"Name of the workflow task","description_kind":"markdown","optional":true,"computed":true},"position":{"type":"number","description":"The position of the workflow task (1 being top of list)","description_kind":"markdown","optional":true,"computed":true},"skip_on_failure":{"type":"bool","description":"Skip workflow task if any failures","description_kind":"markdown","optional":true},"workflow_id":{"type":"string","description":"The ID of the parent workflow","description_kind":"markdown","required":true}},"block_types":{"task_params":{"nesting_mode":"list","block":{"attributes":{"description":{"type":"string","description":"Microsoft Team channel description","description_kind":"markdown","optional":true},"private":{"type":"string","description":"Value must be one of `auto`, `true`, `false`.","description_kind":"markdown","optional":true},"task_type":{"type":"string","description_kind":"plain","optional":true},"team":{"type":["map","string"],"description":"Map must contain two fields, `id` and `name`. ","description_kind":"markdown","required":true},"title":{"type":"string","description":"Microsoft Team channel title","description_kind":"markdown","required":true}},"description":"The parameters for this workflow task.","description_kind":"markdown"},"min_items":1,"max_items":1}},"description":"Manages workflow create_microsoft_teams_channel task.","description_kind":"markdown"}},"rootly_workflow_task_create_microsoft_teams_chat":{"version":0,"block":{"attributes":{"enabled":{"type":"bool","description":"Enable/disable this workflow task","description_kind":"markdown","optional":true},"id":{"type":"string","description_kind":"plain","optional":true,"computed":true},"name":{"type":"string","description":"Name of the workflow task","description_kind":"markdown","optional":true,"computed":true},"position":{"type":"number","description":"The position of the workflow task (1 being top of list)","description_kind":"markdown","optional":true,"computed":true},"skip_on_failure":{"type":"bool","description":"Skip workflow task if any failures","description_kind":"markdown","optional":true},"workflow_id":{"type":"string","description":"The ID of the parent workflow","description_kind":"markdown","required":true}},"block_types":{"task_params":{"nesting_mode":"list","block":{"attributes":{"chat_type":{"type":"string","description":"Type of chat to create. Value must be one of `group`, `oneOnOne`.","description_kind":"markdown","optional":true},"task_type":{"type":"string","description_kind":"plain","optional":true},"topic":{"type":"string","description":"Chat topic (only for group chats)","description_kind":"markdown","optional":true}},"block_types":{"members":{"nesting_mode":"list","block":{"attributes":{"id":{"type":"string","description_kind":"plain","required":true},"name":{"type":"string","description_kind":"plain","required":true}},"description":"Array of members to include in the chat","description_kind":"markdown"},"min_items":1}},"description":"The parameters for this workflow task.","description_kind":"markdown"},"min_items":1,"max_items":1}},"description":"Manages workflow create_microsoft_teams_chat task.","description_kind":"markdown"}},"rootly_workflow_task_create_microsoft_teams_meeting":{"version":0,"block":{"attributes":{"enabled":{"type":"bool","description":"Enable/disable this workflow task","description_kind":"markdown","optional":true},"id":{"type":"string","description_kind":"plain","optional":true,"computed":true},"name":{"type":"string","description":"Name of the workflow task","description_kind":"markdown","optional":true,"computed":true},"position":{"type":"number","description":"The position of the workflow task (1 being top of list)","description_kind":"markdown","optional":true,"computed":true},"skip_on_failure":{"type":"bool","description":"Skip workflow task if any failures","description_kind":"markdown","optional":true},"workflow_id":{"type":"string","description":"The ID of the parent workflow","description_kind":"markdown","required":true}},"block_types":{"task_params":{"nesting_mode":"list","block":{"attributes":{"name":{"type":"string","description":"The meeting name","description_kind":"markdown","required":true},"post_to_incident_timeline":{"type":"bool","description":"Value must be one of true or false","description_kind":"markdown","optional":true},"record_meeting":{"type":"bool","description":"Rootly AI will record the meeting and automatically generate a transcript and summary from your meeting. Value must be one of true or false","description_kind":"markdown","optional":true},"recording_mode":{"type":"string","description":"The video layout for the bot's recording (e.g. speaker_view, gallery_view, gallery_view_v2, audio_only). Value must be one of `speaker_view`, `gallery_view`, `gallery_view_v2`, `audio_only`.","description_kind":"markdown","optional":true},"subject":{"type":"string","description":"The meeting subject","description_kind":"markdown","required":true},"task_type":{"type":"string","description_kind":"plain","optional":true}},"block_types":{"post_to_slack_channels":{"nesting_mode":"list","block":{"attributes":{"id":{"type":"string","description_kind":"plain","required":true},"name":{"type":"string","description_kind":"plain","required":true}},"description_kind":"plain"}}},"description":"The parameters for this workflow task.","description_kind":"markdown"},"min_items":1,"max_items":1}},"description":"Manages workflow create_microsoft_teams_meeting task.","description_kind":"markdown"}},"rootly_workflow_task_create_mistral_chat_completion":{"version":1,"block":{"attributes":{"enabled":{"type":"bool","description":"Enable/disable this workflow task","description_kind":"markdown","optional":true},"id":{"type":"string","description_kind":"plain","optional":true,"computed":true},"name":{"type":"string","description":"Name of the workflow task","description_kind":"markdown","optional":true,"computed":true},"position":{"type":"number","description":"The position of the workflow task (1 being top of list)","description_kind":"markdown","optional":true,"computed":true},"skip_on_failure":{"type":"bool","description":"Skip workflow task if any failures","description_kind":"markdown","optional":true},"workflow_id":{"type":"string","description":"The ID of the parent workflow","description_kind":"markdown","required":true}},"block_types":{"task_params":{"nesting_mode":"list","block":{"attributes":{"max_tokens":{"type":"number","description":"Maximum number of tokens to generate","description_kind":"markdown","optional":true},"model":{"type":["map","string"],"description":"Map must contain two fields, `id` and `name`. The Mistral model. eg: mistral-large-latest","description_kind":"markdown","required":true},"prompt":{"type":"string","description":"The prompt to send to Mistral","description_kind":"markdown","required":true},"system_prompt":{"type":"string","description":"The system prompt to send to Mistral (optional)","description_kind":"markdown","optional":true},"task_type":{"type":"string","description_kind":"plain","optional":true},"temperature":{"type":"string","description":"Sampling temperature (0.0-1.5). Higher values make output more random.","description_kind":"markdown","optional":true},"top_p":{"type":"string","description":"Nucleus sampling parameter (0.0-1.0)","description_kind":"markdown","optional":true}},"description":"The parameters for this workflow task.","description_kind":"markdown"},"min_items":1,"max_items":1}},"description":"Manages workflow create_mistral_chat_completion task.","description_kind":"markdown"}},"rootly_workflow_task_create_motion_task":{"version":0,"block":{"attributes":{"enabled":{"type":"bool","description":"Enable/disable this workflow task","description_kind":"markdown","optional":true},"id":{"type":"string","description_kind":"plain","optional":true,"computed":true},"name":{"type":"string","description":"Name of the workflow task","description_kind":"markdown","optional":true,"computed":true},"position":{"type":"number","description":"The position of the workflow task (1 being top of list)","description_kind":"markdown","optional":true,"computed":true},"skip_on_failure":{"type":"bool","description":"Skip workflow task if any failures","description_kind":"markdown","optional":true},"workflow_id":{"type":"string","description":"The ID of the parent workflow","description_kind":"markdown","required":true}},"block_types":{"task_params":{"nesting_mode":"list","block":{"attributes":{"description":{"type":"string","description":"The task description","description_kind":"markdown","optional":true},"due_date":{"type":"string","description":"The due date","description_kind":"markdown","optional":true},"duration":{"type":"string","description":"The duration. Eg.  \"NONE\", \"REMINDER\", or a integer greater than 0.","description_kind":"markdown","optional":true},"labels":{"type":["list","string"],"description_kind":"plain","optional":true},"priority":{"type":["map","string"],"description":"Map must contain two fields, `id` and `name`. The priority id and display name","description_kind":"markdown","optional":true},"project":{"type":["map","string"],"description":"Map must contain two fields, `id` and `name`. ","description_kind":"markdown","optional":true},"status":{"type":["map","string"],"description":"Map must contain two fields, `id` and `name`. ","description_kind":"markdown","optional":true},"task_type":{"type":"string","description_kind":"plain","optional":true},"title":{"type":"string","description":"The task title","description_kind":"markdown","required":true},"workspace":{"type":["map","string"],"description":"Map must contain two fields, `id` and `name`. ","description_kind":"markdown","required":true}},"description":"The parameters for this workflow task.","description_kind":"markdown"},"min_items":1,"max_items":1}},"description":"Manages workflow create_motion_task task.","description_kind":"markdown"}},"rootly_workflow_task_create_notion_page":{"version":0,"block":{"attributes":{"enabled":{"type":"bool","description":"Enable/disable this workflow task","description_kind":"markdown","optional":true},"id":{"type":"string","description_kind":"plain","optional":true,"computed":true},"name":{"type":"string","description":"Name of the workflow task","description_kind":"markdown","optional":true,"computed":true},"position":{"type":"number","description":"The position of the workflow task (1 being top of list)","description_kind":"markdown","optional":true,"computed":true},"skip_on_failure":{"type":"bool","description":"Skip workflow task if any failures","description_kind":"markdown","optional":true},"workflow_id":{"type":"string","description":"The ID of the parent workflow","description_kind":"markdown","required":true}},"block_types":{"task_params":{"nesting_mode":"list","block":{"attributes":{"content":{"type":"string","description":"Custom page content with liquid templating support. When provided, only this content will be rendered (no default sections)","description_kind":"markdown","optional":true},"mark_post_mortem_as_published":{"type":"bool","description":"Value must be one of true or false","description_kind":"markdown","optional":true},"parent_page":{"type":["map","string"],"description":"Map must contain two fields, `id` and `name`. The parent page id and display name","description_kind":"markdown","required":true},"post_mortem_template_id":{"type":"string","description":"Retrospective template to use when creating page task, if desired","description_kind":"markdown","optional":true},"show_action_items_as_table":{"type":"bool","description":"Value must be one of true or false","description_kind":"markdown","optional":true},"show_timeline_as_table":{"type":"bool","description":"Value must be one of true or false","description_kind":"markdown","optional":true},"task_type":{"type":"string","description_kind":"plain","optional":true},"title":{"type":"string","description":"The Notion page title","description_kind":"markdown","required":true}},"description":"The parameters for this workflow task.","description_kind":"markdown"},"min_items":1,"max_items":1}},"description":"Manages workflow create_notion_page task.","description_kind":"markdown"}},"rootly_workflow_task_create_openai_chat_completion":{"version":1,"block":{"attributes":{"enabled":{"type":"bool","description":"Enable/disable this workflow task","description_kind":"markdown","optional":true},"id":{"type":"string","description_kind":"plain","optional":true,"computed":true},"name":{"type":"string","description":"Name of the workflow task","description_kind":"markdown","optional":true,"computed":true},"position":{"type":"number","description":"The position of the workflow task (1 being top of list)","description_kind":"markdown","optional":true,"computed":true},"skip_on_failure":{"type":"bool","description":"Skip workflow task if any failures","description_kind":"markdown","optional":true},"workflow_id":{"type":"string","description":"The ID of the parent workflow","description_kind":"markdown","required":true}},"block_types":{"task_params":{"nesting_mode":"list","block":{"attributes":{"max_tokens":{"type":"number","description":"Maximum number of tokens to generate in the response","description_kind":"markdown","optional":true},"model":{"type":["map","string"],"description":"Map must contain two fields, `id` and `name`. The OpenAI model. eg: gpt-5-nano","description_kind":"markdown","required":true},"prompt":{"type":"string","description":"The prompt to send to OpenAI","description_kind":"markdown","required":true},"reasoning_effort":{"type":"string","description":"Constrains effort on reasoning for GPT-5 and o-series models. Value must be one of `minimal`, `low`, `medium`, `high`.","description_kind":"markdown","optional":true},"reasoning_summary":{"type":"string","description":"Summary of the reasoning performed by the model for GPT-5 and o-series models. Value must be one of `auto`, `concise`, `detailed`.","description_kind":"markdown","optional":true},"system_prompt":{"type":"string","description":"The system prompt to send to OpenAI (optional)","description_kind":"markdown","optional":true},"task_type":{"type":"string","description_kind":"plain","optional":true},"temperature":{"type":"string","description":"Controls randomness in the response. Higher values make output more random","description_kind":"markdown","optional":true},"top_p":{"type":"string","description":"Controls diversity via nucleus sampling. Lower values make output more focused","description_kind":"markdown","optional":true}},"description":"The parameters for this workflow task.","description_kind":"markdown"},"min_items":1,"max_items":1}},"description":"Manages workflow create_openai_chat_completion task.","description_kind":"markdown"}},"rootly_workflow_task_create_opsgenie_alert":{"version":0,"block":{"attributes":{"enabled":{"type":"bool","description":"Enable/disable this workflow task","description_kind":"markdown","optional":true},"id":{"type":"string","description_kind":"plain","optional":true,"computed":true},"name":{"type":"string","description":"Name of the workflow task","description_kind":"markdown","optional":true,"computed":true},"position":{"type":"number","description":"The position of the workflow task (1 being top of list)","description_kind":"markdown","optional":true,"computed":true},"skip_on_failure":{"type":"bool","description":"Skip workflow task if any failures","description_kind":"markdown","optional":true},"workflow_id":{"type":"string","description":"The ID of the parent workflow","description_kind":"markdown","required":true}},"block_types":{"task_params":{"nesting_mode":"list","block":{"attributes":{"description":{"type":"string","description":"Description field of the alert that is generally used to provide a detailed information about the alert","description_kind":"markdown","optional":true},"details":{"type":"string","description":"Details payload. Can contain liquid markup and need to be valid JSON","description_kind":"markdown","optional":true},"message":{"type":"string","description":"Message of the alert","description_kind":"markdown","required":true},"priority":{"type":"string","description":"Value must be one of `P1`, `P2`, `P3`, `P4`, `P5`, `auto`.","description_kind":"markdown","optional":true},"task_type":{"type":"string","description_kind":"plain","optional":true}},"block_types":{"escalations":{"nesting_mode":"list","block":{"attributes":{"id":{"type":"string","description_kind":"plain","required":true},"name":{"type":"string","description_kind":"plain","required":true}},"description_kind":"plain"}},"schedules":{"nesting_mode":"list","block":{"attributes":{"id":{"type":"string","description_kind":"plain","required":true},"name":{"type":"string","description_kind":"plain","required":true}},"description_kind":"plain"}},"teams":{"nesting_mode":"list","block":{"attributes":{"id":{"type":"string","description_kind":"plain","required":true},"name":{"type":"string","description_kind":"plain","required":true}},"description_kind":"plain"}},"users":{"nesting_mode":"list","block":{"attributes":{"id":{"type":"string","description_kind":"plain","required":true},"name":{"type":"string","description_kind":"plain","required":true}},"description_kind":"plain"}}},"description":"The parameters for this workflow task.","description_kind":"markdown"},"min_items":1,"max_items":1}},"description":"Manages workflow create_opsgenie_alert task.","description_kind":"markdown"}},"rootly_workflow_task_create_outlook_event":{"version":1,"block":{"attributes":{"enabled":{"type":"bool","description":"Enable/disable this workflow task","description_kind":"markdown","optional":true},"id":{"type":"string","description_kind":"plain","optional":true,"computed":true},"name":{"type":"string","description":"Name of the workflow task","description_kind":"markdown","optional":true,"computed":true},"position":{"type":"number","description":"The position of the workflow task (1 being top of list)","description_kind":"markdown","optional":true,"computed":true},"skip_on_failure":{"type":"bool","description":"Skip workflow task if any failures","description_kind":"markdown","optional":true},"workflow_id":{"type":"string","description":"The ID of the parent workflow","description_kind":"markdown","required":true}},"block_types":{"task_params":{"nesting_mode":"list","block":{"attributes":{"attendees":{"type":["list","string"],"description":"Emails of attendees","description_kind":"markdown","optional":true},"calendar":{"type":["map","string"],"description":"Map must contain two fields, `id` and `name`. ","description_kind":"markdown","required":true},"days_until_meeting":{"type":"number","description":"The days until meeting","description_kind":"markdown","required":true},"description":{"type":"string","description":"The event description","description_kind":"markdown","required":true},"enable_online_meeting":{"type":"bool","description":"Enable Microsoft Teams online meeting. Value must be one of true or false","description_kind":"markdown","optional":true},"exclude_weekends":{"type":"bool","description":"Value must be one of true or false","description_kind":"markdown","optional":true},"meeting_duration":{"type":"string","description":"Meeting duration in format like '1 hour', '30 minutes'","description_kind":"markdown","required":true},"post_to_incident_timeline":{"type":"bool","description":"Value must be one of true or false","description_kind":"markdown","optional":true},"summary":{"type":"string","description":"The event summary","description_kind":"markdown","required":true},"task_type":{"type":"string","description_kind":"plain","optional":true},"time_of_meeting":{"type":"string","description":"Time of meeting in format HH:MM","description_kind":"markdown","required":true},"time_zone":{"type":"string","description":"A valid IANA time zone name.","description_kind":"markdown","optional":true}},"block_types":{"post_to_slack_channels":{"nesting_mode":"list","block":{"attributes":{"id":{"type":"string","description_kind":"plain","required":true},"name":{"type":"string","description_kind":"plain","required":true}},"description_kind":"plain"}}},"description":"The parameters for this workflow task.","description_kind":"markdown"},"min_items":1,"max_items":1}},"description":"Manages workflow create_outlook_event task.","description_kind":"markdown"}},"rootly_workflow_task_create_pagerduty_status_update":{"version":0,"block":{"attributes":{"enabled":{"type":"bool","description":"Enable/disable this workflow task","description_kind":"markdown","optional":true},"id":{"type":"string","description_kind":"plain","optional":true,"computed":true},"name":{"type":"string","description":"Name of the workflow task","description_kind":"markdown","optional":true,"computed":true},"position":{"type":"number","description":"The position of the workflow task (1 being top of list)","description_kind":"markdown","optional":true,"computed":true},"skip_on_failure":{"type":"bool","description":"Skip workflow task if any failures","description_kind":"markdown","optional":true},"workflow_id":{"type":"string","description":"The ID of the parent workflow","description_kind":"markdown","required":true}},"block_types":{"task_params":{"nesting_mode":"list","block":{"attributes":{"message":{"type":"string","description":"A message outlining the incident's resolution in PagerDuty","description_kind":"markdown","required":true},"pagerduty_incident_id":{"type":"string","description":"PagerDuty incident id","description_kind":"markdown","required":true},"task_type":{"type":"string","description_kind":"plain","optional":true}},"description":"The parameters for this workflow task.","description_kind":"markdown"},"min_items":1,"max_items":1}},"description":"Manages workflow create_pagerduty_status_update task.","description_kind":"markdown"}},"rootly_workflow_task_create_pagertree_alert":{"version":0,"block":{"attributes":{"enabled":{"type":"bool","description":"Enable/disable this workflow task","description_kind":"markdown","optional":true},"id":{"type":"string","description_kind":"plain","optional":true,"computed":true},"name":{"type":"string","description":"Name of the workflow task","description_kind":"markdown","optional":true,"computed":true},"position":{"type":"number","description":"The position of the workflow task (1 being top of list)","description_kind":"markdown","optional":true,"computed":true},"skip_on_failure":{"type":"bool","description":"Skip workflow task if any failures","description_kind":"markdown","optional":true},"workflow_id":{"type":"string","description":"The ID of the parent workflow","description_kind":"markdown","required":true}},"block_types":{"task_params":{"nesting_mode":"list","block":{"attributes":{"description":{"type":"string","description":"Description of alert as text","description_kind":"markdown","optional":true},"incident":{"type":"bool","description":"Setting to true makes an alert a Pagertree incident. Value must be one of true or false","description_kind":"markdown","optional":true},"severity":{"type":"string","description":"Value must be one of `auto`, `SEV-1`, `SEV-2`, `SEV-3`, `SEV-4`.","description_kind":"markdown","optional":true},"task_type":{"type":"string","description_kind":"plain","optional":true},"title":{"type":"string","description":"Title of alert as text","description_kind":"markdown","optional":true},"urgency":{"type":"string","description":"Value must be one of `auto`, `critical`, `high`, `medium`, `low`.","description_kind":"markdown","optional":true}},"block_types":{"teams":{"nesting_mode":"list","block":{"attributes":{"id":{"type":"string","description_kind":"plain","required":true},"name":{"type":"string","description_kind":"plain","required":true}},"description_kind":"plain"}},"users":{"nesting_mode":"list","block":{"attributes":{"id":{"type":"string","description_kind":"plain","required":true},"name":{"type":"string","description_kind":"plain","required":true}},"description_kind":"plain"}}},"description":"The parameters for this workflow task.","description_kind":"markdown"},"min_items":1,"max_items":1}},"description":"Manages workflow create_pagertree_alert task.","description_kind":"markdown"}},"rootly_workflow_task_create_quip_page":{"version":0,"block":{"attributes":{"enabled":{"type":"bool","description":"Enable/disable this workflow task","description_kind":"markdown","optional":true},"id":{"type":"string","description_kind":"plain","optional":true,"computed":true},"name":{"type":"string","description":"Name of the workflow task","description_kind":"markdown","optional":true,"computed":true},"position":{"type":"number","description":"The position of the workflow task (1 being top of list)","description_kind":"markdown","optional":true,"computed":true},"skip_on_failure":{"type":"bool","description":"Skip workflow task if any failures","description_kind":"markdown","optional":true},"workflow_id":{"type":"string","description":"The ID of the parent workflow","description_kind":"markdown","required":true}},"block_types":{"task_params":{"nesting_mode":"list","block":{"attributes":{"content":{"type":"string","description":"The page content","description_kind":"markdown","optional":true},"mark_post_mortem_as_published":{"type":"bool","description":"Value must be one of true or false","description_kind":"markdown","optional":true},"parent_folder_id":{"type":"string","description":"The parent folder id","description_kind":"markdown","optional":true},"post_mortem_template_id":{"type":"string","description":"Retrospective template to use when creating page, if desired","description_kind":"markdown","optional":true},"task_type":{"type":"string","description_kind":"plain","optional":true},"template_id":{"type":"string","description":"The Quip file ID to use as a template","description_kind":"markdown","optional":true},"title":{"type":"string","description":"The page title","description_kind":"markdown","required":true}},"description":"The parameters for this workflow task.","description_kind":"markdown"},"min_items":1,"max_items":1}},"description":"Manages workflow create_quip_page task.","description_kind":"markdown"}},"rootly_workflow_task_create_service_now_incident":{"version":0,"block":{"attributes":{"enabled":{"type":"bool","description":"Enable/disable this workflow task","description_kind":"markdown","optional":true},"id":{"type":"string","description_kind":"plain","optional":true,"computed":true},"name":{"type":"string","description":"Name of the workflow task","description_kind":"markdown","optional":true,"computed":true},"position":{"type":"number","description":"The position of the workflow task (1 being top of list)","description_kind":"markdown","optional":true,"computed":true},"skip_on_failure":{"type":"bool","description":"Skip workflow task if any failures","description_kind":"markdown","optional":true},"workflow_id":{"type":"string","description":"The ID of the parent workflow","description_kind":"markdown","required":true}},"block_types":{"task_params":{"nesting_mode":"list","block":{"attributes":{"completion":{"type":["map","string"],"description":"Map must contain two fields, `id` and `name`. The completion id and display name","description_kind":"markdown","optional":true},"custom_fields_mapping":{"type":"string","description":"Custom field mappings. Can contain liquid markup and need to be valid JSON","description_kind":"markdown","optional":true},"description":{"type":"string","description":"The incident description","description_kind":"markdown","optional":true},"priority":{"type":["map","string"],"description":"Map must contain two fields, `id` and `name`. The priority id and display name","description_kind":"markdown","optional":true},"task_type":{"type":"string","description_kind":"plain","optional":true},"title":{"type":"string","description":"The incident title","description_kind":"markdown","required":true}},"description":"The parameters for this workflow task.","description_kind":"markdown"},"min_items":1,"max_items":1}},"description":"Manages workflow create_service_now_incident task.","description_kind":"markdown"}},"rootly_workflow_task_create_sharepoint_page":{"version":0,"block":{"attributes":{"enabled":{"type":"bool","description":"Enable/disable this workflow task","description_kind":"markdown","optional":true},"id":{"type":"string","description_kind":"plain","optional":true,"computed":true},"name":{"type":"string","description":"Name of the workflow task","description_kind":"markdown","optional":true,"computed":true},"position":{"type":"number","description":"The position of the workflow task (1 being top of list)","description_kind":"markdown","optional":true,"computed":true},"skip_on_failure":{"type":"bool","description":"Skip workflow task if any failures","description_kind":"markdown","optional":true},"workflow_id":{"type":"string","description":"The ID of the parent workflow","description_kind":"markdown","required":true}},"block_types":{"task_params":{"nesting_mode":"list","block":{"attributes":{"content":{"type":"string","description":"The page content","description_kind":"markdown","optional":true},"drive":{"type":["map","string"],"description":"Map must contain two fields, `id` and `name`. ","description_kind":"markdown","required":true},"mark_post_mortem_as_published":{"type":"bool","description":"Value must be one of true or false","description_kind":"markdown","optional":true},"parent_folder":{"type":["map","string"],"description":"Map must contain two fields, `id` and `name`. ","description_kind":"markdown","optional":true},"post_mortem_template_id":{"type":"string","description":"Retrospective template to use when creating page, if desired","description_kind":"markdown","optional":true},"site":{"type":["map","string"],"description":"Map must contain two fields, `id` and `name`. ","description_kind":"markdown","required":true},"task_type":{"type":"string","description_kind":"plain","optional":true},"template_id":{"type":"string","description":"The SharePoint file ID to use as a template","description_kind":"markdown","optional":true},"title":{"type":"string","description":"The page title","description_kind":"markdown","required":true}},"description":"The parameters for this workflow task.","description_kind":"markdown"},"min_items":1,"max_items":1}},"description":"Manages workflow create_sharepoint_page task.","description_kind":"markdown"}},"rootly_workflow_task_create_shortcut_story":{"version":0,"block":{"attributes":{"enabled":{"type":"bool","description":"Enable/disable this workflow task","description_kind":"markdown","optional":true},"id":{"type":"string","description_kind":"plain","optional":true,"computed":true},"name":{"type":"string","description":"Name of the workflow task","description_kind":"markdown","optional":true,"computed":true},"position":{"type":"number","description":"The position of the workflow task (1 being top of list)","description_kind":"markdown","optional":true,"computed":true},"skip_on_failure":{"type":"bool","description":"Skip workflow task if any failures","description_kind":"markdown","optional":true},"workflow_id":{"type":"string","description":"The ID of the parent workflow","description_kind":"markdown","required":true}},"block_types":{"task_params":{"nesting_mode":"list","block":{"attributes":{"archivation":{"type":["map","string"],"description":"Map must contain two fields, `id` and `name`. The archivation id and display name","description_kind":"markdown","required":true},"description":{"type":"string","description":"The incident description","description_kind":"markdown","optional":true},"due_date":{"type":"string","description":"The due date","description_kind":"markdown","optional":true},"group":{"type":["map","string"],"description":"Map must contain two fields, `id` and `name`. The group id and display name","description_kind":"markdown","optional":true},"kind":{"type":"string","description":"Value must be one of `bug`, `chore`, `feature`.","description_kind":"markdown","required":true},"labels":{"type":"string","description":"The story labels","description_kind":"markdown","optional":true},"project":{"type":["map","string"],"description":"Map must contain two fields, `id` and `name`. The project id and display name","description_kind":"markdown","optional":true},"task_type":{"type":"string","description_kind":"plain","optional":true},"title":{"type":"string","description":"The incident title","description_kind":"markdown","required":true},"workflow_state":{"type":["map","string"],"description":"Map must contain two fields, `id` and `name`. The workflow state id workflow state name","description_kind":"markdown","optional":true}},"description":"The parameters for this workflow task.","description_kind":"markdown"},"min_items":1,"max_items":1}},"description":"Manages workflow create_shortcut_story task.","description_kind":"markdown"}},"rootly_workflow_task_create_shortcut_task":{"version":0,"block":{"attributes":{"enabled":{"type":"bool","description":"Enable/disable this workflow task","description_kind":"markdown","optional":true},"id":{"type":"string","description_kind":"plain","optional":true,"computed":true},"name":{"type":"string","description":"Name of the workflow task","description_kind":"markdown","optional":true,"computed":true},"position":{"type":"number","description":"The position of the workflow task (1 being top of list)","description_kind":"markdown","optional":true,"computed":true},"skip_on_failure":{"type":"bool","description":"Skip workflow task if any failures","description_kind":"markdown","optional":true},"workflow_id":{"type":"string","description":"The ID of the parent workflow","description_kind":"markdown","required":true}},"block_types":{"task_params":{"nesting_mode":"list","block":{"attributes":{"completion":{"type":["map","string"],"description":"Map must contain two fields, `id` and `name`. The completion id and display name","description_kind":"markdown","required":true},"description":{"type":"string","description":"The task description","description_kind":"markdown","required":true},"parent_story_id":{"type":"string","description":"The parent story","description_kind":"markdown","required":true},"task_type":{"type":"string","description_kind":"plain","optional":true}},"description":"The parameters for this workflow task.","description_kind":"markdown"},"min_items":1,"max_items":1}},"description":"Manages workflow create_shortcut_task task.","description_kind":"markdown"}},"rootly_workflow_task_create_slack_channel":{"version":0,"block":{"attributes":{"enabled":{"type":"bool","description":"Enable/disable this workflow task","description_kind":"markdown","optional":true},"id":{"type":"string","description_kind":"plain","optional":true,"computed":true},"name":{"type":"string","description":"Name of the workflow task","description_kind":"markdown","optional":true,"computed":true},"position":{"type":"number","description":"The position of the workflow task (1 being top of list)","description_kind":"markdown","optional":true,"computed":true},"skip_on_failure":{"type":"bool","description":"Skip workflow task if any failures","description_kind":"markdown","optional":true},"workflow_id":{"type":"string","description":"The ID of the parent workflow","description_kind":"markdown","required":true}},"block_types":{"task_params":{"nesting_mode":"list","block":{"attributes":{"private":{"type":"string","description":"Value must be one of `auto`, `true`, `false`.","description_kind":"markdown","optional":true},"task_type":{"type":"string","description_kind":"plain","optional":true},"title":{"type":"string","description":"Slack channel title","description_kind":"markdown","required":true},"workspace":{"type":["map","string"],"description":"Map must contain two fields, `id` and `name`. ","description_kind":"markdown","required":true}},"description":"The parameters for this workflow task.","description_kind":"markdown"},"min_items":1,"max_items":1}},"description":"Manages workflow create_slack_channel task.","description_kind":"markdown"}},"rootly_workflow_task_create_sub_incident":{"version":0,"block":{"attributes":{"enabled":{"type":"bool","description":"Enable/disable this workflow task","description_kind":"markdown","optional":true},"id":{"type":"string","description_kind":"plain","optional":true,"computed":true},"name":{"type":"string","description":"Name of the workflow task","description_kind":"markdown","optional":true,"computed":true},"position":{"type":"number","description":"The position of the workflow task (1 being top of list)","description_kind":"markdown","optional":true,"computed":true},"skip_on_failure":{"type":"bool","description":"Skip workflow task if any failures","description_kind":"markdown","optional":true},"workflow_id":{"type":"string","description":"The ID of the parent workflow","description_kind":"markdown","required":true}},"block_types":{"task_params":{"nesting_mode":"list","block":{"attributes":{"summary":{"type":"string","description":"The sub incident summary","description_kind":"markdown","optional":true},"task_type":{"type":"string","description_kind":"plain","optional":true},"title":{"type":"string","description":"The sub incident title","description_kind":"markdown","required":true}},"description":"The parameters for this workflow task.","description_kind":"markdown"},"min_items":1,"max_items":1}},"description":"Manages workflow create_sub_incident task.","description_kind":"markdown"}},"rootly_workflow_task_create_trello_card":{"version":0,"block":{"attributes":{"enabled":{"type":"bool","description":"Enable/disable this workflow task","description_kind":"markdown","optional":true},"id":{"type":"string","description_kind":"plain","optional":true,"computed":true},"name":{"type":"string","description":"Name of the workflow task","description_kind":"markdown","optional":true,"computed":true},"position":{"type":"number","description":"The position of the workflow task (1 being top of list)","description_kind":"markdown","optional":true,"computed":true},"skip_on_failure":{"type":"bool","description":"Skip workflow task if any failures","description_kind":"markdown","optional":true},"workflow_id":{"type":"string","description":"The ID of the parent workflow","description_kind":"markdown","required":true}},"block_types":{"task_params":{"nesting_mode":"list","block":{"attributes":{"archivation":{"type":["map","string"],"description":"Map must contain two fields, `id` and `name`. The archivation id and display name","description_kind":"markdown","optional":true},"board":{"type":["map","string"],"description":"Map must contain two fields, `id` and `name`. The board id and display name","description_kind":"markdown","required":true},"description":{"type":"string","description":"The card description","description_kind":"markdown","optional":true},"due_date":{"type":"string","description":"The due date","description_kind":"markdown","optional":true},"list":{"type":["map","string"],"description":"Map must contain two fields, `id` and `name`. The list id and display name","description_kind":"markdown","required":true},"task_type":{"type":"string","description_kind":"plain","optional":true},"title":{"type":"string","description":"The card title","description_kind":"markdown","required":true}},"block_types":{"labels":{"nesting_mode":"list","block":{"attributes":{"id":{"type":"string","description_kind":"plain","required":true},"name":{"type":"string","description_kind":"plain","required":true}},"description_kind":"plain"}}},"description":"The parameters for this workflow task.","description_kind":"markdown"},"min_items":1,"max_items":1}},"description":"Manages workflow create_trello_card task.","description_kind":"markdown"}},"rootly_workflow_task_create_watsonx_chat_completion":{"version":0,"block":{"attributes":{"enabled":{"type":"bool","description":"Enable/disable this workflow task","description_kind":"markdown","optional":true},"id":{"type":"string","description_kind":"plain","optional":true,"computed":true},"name":{"type":"string","description":"Name of the workflow task","description_kind":"markdown","optional":true,"computed":true},"position":{"type":"number","description":"The position of the workflow task (1 being top of list)","description_kind":"markdown","optional":true,"computed":true},"skip_on_failure":{"type":"bool","description":"Skip workflow task if any failures","description_kind":"markdown","optional":true},"workflow_id":{"type":"string","description":"The ID of the parent workflow","description_kind":"markdown","required":true}},"block_types":{"task_params":{"nesting_mode":"list","block":{"attributes":{"model":{"type":["map","string"],"description":"Map must contain two fields, `id` and `name`. The WatsonX model. eg: ibm/granite-3-b8b-instruct","description_kind":"markdown","required":true},"project_id":{"type":"string","description_kind":"plain","required":true},"prompt":{"type":"string","description":"The prompt to send to WatsonX","description_kind":"markdown","required":true},"system_prompt":{"type":"string","description":"The system prompt to send to WatsonX (optional)","description_kind":"markdown","optional":true},"task_type":{"type":"string","description_kind":"plain","optional":true}},"description":"The parameters for this workflow task.","description_kind":"markdown"},"min_items":1,"max_items":1}},"description":"Manages workflow create_watsonx_chat_completion task.","description_kind":"markdown"}},"rootly_workflow_task_create_webex_meeting":{"version":0,"block":{"attributes":{"enabled":{"type":"bool","description":"Enable/disable this workflow task","description_kind":"markdown","optional":true},"id":{"type":"string","description_kind":"plain","optional":true,"computed":true},"name":{"type":"string","description":"Name of the workflow task","description_kind":"markdown","optional":true,"computed":true},"position":{"type":"number","description":"The position of the workflow task (1 being top of list)","description_kind":"markdown","optional":true,"computed":true},"skip_on_failure":{"type":"bool","description":"Skip workflow task if any failures","description_kind":"markdown","optional":true},"workflow_id":{"type":"string","description":"The ID of the parent workflow","description_kind":"markdown","required":true}},"block_types":{"task_params":{"nesting_mode":"list","block":{"attributes":{"password":{"type":"string","description":"The meeting password","description_kind":"markdown","optional":true},"post_to_incident_timeline":{"type":"bool","description":"Value must be one of true or false","description_kind":"markdown","optional":true},"record_meeting":{"type":"bool","description":"Rootly AI will record the meeting and automatically generate a transcript and summary from your meeting. Value must be one of true or false","description_kind":"markdown","optional":true},"recording_mode":{"type":"string","description":"The video layout for the bot's recording (e.g. speaker_view, gallery_view, gallery_view_v2, audio_only). Value must be one of `speaker_view`, `gallery_view`, `gallery_view_v2`, `audio_only`.","description_kind":"markdown","optional":true},"task_type":{"type":"string","description_kind":"plain","optional":true},"topic":{"type":"string","description":"The meeting topic","description_kind":"markdown","required":true}},"block_types":{"post_to_slack_channels":{"nesting_mode":"list","block":{"attributes":{"id":{"type":"string","description_kind":"plain","required":true},"name":{"type":"string","description_kind":"plain","required":true}},"description_kind":"plain"}}},"description":"The parameters for this workflow task.","description_kind":"markdown"},"min_items":1,"max_items":1}},"description":"Manages workflow create_webex_meeting task.","description_kind":"markdown"}},"rootly_workflow_task_create_zendesk_jira_link":{"version":0,"block":{"attributes":{"enabled":{"type":"bool","description":"Enable/disable this workflow task","description_kind":"markdown","optional":true},"id":{"type":"string","description_kind":"plain","optional":true,"computed":true},"name":{"type":"string","description":"Name of the workflow task","description_kind":"markdown","optional":true,"computed":true},"position":{"type":"number","description":"The position of the workflow task (1 being top of list)","description_kind":"markdown","optional":true,"computed":true},"skip_on_failure":{"type":"bool","description":"Skip workflow task if any failures","description_kind":"markdown","optional":true},"workflow_id":{"type":"string","description":"The ID of the parent workflow","description_kind":"markdown","required":true}},"block_types":{"task_params":{"nesting_mode":"list","block":{"attributes":{"jira_issue_id":{"type":"string","description":"Jira Issue Id.","description_kind":"markdown","required":true},"jira_issue_key":{"type":"string","description":"Jira Issue Key.","description_kind":"markdown","required":true},"task_type":{"type":"string","description_kind":"plain","optional":true},"zendesk_ticket_id":{"type":"string","description":"Zendesk Ticket Id.","description_kind":"markdown","required":true}},"description":"The parameters for this workflow task.","description_kind":"markdown"},"min_items":1,"max_items":1}},"description":"Manages workflow create_zendesk_jira_link task.","description_kind":"markdown"}},"rootly_workflow_task_create_zendesk_ticket":{"version":0,"block":{"attributes":{"enabled":{"type":"bool","description":"Enable/disable this workflow task","description_kind":"markdown","optional":true},"id":{"type":"string","description_kind":"plain","optional":true,"computed":true},"name":{"type":"string","description":"Name of the workflow task","description_kind":"markdown","optional":true,"computed":true},"position":{"type":"number","description":"The position of the workflow task (1 being top of list)","description_kind":"markdown","optional":true,"computed":true},"skip_on_failure":{"type":"bool","description":"Skip workflow task if any failures","description_kind":"markdown","optional":true},"workflow_id":{"type":"string","description":"The ID of the parent workflow","description_kind":"markdown","required":true}},"block_types":{"task_params":{"nesting_mode":"list","block":{"attributes":{"comment":{"type":"string","description":"The ticket comment","description_kind":"markdown","optional":true},"completion":{"type":["map","string"],"description":"Map must contain two fields, `id` and `name`. The completion id and display name","description_kind":"markdown","optional":true},"custom_fields_mapping":{"type":"string","description":"Custom field mappings. Can contain liquid markup and need to be valid JSON","description_kind":"markdown","optional":true},"kind":{"type":"string","description":"Value must be one of `problem`, `incident`, `question`, `task`.","description_kind":"markdown","required":true},"priority":{"type":["map","string"],"description":"Map must contain two fields, `id` and `name`. The priority id and display name","description_kind":"markdown","optional":true},"subject":{"type":"string","description":"The ticket subject","description_kind":"markdown","required":true},"tags":{"type":"string","description":"The ticket tags","description_kind":"markdown","optional":true},"task_type":{"type":"string","description_kind":"plain","optional":true},"ticket_payload":{"type":"string","description":"Additional Zendesk ticket attributes. Will be merged into whatever was specified in this tasks current parameters. Can contain liquid markup and need to be valid JSON","description_kind":"markdown","optional":true}},"description":"The parameters for this workflow task.","description_kind":"markdown"},"min_items":1,"max_items":1}},"description":"Manages workflow create_zendesk_ticket task.","description_kind":"markdown"}},"rootly_workflow_task_create_zoom_meeting":{"version":0,"block":{"attributes":{"enabled":{"type":"bool","description":"Enable/disable this workflow task","description_kind":"markdown","optional":true},"id":{"type":"string","description_kind":"plain","optional":true,"computed":true},"name":{"type":"string","description":"Name of the workflow task","description_kind":"markdown","optional":true,"computed":true},"position":{"type":"number","description":"The position of the workflow task (1 being top of list)","description_kind":"markdown","optional":true,"computed":true},"skip_on_failure":{"type":"bool","description":"Skip workflow task if any failures","description_kind":"markdown","optional":true},"workflow_id":{"type":"string","description":"The ID of the parent workflow","description_kind":"markdown","required":true}},"block_types":{"task_params":{"nesting_mode":"list","block":{"attributes":{"alternative_hosts":{"type":["list","string"],"description_kind":"plain","optional":true},"auto_recording":{"type":"string","description":"Value must be one of `none`, `local`, `cloud`.","description_kind":"markdown","optional":true},"create_as_email":{"type":"string","description":"The email to use if creating as email","description_kind":"markdown","optional":true},"enable_zoom_bot_auto_join":{"type":"bool","description":"Allow the Rootly bot to start recording without waiting for host approval. Value must be one of true or false","description_kind":"markdown","optional":true},"password":{"type":"string","description":"The meeting password","description_kind":"markdown","optional":true},"post_to_incident_timeline":{"type":"bool","description":"Value must be one of true or false","description_kind":"markdown","optional":true},"record_meeting":{"type":"bool","description":"Rootly AI will record the meeting and automatically generate a transcript and summary from your meeting. Value must be one of true or false","description_kind":"markdown","optional":true},"recording_mode":{"type":"string","description":"The video layout for the bot's recording (e.g. speaker_view, gallery_view, gallery_view_v2, audio_only). Value must be one of `speaker_view`, `gallery_view`, `gallery_view_v2`, `audio_only`.","description_kind":"markdown","optional":true},"task_type":{"type":"string","description_kind":"plain","optional":true},"topic":{"type":"string","description":"The meeting topic","description_kind":"markdown","required":true}},"block_types":{"post_to_slack_channels":{"nesting_mode":"list","block":{"attributes":{"id":{"type":"string","description_kind":"plain","required":true},"name":{"type":"string","description_kind":"plain","required":true}},"description_kind":"plain"}}},"description":"The parameters for this workflow task.","description_kind":"markdown"},"min_items":1,"max_items":1}},"description":"Manages workflow create_zoom_meeting task.","description_kind":"markdown"}},"rootly_workflow_task_get_alerts":{"version":0,"block":{"attributes":{"enabled":{"type":"bool","description":"Enable/disable this workflow task","description_kind":"markdown","optional":true},"id":{"type":"string","description_kind":"plain","optional":true,"computed":true},"name":{"type":"string","description":"Name of the workflow task","description_kind":"markdown","optional":true,"computed":true},"position":{"type":"number","description":"The position of the workflow task (1 being top of list)","description_kind":"markdown","optional":true,"computed":true},"skip_on_failure":{"type":"bool","description":"Skip workflow task if any failures","description_kind":"markdown","optional":true},"workflow_id":{"type":"string","description":"The ID of the parent workflow","description_kind":"markdown","required":true}},"block_types":{"task_params":{"nesting_mode":"list","block":{"attributes":{"environment_ids":{"type":["list","string"],"description_kind":"plain","optional":true},"environments_impacted_by_incident":{"type":"bool","description":"Value must be one of true or false","description_kind":"markdown","optional":true},"labels":{"type":["list","string"],"description_kind":"plain","optional":true},"parent_message_thread_task":{"type":["map","string"],"description":"Map must contain two fields, `id` and `name`. A hash where [id] is the task id of the parent task that sent a message, and [name] is the name of the parent task","description_kind":"markdown","optional":true},"past_duration":{"type":"string","description":"How far back to fetch commits (in format '1 minute', '30 days', '3 months', etc.)","description_kind":"markdown","required":true},"post_to_incident_timeline":{"type":"bool","description":"Value must be one of true or false","description_kind":"markdown","optional":true},"service_ids":{"type":["list","string"],"description_kind":"plain","optional":true},"services_impacted_by_incident":{"type":"bool","description":"Value must be one of true or false","description_kind":"markdown","optional":true},"sources":{"type":["list","string"],"description_kind":"plain","optional":true},"task_type":{"type":"string","description_kind":"plain","optional":true}},"block_types":{"post_to_slack_channels":{"nesting_mode":"list","block":{"attributes":{"id":{"type":"string","description_kind":"plain","required":true},"name":{"type":"string","description_kind":"plain","required":true}},"description_kind":"plain"}}},"description":"The parameters for this workflow task.","description_kind":"markdown"},"min_items":1,"max_items":1}},"description":"Manages workflow get_alerts task.","description_kind":"markdown"}},"rootly_workflow_task_get_github_commits":{"version":0,"block":{"attributes":{"enabled":{"type":"bool","description":"Enable/disable this workflow task","description_kind":"markdown","optional":true},"id":{"type":"string","description_kind":"plain","optional":true,"computed":true},"name":{"type":"string","description":"Name of the workflow task","description_kind":"markdown","optional":true,"computed":true},"position":{"type":"number","description":"The position of the workflow task (1 being top of list)","description_kind":"markdown","optional":true,"computed":true},"skip_on_failure":{"type":"bool","description":"Skip workflow task if any failures","description_kind":"markdown","optional":true},"workflow_id":{"type":"string","description":"The ID of the parent workflow","description_kind":"markdown","required":true}},"block_types":{"task_params":{"nesting_mode":"list","block":{"attributes":{"branch":{"type":"string","description":"The branch","description_kind":"markdown","required":true},"github_repository_names":{"type":["list","string"],"description_kind":"plain","optional":true},"past_duration":{"type":"string","description":"How far back to fetch commits (in format '1 minute', '30 days', '3 months', etc.)","description_kind":"markdown","required":true},"post_to_incident_timeline":{"type":"bool","description":"Value must be one of true or false","description_kind":"markdown","optional":true},"service_ids":{"type":["list","string"],"description_kind":"plain","optional":true},"services_impacted_by_incident":{"type":"bool","description":"Value must be one of true or false","description_kind":"markdown","optional":true},"task_type":{"type":"string","description_kind":"plain","optional":true}},"block_types":{"post_to_slack_channels":{"nesting_mode":"list","block":{"attributes":{"id":{"type":"string","description_kind":"plain","required":true},"name":{"type":"string","description_kind":"plain","required":true}},"description_kind":"plain"}}},"description":"The parameters for this workflow task.","description_kind":"markdown"},"min_items":1,"max_items":1}},"description":"Manages workflow get_github_commits task.","description_kind":"markdown"}},"rootly_workflow_task_get_gitlab_commits":{"version":0,"block":{"attributes":{"enabled":{"type":"bool","description":"Enable/disable this workflow task","description_kind":"markdown","optional":true},"id":{"type":"string","description_kind":"plain","optional":true,"computed":true},"name":{"type":"string","description":"Name of the workflow task","description_kind":"markdown","optional":true,"computed":true},"position":{"type":"number","description":"The position of the workflow task (1 being top of list)","description_kind":"markdown","optional":true,"computed":true},"skip_on_failure":{"type":"bool","description":"Skip workflow task if any failures","description_kind":"markdown","optional":true},"workflow_id":{"type":"string","description":"The ID of the parent workflow","description_kind":"markdown","required":true}},"block_types":{"task_params":{"nesting_mode":"list","block":{"attributes":{"branch":{"type":"string","description":"The branch","description_kind":"markdown","required":true},"gitlab_repository_names":{"type":["list","string"],"description_kind":"plain","optional":true},"past_duration":{"type":"string","description":"How far back to fetch commits (in format '1 minute', '30 days', '3 months', etc.)","description_kind":"markdown","required":true},"post_to_incident_timeline":{"type":"bool","description":"Value must be one of true or false","description_kind":"markdown","optional":true},"service_ids":{"type":["list","string"],"description_kind":"plain","optional":true},"services_impacted_by_incident":{"type":"bool","description":"Value must be one of true or false","description_kind":"markdown","optional":true},"task_type":{"type":"string","description_kind":"plain","optional":true}},"block_types":{"post_to_slack_channels":{"nesting_mode":"list","block":{"attributes":{"id":{"type":"string","description_kind":"plain","required":true},"name":{"type":"string","description_kind":"plain","required":true}},"description_kind":"plain"}}},"description":"The parameters for this workflow task.","description_kind":"markdown"},"min_items":1,"max_items":1}},"description":"Manages workflow get_gitlab_commits task.","description_kind":"markdown"}},"rootly_workflow_task_get_pulses":{"version":0,"block":{"attributes":{"enabled":{"type":"bool","description":"Enable/disable this workflow task","description_kind":"markdown","optional":true},"id":{"type":"string","description_kind":"plain","optional":true,"computed":true},"name":{"type":"string","description":"Name of the workflow task","description_kind":"markdown","optional":true,"computed":true},"position":{"type":"number","description":"The position of the workflow task (1 being top of list)","description_kind":"markdown","optional":true,"computed":true},"skip_on_failure":{"type":"bool","description":"Skip workflow task if any failures","description_kind":"markdown","optional":true},"workflow_id":{"type":"string","description":"The ID of the parent workflow","description_kind":"markdown","required":true}},"block_types":{"task_params":{"nesting_mode":"list","block":{"attributes":{"environment_ids":{"type":["list","string"],"description_kind":"plain","optional":true},"environments_impacted_by_incident":{"type":"bool","description":"Value must be one of true or false","description_kind":"markdown","optional":true},"labels":{"type":["list","string"],"description_kind":"plain","optional":true},"parent_message_thread_task":{"type":["map","string"],"description":"Map must contain two fields, `id` and `name`. A hash where [id] is the task id of the parent task that sent a message, and [name] is the name of the parent task","description_kind":"markdown","optional":true},"past_duration":{"type":"string","description":"How far back to fetch commits (in format '1 minute', '30 days', '3 months', etc.)","description_kind":"markdown","required":true},"post_to_incident_timeline":{"type":"bool","description":"Value must be one of true or false","description_kind":"markdown","optional":true},"refs":{"type":["list","string"],"description_kind":"plain","optional":true},"service_ids":{"type":["list","string"],"description_kind":"plain","optional":true},"services_impacted_by_incident":{"type":"bool","description":"Value must be one of true or false","description_kind":"markdown","optional":true},"sources":{"type":["list","string"],"description_kind":"plain","optional":true},"task_type":{"type":"string","description_kind":"plain","optional":true}},"block_types":{"post_to_slack_channels":{"nesting_mode":"list","block":{"attributes":{"id":{"type":"string","description_kind":"plain","required":true},"name":{"type":"string","description_kind":"plain","required":true}},"description_kind":"plain"}}},"description":"The parameters for this workflow task.","description_kind":"markdown"},"min_items":1,"max_items":1}},"description":"Manages workflow get_pulses task.","description_kind":"markdown"}},"rootly_workflow_task_http_client":{"version":1,"block":{"attributes":{"enabled":{"type":"bool","description":"Enable/disable this workflow task","description_kind":"markdown","optional":true},"id":{"type":"string","description_kind":"plain","optional":true,"computed":true},"name":{"type":"string","description":"Name of the workflow task","description_kind":"markdown","optional":true,"computed":true},"position":{"type":"number","description":"The position of the workflow task (1 being top of list)","description_kind":"markdown","optional":true,"computed":true},"skip_on_failure":{"type":"bool","description":"Skip workflow task if any failures","description_kind":"markdown","optional":true},"workflow_id":{"type":"string","description":"The ID of the parent workflow","description_kind":"markdown","required":true}},"block_types":{"task_params":{"nesting_mode":"list","block":{"attributes":{"body":{"type":"string","description":"HTTP body","description_kind":"markdown","optional":true},"event_message":{"type":"string","description_kind":"plain","optional":true},"event_url":{"type":"string","description_kind":"plain","optional":true},"headers":{"type":"string","description":"JSON map of HTTP headers","description_kind":"markdown","optional":true},"method":{"type":"string","description":"HTTP method. Value must be one of `GET`, `POST`, `PATCH`, `PUT`, `DELETE`, `OPTIONS`.","description_kind":"markdown","optional":true},"params":{"type":"string","description":"JSON map of HTTP query parameters","description_kind":"markdown","optional":true},"post_to_incident_timeline":{"type":"bool","description":"Value must be one of true or false","description_kind":"markdown","optional":true},"retry_count":{"type":"number","description":"Number of times to retry on HTTP 429 responses (0-4). 0 disables retry.","description_kind":"markdown","optional":true},"retry_wait_time":{"type":"number","description":"Seconds to wait before each retry (1-15). Retry-After header is honored when present and \u003c= 90s, taking the larger of retry_wait_time and the header value.","description_kind":"markdown","optional":true},"succeed_on_status":{"type":"string","description":"HTTP status code expected. Can be a regular expression. Eg: 200, 200|203, 20[0-3]","description_kind":"markdown","required":true},"task_type":{"type":"string","description_kind":"plain","optional":true},"url":{"type":"string","description":"URL endpoint","description_kind":"markdown","required":true}},"block_types":{"post_to_slack_channels":{"nesting_mode":"list","block":{"attributes":{"id":{"type":"string","description_kind":"plain","required":true},"name":{"type":"string","description_kind":"plain","required":true}},"description_kind":"plain"}}},"description":"The parameters for this workflow task.","description_kind":"markdown"},"min_items":1,"max_items":1}},"description":"Manages workflow http_client task.","description_kind":"markdown"}},"rootly_workflow_task_invite_to_google_chat_space":{"version":0,"block":{"attributes":{"enabled":{"type":"bool","description":"Enable/disable this workflow task","description_kind":"markdown","optional":true},"id":{"type":"string","description_kind":"plain","optional":true,"computed":true},"name":{"type":"string","description":"Name of the workflow task","description_kind":"markdown","optional":true,"computed":true},"position":{"type":"number","description":"The position of the workflow task (1 being top of list)","description_kind":"markdown","optional":true,"computed":true},"skip_on_failure":{"type":"bool","description":"Skip workflow task if any failures","description_kind":"markdown","optional":true},"workflow_id":{"type":"string","description":"The ID of the parent workflow","description_kind":"markdown","required":true}},"block_types":{"task_params":{"nesting_mode":"list","block":{"attributes":{"emails":{"type":"string","description":"Comma separated list of emails to invite","description_kind":"markdown","required":true},"space":{"type":["map","string"],"description":"Map must contain two fields, `id` and `name`. ","description_kind":"markdown","required":true},"task_type":{"type":"string","description_kind":"plain","optional":true}},"description":"The parameters for this workflow task.","description_kind":"markdown"},"min_items":1,"max_items":1}},"description":"Manages workflow invite_to_google_chat_space task.","description_kind":"markdown"}},"rootly_workflow_task_invite_to_microsoft_teams_channel":{"version":0,"block":{"attributes":{"enabled":{"type":"bool","description":"Enable/disable this workflow task","description_kind":"markdown","optional":true},"id":{"type":"string","description_kind":"plain","optional":true,"computed":true},"name":{"type":"string","description":"Name of the workflow task","description_kind":"markdown","optional":true,"computed":true},"position":{"type":"number","description":"The position of the workflow task (1 being top of list)","description_kind":"markdown","optional":true,"computed":true},"skip_on_failure":{"type":"bool","description":"Skip workflow task if any failures","description_kind":"markdown","optional":true},"workflow_id":{"type":"string","description":"The ID of the parent workflow","description_kind":"markdown","required":true}},"block_types":{"task_params":{"nesting_mode":"list","block":{"attributes":{"channel":{"type":["map","string"],"description":"Map must contain two fields, `id` and `name`. ","description_kind":"markdown","required":true},"emails":{"type":"string","description":"Comma separated list of emails to invite","description_kind":"markdown","required":true},"task_type":{"type":"string","description_kind":"plain","optional":true},"team":{"type":["map","string"],"description":"Map must contain two fields, `id` and `name`. ","description_kind":"markdown","optional":true}},"description":"The parameters for this workflow task.","description_kind":"markdown"},"min_items":1,"max_items":1}},"description":"Manages workflow invite_to_microsoft_teams_channel task.","description_kind":"markdown"}},"rootly_workflow_task_invite_to_microsoft_teams_channel_rootly":{"version":0,"block":{"attributes":{"enabled":{"type":"bool","description":"Enable/disable this workflow task","description_kind":"markdown","optional":true},"id":{"type":"string","description_kind":"plain","optional":true,"computed":true},"name":{"type":"string","description":"Name of the workflow task","description_kind":"markdown","optional":true,"computed":true},"position":{"type":"number","description":"The position of the workflow task (1 being top of list)","description_kind":"markdown","optional":true,"computed":true},"skip_on_failure":{"type":"bool","description":"Skip workflow task if any failures","description_kind":"markdown","optional":true},"workflow_id":{"type":"string","description":"The ID of the parent workflow","description_kind":"markdown","required":true}},"block_types":{"task_params":{"nesting_mode":"list","block":{"attributes":{"channel":{"type":["map","string"],"description":"Map must contain two fields, `id` and `name`. ","description_kind":"markdown","required":true},"escalation_policy_target":{"type":["map","string"],"description":"Map must contain two fields, `id` and `name`. ","description_kind":"markdown","optional":true},"group_target":{"type":["map","string"],"description":"Map must contain two fields, `id` and `name`. ","description_kind":"markdown","optional":true},"schedule_target":{"type":["map","string"],"description":"Map must contain two fields, `id` and `name`. ","description_kind":"markdown","optional":true},"service_target":{"type":["map","string"],"description":"Map must contain two fields, `id` and `name`. ","description_kind":"markdown","optional":true},"task_type":{"type":"string","description_kind":"plain","optional":true},"team":{"type":["map","string"],"description":"Map must contain two fields, `id` and `name`. ","description_kind":"markdown","required":true},"user_target":{"type":["map","string"],"description":"Map must contain two fields, `id` and `name`. ","description_kind":"markdown","optional":true}},"description":"The parameters for this workflow task.","description_kind":"markdown"},"min_items":1,"max_items":1}},"description":"Manages workflow invite_to_microsoft_teams_channel_rootly task.","description_kind":"markdown"}},"rootly_workflow_task_invite_to_slack_channel":{"version":0,"block":{"attributes":{"enabled":{"type":"bool","description":"Enable/disable this workflow task","description_kind":"markdown","optional":true},"id":{"type":"string","description_kind":"plain","optional":true,"computed":true},"name":{"type":"string","description":"Name of the workflow task","description_kind":"markdown","optional":true,"computed":true},"position":{"type":"number","description":"The position of the workflow task (1 being top of list)","description_kind":"markdown","optional":true,"computed":true},"skip_on_failure":{"type":"bool","description":"Skip workflow task if any failures","description_kind":"markdown","optional":true},"workflow_id":{"type":"string","description":"The ID of the parent workflow","description_kind":"markdown","required":true}},"block_types":{"task_params":{"nesting_mode":"list","block":{"attributes":{"channel":{"type":["map","string"],"description":"Map must contain two fields, `id` and `name`. ","description_kind":"markdown","required":true},"slack_emails":{"type":"string","description":"Comma separated list of emails to invite to the channel","description_kind":"markdown","optional":true},"task_type":{"type":"string","description_kind":"plain","optional":true}},"block_types":{"slack_user_groups":{"nesting_mode":"list","block":{"attributes":{"id":{"type":"string","description_kind":"plain","required":true},"name":{"type":"string","description_kind":"plain","required":true}},"description_kind":"plain"}},"slack_users":{"nesting_mode":"list","block":{"attributes":{"id":{"type":"string","description_kind":"plain","required":true},"name":{"type":"string","description_kind":"plain","required":true}},"description_kind":"plain"}}},"description":"The parameters for this workflow task.","description_kind":"markdown"},"min_items":1,"max_items":1}},"description":"Manages workflow invite_to_slack_channel task.","description_kind":"markdown"}},"rootly_workflow_task_invite_to_slack_channel_opsgenie":{"version":0,"block":{"attributes":{"enabled":{"type":"bool","description":"Enable/disable this workflow task","description_kind":"markdown","optional":true},"id":{"type":"string","description_kind":"plain","optional":true,"computed":true},"name":{"type":"string","description":"Name of the workflow task","description_kind":"markdown","optional":true,"computed":true},"position":{"type":"number","description":"The position of the workflow task (1 being top of list)","description_kind":"markdown","optional":true,"computed":true},"skip_on_failure":{"type":"bool","description":"Skip workflow task if any failures","description_kind":"markdown","optional":true},"workflow_id":{"type":"string","description":"The ID of the parent workflow","description_kind":"markdown","required":true}},"block_types":{"task_params":{"nesting_mode":"list","block":{"attributes":{"schedule":{"type":["map","string"],"description":"Map must contain two fields, `id` and `name`. ","description_kind":"markdown","required":true},"task_type":{"type":"string","description_kind":"plain","optional":true}},"block_types":{"channels":{"nesting_mode":"list","block":{"attributes":{"id":{"type":"string","description_kind":"plain","required":true},"name":{"type":"string","description_kind":"plain","required":true}},"description_kind":"plain"},"min_items":1}},"description":"The parameters for this workflow task.","description_kind":"markdown"},"min_items":1,"max_items":1}},"description":"Manages workflow invite_to_slack_channel_opsgenie task.","description_kind":"markdown"}},"rootly_workflow_task_invite_to_slack_channel_pagerduty":{"version":0,"block":{"attributes":{"enabled":{"type":"bool","description":"Enable/disable this workflow task","description_kind":"markdown","optional":true},"id":{"type":"string","description_kind":"plain","optional":true,"computed":true},"name":{"type":"string","description":"Name of the workflow task","description_kind":"markdown","optional":true,"computed":true},"position":{"type":"number","description":"The position of the workflow task (1 being top of list)","description_kind":"markdown","optional":true,"computed":true},"skip_on_failure":{"type":"bool","description":"Skip workflow task if any failures","description_kind":"markdown","optional":true},"workflow_id":{"type":"string","description":"The ID of the parent workflow","description_kind":"markdown","required":true}},"block_types":{"task_params":{"nesting_mode":"list","block":{"attributes":{"escalation_policy":{"type":["map","string"],"description":"Map must contain two fields, `id` and `name`. ","description_kind":"markdown","optional":true},"schedule":{"type":["map","string"],"description":"Map must contain two fields, `id` and `name`. ","description_kind":"markdown","optional":true},"service":{"type":["map","string"],"description":"Map must contain two fields, `id` and `name`. ","description_kind":"markdown","optional":true},"task_type":{"type":"string","description_kind":"plain","optional":true}},"block_types":{"channels":{"nesting_mode":"list","block":{"attributes":{"id":{"type":"string","description_kind":"plain","required":true},"name":{"type":"string","description_kind":"plain","required":true}},"description_kind":"plain"},"min_items":1}},"description":"The parameters for this workflow task.","description_kind":"markdown"},"min_items":1,"max_items":1}},"description":"Manages workflow invite_to_slack_channel_pagerduty task.","description_kind":"markdown"}},"rootly_workflow_task_invite_to_slack_channel_rootly":{"version":0,"block":{"attributes":{"enabled":{"type":"bool","description":"Enable/disable this workflow task","description_kind":"markdown","optional":true},"id":{"type":"string","description_kind":"plain","optional":true,"computed":true},"name":{"type":"string","description":"Name of the workflow task","description_kind":"markdown","optional":true,"computed":true},"position":{"type":"number","description":"The position of the workflow task (1 being top of list)","description_kind":"markdown","optional":true,"computed":true},"skip_on_failure":{"type":"bool","description":"Skip workflow task if any failures","description_kind":"markdown","optional":true},"workflow_id":{"type":"string","description":"The ID of the parent workflow","description_kind":"markdown","required":true}},"block_types":{"task_params":{"nesting_mode":"list","block":{"attributes":{"escalation_policy_target":{"type":["map","string"],"description":"Map must contain two fields, `id` and `name`. ","description_kind":"markdown","optional":true},"group_target":{"type":["map","string"],"description":"Map must contain two fields, `id` and `name`. ","description_kind":"markdown","optional":true},"schedule_target":{"type":["map","string"],"description":"Map must contain two fields, `id` and `name`. ","description_kind":"markdown","optional":true},"service_target":{"type":["map","string"],"description":"Map must contain two fields, `id` and `name`. ","description_kind":"markdown","optional":true},"task_type":{"type":"string","description_kind":"plain","optional":true},"user_target":{"type":["map","string"],"description":"Map must contain two fields, `id` and `name`. ","description_kind":"markdown","optional":true}},"block_types":{"channels":{"nesting_mode":"list","block":{"attributes":{"id":{"type":"string","description_kind":"plain","required":true},"name":{"type":"string","description_kind":"plain","required":true}},"description_kind":"plain"},"min_items":1}},"description":"The parameters for this workflow task.","description_kind":"markdown"},"min_items":1,"max_items":1}},"description":"Manages workflow invite_to_slack_channel_rootly task.","description_kind":"markdown"}},"rootly_workflow_task_invite_to_slack_channel_victor_ops":{"version":0,"block":{"attributes":{"enabled":{"type":"bool","description":"Enable/disable this workflow task","description_kind":"markdown","optional":true},"id":{"type":"string","description_kind":"plain","optional":true,"computed":true},"name":{"type":"string","description":"Name of the workflow task","description_kind":"markdown","optional":true,"computed":true},"position":{"type":"number","description":"The position of the workflow task (1 being top of list)","description_kind":"markdown","optional":true,"computed":true},"skip_on_failure":{"type":"bool","description":"Skip workflow task if any failures","description_kind":"markdown","optional":true},"workflow_id":{"type":"string","description":"The ID of the parent workflow","description_kind":"markdown","required":true}},"block_types":{"task_params":{"nesting_mode":"list","block":{"attributes":{"task_type":{"type":"string","description_kind":"plain","optional":true},"team":{"type":["map","string"],"description":"Map must contain two fields, `id` and `name`. ","description_kind":"markdown","required":true}},"block_types":{"channels":{"nesting_mode":"list","block":{"attributes":{"id":{"type":"string","description_kind":"plain","required":true},"name":{"type":"string","description_kind":"plain","required":true}},"description_kind":"plain"},"min_items":1}},"description":"The parameters for this workflow task.","description_kind":"markdown"},"min_items":1,"max_items":1}},"description":"Manages workflow invite_to_slack_channel_victor_ops task.","description_kind":"markdown"}},"rootly_workflow_task_page_jsmops_on_call_responders":{"version":0,"block":{"attributes":{"enabled":{"type":"bool","description":"Enable/disable this workflow task","description_kind":"markdown","optional":true},"id":{"type":"string","description_kind":"plain","optional":true,"computed":true},"name":{"type":"string","description":"Name of the workflow task","description_kind":"markdown","optional":true,"computed":true},"position":{"type":"number","description":"The position of the workflow task (1 being top of list)","description_kind":"markdown","optional":true,"computed":true},"skip_on_failure":{"type":"bool","description":"Skip workflow task if any failures","description_kind":"markdown","optional":true},"workflow_id":{"type":"string","description":"The ID of the parent workflow","description_kind":"markdown","required":true}},"block_types":{"task_params":{"nesting_mode":"list","block":{"attributes":{"description":{"type":"string","description":"Description field of the incident that is generally used to provide a detailed information about the incident","description_kind":"markdown","optional":true},"message":{"type":"string","description":"Message of the incident","description_kind":"markdown","optional":true},"priority":{"type":"string","description":"Value must be one of `P3`, `P1`, `P2`, `P4`, `P5`, `auto`.","description_kind":"markdown","optional":true},"task_type":{"type":"string","description_kind":"plain","optional":true},"title":{"type":"string","description":"Incident title.","description_kind":"markdown","optional":true}},"block_types":{"teams":{"nesting_mode":"list","block":{"attributes":{"id":{"type":"string","description_kind":"plain","required":true},"name":{"type":"string","description_kind":"plain","required":true}},"description_kind":"plain"}},"users":{"nesting_mode":"list","block":{"attributes":{"id":{"type":"string","description_kind":"plain","required":true},"name":{"type":"string","description_kind":"plain","required":true}},"description_kind":"plain"}}},"description":"The parameters for this workflow task.","description_kind":"markdown"},"min_items":1,"max_items":1}},"description":"Manages workflow page_jsmops_on_call_responders task.","description_kind":"markdown"}},"rootly_workflow_task_page_opsgenie_on_call_responders":{"version":0,"block":{"attributes":{"enabled":{"type":"bool","description":"Enable/disable this workflow task","description_kind":"markdown","optional":true},"id":{"type":"string","description_kind":"plain","optional":true,"computed":true},"name":{"type":"string","description":"Name of the workflow task","description_kind":"markdown","optional":true,"computed":true},"position":{"type":"number","description":"The position of the workflow task (1 being top of list)","description_kind":"markdown","optional":true,"computed":true},"skip_on_failure":{"type":"bool","description":"Skip workflow task if any failures","description_kind":"markdown","optional":true},"workflow_id":{"type":"string","description":"The ID of the parent workflow","description_kind":"markdown","required":true}},"block_types":{"task_params":{"nesting_mode":"list","block":{"attributes":{"description":{"type":"string","description":"Description field of the incident that is generally used to provide a detailed information about the incident","description_kind":"markdown","optional":true},"message":{"type":"string","description":"Message of the incident","description_kind":"markdown","optional":true},"priority":{"type":"string","description":"Value must be one of `P1`, `P2`, `P3`, `P4`, `P5`, `auto`.","description_kind":"markdown","optional":true},"task_type":{"type":"string","description_kind":"plain","optional":true},"title":{"type":"string","description":"Incident title.","description_kind":"markdown","optional":true}},"block_types":{"teams":{"nesting_mode":"list","block":{"attributes":{"id":{"type":"string","description_kind":"plain","required":true},"name":{"type":"string","description_kind":"plain","required":true}},"description_kind":"plain"}},"users":{"nesting_mode":"list","block":{"attributes":{"id":{"type":"string","description_kind":"plain","required":true},"name":{"type":"string","description_kind":"plain","required":true}},"description_kind":"plain"}}},"description":"The parameters for this workflow task.","description_kind":"markdown"},"min_items":1,"max_items":1}},"description":"Manages workflow page_opsgenie_on_call_responders task.","description_kind":"markdown"}},"rootly_workflow_task_page_pagerduty_on_call_responders":{"version":0,"block":{"attributes":{"enabled":{"type":"bool","description":"Enable/disable this workflow task","description_kind":"markdown","optional":true},"id":{"type":"string","description_kind":"plain","optional":true,"computed":true},"name":{"type":"string","description":"Name of the workflow task","description_kind":"markdown","optional":true,"computed":true},"position":{"type":"number","description":"The position of the workflow task (1 being top of list)","description_kind":"markdown","optional":true,"computed":true},"skip_on_failure":{"type":"bool","description":"Skip workflow task if any failures","description_kind":"markdown","optional":true},"workflow_id":{"type":"string","description":"The ID of the parent workflow","description_kind":"markdown","required":true}},"block_types":{"task_params":{"nesting_mode":"list","block":{"attributes":{"create_new_incident_on_conflict":{"type":"bool","description":"Rootly only supports linking to a single PagerDuty incident. If this feature is disabled Rootly will add responders from any additional pages to the existing PagerDuty incident that is linked to the Rootly incident. If enabled, Rootly will create a new PagerDuty incident that is not linked to any Rootly incidents. Value must be one of true or false","description_kind":"markdown","optional":true},"message":{"type":"string","description_kind":"plain","optional":true},"priority":{"type":"string","description":"PagerDuty incident priority, selecting auto will let Rootly auto map our incident severity","description_kind":"markdown","optional":true},"service":{"type":["map","string"],"description":"Map must contain two fields, `id` and `name`. ","description_kind":"markdown","required":true},"task_type":{"type":"string","description_kind":"plain","optional":true},"title":{"type":"string","description":"Incident title.","description_kind":"markdown","optional":true},"urgency":{"type":"string","description":"Value must be one of `high`, `low`, `auto`.","description_kind":"markdown","optional":true}},"block_types":{"escalation_policies":{"nesting_mode":"list","block":{"attributes":{"id":{"type":"string","description_kind":"plain","required":true},"name":{"type":"string","description_kind":"plain","required":true}},"description_kind":"plain"}},"users":{"nesting_mode":"list","block":{"attributes":{"id":{"type":"string","description_kind":"plain","required":true},"name":{"type":"string","description_kind":"plain","required":true}},"description_kind":"plain"}}},"description":"The parameters for this workflow task.","description_kind":"markdown"},"min_items":1,"max_items":1}},"description":"Manages workflow page_pagerduty_on_call_responders task.","description_kind":"markdown"}},"rootly_workflow_task_page_rootly_on_call_responders":{"version":0,"block":{"attributes":{"enabled":{"type":"bool","description":"Enable/disable this workflow task","description_kind":"markdown","optional":true},"id":{"type":"string","description_kind":"plain","optional":true,"computed":true},"name":{"type":"string","description":"Name of the workflow task","description_kind":"markdown","optional":true,"computed":true},"position":{"type":"number","description":"The position of the workflow task (1 being top of list)","description_kind":"markdown","optional":true,"computed":true},"skip_on_failure":{"type":"bool","description":"Skip workflow task if any failures","description_kind":"markdown","optional":true},"workflow_id":{"type":"string","description":"The ID of the parent workflow","description_kind":"markdown","required":true}},"block_types":{"task_params":{"nesting_mode":"list","block":{"attributes":{"alert_urgency_id":{"type":"string","description":"Alert urgency ID","description_kind":"markdown","required":true},"create_new_alert":{"type":"bool","description":"When true, always create a new alert instead of re-paging the alert that triggered the workflow. Value must be one of true or false","description_kind":"markdown","optional":true},"description":{"type":"string","description":"Alert description","description_kind":"markdown","optional":true},"escalation_note":{"type":"string","description_kind":"plain","optional":true},"escalation_policy_target":{"type":["map","string"],"description":"Map must contain two fields, `id` and `name`. ","description_kind":"markdown","optional":true},"functionality_target":{"type":["map","string"],"description":"Map must contain two fields, `id` and `name`. ","description_kind":"markdown","optional":true},"group_target":{"type":["map","string"],"description":"Map must contain two fields, `id` and `name`. ","description_kind":"markdown","optional":true},"service_target":{"type":["map","string"],"description":"Map must contain two fields, `id` and `name`. ","description_kind":"markdown","optional":true},"summary":{"type":"string","description":"Alert title","description_kind":"markdown","required":true},"task_type":{"type":"string","description_kind":"plain","optional":true},"user_target":{"type":["map","string"],"description":"Map must contain two fields, `id` and `name`. ","description_kind":"markdown","optional":true}},"description":"The parameters for this workflow task.","description_kind":"markdown"},"min_items":1,"max_items":1}},"description":"Manages workflow page_rootly_on_call_responders task.","description_kind":"markdown"}},"rootly_workflow_task_page_victor_ops_on_call_responders":{"version":0,"block":{"attributes":{"enabled":{"type":"bool","description":"Enable/disable this workflow task","description_kind":"markdown","optional":true},"id":{"type":"string","description_kind":"plain","optional":true,"computed":true},"name":{"type":"string","description":"Name of the workflow task","description_kind":"markdown","optional":true,"computed":true},"position":{"type":"number","description":"The position of the workflow task (1 being top of list)","description_kind":"markdown","optional":true,"computed":true},"skip_on_failure":{"type":"bool","description":"Skip workflow task if any failures","description_kind":"markdown","optional":true},"workflow_id":{"type":"string","description":"The ID of the parent workflow","description_kind":"markdown","required":true}},"block_types":{"task_params":{"nesting_mode":"list","block":{"attributes":{"task_type":{"type":"string","description_kind":"plain","optional":true},"title":{"type":"string","description":"Alert title.","description_kind":"markdown","optional":true}},"block_types":{"escalation_policies":{"nesting_mode":"list","block":{"attributes":{"id":{"type":"string","description_kind":"plain","required":true},"name":{"type":"string","description_kind":"plain","required":true}},"description_kind":"plain"}},"users":{"nesting_mode":"list","block":{"attributes":{"id":{"type":"string","description_kind":"plain","required":true},"name":{"type":"string","description_kind":"plain","required":true}},"description_kind":"plain"}}},"description":"The parameters for this workflow task.","description_kind":"markdown"},"min_items":1,"max_items":1}},"description":"Manages workflow page_victor_ops_on_call_responders task.","description_kind":"markdown"}},"rootly_workflow_task_print":{"version":0,"block":{"attributes":{"enabled":{"type":"bool","description":"Enable/disable this workflow task","description_kind":"markdown","optional":true},"id":{"type":"string","description_kind":"plain","optional":true,"computed":true},"name":{"type":"string","description":"Name of the workflow task","description_kind":"markdown","optional":true,"computed":true},"position":{"type":"number","description":"The position of the workflow task (1 being top of list)","description_kind":"markdown","optional":true,"computed":true},"skip_on_failure":{"type":"bool","description":"Skip workflow task if any failures","description_kind":"markdown","optional":true},"workflow_id":{"type":"string","description":"The ID of the parent workflow","description_kind":"markdown","required":true}},"block_types":{"task_params":{"nesting_mode":"list","block":{"attributes":{"message":{"type":"string","description":"The message to print","description_kind":"markdown","required":true},"task_type":{"type":"string","description_kind":"plain","optional":true}},"description":"The parameters for this workflow task.","description_kind":"markdown"},"min_items":1,"max_items":1}},"description":"Manages workflow print task.","description_kind":"markdown"}},"rootly_workflow_task_publish_incident":{"version":0,"block":{"attributes":{"enabled":{"type":"bool","description":"Enable/disable this workflow task","description_kind":"markdown","optional":true},"id":{"type":"string","description_kind":"plain","optional":true,"computed":true},"name":{"type":"string","description":"Name of the workflow task","description_kind":"markdown","optional":true,"computed":true},"position":{"type":"number","description":"The position of the workflow task (1 being top of list)","description_kind":"markdown","optional":true,"computed":true},"skip_on_failure":{"type":"bool","description":"Skip workflow task if any failures","description_kind":"markdown","optional":true},"workflow_id":{"type":"string","description":"The ID of the parent workflow","description_kind":"markdown","required":true}},"block_types":{"task_params":{"nesting_mode":"list","block":{"attributes":{"event":{"type":"string","description":"Incident event description","description_kind":"markdown","optional":true},"incident":{"type":["map","string"],"description":"Map must contain two fields, `id` and `name`. ","description_kind":"markdown","required":true},"integration_payload":{"type":"string","description":"Additional API Payload you can pass to statuspage.io for example. Can contain liquid markup and need to be valid JSON","description_kind":"markdown","optional":true},"notify_subscribers":{"type":"bool","description":"When true notifies subscribers of the status page by email/text. Value must be one of true or false","description_kind":"markdown","optional":true},"public_title":{"type":"string","description_kind":"plain","required":true},"selected_component_keys":{"type":["list","string"],"description":"Composite \"SourceType:\u003cid\u003e\" keys of the status page components affected by the publish. This field is in Early Access and is not generally available; contact Rootly Support to request access.","description_kind":"markdown","optional":true},"selected_component_statuses":{"type":["map","string"],"description":"Impact status to publish for each selected component key. Keys must match selected_component_keys entries.","description_kind":"markdown","optional":true},"should_tweet":{"type":"bool","description":"For Statuspage.io integrated pages auto publishes a tweet for your update. Value must be one of true or false","description_kind":"markdown","optional":true},"status":{"type":"string","description":"Value must be one of `investigating`, `identified`, `monitoring`, `resolved`, `scheduled`, `in_progress`, `completed`.","description_kind":"markdown","required":true},"status_page_id":{"type":"string","description_kind":"plain","required":true},"status_page_ids":{"type":["list","string"],"description":"Publishes the update to every listed status page. This field is in limited Early Access; contact Rootly Support to request access. When set, it takes precedence over status_page_id and the first entry becomes status_page_id.","description_kind":"markdown","optional":true},"status_page_template":{"type":["map","string"],"description":"Map must contain two fields, `id` and `name`. ","description_kind":"markdown","optional":true},"task_type":{"type":"string","description_kind":"plain","optional":true}},"description":"The parameters for this workflow task.","description_kind":"markdown"},"min_items":1,"max_items":1}},"description":"Manages workflow publish_incident task.","description_kind":"markdown"}},"rootly_workflow_task_redis_client":{"version":0,"block":{"attributes":{"enabled":{"type":"bool","description":"Enable/disable this workflow task","description_kind":"markdown","optional":true},"id":{"type":"string","description_kind":"plain","optional":true,"computed":true},"name":{"type":"string","description":"Name of the workflow task","description_kind":"markdown","optional":true,"computed":true},"position":{"type":"number","description":"The position of the workflow task (1 being top of list)","description_kind":"markdown","optional":true,"computed":true},"skip_on_failure":{"type":"bool","description":"Skip workflow task if any failures","description_kind":"markdown","optional":true},"workflow_id":{"type":"string","description":"The ID of the parent workflow","description_kind":"markdown","required":true}},"block_types":{"task_params":{"nesting_mode":"list","block":{"attributes":{"commands":{"type":"string","description_kind":"plain","required":true},"event_message":{"type":"string","description_kind":"plain","optional":true},"event_url":{"type":"string","description_kind":"plain","optional":true},"post_to_incident_timeline":{"type":"bool","description":"Value must be one of true or false","description_kind":"markdown","optional":true},"task_type":{"type":"string","description_kind":"plain","optional":true},"url":{"type":"string","description_kind":"plain","required":true}},"block_types":{"post_to_slack_channels":{"nesting_mode":"list","block":{"attributes":{"id":{"type":"string","description_kind":"plain","required":true},"name":{"type":"string","description_kind":"plain","required":true}},"description_kind":"plain"}}},"description":"The parameters for this workflow task.","description_kind":"markdown"},"min_items":1,"max_items":1}},"description":"Manages workflow redis_client task.","description_kind":"markdown"}},"rootly_workflow_task_remove_google_docs_permissions":{"version":0,"block":{"attributes":{"enabled":{"type":"bool","description":"Enable/disable this workflow task","description_kind":"markdown","optional":true},"id":{"type":"string","description_kind":"plain","optional":true,"computed":true},"name":{"type":"string","description":"Name of the workflow task","description_kind":"markdown","optional":true,"computed":true},"position":{"type":"number","description":"The position of the workflow task (1 being top of list)","description_kind":"markdown","optional":true,"computed":true},"skip_on_failure":{"type":"bool","description":"Skip workflow task if any failures","description_kind":"markdown","optional":true},"workflow_id":{"type":"string","description":"The ID of the parent workflow","description_kind":"markdown","required":true}},"block_types":{"task_params":{"nesting_mode":"list","block":{"attributes":{"attribute_to_query_by":{"type":"string","description":"Value must be one of `type`, `role`, `email_address`.","description_kind":"markdown","required":true},"file_id":{"type":"string","description":"The Google Doc file ID","description_kind":"markdown","required":true},"task_type":{"type":"string","description_kind":"plain","optional":true},"value":{"type":"string","description_kind":"plain","required":true}},"description":"The parameters for this workflow task.","description_kind":"markdown"},"min_items":1,"max_items":1}},"description":"Manages workflow remove_google_docs_permissions task.","description_kind":"markdown"}},"rootly_workflow_task_rename_google_chat_space":{"version":0,"block":{"attributes":{"enabled":{"type":"bool","description":"Enable/disable this workflow task","description_kind":"markdown","optional":true},"id":{"type":"string","description_kind":"plain","optional":true,"computed":true},"name":{"type":"string","description":"Name of the workflow task","description_kind":"markdown","optional":true,"computed":true},"position":{"type":"number","description":"The position of the workflow task (1 being top of list)","description_kind":"markdown","optional":true,"computed":true},"skip_on_failure":{"type":"bool","description":"Skip workflow task if any failures","description_kind":"markdown","optional":true},"workflow_id":{"type":"string","description":"The ID of the parent workflow","description_kind":"markdown","required":true}},"block_types":{"task_params":{"nesting_mode":"list","block":{"attributes":{"space":{"type":["map","string"],"description":"Map must contain two fields, `id` and `name`. ","description_kind":"markdown","required":true},"task_type":{"type":"string","description_kind":"plain","optional":true},"title":{"type":"string","description_kind":"plain","required":true}},"description":"The parameters for this workflow task.","description_kind":"markdown"},"min_items":1,"max_items":1}},"description":"Manages workflow rename_google_chat_space task.","description_kind":"markdown"}},"rootly_workflow_task_rename_microsoft_teams_channel":{"version":0,"block":{"attributes":{"enabled":{"type":"bool","description":"Enable/disable this workflow task","description_kind":"markdown","optional":true},"id":{"type":"string","description_kind":"plain","optional":true,"computed":true},"name":{"type":"string","description":"Name of the workflow task","description_kind":"markdown","optional":true,"computed":true},"position":{"type":"number","description":"The position of the workflow task (1 being top of list)","description_kind":"markdown","optional":true,"computed":true},"skip_on_failure":{"type":"bool","description":"Skip workflow task if any failures","description_kind":"markdown","optional":true},"workflow_id":{"type":"string","description":"The ID of the parent workflow","description_kind":"markdown","required":true}},"block_types":{"task_params":{"nesting_mode":"list","block":{"attributes":{"channel":{"type":["map","string"],"description":"Map must contain two fields, `id` and `name`. ","description_kind":"markdown","required":true},"task_type":{"type":"string","description_kind":"plain","optional":true},"team":{"type":["map","string"],"description":"Map must contain two fields, `id` and `name`. ","description_kind":"markdown","required":true},"title":{"type":"string","description_kind":"plain","required":true}},"description":"The parameters for this workflow task.","description_kind":"markdown"},"min_items":1,"max_items":1}},"description":"Manages workflow rename_microsoft_teams_channel task.","description_kind":"markdown"}},"rootly_workflow_task_rename_slack_channel":{"version":0,"block":{"attributes":{"enabled":{"type":"bool","description":"Enable/disable this workflow task","description_kind":"markdown","optional":true},"id":{"type":"string","description_kind":"plain","optional":true,"computed":true},"name":{"type":"string","description":"Name of the workflow task","description_kind":"markdown","optional":true,"computed":true},"position":{"type":"number","description":"The position of the workflow task (1 being top of list)","description_kind":"markdown","optional":true,"computed":true},"skip_on_failure":{"type":"bool","description":"Skip workflow task if any failures","description_kind":"markdown","optional":true},"workflow_id":{"type":"string","description":"The ID of the parent workflow","description_kind":"markdown","required":true}},"block_types":{"task_params":{"nesting_mode":"list","block":{"attributes":{"channel":{"type":["map","string"],"description":"Map must contain two fields, `id` and `name`. ","description_kind":"markdown","required":true},"task_type":{"type":"string","description_kind":"plain","optional":true},"title":{"type":"string","description_kind":"plain","required":true}},"description":"The parameters for this workflow task.","description_kind":"markdown"},"min_items":1,"max_items":1}},"description":"Manages workflow rename_slack_channel task.","description_kind":"markdown"}},"rootly_workflow_task_run_command_heroku":{"version":0,"block":{"attributes":{"enabled":{"type":"bool","description":"Enable/disable this workflow task","description_kind":"markdown","optional":true},"id":{"type":"string","description_kind":"plain","optional":true,"computed":true},"name":{"type":"string","description":"Name of the workflow task","description_kind":"markdown","optional":true,"computed":true},"position":{"type":"number","description":"The position of the workflow task (1 being top of list)","description_kind":"markdown","optional":true,"computed":true},"skip_on_failure":{"type":"bool","description":"Skip workflow task if any failures","description_kind":"markdown","optional":true},"workflow_id":{"type":"string","description":"The ID of the parent workflow","description_kind":"markdown","required":true}},"block_types":{"task_params":{"nesting_mode":"list","block":{"attributes":{"app_name":{"type":"string","description_kind":"plain","required":true},"command":{"type":"string","description_kind":"plain","required":true},"post_to_incident_timeline":{"type":"bool","description":"Value must be one of true or false","description_kind":"markdown","optional":true},"size":{"type":"string","description":"Value must be one of `standard-1X`, `standard-2X`.","description_kind":"markdown","required":true},"task_type":{"type":"string","description_kind":"plain","optional":true}},"block_types":{"post_to_slack_channels":{"nesting_mode":"list","block":{"attributes":{"id":{"type":"string","description_kind":"plain","required":true},"name":{"type":"string","description_kind":"plain","required":true}},"description_kind":"plain"}}},"description":"The parameters for this workflow task.","description_kind":"markdown"},"min_items":1,"max_items":1}},"description":"Manages workflow run_command_heroku task.","description_kind":"markdown"}},"rootly_workflow_task_send_dashboard_report":{"version":0,"block":{"attributes":{"enabled":{"type":"bool","description":"Enable/disable this workflow task","description_kind":"markdown","optional":true},"id":{"type":"string","description_kind":"plain","optional":true,"computed":true},"name":{"type":"string","description":"Name of the workflow task","description_kind":"markdown","optional":true,"computed":true},"position":{"type":"number","description":"The position of the workflow task (1 being top of list)","description_kind":"markdown","optional":true,"computed":true},"skip_on_failure":{"type":"bool","description":"Skip workflow task if any failures","description_kind":"markdown","optional":true},"workflow_id":{"type":"string","description":"The ID of the parent workflow","description_kind":"markdown","required":true}},"block_types":{"task_params":{"nesting_mode":"list","block":{"attributes":{"body":{"type":"string","description":"The email body","description_kind":"markdown","required":true},"dashboard_ids":{"type":["list","string"],"description_kind":"plain","required":true},"from":{"type":"string","description":"The from email address. Need to use SMTP integration if different than rootly.com","description_kind":"markdown","optional":true},"preheader":{"type":"string","description":"The preheader","description_kind":"markdown","optional":true},"subject":{"type":"string","description":"The subject","description_kind":"markdown","required":true},"task_type":{"type":"string","description_kind":"plain","optional":true},"to":{"type":["list","string"],"description_kind":"plain","required":true}},"description":"The parameters for this workflow task.","description_kind":"markdown"},"min_items":1,"max_items":1}},"description":"Manages workflow send_dashboard_report task.","description_kind":"markdown"}},"rootly_workflow_task_send_email":{"version":0,"block":{"attributes":{"enabled":{"type":"bool","description":"Enable/disable this workflow task","description_kind":"markdown","optional":true},"id":{"type":"string","description_kind":"plain","optional":true,"computed":true},"name":{"type":"string","description":"Name of the workflow task","description_kind":"markdown","optional":true,"computed":true},"position":{"type":"number","description":"The position of the workflow task (1 being top of list)","description_kind":"markdown","optional":true,"computed":true},"skip_on_failure":{"type":"bool","description":"Skip workflow task if any failures","description_kind":"markdown","optional":true},"workflow_id":{"type":"string","description":"The ID of the parent workflow","description_kind":"markdown","required":true}},"block_types":{"task_params":{"nesting_mode":"list","block":{"attributes":{"bcc":{"type":["list","string"],"description_kind":"plain","optional":true},"body":{"type":"string","description":"The email body","description_kind":"markdown","required":true},"cc":{"type":["list","string"],"description_kind":"plain","optional":true},"custom_logo_url":{"type":"string","description":"URL to your custom email logo","description_kind":"markdown","optional":true},"from":{"type":"string","description":"The from email address. Need to use SMTP integration if different than rootly.com","description_kind":"markdown","optional":true},"include_footer":{"type":"bool","description":"Value must be one of true or false","description_kind":"markdown","optional":true},"include_header":{"type":"bool","description":"Value must be one of true or false","description_kind":"markdown","optional":true},"preheader":{"type":"string","description":"The preheader","description_kind":"markdown","optional":true},"subject":{"type":"string","description":"The subject","description_kind":"markdown","required":true},"task_type":{"type":"string","description_kind":"plain","optional":true},"to":{"type":["list","string"],"description_kind":"plain","required":true}},"description":"The parameters for this workflow task.","description_kind":"markdown"},"min_items":1,"max_items":1}},"description":"Manages workflow send_email task.","description_kind":"markdown"}},"rootly_workflow_task_send_google_chat_attachments":{"version":0,"block":{"attributes":{"enabled":{"type":"bool","description":"Enable/disable this workflow task","description_kind":"markdown","optional":true},"id":{"type":"string","description_kind":"plain","optional":true,"computed":true},"name":{"type":"string","description":"Name of the workflow task","description_kind":"markdown","optional":true,"computed":true},"position":{"type":"number","description":"The position of the workflow task (1 being top of list)","description_kind":"markdown","optional":true,"computed":true},"skip_on_failure":{"type":"bool","description":"Skip workflow task if any failures","description_kind":"markdown","optional":true},"workflow_id":{"type":"string","description":"The ID of the parent workflow","description_kind":"markdown","required":true}},"block_types":{"task_params":{"nesting_mode":"list","block":{"attributes":{"attachments":{"type":"string","description_kind":"plain","required":true},"task_type":{"type":"string","description_kind":"plain","optional":true}},"block_types":{"spaces":{"nesting_mode":"list","block":{"attributes":{"id":{"type":"string","description_kind":"plain","required":true},"name":{"type":"string","description_kind":"plain","required":true}},"description_kind":"plain"},"min_items":1}},"description":"The parameters for this workflow task.","description_kind":"markdown"},"min_items":1,"max_items":1}},"description":"Manages workflow send_google_chat_attachments task.","description_kind":"markdown"}},"rootly_workflow_task_send_google_chat_message":{"version":0,"block":{"attributes":{"enabled":{"type":"bool","description":"Enable/disable this workflow task","description_kind":"markdown","optional":true},"id":{"type":"string","description_kind":"plain","optional":true,"computed":true},"name":{"type":"string","description":"Name of the workflow task","description_kind":"markdown","optional":true,"computed":true},"position":{"type":"number","description":"The position of the workflow task (1 being top of list)","description_kind":"markdown","optional":true,"computed":true},"skip_on_failure":{"type":"bool","description":"Skip workflow task if any failures","description_kind":"markdown","optional":true},"workflow_id":{"type":"string","description":"The ID of the parent workflow","description_kind":"markdown","required":true}},"block_types":{"task_params":{"nesting_mode":"list","block":{"attributes":{"task_type":{"type":"string","description_kind":"plain","optional":true},"text":{"type":"string","description_kind":"plain","required":true},"thread_key":{"type":"string","description":"Thread key to reply within a thread. Messages with the same thread key are grouped together","description_kind":"markdown","optional":true}},"block_types":{"spaces":{"nesting_mode":"list","block":{"attributes":{"id":{"type":"string","description_kind":"plain","required":true},"name":{"type":"string","description_kind":"plain","required":true}},"description_kind":"plain"},"min_items":1}},"description":"The parameters for this workflow task.","description_kind":"markdown"},"min_items":1,"max_items":1}},"description":"Manages workflow send_google_chat_message task.","description_kind":"markdown"}},"rootly_workflow_task_send_microsoft_teams_blocks":{"version":0,"block":{"attributes":{"enabled":{"type":"bool","description":"Enable/disable this workflow task","description_kind":"markdown","optional":true},"id":{"type":"string","description_kind":"plain","optional":true,"computed":true},"name":{"type":"string","description":"Name of the workflow task","description_kind":"markdown","optional":true,"computed":true},"position":{"type":"number","description":"The position of the workflow task (1 being top of list)","description_kind":"markdown","optional":true,"computed":true},"skip_on_failure":{"type":"bool","description":"Skip workflow task if any failures","description_kind":"markdown","optional":true},"workflow_id":{"type":"string","description":"The ID of the parent workflow","description_kind":"markdown","required":true}},"block_types":{"task_params":{"nesting_mode":"list","block":{"attributes":{"attachments":{"type":"string","description":"Support liquid markup. Needs to be a valid JSON string after liquid is parsed","description_kind":"markdown","required":true},"task_type":{"type":"string","description_kind":"plain","optional":true}},"block_types":{"channels":{"nesting_mode":"list","block":{"attributes":{"id":{"type":"string","description_kind":"plain","required":true},"name":{"type":"string","description_kind":"plain","required":true}},"description_kind":"plain"}}},"description":"The parameters for this workflow task.","description_kind":"markdown"},"min_items":1,"max_items":1}},"description":"Manages workflow send_microsoft_teams_blocks task.","description_kind":"markdown"}},"rootly_workflow_task_send_microsoft_teams_chat_message":{"version":0,"block":{"attributes":{"enabled":{"type":"bool","description":"Enable/disable this workflow task","description_kind":"markdown","optional":true},"id":{"type":"string","description_kind":"plain","optional":true,"computed":true},"name":{"type":"string","description":"Name of the workflow task","description_kind":"markdown","optional":true,"computed":true},"position":{"type":"number","description":"The position of the workflow task (1 being top of list)","description_kind":"markdown","optional":true,"computed":true},"skip_on_failure":{"type":"bool","description":"Skip workflow task if any failures","description_kind":"markdown","optional":true},"workflow_id":{"type":"string","description":"The ID of the parent workflow","description_kind":"markdown","required":true}},"block_types":{"task_params":{"nesting_mode":"list","block":{"attributes":{"task_type":{"type":"string","description_kind":"plain","optional":true},"text":{"type":"string","description":"The message text","description_kind":"markdown","required":true}},"block_types":{"chats":{"nesting_mode":"list","block":{"attributes":{"id":{"type":"string","description_kind":"plain","required":true},"name":{"type":"string","description_kind":"plain","required":true}},"description_kind":"plain"},"min_items":1}},"description":"The parameters for this workflow task.","description_kind":"markdown"},"min_items":1,"max_items":1}},"description":"Manages workflow send_microsoft_teams_chat_message task.","description_kind":"markdown"}},"rootly_workflow_task_send_microsoft_teams_message":{"version":0,"block":{"attributes":{"enabled":{"type":"bool","description":"Enable/disable this workflow task","description_kind":"markdown","optional":true},"id":{"type":"string","description_kind":"plain","optional":true,"computed":true},"name":{"type":"string","description":"Name of the workflow task","description_kind":"markdown","optional":true,"computed":true},"position":{"type":"number","description":"The position of the workflow task (1 being top of list)","description_kind":"markdown","optional":true,"computed":true},"skip_on_failure":{"type":"bool","description":"Skip workflow task if any failures","description_kind":"markdown","optional":true},"workflow_id":{"type":"string","description":"The ID of the parent workflow","description_kind":"markdown","required":true}},"block_types":{"task_params":{"nesting_mode":"list","block":{"attributes":{"task_type":{"type":"string","description_kind":"plain","optional":true},"text":{"type":"string","description":"The message text","description_kind":"markdown","required":true}},"block_types":{"channels":{"nesting_mode":"list","block":{"attributes":{"id":{"type":"string","description_kind":"plain","required":true},"name":{"type":"string","description_kind":"plain","required":true}},"description_kind":"plain"}}},"description":"The parameters for this workflow task.","description_kind":"markdown"},"min_items":1,"max_items":1}},"description":"Manages workflow send_microsoft_teams_message task.","description_kind":"markdown"}},"rootly_workflow_task_send_slack_blocks":{"version":0,"block":{"attributes":{"enabled":{"type":"bool","description":"Enable/disable this workflow task","description_kind":"markdown","optional":true},"id":{"type":"string","description_kind":"plain","optional":true,"computed":true},"name":{"type":"string","description":"Name of the workflow task","description_kind":"markdown","optional":true,"computed":true},"position":{"type":"number","description":"The position of the workflow task (1 being top of list)","description_kind":"markdown","optional":true,"computed":true},"skip_on_failure":{"type":"bool","description":"Skip workflow task if any failures","description_kind":"markdown","optional":true},"workflow_id":{"type":"string","description":"The ID of the parent workflow","description_kind":"markdown","required":true}},"block_types":{"task_params":{"nesting_mode":"list","block":{"attributes":{"attachments":{"type":"string","description":"Support liquid markup. Needs to be a valid JSON string after liquid is parsed","description_kind":"markdown","optional":true},"blocks":{"type":"string","description":"Support liquid markup. Needs to be a valid JSON string after liquid is parsed","description_kind":"markdown","required":true},"broadcast_thread_reply_to_channel":{"type":"bool","description":"Value must be one of true or false","description_kind":"markdown","optional":true},"message":{"type":"string","description_kind":"plain","optional":true},"parent_message_thread_task":{"type":["map","string"],"description":"Map must contain two fields, `id` and `name`. A hash where [id] is the task id of the parent task that sent a message, and [name] is the name of the parent task","description_kind":"markdown","optional":true},"pin_to_channel":{"type":"bool","description":"Value must be one of true or false","description_kind":"markdown","optional":true},"send_as_ephemeral":{"type":"bool","description":"Value must be one of true or false","description_kind":"markdown","optional":true},"send_only_as_threaded_message":{"type":"bool","description":"When set to true, if the parent for this threaded message cannot be found the message will be skipped.. Value must be one of true or false","description_kind":"markdown","optional":true},"task_type":{"type":"string","description_kind":"plain","optional":true},"thread_ts":{"type":"string","description":"The thread to send the message into","description_kind":"markdown","optional":true},"update_parent_message":{"type":"bool","description":"Value must be one of true or false","description_kind":"markdown","optional":true}},"block_types":{"channels":{"nesting_mode":"list","block":{"attributes":{"id":{"type":"string","description_kind":"plain","required":true},"name":{"type":"string","description_kind":"plain","required":true}},"description_kind":"plain"}},"slack_user_groups":{"nesting_mode":"list","block":{"attributes":{"id":{"type":"string","description_kind":"plain","required":true},"name":{"type":"string","description_kind":"plain","required":true}},"description_kind":"plain"}},"slack_users":{"nesting_mode":"list","block":{"attributes":{"id":{"type":"string","description_kind":"plain","required":true},"name":{"type":"string","description_kind":"plain","required":true}},"description_kind":"plain"}}},"description":"The parameters for this workflow task.","description_kind":"markdown"},"min_items":1,"max_items":1}},"description":"Manages workflow send_slack_blocks task.","description_kind":"markdown"}},"rootly_workflow_task_send_slack_message":{"version":0,"block":{"attributes":{"enabled":{"type":"bool","description":"Enable/disable this workflow task","description_kind":"markdown","optional":true},"id":{"type":"string","description_kind":"plain","optional":true,"computed":true},"name":{"type":"string","description":"Name of the workflow task","description_kind":"markdown","optional":true,"computed":true},"position":{"type":"number","description":"The position of the workflow task (1 being top of list)","description_kind":"markdown","optional":true,"computed":true},"skip_on_failure":{"type":"bool","description":"Skip workflow task if any failures","description_kind":"markdown","optional":true},"workflow_id":{"type":"string","description":"The ID of the parent workflow","description_kind":"markdown","required":true}},"block_types":{"task_params":{"nesting_mode":"list","block":{"attributes":{"actionables":{"type":["list","string"],"description":"Value must be one of `update_summary`, `update_status`, `archive_channel`, `manage_incident_roles`, `update_incident`, `all_commands`, `leave_feedback`, `manage_form_fields`, `manage_action_items`, `view_tasks`, `add_pagerduty_responders`, `add_opsgenie_responders`, `add_victor_ops_responders`, `update_status_page`, `pause_reminder`, `snooze_reminder`, `restart_reminder`, `cancel_incident`, `delete_message`.","description_kind":"markdown","optional":true},"broadcast_thread_reply_to_channel":{"type":"bool","description":"Value must be one of true or false","description_kind":"markdown","optional":true},"color":{"type":"string","description":"A hex color ","description_kind":"markdown","optional":true},"parent_message_thread_task":{"type":["map","string"],"description":"Map must contain two fields, `id` and `name`. A hash where [id] is the task id of the parent task that sent a message, and [name] is the name of the parent task","description_kind":"markdown","optional":true},"pin_to_channel":{"type":"bool","description":"Value must be one of true or false","description_kind":"markdown","optional":true},"send_as_ephemeral":{"type":"bool","description":"Value must be one of true or false","description_kind":"markdown","optional":true},"send_only_as_threaded_message":{"type":"bool","description":"When set to true, if the parent for this threaded message cannot be found the message will be skipped.. Value must be one of true or false","description_kind":"markdown","optional":true},"task_type":{"type":"string","description_kind":"plain","optional":true},"text":{"type":"string","description":"The message text","description_kind":"markdown","required":true},"thread_ts":{"type":"string","description":"The thread to send the message into","description_kind":"markdown","optional":true},"update_parent_message":{"type":"bool","description":"Value must be one of true or false","description_kind":"markdown","optional":true}},"block_types":{"channels":{"nesting_mode":"list","block":{"attributes":{"id":{"type":"string","description_kind":"plain","required":true},"name":{"type":"string","description_kind":"plain","required":true}},"description_kind":"plain"}},"slack_user_groups":{"nesting_mode":"list","block":{"attributes":{"id":{"type":"string","description_kind":"plain","required":true},"name":{"type":"string","description_kind":"plain","required":true}},"description_kind":"plain"}},"slack_users":{"nesting_mode":"list","block":{"attributes":{"id":{"type":"string","description_kind":"plain","required":true},"name":{"type":"string","description_kind":"plain","required":true}},"description_kind":"plain"}}},"description":"The parameters for this workflow task.","description_kind":"markdown"},"min_items":1,"max_items":1}},"description":"Manages workflow send_slack_message task.","description_kind":"markdown"}},"rootly_workflow_task_send_sms":{"version":0,"block":{"attributes":{"enabled":{"type":"bool","description":"Enable/disable this workflow task","description_kind":"markdown","optional":true},"id":{"type":"string","description_kind":"plain","optional":true,"computed":true},"name":{"type":"string","description":"Name of the workflow task","description_kind":"markdown","optional":true,"computed":true},"position":{"type":"number","description":"The position of the workflow task (1 being top of list)","description_kind":"markdown","optional":true,"computed":true},"skip_on_failure":{"type":"bool","description":"Skip workflow task if any failures","description_kind":"markdown","optional":true},"workflow_id":{"type":"string","description":"The ID of the parent workflow","description_kind":"markdown","required":true}},"block_types":{"task_params":{"nesting_mode":"list","block":{"attributes":{"content":{"type":"string","description":"The SMS message","description_kind":"markdown","required":true},"name":{"type":"string","description":"The name","description_kind":"markdown","required":true},"phone_numbers":{"type":["list","string"],"description_kind":"plain","required":true},"task_type":{"type":"string","description_kind":"plain","optional":true}},"description":"The parameters for this workflow task.","description_kind":"markdown"},"min_items":1,"max_items":1}},"description":"Manages workflow send_sms task.","description_kind":"markdown"}},"rootly_workflow_task_send_whatsapp_message":{"version":0,"block":{"attributes":{"enabled":{"type":"bool","description":"Enable/disable this workflow task","description_kind":"markdown","optional":true},"id":{"type":"string","description_kind":"plain","optional":true,"computed":true},"name":{"type":"string","description":"Name of the workflow task","description_kind":"markdown","optional":true,"computed":true},"position":{"type":"number","description":"The position of the workflow task (1 being top of list)","description_kind":"markdown","optional":true,"computed":true},"skip_on_failure":{"type":"bool","description":"Skip workflow task if any failures","description_kind":"markdown","optional":true},"workflow_id":{"type":"string","description":"The ID of the parent workflow","description_kind":"markdown","required":true}},"block_types":{"task_params":{"nesting_mode":"list","block":{"attributes":{"content":{"type":"string","description":"The WhatsApp message","description_kind":"markdown","required":true},"name":{"type":"string","description":"The name","description_kind":"markdown","required":true},"phone_numbers":{"type":["list","string"],"description_kind":"plain","required":true},"task_type":{"type":"string","description_kind":"plain","optional":true}},"description":"The parameters for this workflow task.","description_kind":"markdown"},"min_items":1,"max_items":1}},"description":"Manages workflow send_whatsapp_message task.","description_kind":"markdown"}},"rootly_workflow_task_snapshot_datadog_graph":{"version":0,"block":{"attributes":{"enabled":{"type":"bool","description":"Enable/disable this workflow task","description_kind":"markdown","optional":true},"id":{"type":"string","description_kind":"plain","optional":true,"computed":true},"name":{"type":"string","description":"Name of the workflow task","description_kind":"markdown","optional":true,"computed":true},"position":{"type":"number","description":"The position of the workflow task (1 being top of list)","description_kind":"markdown","optional":true,"computed":true},"skip_on_failure":{"type":"bool","description":"Skip workflow task if any failures","description_kind":"markdown","optional":true},"workflow_id":{"type":"string","description":"The ID of the parent workflow","description_kind":"markdown","required":true}},"block_types":{"task_params":{"nesting_mode":"list","block":{"attributes":{"metric_queries":{"type":["list","string"],"description_kind":"plain","optional":true},"past_duration":{"type":"string","description":"in format '1 minute', '30 days', '3 months', etc","description_kind":"markdown","required":true},"post_to_incident_timeline":{"type":"bool","description":"Value must be one of true or false","description_kind":"markdown","optional":true},"task_type":{"type":"string","description_kind":"plain","optional":true}},"block_types":{"dashboards":{"nesting_mode":"list","block":{"attributes":{"id":{"type":"string","description_kind":"plain","required":true},"name":{"type":"string","description_kind":"plain","required":true}},"description_kind":"plain"}},"post_to_slack_channels":{"nesting_mode":"list","block":{"attributes":{"id":{"type":"string","description_kind":"plain","required":true},"name":{"type":"string","description_kind":"plain","required":true}},"description_kind":"plain"}}},"description":"The parameters for this workflow task.","description_kind":"markdown"},"min_items":1,"max_items":1}},"description":"Manages workflow snapshot_datadog_graph task.","description_kind":"markdown"}},"rootly_workflow_task_snapshot_grafana_dashboard":{"version":0,"block":{"attributes":{"enabled":{"type":"bool","description":"Enable/disable this workflow task","description_kind":"markdown","optional":true},"id":{"type":"string","description_kind":"plain","optional":true,"computed":true},"name":{"type":"string","description":"Name of the workflow task","description_kind":"markdown","optional":true,"computed":true},"position":{"type":"number","description":"The position of the workflow task (1 being top of list)","description_kind":"markdown","optional":true,"computed":true},"skip_on_failure":{"type":"bool","description":"Skip workflow task if any failures","description_kind":"markdown","optional":true},"workflow_id":{"type":"string","description":"The ID of the parent workflow","description_kind":"markdown","required":true}},"block_types":{"task_params":{"nesting_mode":"list","block":{"attributes":{"post_to_incident_timeline":{"type":"bool","description":"Value must be one of true or false","description_kind":"markdown","optional":true},"task_type":{"type":"string","description_kind":"plain","optional":true}},"block_types":{"dashboards":{"nesting_mode":"list","block":{"attributes":{"id":{"type":"string","description_kind":"plain","required":true},"name":{"type":"string","description_kind":"plain","required":true}},"description_kind":"plain"},"min_items":1},"post_to_slack_channels":{"nesting_mode":"list","block":{"attributes":{"id":{"type":"string","description_kind":"plain","required":true},"name":{"type":"string","description_kind":"plain","required":true}},"description_kind":"plain"}}},"description":"The parameters for this workflow task.","description_kind":"markdown"},"min_items":1,"max_items":1}},"description":"Manages workflow snapshot_grafana_dashboard task.","description_kind":"markdown"}},"rootly_workflow_task_snapshot_looker_look":{"version":0,"block":{"attributes":{"enabled":{"type":"bool","description":"Enable/disable this workflow task","description_kind":"markdown","optional":true},"id":{"type":"string","description_kind":"plain","optional":true,"computed":true},"name":{"type":"string","description":"Name of the workflow task","description_kind":"markdown","optional":true,"computed":true},"position":{"type":"number","description":"The position of the workflow task (1 being top of list)","description_kind":"markdown","optional":true,"computed":true},"skip_on_failure":{"type":"bool","description":"Skip workflow task if any failures","description_kind":"markdown","optional":true},"workflow_id":{"type":"string","description":"The ID of the parent workflow","description_kind":"markdown","required":true}},"block_types":{"task_params":{"nesting_mode":"list","block":{"attributes":{"post_to_incident_timeline":{"type":"bool","description":"Value must be one of true or false","description_kind":"markdown","optional":true},"task_type":{"type":"string","description_kind":"plain","optional":true}},"block_types":{"dashboards":{"nesting_mode":"list","block":{"attributes":{"id":{"type":"string","description_kind":"plain","required":true},"name":{"type":"string","description_kind":"plain","required":true}},"description_kind":"plain"},"min_items":1},"post_to_slack_channels":{"nesting_mode":"list","block":{"attributes":{"id":{"type":"string","description_kind":"plain","required":true},"name":{"type":"string","description_kind":"plain","required":true}},"description_kind":"plain"}}},"description":"The parameters for this workflow task.","description_kind":"markdown"},"min_items":1,"max_items":1}},"description":"Manages workflow snapshot_looker_look task.","description_kind":"markdown"}},"rootly_workflow_task_snapshot_new_relic_graph":{"version":0,"block":{"attributes":{"enabled":{"type":"bool","description":"Enable/disable this workflow task","description_kind":"markdown","optional":true},"id":{"type":"string","description_kind":"plain","optional":true,"computed":true},"name":{"type":"string","description":"Name of the workflow task","description_kind":"markdown","optional":true,"computed":true},"position":{"type":"number","description":"The position of the workflow task (1 being top of list)","description_kind":"markdown","optional":true,"computed":true},"skip_on_failure":{"type":"bool","description":"Skip workflow task if any failures","description_kind":"markdown","optional":true},"workflow_id":{"type":"string","description":"The ID of the parent workflow","description_kind":"markdown","required":true}},"block_types":{"task_params":{"nesting_mode":"list","block":{"attributes":{"metric_query":{"type":"string","description_kind":"plain","required":true},"metric_type":{"type":"string","description":"Value must be one of `APDEX`, `AREA`, `BAR`, `BASELINE`, `BILLBOARD`, `BULLET`, `EVENT_FEED`, `FUNNEL`, `HEATMAP`, `HISTOGRAM`, `LINE`, `PIE`, `SCATTER`, `STACKED_HORIZONTAL_BAR`, `TABLE`, `VERTICAL_BAR`.","description_kind":"markdown","required":true},"post_to_incident_timeline":{"type":"bool","description":"Value must be one of true or false","description_kind":"markdown","optional":true},"task_type":{"type":"string","description_kind":"plain","optional":true}},"block_types":{"post_to_slack_channels":{"nesting_mode":"list","block":{"attributes":{"id":{"type":"string","description_kind":"plain","required":true},"name":{"type":"string","description_kind":"plain","required":true}},"description_kind":"plain"}}},"description":"The parameters for this workflow task.","description_kind":"markdown"},"min_items":1,"max_items":1}},"description":"Manages workflow snapshot_new_relic_graph task.","description_kind":"markdown"}},"rootly_workflow_task_trigger_workflow":{"version":0,"block":{"attributes":{"enabled":{"type":"bool","description":"Enable/disable this workflow task","description_kind":"markdown","optional":true},"id":{"type":"string","description_kind":"plain","optional":true,"computed":true},"name":{"type":"string","description":"Name of the workflow task","description_kind":"markdown","optional":true,"computed":true},"position":{"type":"number","description":"The position of the workflow task (1 being top of list)","description_kind":"markdown","optional":true,"computed":true},"skip_on_failure":{"type":"bool","description":"Skip workflow task if any failures","description_kind":"markdown","optional":true},"workflow_id":{"type":"string","description":"The ID of the parent workflow","description_kind":"markdown","required":true}},"block_types":{"task_params":{"nesting_mode":"list","block":{"attributes":{"attribute_to_query_by":{"type":"string","description":"[\"(incident) kind can only match [:id, :slug, :sequential_id, :pagerduty_incident_id, :opsgenie_incident_id, :victor_ops_incident_id, :jira_issue_id, :asana_task_id, :shortcut_task_id, :linear_issue_id, :zendesk_ticket_id, :motion_task_id, :trello_card_id, :airtable_record_id, :shortcut_story_id, :github_issue_id, :freshservice_ticket_id, :freshservice_task_id, :clickup_task_id]\", \"(post_mortem) kind can only match [:id]\", \"(action_item) kind can only match [:id, :jira_issue_id, :asana_task_id, :shortcut_task_id, :linear_issue_id, :zendesk_ticket_id, :motion_task_id, :trello_card_id, :airtable_record_id, :shortcut_story_id, :github_issue_id, :freshservice_ticket_id, :freshservice_task_id, :clickup_task_id]\", \"(pulse) kind can only match [:id]\", \"(alert) kind can only match [:id]\"]. Value must be one of `id`, `slug`, `sequential_id`, `pagerduty_incident_id`, `opsgenie_incident_id`, `victor_ops_incident_id`, `jira_issue_id`, `asana_task_id`, `shortcut_task_id`, `linear_issue_id`, `zendesk_ticket_id`, `motion_task_id`, `trello_card_id`, `airtable_record_id`, `shortcut_story_id`, `github_issue_id`, `freshservice_ticket_id`, `freshservice_task_id`, `clickup_task_id`.","description_kind":"markdown","required":true},"check_workflow_conditions":{"type":"bool","description":"Value must be one of true or false","description_kind":"markdown","optional":true},"kind":{"type":"string","description":"Value must be one of `incident`, `post_mortem`, `action_item`, `pulse`, `alert`.","description_kind":"markdown","required":true},"resource":{"type":["map","string"],"description":"Map must contain two fields, `id` and `name`. ","description_kind":"markdown","required":true},"task_type":{"type":"string","description_kind":"plain","optional":true},"workflow":{"type":["map","string"],"description":"Map must contain two fields, `id` and `name`. ","description_kind":"markdown","required":true}},"description":"The parameters for this workflow task.","description_kind":"markdown"},"min_items":1,"max_items":1}},"description":"Manages workflow trigger_workflow task.","description_kind":"markdown"}},"rootly_workflow_task_tweet_twitter_message":{"version":0,"block":{"attributes":{"enabled":{"type":"bool","description":"Enable/disable this workflow task","description_kind":"markdown","optional":true},"id":{"type":"string","description_kind":"plain","optional":true,"computed":true},"name":{"type":"string","description":"Name of the workflow task","description_kind":"markdown","optional":true,"computed":true},"position":{"type":"number","description":"The position of the workflow task (1 being top of list)","description_kind":"markdown","optional":true,"computed":true},"skip_on_failure":{"type":"bool","description":"Skip workflow task if any failures","description_kind":"markdown","optional":true},"workflow_id":{"type":"string","description":"The ID of the parent workflow","description_kind":"markdown","required":true}},"block_types":{"task_params":{"nesting_mode":"list","block":{"attributes":{"message":{"type":"string","description_kind":"plain","required":true},"task_type":{"type":"string","description_kind":"plain","optional":true}},"description":"The parameters for this workflow task.","description_kind":"markdown"},"min_items":1,"max_items":1}},"description":"Manages workflow tweet_twitter_message task.","description_kind":"markdown"}},"rootly_workflow_task_update_action_item":{"version":0,"block":{"attributes":{"enabled":{"type":"bool","description":"Enable/disable this workflow task","description_kind":"markdown","optional":true},"id":{"type":"string","description_kind":"plain","optional":true,"computed":true},"name":{"type":"string","description":"Name of the workflow task","description_kind":"markdown","optional":true,"computed":true},"position":{"type":"number","description":"The position of the workflow task (1 being top of list)","description_kind":"markdown","optional":true,"computed":true},"skip_on_failure":{"type":"bool","description":"Skip workflow task if any failures","description_kind":"markdown","optional":true},"workflow_id":{"type":"string","description":"The ID of the parent workflow","description_kind":"markdown","required":true}},"block_types":{"task_params":{"nesting_mode":"list","block":{"attributes":{"assigned_to_user":{"type":["map","string"],"description":"Map must contain two fields, `id` and `name`.  The user this action item is assigned to","description_kind":"markdown","optional":true},"assigned_to_user_id":{"type":"string","description":"[DEPRECATED] Use assigned_to_user attribute instead. The user id this action item is assigned to","description_kind":"markdown","optional":true},"attribute_to_query_by":{"type":"string","description":"Attribute of the action item to match against. Value must be one of `id`, `jira_issue_id`, `asana_task_id`, `shortcut_task_id`, `linear_issue_id`, `zendesk_ticket_id`, `motion_task_id`, `trello_card_id`, `airtable_record_id`, `shortcut_story_id`, `github_issue_id`, `gitlab_issue_id`, `freshservice_ticket_id`, `freshservice_task_id`, `clickup_task_id`.","description_kind":"markdown","required":true},"custom_fields_mapping":{"type":"string","description":"Custom field mappings. Can contain liquid markup and need to be valid JSON","description_kind":"markdown","optional":true},"description":{"type":"string","description":"The action item description","description_kind":"markdown","optional":true},"group_ids":{"type":["list","string"],"description_kind":"plain","optional":true},"post_to_incident_timeline":{"type":"bool","description":"Value must be one of true or false","description_kind":"markdown","optional":true},"priority":{"type":"string","description":"The action item priority. Value must be one of `high`, `medium`, `low`.","description_kind":"markdown","optional":true},"query_value":{"type":"string","description":"Value that attribute_to_query_by to uses to match against","description_kind":"markdown","required":true},"status":{"type":"string","description":"The action item status. Value must be one of `open`, `in_progress`, `cancelled`, `done`.","description_kind":"markdown","optional":true},"summary":{"type":"string","description":"Brief description of the action item","description_kind":"markdown","optional":true},"task_type":{"type":"string","description_kind":"plain","optional":true}},"description":"The parameters for this workflow task.","description_kind":"markdown"},"min_items":1,"max_items":1}},"description":"Manages workflow update_action_item task.","description_kind":"markdown"}},"rootly_workflow_task_update_airtable_table_record":{"version":0,"block":{"attributes":{"enabled":{"type":"bool","description":"Enable/disable this workflow task","description_kind":"markdown","optional":true},"id":{"type":"string","description_kind":"plain","optional":true,"computed":true},"name":{"type":"string","description":"Name of the workflow task","description_kind":"markdown","optional":true,"computed":true},"position":{"type":"number","description":"The position of the workflow task (1 being top of list)","description_kind":"markdown","optional":true,"computed":true},"skip_on_failure":{"type":"bool","description":"Skip workflow task if any failures","description_kind":"markdown","optional":true},"workflow_id":{"type":"string","description":"The ID of the parent workflow","description_kind":"markdown","required":true}},"block_types":{"task_params":{"nesting_mode":"list","block":{"attributes":{"base_key":{"type":"string","description":"The base key","description_kind":"markdown","required":true},"custom_fields_mapping":{"type":"string","description":"Custom field mappings. Can contain liquid markup and need to be valid JSON","description_kind":"markdown","optional":true},"record_id":{"type":"string","description":"The record id","description_kind":"markdown","required":true},"table_name":{"type":"string","description":"The table name","description_kind":"markdown","required":true},"task_type":{"type":"string","description_kind":"plain","optional":true}},"description":"The parameters for this workflow task.","description_kind":"markdown"},"min_items":1,"max_items":1}},"description":"Manages workflow update_airtable_table_record task.","description_kind":"markdown"}},"rootly_workflow_task_update_asana_task":{"version":0,"block":{"attributes":{"enabled":{"type":"bool","description":"Enable/disable this workflow task","description_kind":"markdown","optional":true},"id":{"type":"string","description_kind":"plain","optional":true,"computed":true},"name":{"type":"string","description":"Name of the workflow task","description_kind":"markdown","optional":true,"computed":true},"position":{"type":"number","description":"The position of the workflow task (1 being top of list)","description_kind":"markdown","optional":true,"computed":true},"skip_on_failure":{"type":"bool","description":"Skip workflow task if any failures","description_kind":"markdown","optional":true},"workflow_id":{"type":"string","description":"The ID of the parent workflow","description_kind":"markdown","required":true}},"block_types":{"task_params":{"nesting_mode":"list","block":{"attributes":{"assign_user_email":{"type":"string","description":"The assigned user's email","description_kind":"markdown","optional":true},"completion":{"type":["map","string"],"description":"Map must contain two fields, `id` and `name`. ","description_kind":"markdown","required":true},"custom_fields_mapping":{"type":"string","description":"Custom field mappings. Can contain liquid markup and need to be valid JSON","description_kind":"markdown","optional":true},"dependency_direction":{"type":"string","description":"Value must be one of `blocking`, `blocked_by`.","description_kind":"markdown","optional":true},"dependent_task_ids":{"type":["list","string"],"description":"Dependent task ids. Supports liquid syntax","description_kind":"markdown","optional":true},"due_date":{"type":"string","description":"The due date","description_kind":"markdown","optional":true},"notes":{"type":"string","description_kind":"plain","optional":true},"task_id":{"type":"string","description":"The task id","description_kind":"markdown","required":true},"task_type":{"type":"string","description_kind":"plain","optional":true},"title":{"type":"string","description":"The task title","description_kind":"markdown","optional":true}},"description":"The parameters for this workflow task.","description_kind":"markdown"},"min_items":1,"max_items":1}},"description":"Manages workflow update_asana_task task.","description_kind":"markdown"}},"rootly_workflow_task_update_attached_alerts":{"version":0,"block":{"attributes":{"enabled":{"type":"bool","description":"Enable/disable this workflow task","description_kind":"markdown","optional":true},"id":{"type":"string","description_kind":"plain","optional":true,"computed":true},"name":{"type":"string","description":"Name of the workflow task","description_kind":"markdown","optional":true,"computed":true},"position":{"type":"number","description":"The position of the workflow task (1 being top of list)","description_kind":"markdown","optional":true,"computed":true},"skip_on_failure":{"type":"bool","description":"Skip workflow task if any failures","description_kind":"markdown","optional":true},"workflow_id":{"type":"string","description":"The ID of the parent workflow","description_kind":"markdown","required":true}},"block_types":{"task_params":{"nesting_mode":"list","block":{"attributes":{"status":{"type":"string","description":"Value must be one of `acknowledged`, `resolved`.","description_kind":"markdown","required":true},"task_type":{"type":"string","description_kind":"plain","optional":true}},"description":"The parameters for this workflow task.","description_kind":"markdown"},"min_items":1,"max_items":1}},"description":"Manages workflow update_attached_alerts task.","description_kind":"markdown"}},"rootly_workflow_task_update_clickup_task":{"version":0,"block":{"attributes":{"enabled":{"type":"bool","description":"Enable/disable this workflow task","description_kind":"markdown","optional":true},"id":{"type":"string","description_kind":"plain","optional":true,"computed":true},"name":{"type":"string","description":"Name of the workflow task","description_kind":"markdown","optional":true,"computed":true},"position":{"type":"number","description":"The position of the workflow task (1 being top of list)","description_kind":"markdown","optional":true,"computed":true},"skip_on_failure":{"type":"bool","description":"Skip workflow task if any failures","description_kind":"markdown","optional":true},"workflow_id":{"type":"string","description":"The ID of the parent workflow","description_kind":"markdown","required":true}},"block_types":{"task_params":{"nesting_mode":"list","block":{"attributes":{"custom_fields_mapping":{"type":"string","description":"Custom field mappings. Can contain liquid markup and need to be valid JSON","description_kind":"markdown","optional":true},"description":{"type":"string","description":"The task description","description_kind":"markdown","optional":true},"due_date":{"type":"string","description":"The due date","description_kind":"markdown","optional":true},"priority":{"type":["map","string"],"description":"Map must contain two fields, `id` and `name`. The priority id and display name","description_kind":"markdown","optional":true},"tags":{"type":"string","description":"The task tags","description_kind":"markdown","optional":true},"task_id":{"type":"string","description":"The task id","description_kind":"markdown","required":true},"task_payload":{"type":"string","description":"Additional ClickUp task attributes. Will be merged into whatever was specified in this tasks current parameters. Can contain liquid markup and need to be valid JSON","description_kind":"markdown","optional":true},"task_type":{"type":"string","description_kind":"plain","optional":true},"title":{"type":"string","description":"The task title","description_kind":"markdown","optional":true}},"description":"The parameters for this workflow task.","description_kind":"markdown"},"min_items":1,"max_items":1}},"description":"Manages workflow update_clickup_task task.","description_kind":"markdown"}},"rootly_workflow_task_update_coda_page":{"version":0,"block":{"attributes":{"enabled":{"type":"bool","description":"Enable/disable this workflow task","description_kind":"markdown","optional":true},"id":{"type":"string","description_kind":"plain","optional":true,"computed":true},"name":{"type":"string","description":"Name of the workflow task","description_kind":"markdown","optional":true,"computed":true},"position":{"type":"number","description":"The position of the workflow task (1 being top of list)","description_kind":"markdown","optional":true,"computed":true},"skip_on_failure":{"type":"bool","description":"Skip workflow task if any failures","description_kind":"markdown","optional":true},"workflow_id":{"type":"string","description":"The ID of the parent workflow","description_kind":"markdown","required":true}},"block_types":{"task_params":{"nesting_mode":"list","block":{"attributes":{"content":{"type":"string","description":"The Coda page content","description_kind":"markdown","optional":true},"doc_id":{"type":"string","description":"The Coda doc id","description_kind":"markdown","optional":true},"page_id":{"type":"string","description":"The Coda page id","description_kind":"markdown","required":true},"subtitle":{"type":"string","description":"The Coda page subtitle","description_kind":"markdown","optional":true},"task_type":{"type":"string","description_kind":"plain","optional":true},"template":{"type":["map","string"],"description":"Map must contain two fields, `id` and `name`. ","description_kind":"markdown","optional":true},"title":{"type":"string","description":"The Coda page title","description_kind":"markdown","optional":true}},"description":"The parameters for this workflow task.","description_kind":"markdown"},"min_items":1,"max_items":1}},"description":"Manages workflow update_coda_page task.","description_kind":"markdown"}},"rootly_workflow_task_update_confluence_page":{"version":0,"block":{"attributes":{"enabled":{"type":"bool","description":"Enable/disable this workflow task","description_kind":"markdown","optional":true},"id":{"type":"string","description_kind":"plain","optional":true,"computed":true},"name":{"type":"string","description":"Name of the workflow task","description_kind":"markdown","optional":true,"computed":true},"position":{"type":"number","description":"The position of the workflow task (1 being top of list)","description_kind":"markdown","optional":true,"computed":true},"skip_on_failure":{"type":"bool","description":"Skip workflow task if any failures","description_kind":"markdown","optional":true},"workflow_id":{"type":"string","description":"The ID of the parent workflow","description_kind":"markdown","required":true}},"block_types":{"task_params":{"nesting_mode":"list","block":{"attributes":{"content":{"type":"string","description":"The Confluence page content","description_kind":"markdown","optional":true},"file_id":{"type":"string","description":"The Confluence page ID","description_kind":"markdown","required":true},"include_follow_ups":{"type":"bool","description":"Value must be one of true or false","description_kind":"markdown","optional":true},"include_overview":{"type":"bool","description":"Value must be one of true or false","description_kind":"markdown","optional":true},"include_timeline":{"type":"bool","description":"Value must be one of true or false","description_kind":"markdown","optional":true},"integration":{"type":["map","string"],"description":"Map must contain two fields, `id` and `name`. Specify integration id if you have more than one Confluence instance","description_kind":"markdown","optional":true},"post_mortem_template_id":{"type":"string","description":"Retrospective template to use when updating page, if desired","description_kind":"markdown","optional":true},"task_type":{"type":"string","description_kind":"plain","optional":true},"template":{"type":["map","string"],"description":"Map must contain two fields, `id` and `name`. The Confluence template to use","description_kind":"markdown","optional":true},"title":{"type":"string","description":"The Confluence page title","description_kind":"markdown","optional":true}},"description":"The parameters for this workflow task.","description_kind":"markdown"},"min_items":1,"max_items":1}},"description":"Manages workflow update_confluence_page task.","description_kind":"markdown"}},"rootly_workflow_task_update_datadog_notebook":{"version":0,"block":{"attributes":{"enabled":{"type":"bool","description":"Enable/disable this workflow task","description_kind":"markdown","optional":true},"id":{"type":"string","description_kind":"plain","optional":true,"computed":true},"name":{"type":"string","description":"Name of the workflow task","description_kind":"markdown","optional":true,"computed":true},"position":{"type":"number","description":"The position of the workflow task (1 being top of list)","description_kind":"markdown","optional":true,"computed":true},"skip_on_failure":{"type":"bool","description":"Skip workflow task if any failures","description_kind":"markdown","optional":true},"workflow_id":{"type":"string","description":"The ID of the parent workflow","description_kind":"markdown","required":true}},"block_types":{"task_params":{"nesting_mode":"list","block":{"attributes":{"content":{"type":"string","description":"The Datadog notebook content","description_kind":"markdown","optional":true},"file_id":{"type":"string","description":"The Datadog notebook ID","description_kind":"markdown","required":true},"kind":{"type":"string","description":"The notebook type. Value must be one of `postmortem`, `runbook`, `investigation`, `documentation`, `report`.","description_kind":"markdown","optional":true},"post_mortem_template_id":{"type":"string","description":"Retrospective template to use when updating notebook, if desired","description_kind":"markdown","optional":true},"task_type":{"type":"string","description_kind":"plain","optional":true},"template":{"type":["map","string"],"description":"Map must contain two fields, `id` and `name`. The Datadog notebook template to use","description_kind":"markdown","optional":true},"title":{"type":"string","description":"The Datadog notebook title","description_kind":"markdown","optional":true}},"description":"The parameters for this workflow task.","description_kind":"markdown"},"min_items":1,"max_items":1}},"description":"Manages workflow update_datadog_notebook task.","description_kind":"markdown"}},"rootly_workflow_task_update_dropbox_paper_page":{"version":0,"block":{"attributes":{"enabled":{"type":"bool","description":"Enable/disable this workflow task","description_kind":"markdown","optional":true},"id":{"type":"string","description_kind":"plain","optional":true,"computed":true},"name":{"type":"string","description":"Name of the workflow task","description_kind":"markdown","optional":true,"computed":true},"position":{"type":"number","description":"The position of the workflow task (1 being top of list)","description_kind":"markdown","optional":true,"computed":true},"skip_on_failure":{"type":"bool","description":"Skip workflow task if any failures","description_kind":"markdown","optional":true},"workflow_id":{"type":"string","description":"The ID of the parent workflow","description_kind":"markdown","required":true}},"block_types":{"task_params":{"nesting_mode":"list","block":{"attributes":{"content":{"type":"string","description":"The Dropbox Paper document content","description_kind":"markdown","optional":true},"file_id":{"type":"string","description":"The Dropbox Paper document ID","description_kind":"markdown","required":true},"post_mortem_template_id":{"type":"string","description":"Retrospective template to use when updating document, if desired","description_kind":"markdown","optional":true},"task_type":{"type":"string","description_kind":"plain","optional":true},"title":{"type":"string","description":"The Dropbox Paper document title","description_kind":"markdown","optional":true}},"description":"The parameters for this workflow task.","description_kind":"markdown"},"min_items":1,"max_items":1}},"description":"Manages workflow update_dropbox_paper_page task.","description_kind":"markdown"}},"rootly_workflow_task_update_github_issue":{"version":0,"block":{"attributes":{"enabled":{"type":"bool","description":"Enable/disable this workflow task","description_kind":"markdown","optional":true},"id":{"type":"string","description_kind":"plain","optional":true,"computed":true},"name":{"type":"string","description":"Name of the workflow task","description_kind":"markdown","optional":true,"computed":true},"position":{"type":"number","description":"The position of the workflow task (1 being top of list)","description_kind":"markdown","optional":true,"computed":true},"skip_on_failure":{"type":"bool","description":"Skip workflow task if any failures","description_kind":"markdown","optional":true},"workflow_id":{"type":"string","description":"The ID of the parent workflow","description_kind":"markdown","required":true}},"block_types":{"task_params":{"nesting_mode":"list","block":{"attributes":{"body":{"type":"string","description":"The issue body","description_kind":"markdown","optional":true},"completion":{"type":["map","string"],"description":"Map must contain two fields, `id` and `name`. ","description_kind":"markdown","required":true},"custom_fields_mapping":{"type":"string","description":"Custom field mappings. Can contain liquid markup and need to be valid JSON","description_kind":"markdown","optional":true},"issue_id":{"type":"string","description":"The issue id","description_kind":"markdown","required":true},"issue_type":{"type":["map","string"],"description":"Map must contain two fields, `id` and `name`. The issue type","description_kind":"markdown","optional":true},"labels_mode":{"type":"string","description":"How to apply labels. 'replace' (default) overwrites all existing labels. 'append' adds to existing labels without removing them.. Value must be one of `replace`, `append`.","description_kind":"markdown","optional":true},"repository":{"type":["map","string"],"description":"Map must contain two fields, `id` and `name`. The repository (used for loading labels and issue types)","description_kind":"markdown","optional":true},"task_type":{"type":"string","description_kind":"plain","optional":true},"title":{"type":"string","description":"The issue title","description_kind":"markdown","optional":true}},"block_types":{"labels":{"nesting_mode":"list","block":{"attributes":{"id":{"type":"string","description_kind":"plain","required":true},"name":{"type":"string","description_kind":"plain","required":true}},"description":"The issue labels","description_kind":"markdown"}}},"description":"The parameters for this workflow task.","description_kind":"markdown"},"min_items":1,"max_items":1}},"description":"Manages workflow update_github_issue task.","description_kind":"markdown"}},"rootly_workflow_task_update_gitlab_issue":{"version":0,"block":{"attributes":{"enabled":{"type":"bool","description":"Enable/disable this workflow task","description_kind":"markdown","optional":true},"id":{"type":"string","description_kind":"plain","optional":true,"computed":true},"name":{"type":"string","description":"Name of the workflow task","description_kind":"markdown","optional":true,"computed":true},"position":{"type":"number","description":"The position of the workflow task (1 being top of list)","description_kind":"markdown","optional":true,"computed":true},"skip_on_failure":{"type":"bool","description":"Skip workflow task if any failures","description_kind":"markdown","optional":true},"workflow_id":{"type":"string","description":"The ID of the parent workflow","description_kind":"markdown","required":true}},"block_types":{"task_params":{"nesting_mode":"list","block":{"attributes":{"completion":{"type":["map","string"],"description":"Map must contain two fields, `id` and `name`. ","description_kind":"markdown","required":true},"description":{"type":"string","description":"The issue description","description_kind":"markdown","optional":true},"due_date":{"type":"string","description":"The due date","description_kind":"markdown","optional":true},"issue_id":{"type":"string","description":"The issue id","description_kind":"markdown","required":true},"issue_type":{"type":"string","description":"The issue type. Value must be one of `issue`, `incident`, `test_case`, `task`.","description_kind":"markdown","optional":true},"labels":{"type":"string","description":"The issue labels","description_kind":"markdown","optional":true},"task_type":{"type":"string","description_kind":"plain","optional":true},"title":{"type":"string","description":"The issue title","description_kind":"markdown","optional":true}},"description":"The parameters for this workflow task.","description_kind":"markdown"},"min_items":1,"max_items":1}},"description":"Manages workflow update_gitlab_issue task.","description_kind":"markdown"}},"rootly_workflow_task_update_google_calendar_event":{"version":1,"block":{"attributes":{"enabled":{"type":"bool","description":"Enable/disable this workflow task","description_kind":"markdown","optional":true},"id":{"type":"string","description_kind":"plain","optional":true,"computed":true},"name":{"type":"string","description":"Name of the workflow task","description_kind":"markdown","optional":true,"computed":true},"position":{"type":"number","description":"The position of the workflow task (1 being top of list)","description_kind":"markdown","optional":true,"computed":true},"skip_on_failure":{"type":"bool","description":"Skip workflow task if any failures","description_kind":"markdown","optional":true},"workflow_id":{"type":"string","description":"The ID of the parent workflow","description_kind":"markdown","required":true}},"block_types":{"task_params":{"nesting_mode":"list","block":{"attributes":{"adjustment_days":{"type":"number","description":"Days to adjust meeting by","description_kind":"markdown","optional":true},"attendees":{"type":["list","string"],"description":"Emails of attendees","description_kind":"markdown","optional":true},"calendar_id":{"type":"string","description_kind":"plain","optional":true},"can_guests_invite_others":{"type":"bool","description":"Value must be one of true or false","description_kind":"markdown","optional":true},"can_guests_modify_event":{"type":"bool","description":"Value must be one of true or false","description_kind":"markdown","optional":true},"can_guests_see_other_guests":{"type":"bool","description":"Value must be one of true or false","description_kind":"markdown","optional":true},"conference_solution_key":{"type":"string","description":"Sets the video conference type attached to the meeting. Value must be one of `eventHangout`, `eventNamedHangout`, `hangoutsMeet`, `addOn`.","description_kind":"markdown","optional":true},"description":{"type":"string","description":"The event description","description_kind":"markdown","optional":true},"event_id":{"type":"string","description":"The event ID","description_kind":"markdown","required":true},"meeting_duration":{"type":"string","description":"Meeting duration in format like '1 hour', '30 minutes'","description_kind":"markdown","optional":true},"post_to_incident_timeline":{"type":"bool","description":"Value must be one of true or false","description_kind":"markdown","optional":true},"replace_attendees":{"type":"bool","description":"Value must be one of true or false","description_kind":"markdown","optional":true},"send_updates":{"type":"bool","description":"Send an email to the attendees notifying them of the event. Value must be one of true or false","description_kind":"markdown","optional":true},"summary":{"type":"string","description":"The event summary","description_kind":"markdown","optional":true},"task_type":{"type":"string","description_kind":"plain","optional":true},"time_of_meeting":{"type":"string","description":"Time of meeting in format HH:MM","description_kind":"markdown","optional":true}},"block_types":{"post_to_slack_channels":{"nesting_mode":"list","block":{"attributes":{"id":{"type":"string","description_kind":"plain","required":true},"name":{"type":"string","description_kind":"plain","required":true}},"description_kind":"plain"}}},"description":"The parameters for this workflow task.","description_kind":"markdown"},"min_items":1,"max_items":1}},"description":"Manages workflow update_google_calendar_event task.","description_kind":"markdown"}},"rootly_workflow_task_update_google_chat_space_description":{"version":0,"block":{"attributes":{"enabled":{"type":"bool","description":"Enable/disable this workflow task","description_kind":"markdown","optional":true},"id":{"type":"string","description_kind":"plain","optional":true,"computed":true},"name":{"type":"string","description":"Name of the workflow task","description_kind":"markdown","optional":true,"computed":true},"position":{"type":"number","description":"The position of the workflow task (1 being top of list)","description_kind":"markdown","optional":true,"computed":true},"skip_on_failure":{"type":"bool","description":"Skip workflow task if any failures","description_kind":"markdown","optional":true},"workflow_id":{"type":"string","description":"The ID of the parent workflow","description_kind":"markdown","required":true}},"block_types":{"task_params":{"nesting_mode":"list","block":{"attributes":{"description":{"type":"string","description":"The space description. Supports liquid markup","description_kind":"markdown","required":true},"space":{"type":["map","string"],"description":"Map must contain two fields, `id` and `name`. ","description_kind":"markdown","required":true},"task_type":{"type":"string","description_kind":"plain","optional":true}},"description":"The parameters for this workflow task.","description_kind":"markdown"},"min_items":1,"max_items":1}},"description":"Manages workflow update_google_chat_space_description task.","description_kind":"markdown"}},"rootly_workflow_task_update_google_docs_page":{"version":0,"block":{"attributes":{"enabled":{"type":"bool","description":"Enable/disable this workflow task","description_kind":"markdown","optional":true},"id":{"type":"string","description_kind":"plain","optional":true,"computed":true},"name":{"type":"string","description":"Name of the workflow task","description_kind":"markdown","optional":true,"computed":true},"position":{"type":"number","description":"The position of the workflow task (1 being top of list)","description_kind":"markdown","optional":true,"computed":true},"skip_on_failure":{"type":"bool","description":"Skip workflow task if any failures","description_kind":"markdown","optional":true},"workflow_id":{"type":"string","description":"The ID of the parent workflow","description_kind":"markdown","required":true}},"block_types":{"task_params":{"nesting_mode":"list","block":{"attributes":{"content":{"type":"string","description":"The Google Doc content","description_kind":"markdown","optional":true},"file_id":{"type":"string","description":"The Google Doc file ID","description_kind":"markdown","required":true},"include_follow_ups":{"type":"bool","description":"Value must be one of true or false","description_kind":"markdown","optional":true},"include_overview":{"type":"bool","description":"Value must be one of true or false","description_kind":"markdown","optional":true},"include_timeline":{"type":"bool","description":"Value must be one of true or false","description_kind":"markdown","optional":true},"post_mortem_template_id":{"type":"string","description":"Retrospective template to use when updating page, if desired","description_kind":"markdown","optional":true},"task_type":{"type":"string","description_kind":"plain","optional":true},"template_id":{"type":"string","description":"The Google Doc file ID to use as a template.","description_kind":"markdown","optional":true},"title":{"type":"string","description":"The Google Doc title","description_kind":"markdown","optional":true}},"description":"The parameters for this workflow task.","description_kind":"markdown"},"min_items":1,"max_items":1}},"description":"Manages workflow update_google_docs_page task.","description_kind":"markdown"}},"rootly_workflow_task_update_incident":{"version":0,"block":{"attributes":{"enabled":{"type":"bool","description":"Enable/disable this workflow task","description_kind":"markdown","optional":true},"id":{"type":"string","description_kind":"plain","optional":true,"computed":true},"name":{"type":"string","description":"Name of the workflow task","description_kind":"markdown","optional":true,"computed":true},"position":{"type":"number","description":"The position of the workflow task (1 being top of list)","description_kind":"markdown","optional":true,"computed":true},"skip_on_failure":{"type":"bool","description":"Skip workflow task if any failures","description_kind":"markdown","optional":true},"workflow_id":{"type":"string","description":"The ID of the parent workflow","description_kind":"markdown","required":true}},"block_types":{"task_params":{"nesting_mode":"list","block":{"attributes":{"acknowledged_at":{"type":"string","description_kind":"plain","optional":true},"attribute_to_query_by":{"type":"string","description":"Value must be one of `id`, `slug`, `sequential_id`, `pagerduty_incident_id`, `opsgenie_incident_id`, `victor_ops_incident_id`, `jira_issue_id`, `asana_task_id`, `shortcut_task_id`, `linear_issue_id`, `zendesk_ticket_id`, `motion_task_id`, `trello_card_id`, `airtable_record_id`, `shortcut_story_id`, `github_issue_id`, `gitlab_issue_id`, `freshservice_ticket_id`, `freshservice_task_id`, `clickup_task_id`.","description_kind":"markdown","optional":true},"custom_fields_mapping":{"type":"string","description":"Custom field mappings. Can contain liquid markup and need to be valid JSON. Use 'services', 'functionalities', or 'groups' keys with arrays of names/slugs for name/slug lookup","description_kind":"markdown","optional":true},"detected_at":{"type":"string","description_kind":"plain","optional":true},"environment_ids":{"type":["list","string"],"description_kind":"plain","optional":true},"functionality_ids":{"type":["list","string"],"description":"Array of functionality UUIDs","description_kind":"markdown","optional":true},"group_ids":{"type":["list","string"],"description":"Array of group/team UUIDs","description_kind":"markdown","optional":true},"incident_id":{"type":"string","description":"The incident id to update or id of any attribute on the incident","description_kind":"markdown","required":true},"incident_type_ids":{"type":["list","string"],"description_kind":"plain","optional":true},"mitigated_at":{"type":"string","description_kind":"plain","optional":true},"private":{"type":"bool","description":"Value must be one of true or false","description_kind":"markdown","optional":true},"resolved_at":{"type":"string","description_kind":"plain","optional":true},"service_ids":{"type":["list","string"],"description":"Array of service UUIDs","description_kind":"markdown","optional":true},"severity_id":{"type":"string","description_kind":"plain","optional":true},"started_at":{"type":"string","description_kind":"plain","optional":true},"status":{"type":"string","description_kind":"plain","optional":true},"summary":{"type":"string","description":"The incident summary","description_kind":"markdown","optional":true},"task_type":{"type":"string","description_kind":"plain","optional":true},"title":{"type":"string","description":"The incident title","description_kind":"markdown","optional":true}},"description":"The parameters for this workflow task.","description_kind":"markdown"},"min_items":1,"max_items":1}},"description":"Manages workflow update_incident task.","description_kind":"markdown"}},"rootly_workflow_task_update_incident_postmortem":{"version":0,"block":{"attributes":{"enabled":{"type":"bool","description":"Enable/disable this workflow task","description_kind":"markdown","optional":true},"id":{"type":"string","description_kind":"plain","optional":true,"computed":true},"name":{"type":"string","description":"Name of the workflow task","description_kind":"markdown","optional":true,"computed":true},"position":{"type":"number","description":"The position of the workflow task (1 being top of list)","description_kind":"markdown","optional":true,"computed":true},"skip_on_failure":{"type":"bool","description":"Skip workflow task if any failures","description_kind":"markdown","optional":true},"workflow_id":{"type":"string","description":"The ID of the parent workflow","description_kind":"markdown","required":true}},"block_types":{"task_params":{"nesting_mode":"list","block":{"attributes":{"postmortem_id":{"type":"string","description":"UUID of the retrospective that needs to be updated","description_kind":"markdown","required":true},"status":{"type":"string","description_kind":"plain","optional":true},"task_type":{"type":"string","description_kind":"plain","optional":true},"title":{"type":"string","description":"The incident title","description_kind":"markdown","optional":true}},"description":"The parameters for this workflow task.","description_kind":"markdown"},"min_items":1,"max_items":1}},"description":"Manages workflow update_incident_postmortem task.","description_kind":"markdown"}},"rootly_workflow_task_update_incident_status_timestamp":{"version":0,"block":{"attributes":{"enabled":{"type":"bool","description":"Enable/disable this workflow task","description_kind":"markdown","optional":true},"id":{"type":"string","description_kind":"plain","optional":true,"computed":true},"name":{"type":"string","description":"Name of the workflow task","description_kind":"markdown","optional":true,"computed":true},"position":{"type":"number","description":"The position of the workflow task (1 being top of list)","description_kind":"markdown","optional":true,"computed":true},"skip_on_failure":{"type":"bool","description":"Skip workflow task if any failures","description_kind":"markdown","optional":true},"workflow_id":{"type":"string","description":"The ID of the parent workflow","description_kind":"markdown","required":true}},"block_types":{"task_params":{"nesting_mode":"list","block":{"attributes":{"assigned_at":{"type":"string","description":"Timestamp of when the sub-status was assigned","description_kind":"markdown","required":true},"sub_status_id":{"type":"string","description":"Sub-status to update timestamp for","description_kind":"markdown","required":true},"task_type":{"type":"string","description_kind":"plain","optional":true}},"description":"The parameters for this workflow task.","description_kind":"markdown"},"min_items":1,"max_items":1}},"description":"Manages workflow update_incident_status_timestamp task.","description_kind":"markdown"}},"rootly_workflow_task_update_jira_issue":{"version":0,"block":{"attributes":{"enabled":{"type":"bool","description":"Enable/disable this workflow task","description_kind":"markdown","optional":true},"id":{"type":"string","description_kind":"plain","optional":true,"computed":true},"name":{"type":"string","description":"Name of the workflow task","description_kind":"markdown","optional":true,"computed":true},"position":{"type":"number","description":"The position of the workflow task (1 being top of list)","description_kind":"markdown","optional":true,"computed":true},"skip_on_failure":{"type":"bool","description":"Skip workflow task if any failures","description_kind":"markdown","optional":true},"workflow_id":{"type":"string","description":"The ID of the parent workflow","description_kind":"markdown","required":true}},"block_types":{"task_params":{"nesting_mode":"list","block":{"attributes":{"assign_user_email":{"type":"string","description":"The assigned user's email","description_kind":"markdown","optional":true},"custom_fields_mapping":{"type":"string","description":"Custom field mappings. Can contain liquid markup and need to be valid JSON","description_kind":"markdown","optional":true},"description":{"type":"string","description":"The issue description","description_kind":"markdown","optional":true},"due_date":{"type":"string","description":"The due date","description_kind":"markdown","optional":true},"integration":{"type":["map","string"],"description":"Map must contain two fields, `id` and `name`. Specify integration id if you have more than one Jira instance","description_kind":"markdown","optional":true},"issue_id":{"type":"string","description":"The issue id","description_kind":"markdown","required":true},"labels":{"type":"string","description":"The issue labels","description_kind":"markdown","optional":true},"priority":{"type":["map","string"],"description":"Map must contain two fields, `id` and `name`. The priority id and display name","description_kind":"markdown","optional":true},"project_key":{"type":"string","description":"The project key","description_kind":"markdown","required":true},"reporter_user_email":{"type":"string","description":"The reporter user's email","description_kind":"markdown","optional":true},"retry_count":{"type":"number","description":"Number of times to retry on rate-limit (HTTP 429) responses (0-4). 0 disables retry.","description_kind":"markdown","optional":true},"retry_wait_time":{"type":"number","description":"Seconds to wait before each retry (1-15). Retry-After header is honored when present and \u003c= 90s, taking the larger of retry_wait_time and the header value.","description_kind":"markdown","optional":true},"status":{"type":["map","string"],"description":"Map must contain two fields, `id` and `name`. The status id and display name","description_kind":"markdown","optional":true},"task_type":{"type":"string","description_kind":"plain","optional":true},"title":{"type":"string","description":"The issue title","description_kind":"markdown","optional":true},"update_payload":{"type":"string","description":"Update payload. Can contain liquid markup and need to be valid JSON","description_kind":"markdown","optional":true}},"description":"The parameters for this workflow task.","description_kind":"markdown"},"min_items":1,"max_items":1}},"description":"Manages workflow update_jira_issue task.","description_kind":"markdown"}},"rootly_workflow_task_update_linear_issue":{"version":0,"block":{"attributes":{"enabled":{"type":"bool","description":"Enable/disable this workflow task","description_kind":"markdown","optional":true},"id":{"type":"string","description_kind":"plain","optional":true,"computed":true},"name":{"type":"string","description":"Name of the workflow task","description_kind":"markdown","optional":true,"computed":true},"position":{"type":"number","description":"The position of the workflow task (1 being top of list)","description_kind":"markdown","optional":true,"computed":true},"skip_on_failure":{"type":"bool","description":"Skip workflow task if any failures","description_kind":"markdown","optional":true},"workflow_id":{"type":"string","description":"The ID of the parent workflow","description_kind":"markdown","required":true}},"block_types":{"task_params":{"nesting_mode":"list","block":{"attributes":{"assign_user_email":{"type":"string","description":"The assigned user's email","description_kind":"markdown","optional":true},"custom_fields_mapping":{"type":"string","description":"Custom field mappings. Can contain liquid markup and need to be valid JSON","description_kind":"markdown","optional":true},"description":{"type":"string","description":"The issue description","description_kind":"markdown","optional":true},"issue_id":{"type":"string","description":"The issue id","description_kind":"markdown","required":true},"priority":{"type":["map","string"],"description":"Map must contain two fields, `id` and `name`. The priority id and display name","description_kind":"markdown","optional":true},"project":{"type":["map","string"],"description":"Map must contain two fields, `id` and `name`. The project id and display name","description_kind":"markdown","optional":true},"state":{"type":["map","string"],"description":"Map must contain two fields, `id` and `name`. The state id and display name","description_kind":"markdown","optional":true},"task_type":{"type":"string","description_kind":"plain","optional":true},"title":{"type":"string","description":"The issue title","description_kind":"markdown","optional":true}},"block_types":{"labels":{"nesting_mode":"list","block":{"attributes":{"id":{"type":"string","description_kind":"plain","required":true},"name":{"type":"string","description_kind":"plain","required":true}},"description_kind":"plain"}}},"description":"The parameters for this workflow task.","description_kind":"markdown"},"min_items":1,"max_items":1}},"description":"Manages workflow update_linear_issue task.","description_kind":"markdown"}},"rootly_workflow_task_update_motion_task":{"version":0,"block":{"attributes":{"enabled":{"type":"bool","description":"Enable/disable this workflow task","description_kind":"markdown","optional":true},"id":{"type":"string","description_kind":"plain","optional":true,"computed":true},"name":{"type":"string","description":"Name of the workflow task","description_kind":"markdown","optional":true,"computed":true},"position":{"type":"number","description":"The position of the workflow task (1 being top of list)","description_kind":"markdown","optional":true,"computed":true},"skip_on_failure":{"type":"bool","description":"Skip workflow task if any failures","description_kind":"markdown","optional":true},"workflow_id":{"type":"string","description":"The ID of the parent workflow","description_kind":"markdown","required":true}},"block_types":{"task_params":{"nesting_mode":"list","block":{"attributes":{"description":{"type":"string","description":"The task description","description_kind":"markdown","optional":true},"due_date":{"type":"string","description":"The due date","description_kind":"markdown","optional":true},"duration":{"type":"string","description":"The duration. Eg.  \"NONE\", \"REMINDER\", or a integer greater than 0.","description_kind":"markdown","optional":true},"labels":{"type":["list","string"],"description_kind":"plain","optional":true},"priority":{"type":["map","string"],"description":"Map must contain two fields, `id` and `name`. The priority id and display name","description_kind":"markdown","optional":true},"task_id":{"type":"string","description":"The task id","description_kind":"markdown","required":true},"task_type":{"type":"string","description_kind":"plain","optional":true},"title":{"type":"string","description":"The task title","description_kind":"markdown","optional":true}},"description":"The parameters for this workflow task.","description_kind":"markdown"},"min_items":1,"max_items":1}},"description":"Manages workflow update_motion_task task.","description_kind":"markdown"}},"rootly_workflow_task_update_notion_page":{"version":0,"block":{"attributes":{"enabled":{"type":"bool","description":"Enable/disable this workflow task","description_kind":"markdown","optional":true},"id":{"type":"string","description_kind":"plain","optional":true,"computed":true},"name":{"type":"string","description":"Name of the workflow task","description_kind":"markdown","optional":true,"computed":true},"position":{"type":"number","description":"The position of the workflow task (1 being top of list)","description_kind":"markdown","optional":true,"computed":true},"skip_on_failure":{"type":"bool","description":"Skip workflow task if any failures","description_kind":"markdown","optional":true},"workflow_id":{"type":"string","description":"The ID of the parent workflow","description_kind":"markdown","required":true}},"block_types":{"task_params":{"nesting_mode":"list","block":{"attributes":{"content":{"type":"string","description":"Custom page content with liquid templating support. When provided, only this content will be rendered (no default sections)","description_kind":"markdown","optional":true},"file_id":{"type":"string","description":"The Notion page ID","description_kind":"markdown","required":true},"post_mortem_template_id":{"type":"string","description":"Retrospective template to use when creating page task, if desired","description_kind":"markdown","optional":true},"show_action_items_as_table":{"type":"bool","description":"Value must be one of true or false","description_kind":"markdown","optional":true},"show_timeline_as_table":{"type":"bool","description":"Value must be one of true or false","description_kind":"markdown","optional":true},"task_type":{"type":"string","description_kind":"plain","optional":true},"title":{"type":"string","description":"The Notion page title","description_kind":"markdown","optional":true}},"description":"The parameters for this workflow task.","description_kind":"markdown"},"min_items":1,"max_items":1}},"description":"Manages workflow update_notion_page task.","description_kind":"markdown"}},"rootly_workflow_task_update_opsgenie_alert":{"version":0,"block":{"attributes":{"enabled":{"type":"bool","description":"Enable/disable this workflow task","description_kind":"markdown","optional":true},"id":{"type":"string","description_kind":"plain","optional":true,"computed":true},"name":{"type":"string","description":"Name of the workflow task","description_kind":"markdown","optional":true,"computed":true},"position":{"type":"number","description":"The position of the workflow task (1 being top of list)","description_kind":"markdown","optional":true,"computed":true},"skip_on_failure":{"type":"bool","description":"Skip workflow task if any failures","description_kind":"markdown","optional":true},"workflow_id":{"type":"string","description":"The ID of the parent workflow","description_kind":"markdown","required":true}},"block_types":{"task_params":{"nesting_mode":"list","block":{"attributes":{"alert_id":{"type":"string","description":"Opsgenie Alert ID","description_kind":"markdown","required":true},"completion":{"type":["map","string"],"description":"Map must contain two fields, `id` and `name`. ","description_kind":"markdown","required":true},"description":{"type":"string","description":"Description field of the alert that is generally used to provide a detailed information about the alert","description_kind":"markdown","optional":true},"message":{"type":"string","description":"Message of the alert","description_kind":"markdown","optional":true},"priority":{"type":"string","description":"Value must be one of `P1`, `P2`, `P3`, `P4`, `P5`, `auto`.","description_kind":"markdown","required":true},"task_type":{"type":"string","description_kind":"plain","optional":true}},"description":"The parameters for this workflow task.","description_kind":"markdown"},"min_items":1,"max_items":1}},"description":"Manages workflow update_opsgenie_alert task.","description_kind":"markdown"}},"rootly_workflow_task_update_opsgenie_incident":{"version":0,"block":{"attributes":{"enabled":{"type":"bool","description":"Enable/disable this workflow task","description_kind":"markdown","optional":true},"id":{"type":"string","description_kind":"plain","optional":true,"computed":true},"name":{"type":"string","description":"Name of the workflow task","description_kind":"markdown","optional":true,"computed":true},"position":{"type":"number","description":"The position of the workflow task (1 being top of list)","description_kind":"markdown","optional":true,"computed":true},"skip_on_failure":{"type":"bool","description":"Skip workflow task if any failures","description_kind":"markdown","optional":true},"workflow_id":{"type":"string","description":"The ID of the parent workflow","description_kind":"markdown","required":true}},"block_types":{"task_params":{"nesting_mode":"list","block":{"attributes":{"description":{"type":"string","description":"Description field of the alert that is generally used to provide a detailed information about the alert","description_kind":"markdown","optional":true},"message":{"type":"string","description":"Message of the alert","description_kind":"markdown","optional":true},"opsgenie_incident_id":{"type":"string","description":"The Opsgenie incident ID, this can also be a Rootly incident variable ","description_kind":"markdown","required":true},"priority":{"type":"string","description":"Value must be one of `P1`, `P2`, `P3`, `P4`, `P5`, `auto`, ``.","description_kind":"markdown","optional":true},"status":{"type":"string","description":"Value must be one of `resolve`, `open`, `close`, `auto`.","description_kind":"markdown","optional":true},"task_type":{"type":"string","description_kind":"plain","optional":true}},"description":"The parameters for this workflow task.","description_kind":"markdown"},"min_items":1,"max_items":1}},"description":"Manages workflow update_opsgenie_incident task.","description_kind":"markdown"}},"rootly_workflow_task_update_pagerduty_incident":{"version":1,"block":{"attributes":{"enabled":{"type":"bool","description":"Enable/disable this workflow task","description_kind":"markdown","optional":true},"id":{"type":"string","description_kind":"plain","optional":true,"computed":true},"name":{"type":"string","description":"Name of the workflow task","description_kind":"markdown","optional":true,"computed":true},"position":{"type":"number","description":"The position of the workflow task (1 being top of list)","description_kind":"markdown","optional":true,"computed":true},"skip_on_failure":{"type":"bool","description":"Skip workflow task if any failures","description_kind":"markdown","optional":true},"workflow_id":{"type":"string","description":"The ID of the parent workflow","description_kind":"markdown","required":true}},"block_types":{"task_params":{"nesting_mode":"list","block":{"attributes":{"escalation_level":{"type":"number","description":"Escalation level of policy attached to incident","description_kind":"markdown","optional":true},"pagerduty_incident_id":{"type":"string","description":"Pagerduty incident id","description_kind":"markdown","required":true},"priority":{"type":"string","description":"PagerDuty incident priority, selecting auto will let Rootly auto map our incident severity","description_kind":"markdown","optional":true},"resolution":{"type":"string","description":"A message outlining the incident's resolution in PagerDuty","description_kind":"markdown","optional":true},"status":{"type":"string","description":"Value must be one of `resolved`, `acknowledged`, `auto`.","description_kind":"markdown","optional":true},"task_type":{"type":"string","description_kind":"plain","optional":true},"title":{"type":"string","description":"Title to update to","description_kind":"markdown","optional":true},"urgency":{"type":"string","description":"PagerDuty incident urgency, selecting auto will let Rootly auto map our incident severity. Value must be one of `high`, `low`, `auto`.","description_kind":"markdown","optional":true}},"description":"The parameters for this workflow task.","description_kind":"markdown"},"min_items":1,"max_items":1}},"description":"Manages workflow update_pagerduty_incident task.","description_kind":"markdown"}},"rootly_workflow_task_update_pagertree_alert":{"version":0,"block":{"attributes":{"enabled":{"type":"bool","description":"Enable/disable this workflow task","description_kind":"markdown","optional":true},"id":{"type":"string","description_kind":"plain","optional":true,"computed":true},"name":{"type":"string","description":"Name of the workflow task","description_kind":"markdown","optional":true,"computed":true},"position":{"type":"number","description":"The position of the workflow task (1 being top of list)","description_kind":"markdown","optional":true,"computed":true},"skip_on_failure":{"type":"bool","description":"Skip workflow task if any failures","description_kind":"markdown","optional":true},"workflow_id":{"type":"string","description":"The ID of the parent workflow","description_kind":"markdown","required":true}},"block_types":{"task_params":{"nesting_mode":"list","block":{"attributes":{"description":{"type":"string","description":"Description of alert as text","description_kind":"markdown","optional":true},"incident":{"type":"bool","description":"Setting to true makes an alert a Pagertree incident. Value must be one of true or false","description_kind":"markdown","optional":true},"pagertree_alert_id":{"type":"string","description":"The prefix ID of the Pagertree alert","description_kind":"markdown","optional":true},"severity":{"type":"string","description":"Value must be one of `auto`, `SEV-1`, `SEV-2`, `SEV-3`, `SEV-4`.","description_kind":"markdown","optional":true},"task_type":{"type":"string","description_kind":"plain","optional":true},"title":{"type":"string","description":"Title of alert as text","description_kind":"markdown","optional":true},"urgency":{"type":"string","description":"Value must be one of `auto`, `critical`, `high`, `medium`, `low`.","description_kind":"markdown","optional":true}},"block_types":{"teams":{"nesting_mode":"list","block":{"attributes":{"id":{"type":"string","description_kind":"plain","required":true},"name":{"type":"string","description_kind":"plain","required":true}},"description_kind":"plain"}},"users":{"nesting_mode":"list","block":{"attributes":{"id":{"type":"string","description_kind":"plain","required":true},"name":{"type":"string","description_kind":"plain","required":true}},"description_kind":"plain"}}},"description":"The parameters for this workflow task.","description_kind":"markdown"},"min_items":1,"max_items":1}},"description":"Manages workflow update_pagertree_alert task.","description_kind":"markdown"}},"rootly_workflow_task_update_quip_page":{"version":0,"block":{"attributes":{"enabled":{"type":"bool","description":"Enable/disable this workflow task","description_kind":"markdown","optional":true},"id":{"type":"string","description_kind":"plain","optional":true,"computed":true},"name":{"type":"string","description":"Name of the workflow task","description_kind":"markdown","optional":true,"computed":true},"position":{"type":"number","description":"The position of the workflow task (1 being top of list)","description_kind":"markdown","optional":true,"computed":true},"skip_on_failure":{"type":"bool","description":"Skip workflow task if any failures","description_kind":"markdown","optional":true},"workflow_id":{"type":"string","description":"The ID of the parent workflow","description_kind":"markdown","required":true}},"block_types":{"task_params":{"nesting_mode":"list","block":{"attributes":{"content":{"type":"string","description":"The Quip page content","description_kind":"markdown","optional":true},"file_id":{"type":"string","description":"The Quip page ID","description_kind":"markdown","required":true},"post_mortem_template_id":{"type":"string","description":"Retrospective template to use when updating page, if desired","description_kind":"markdown","optional":true},"task_type":{"type":"string","description_kind":"plain","optional":true},"template_id":{"type":"string","description":"The Quip file ID to use as a template","description_kind":"markdown","optional":true},"title":{"type":"string","description":"The Quip page title","description_kind":"markdown","optional":true}},"description":"The parameters for this workflow task.","description_kind":"markdown"},"min_items":1,"max_items":1}},"description":"Manages workflow update_quip_page task.","description_kind":"markdown"}},"rootly_workflow_task_update_service_now_incident":{"version":0,"block":{"attributes":{"enabled":{"type":"bool","description":"Enable/disable this workflow task","description_kind":"markdown","optional":true},"id":{"type":"string","description_kind":"plain","optional":true,"computed":true},"name":{"type":"string","description":"Name of the workflow task","description_kind":"markdown","optional":true,"computed":true},"position":{"type":"number","description":"The position of the workflow task (1 being top of list)","description_kind":"markdown","optional":true,"computed":true},"skip_on_failure":{"type":"bool","description":"Skip workflow task if any failures","description_kind":"markdown","optional":true},"workflow_id":{"type":"string","description":"The ID of the parent workflow","description_kind":"markdown","required":true}},"block_types":{"task_params":{"nesting_mode":"list","block":{"attributes":{"completion":{"type":["map","string"],"description":"Map must contain two fields, `id` and `name`. The completion id and display name","description_kind":"markdown","optional":true},"custom_fields_mapping":{"type":"string","description":"Custom field mappings. Can contain liquid markup and need to be valid JSON","description_kind":"markdown","optional":true},"description":{"type":"string","description":"The incident description","description_kind":"markdown","optional":true},"incident_id":{"type":"string","description":"The incident id","description_kind":"markdown","required":true},"priority":{"type":["map","string"],"description":"Map must contain two fields, `id` and `name`. The priority id and display name","description_kind":"markdown","optional":true},"task_type":{"type":"string","description_kind":"plain","optional":true},"title":{"type":"string","description":"The incident title","description_kind":"markdown","optional":true}},"description":"The parameters for this workflow task.","description_kind":"markdown"},"min_items":1,"max_items":1}},"description":"Manages workflow update_service_now_incident task.","description_kind":"markdown"}},"rootly_workflow_task_update_sharepoint_page":{"version":0,"block":{"attributes":{"enabled":{"type":"bool","description":"Enable/disable this workflow task","description_kind":"markdown","optional":true},"id":{"type":"string","description_kind":"plain","optional":true,"computed":true},"name":{"type":"string","description":"Name of the workflow task","description_kind":"markdown","optional":true,"computed":true},"position":{"type":"number","description":"The position of the workflow task (1 being top of list)","description_kind":"markdown","optional":true,"computed":true},"skip_on_failure":{"type":"bool","description":"Skip workflow task if any failures","description_kind":"markdown","optional":true},"workflow_id":{"type":"string","description":"The ID of the parent workflow","description_kind":"markdown","required":true}},"block_types":{"task_params":{"nesting_mode":"list","block":{"attributes":{"content":{"type":"string","description":"The SharePoint document content","description_kind":"markdown","optional":true},"file_id":{"type":"string","description":"The SharePoint file ID","description_kind":"markdown","required":true},"post_mortem_template_id":{"type":"string","description":"Retrospective template to use when updating document, if desired","description_kind":"markdown","optional":true},"task_type":{"type":"string","description_kind":"plain","optional":true},"title":{"type":"string","description":"The SharePoint document title","description_kind":"markdown","optional":true}},"description":"The parameters for this workflow task.","description_kind":"markdown"},"min_items":1,"max_items":1}},"description":"Manages workflow update_sharepoint_page task.","description_kind":"markdown"}},"rootly_workflow_task_update_shortcut_story":{"version":0,"block":{"attributes":{"enabled":{"type":"bool","description":"Enable/disable this workflow task","description_kind":"markdown","optional":true},"id":{"type":"string","description_kind":"plain","optional":true,"computed":true},"name":{"type":"string","description":"Name of the workflow task","description_kind":"markdown","optional":true,"computed":true},"position":{"type":"number","description":"The position of the workflow task (1 being top of list)","description_kind":"markdown","optional":true,"computed":true},"skip_on_failure":{"type":"bool","description":"Skip workflow task if any failures","description_kind":"markdown","optional":true},"workflow_id":{"type":"string","description":"The ID of the parent workflow","description_kind":"markdown","required":true}},"block_types":{"task_params":{"nesting_mode":"list","block":{"attributes":{"archivation":{"type":["map","string"],"description":"Map must contain two fields, `id` and `name`. The archivation id and display name","description_kind":"markdown","required":true},"description":{"type":"string","description":"The incident description","description_kind":"markdown","optional":true},"due_date":{"type":"string","description":"The due date","description_kind":"markdown","optional":true},"labels":{"type":"string","description":"The story labels","description_kind":"markdown","optional":true},"story_id":{"type":"string","description":"The story id","description_kind":"markdown","required":true},"task_type":{"type":"string","description_kind":"plain","optional":true},"title":{"type":"string","description":"The incident title","description_kind":"markdown","optional":true}},"description":"The parameters for this workflow task.","description_kind":"markdown"},"min_items":1,"max_items":1}},"description":"Manages workflow update_shortcut_story task.","description_kind":"markdown"}},"rootly_workflow_task_update_shortcut_task":{"version":0,"block":{"attributes":{"enabled":{"type":"bool","description":"Enable/disable this workflow task","description_kind":"markdown","optional":true},"id":{"type":"string","description_kind":"plain","optional":true,"computed":true},"name":{"type":"string","description":"Name of the workflow task","description_kind":"markdown","optional":true,"computed":true},"position":{"type":"number","description":"The position of the workflow task (1 being top of list)","description_kind":"markdown","optional":true,"computed":true},"skip_on_failure":{"type":"bool","description":"Skip workflow task if any failures","description_kind":"markdown","optional":true},"workflow_id":{"type":"string","description":"The ID of the parent workflow","description_kind":"markdown","required":true}},"block_types":{"task_params":{"nesting_mode":"list","block":{"attributes":{"completion":{"type":["map","string"],"description":"Map must contain two fields, `id` and `name`. The completion id and display name","description_kind":"markdown","required":true},"description":{"type":"string","description":"The task description","description_kind":"markdown","optional":true},"parent_story_id":{"type":"string","description":"The parent story","description_kind":"markdown","required":true},"task_id":{"type":"string","description":"The task id","description_kind":"markdown","required":true},"task_type":{"type":"string","description_kind":"plain","optional":true}},"description":"The parameters for this workflow task.","description_kind":"markdown"},"min_items":1,"max_items":1}},"description":"Manages workflow update_shortcut_task task.","description_kind":"markdown"}},"rootly_workflow_task_update_slack_channel_topic":{"version":0,"block":{"attributes":{"enabled":{"type":"bool","description":"Enable/disable this workflow task","description_kind":"markdown","optional":true},"id":{"type":"string","description_kind":"plain","optional":true,"computed":true},"name":{"type":"string","description":"Name of the workflow task","description_kind":"markdown","optional":true,"computed":true},"position":{"type":"number","description":"The position of the workflow task (1 being top of list)","description_kind":"markdown","optional":true,"computed":true},"skip_on_failure":{"type":"bool","description":"Skip workflow task if any failures","description_kind":"markdown","optional":true},"workflow_id":{"type":"string","description":"The ID of the parent workflow","description_kind":"markdown","required":true}},"block_types":{"task_params":{"nesting_mode":"list","block":{"attributes":{"channel":{"type":["map","string"],"description":"Map must contain two fields, `id` and `name`. ","description_kind":"markdown","required":true},"task_type":{"type":"string","description_kind":"plain","optional":true},"topic":{"type":"string","description_kind":"plain","required":true}},"description":"The parameters for this workflow task.","description_kind":"markdown"},"min_items":1,"max_items":1}},"description":"Manages workflow update_slack_channel_topic task.","description_kind":"markdown"}},"rootly_workflow_task_update_status":{"version":0,"block":{"attributes":{"enabled":{"type":"bool","description":"Enable/disable this workflow task","description_kind":"markdown","optional":true},"id":{"type":"string","description_kind":"plain","optional":true,"computed":true},"name":{"type":"string","description":"Name of the workflow task","description_kind":"markdown","optional":true,"computed":true},"position":{"type":"number","description":"The position of the workflow task (1 being top of list)","description_kind":"markdown","optional":true,"computed":true},"skip_on_failure":{"type":"bool","description":"Skip workflow task if any failures","description_kind":"markdown","optional":true},"workflow_id":{"type":"string","description":"The ID of the parent workflow","description_kind":"markdown","required":true}},"block_types":{"task_params":{"nesting_mode":"list","block":{"attributes":{"inactivity_timeout":{"type":"string","description":"In format '1 hour', '1 day', etc","description_kind":"markdown","optional":true},"status":{"type":"string","description":"Value must be one of `in_triage`, `started`, `mitigated`, `resolved`, `closed`, `cancelled`.","description_kind":"markdown","required":true},"task_type":{"type":"string","description_kind":"plain","optional":true}},"description":"The parameters for this workflow task.","description_kind":"markdown"},"min_items":1,"max_items":1}},"description":"Manages workflow update_status task.","description_kind":"markdown"}},"rootly_workflow_task_update_trello_card":{"version":0,"block":{"attributes":{"enabled":{"type":"bool","description":"Enable/disable this workflow task","description_kind":"markdown","optional":true},"id":{"type":"string","description_kind":"plain","optional":true,"computed":true},"name":{"type":"string","description":"Name of the workflow task","description_kind":"markdown","optional":true,"computed":true},"position":{"type":"number","description":"The position of the workflow task (1 being top of list)","description_kind":"markdown","optional":true,"computed":true},"skip_on_failure":{"type":"bool","description":"Skip workflow task if any failures","description_kind":"markdown","optional":true},"workflow_id":{"type":"string","description":"The ID of the parent workflow","description_kind":"markdown","required":true}},"block_types":{"task_params":{"nesting_mode":"list","block":{"attributes":{"archivation":{"type":["map","string"],"description":"Map must contain two fields, `id` and `name`. The archivation id and display name","description_kind":"markdown","required":true},"board":{"type":["map","string"],"description":"Map must contain two fields, `id` and `name`. The board id and display name","description_kind":"markdown","optional":true},"card_id":{"type":"string","description":"The card id","description_kind":"markdown","required":true},"description":{"type":"string","description":"The card description","description_kind":"markdown","optional":true},"due_date":{"type":"string","description":"The due date","description_kind":"markdown","optional":true},"list":{"type":["map","string"],"description":"Map must contain two fields, `id` and `name`. The list id and display name","description_kind":"markdown","optional":true},"task_type":{"type":"string","description_kind":"plain","optional":true},"title":{"type":"string","description":"The card title","description_kind":"markdown","optional":true}},"block_types":{"labels":{"nesting_mode":"list","block":{"attributes":{"id":{"type":"string","description_kind":"plain","required":true},"name":{"type":"string","description_kind":"plain","required":true}},"description_kind":"plain"}}},"description":"The parameters for this workflow task.","description_kind":"markdown"},"min_items":1,"max_items":1}},"description":"Manages workflow update_trello_card task.","description_kind":"markdown"}},"rootly_workflow_task_update_victor_ops_incident":{"version":0,"block":{"attributes":{"enabled":{"type":"bool","description":"Enable/disable this workflow task","description_kind":"markdown","optional":true},"id":{"type":"string","description_kind":"plain","optional":true,"computed":true},"name":{"type":"string","description":"Name of the workflow task","description_kind":"markdown","optional":true,"computed":true},"position":{"type":"number","description":"The position of the workflow task (1 being top of list)","description_kind":"markdown","optional":true,"computed":true},"skip_on_failure":{"type":"bool","description":"Skip workflow task if any failures","description_kind":"markdown","optional":true},"workflow_id":{"type":"string","description":"The ID of the parent workflow","description_kind":"markdown","required":true}},"block_types":{"task_params":{"nesting_mode":"list","block":{"attributes":{"resolution_message":{"type":"string","description":"Resolution message","description_kind":"markdown","optional":true},"status":{"type":"string","description":"Value must be one of `resolve`, `ack`, `auto`.","description_kind":"markdown","required":true},"task_type":{"type":"string","description_kind":"plain","optional":true},"victor_ops_incident_id":{"type":"string","description":"The victor_ops incident ID, this can also be a Rootly incident variable ","description_kind":"markdown","required":true}},"description":"The parameters for this workflow task.","description_kind":"markdown"},"min_items":1,"max_items":1}},"description":"Manages workflow update_victor_ops_incident task.","description_kind":"markdown"}},"rootly_workflow_task_update_zendesk_ticket":{"version":0,"block":{"attributes":{"enabled":{"type":"bool","description":"Enable/disable this workflow task","description_kind":"markdown","optional":true},"id":{"type":"string","description_kind":"plain","optional":true,"computed":true},"name":{"type":"string","description":"Name of the workflow task","description_kind":"markdown","optional":true,"computed":true},"position":{"type":"number","description":"The position of the workflow task (1 being top of list)","description_kind":"markdown","optional":true,"computed":true},"skip_on_failure":{"type":"bool","description":"Skip workflow task if any failures","description_kind":"markdown","optional":true},"workflow_id":{"type":"string","description":"The ID of the parent workflow","description_kind":"markdown","required":true}},"block_types":{"task_params":{"nesting_mode":"list","block":{"attributes":{"completion":{"type":["map","string"],"description":"Map must contain two fields, `id` and `name`. The completion id and display name","description_kind":"markdown","optional":true},"custom_fields_mapping":{"type":"string","description":"Custom field mappings. Can contain liquid markup and need to be valid JSON","description_kind":"markdown","optional":true},"priority":{"type":["map","string"],"description":"Map must contain two fields, `id` and `name`. The priority id and display name","description_kind":"markdown","optional":true},"subject":{"type":"string","description":"The ticket subject","description_kind":"markdown","optional":true},"tags":{"type":"string","description":"The ticket tags","description_kind":"markdown","optional":true},"task_type":{"type":"string","description_kind":"plain","optional":true},"ticket_id":{"type":"string","description":"The ticket id","description_kind":"markdown","required":true},"ticket_payload":{"type":"string","description":"Additional Zendesk ticket attributes. Will be merged into whatever was specified in this tasks current parameters. Can contain liquid markup and need to be valid JSON","description_kind":"markdown","optional":true}},"description":"The parameters for this workflow task.","description_kind":"markdown"},"min_items":1,"max_items":1}},"description":"Manages workflow update_zendesk_ticket task.","description_kind":"markdown"}}},"data_source_schemas":{"rootly_alert_field":{"version":0,"block":{"attributes":{"created_at":{"type":["map","string"],"description":"Filter by date range using 'lt' and 'gt'.","description_kind":"markdown","optional":true},"id":{"type":"string","description_kind":"plain","computed":true},"kind":{"type":"string","description_kind":"plain","optional":true,"computed":true},"name":{"type":"string","description_kind":"plain","optional":true,"computed":true}},"description_kind":"plain"}},"rootly_alert_route":{"version":0,"block":{"attributes":{"id":{"type":"string","description_kind":"plain","computed":true},"name":{"type":"string","description_kind":"plain","optional":true,"computed":true}},"description_kind":"plain"}},"rootly_alert_routing_rule":{"version":0,"block":{"attributes":{"created_at":{"type":["map","string"],"description":"Filter by date range using 'lt' and 'gt'.","description_kind":"markdown","optional":true},"id":{"type":"string","description_kind":"plain","computed":true},"name":{"type":"string","description_kind":"plain","optional":true,"computed":true}},"description_kind":"plain"}},"rootly_alert_urgency":{"version":0,"block":{"attributes":{"created_at":{"type":["map","string"],"description":"Filter by date range using 'lt' and 'gt'.","description_kind":"markdown","optional":true},"id":{"type":"string","description_kind":"plain","computed":true},"name":{"type":"string","description_kind":"plain","optional":true,"computed":true}},"description_kind":"plain"}},"rootly_alerts_source":{"version":0,"block":{"attributes":{"id":{"type":"string","description_kind":"plain","computed":true},"name":{"type":"string","description_kind":"plain","optional":true,"computed":true},"source_type":{"type":"string","description_kind":"plain","optional":true,"computed":true},"status":{"type":"string","description_kind":"plain","optional":true,"computed":true}},"description_kind":"plain"}},"rootly_api_key":{"version":0,"block":{"attributes":{"created_at":{"type":["map","string"],"description":"Filter by date range using 'lt' and 'gt'.","description_kind":"markdown","optional":true},"expires_at":{"type":["map","string"],"description":"Filter by date range using 'lt' and 'gt'.","description_kind":"markdown","optional":true},"id":{"type":"string","description_kind":"plain","computed":true},"kind":{"type":"string","description_kind":"plain","optional":true,"computed":true},"last_used_at":{"type":["map","string"],"description":"Filter by date range using 'lt' and 'gt'.","description_kind":"markdown","optional":true},"name":{"type":"string","description_kind":"plain","optional":true,"computed":true},"role_id":{"type":"string","description_kind":"plain","optional":true,"computed":true}},"description_kind":"plain"}},"rootly_authorization":{"version":0,"block":{"attributes":{"authorizable_id":{"type":"string","description_kind":"plain","optional":true,"computed":true},"authorizable_type":{"type":"string","description_kind":"plain","optional":true,"computed":true},"created_at":{"type":["map","string"],"description":"Filter by date range using 'lt' and 'gt'.","description_kind":"markdown","optional":true},"grantee_id":{"type":"string","description_kind":"plain","optional":true,"computed":true},"grantee_type":{"type":"string","description_kind":"plain","optional":true,"computed":true},"id":{"type":"string","description_kind":"plain","computed":true}},"description_kind":"plain"}},"rootly_catalog":{"version":0,"block":{"attributes":{"created_at":{"type":["map","string"],"description":"Filter by date range using 'lt' and 'gt'.","description_kind":"markdown","optional":true},"id":{"type":"string","description_kind":"plain","computed":true},"name":{"type":"string","description_kind":"plain","optional":true,"computed":true}},"description_kind":"plain"}},"rootly_catalog_checklist_template":{"version":0,"block":{"attributes":{"catalog_type":{"type":"string","description_kind":"plain","optional":true,"computed":true},"created_at":{"type":["map","string"],"description":"Filter by date range using 'lt' and 'gt'.","description_kind":"markdown","optional":true},"id":{"type":"string","description_kind":"plain","computed":true},"name":{"type":"string","description_kind":"plain","optional":true,"computed":true},"scope_type":{"type":"string","description_kind":"plain","optional":true,"computed":true},"slug":{"type":"string","description_kind":"plain","optional":true,"computed":true}},"description_kind":"plain"}},"rootly_catalog_entity":{"version":0,"block":{"attributes":{"catalog_id":{"type":"string","description_kind":"plain","required":true},"created_at":{"type":["map","string"],"description":"Filter by date range using 'lt' and 'gt'.","description_kind":"markdown","optional":true},"id":{"type":"string","description_kind":"plain","computed":true},"name":{"type":"string","description_kind":"plain","optional":true,"computed":true}},"description_kind":"plain"}},"rootly_cause":{"version":0,"block":{"attributes":{"created_at":{"type":["map","string"],"description":"Filter by date range using 'lt' and 'gt'.","description_kind":"markdown","optional":true},"id":{"type":"string","description_kind":"plain","computed":true},"name":{"type":"string","description_kind":"plain","optional":true,"computed":true},"slug":{"type":"string","description_kind":"plain","optional":true,"computed":true}},"description_kind":"plain"}},"rootly_causes":{"version":0,"block":{"attributes":{"causes":{"type":["list",["object",{"description":"string","id":"string","name":"string","slug":"string"}]],"description_kind":"plain","computed":true},"id":{"type":"string","description_kind":"plain","optional":true,"computed":true},"name":{"type":"string","description_kind":"plain","optional":true},"slug":{"type":"string","description_kind":"plain","optional":true}},"description_kind":"plain"}},"rootly_communications_group":{"version":0,"block":{"attributes":{"communication_type_id":{"type":"string","description_kind":"plain","optional":true,"computed":true},"condition_type":{"type":"string","description_kind":"plain","optional":true,"computed":true},"created_at":{"type":["map","string"],"description":"Filter by date range using 'lt' and 'gt'.","description_kind":"markdown","optional":true},"id":{"type":"string","description_kind":"plain","computed":true},"is_private":{"type":"bool","description_kind":"plain","optional":true,"computed":true},"name":{"type":"string","description_kind":"plain","optional":true,"computed":true},"slug":{"type":"string","description_kind":"plain","optional":true,"computed":true}},"description_kind":"plain"}},"rootly_communications_stage":{"version":0,"block":{"attributes":{"created_at":{"type":["map","string"],"description":"Filter by date range using 'lt' and 'gt'.","description_kind":"markdown","optional":true},"id":{"type":"string","description_kind":"plain","computed":true},"name":{"type":"string","description_kind":"plain","optional":true,"computed":true},"slug":{"type":"string","description_kind":"plain","optional":true,"computed":true}},"description_kind":"plain"}},"rootly_communications_template":{"version":0,"block":{"attributes":{"communication_type":{"type":"string","description_kind":"plain","optional":true,"computed":true},"communication_type_id":{"type":"string","description_kind":"plain","optional":true,"computed":true},"created_at":{"type":["map","string"],"description":"Filter by date range using 'lt' and 'gt'.","description_kind":"markdown","optional":true},"id":{"type":"string","description_kind":"plain","computed":true},"name":{"type":"string","description_kind":"plain","optional":true,"computed":true},"slug":{"type":"string","description_kind":"plain","optional":true,"computed":true}},"description_kind":"plain"}},"rootly_communications_type":{"version":0,"block":{"attributes":{"created_at":{"type":["map","string"],"description":"Filter by date range using 'lt' and 'gt'.","description_kind":"markdown","optional":true},"id":{"type":"string","description_kind":"plain","computed":true},"name":{"type":"string","description_kind":"plain","optional":true,"computed":true},"slug":{"type":"string","description_kind":"plain","optional":true,"computed":true}},"description_kind":"plain"}},"rootly_custom_field":{"version":0,"block":{"attributes":{"created_at":{"type":["map","string"],"description":"Filter by date range using 'lt' and 'gt'.","description_kind":"markdown","optional":true},"enabled":{"type":"bool","description_kind":"plain","optional":true},"id":{"type":"string","description_kind":"plain","computed":true},"kind":{"type":"string","description_kind":"plain","optional":true,"computed":true},"label":{"type":"string","description_kind":"plain","optional":true,"computed":true},"slug":{"type":"string","description_kind":"plain","optional":true,"computed":true}},"description":"DEPRECATED: Please use `form_field` data source instead.","description_kind":"markdown","deprecated":true}},"rootly_custom_field_option":{"version":0,"block":{"attributes":{"color":{"type":"string","description_kind":"plain","optional":true,"computed":true},"id":{"type":"string","description_kind":"plain","computed":true},"value":{"type":"string","description_kind":"plain","optional":true,"computed":true}},"description":"DEPRECATED: Please use `form_field` and `form_field_option` data sources instead.","description_kind":"markdown","deprecated":true}},"rootly_custom_field_options":{"version":0,"block":{"attributes":{"color":{"type":"string","description_kind":"plain","optional":true},"custom_field_id":{"type":"number","description_kind":"plain","required":true},"custom_field_options":{"type":["list",["object",{"color":"string","custom_field_id":"number","id":"string","position":"number","value":"string"}]],"description_kind":"plain","computed":true},"id":{"type":"string","description_kind":"plain","optional":true,"computed":true},"value":{"type":"string","description_kind":"plain","optional":true}},"description_kind":"plain"}},"rootly_custom_fields":{"version":0,"block":{"attributes":{"custom_fields":{"type":["list",["object",{"description":"string","enabled":"bool","id":"string","kind":"string","label":"string","required":["list","string"],"shown":["list","string"],"slug":"string"}]],"description_kind":"plain","computed":true},"enabled":{"type":"bool","description_kind":"plain","optional":true},"id":{"type":"string","description_kind":"plain","optional":true,"computed":true},"kind":{"type":"string","description_kind":"plain","optional":true},"label":{"type":"string","description_kind":"plain","optional":true},"slug":{"type":"string","description_kind":"plain","optional":true}},"description_kind":"plain"}},"rootly_custom_form":{"version":0,"block":{"attributes":{"command":{"type":"string","description_kind":"plain","optional":true,"computed":true},"created_at":{"type":["map","string"],"description":"Filter by date range using 'lt' and 'gt'.","description_kind":"markdown","optional":true},"id":{"type":"string","description_kind":"plain","computed":true},"name":{"type":"string","description_kind":"plain","optional":true,"computed":true},"slug":{"type":"string","description_kind":"plain","optional":true,"computed":true}},"description_kind":"plain"}},"rootly_environment":{"version":0,"block":{"attributes":{"color":{"type":"string","description_kind":"plain","optional":true,"computed":true},"created_at":{"type":["map","string"],"description":"Filter by date range using 'lt' and 'gt'.","description_kind":"markdown","optional":true},"id":{"type":"string","description_kind":"plain","computed":true},"name":{"type":"string","description_kind":"plain","optional":true,"computed":true},"slug":{"type":"string","description_kind":"plain","optional":true,"computed":true}},"description_kind":"plain"}},"rootly_environments":{"version":0,"block":{"attributes":{"environments":{"type":["list",["object",{"color":"string","description":"string","id":"string","name":"string","slug":"string"}]],"description_kind":"plain","computed":true},"id":{"type":"string","description_kind":"plain","optional":true,"computed":true},"name":{"type":"string","description_kind":"plain","optional":true},"slug":{"type":"string","description_kind":"plain","optional":true}},"description_kind":"plain"}},"rootly_escalation_path":{"version":0,"block":{"attributes":{"escalation_policy_id":{"type":"string","description_kind":"plain","required":true},"id":{"type":"string","description_kind":"plain","computed":true},"path_type":{"type":"string","description_kind":"plain","optional":true,"computed":true}},"description_kind":"plain"}},"rootly_escalation_policy":{"version":0,"block":{"attributes":{"created_at":{"type":["map","string"],"description":"Filter by date range using 'lt' and 'gt'.","description_kind":"markdown","optional":true},"id":{"type":"string","description_kind":"plain","computed":true},"name":{"type":"string","description_kind":"plain","optional":true,"computed":true}},"description_kind":"plain"}},"rootly_form_field":{"version":0,"block":{"attributes":{"created_at":{"type":["map","string"],"description":"Filter by date range using 'lt' and 'gt'.","description_kind":"markdown","optional":true},"enabled":{"type":"bool","description_kind":"plain","optional":true},"id":{"type":"string","description_kind":"plain","computed":true},"kind":{"type":"string","description_kind":"plain","optional":true,"computed":true},"name":{"type":"string","description_kind":"plain","optional":true,"computed":true},"slug":{"type":"string","description_kind":"plain","optional":true,"computed":true}},"description_kind":"plain"}},"rootly_form_field_option":{"version":0,"block":{"attributes":{"color":{"type":"string","description_kind":"plain","optional":true,"computed":true},"form_field_id":{"type":"string","description_kind":"plain","required":true},"id":{"type":"string","description_kind":"plain","computed":true},"value":{"type":"string","description_kind":"plain","optional":true,"computed":true}},"description_kind":"plain"}},"rootly_form_field_placement":{"version":0,"block":{"attributes":{"form":{"type":"string","description_kind":"plain","optional":true,"computed":true},"form_field_id":{"type":"string","description_kind":"plain","required":true},"id":{"type":"string","description_kind":"plain","computed":true}},"description_kind":"plain"}},"rootly_form_field_placement_condition":{"version":0,"block":{"attributes":{"form_field_id":{"type":"string","description_kind":"plain","optional":true,"computed":true},"form_field_placement_id":{"type":"string","description_kind":"plain","required":true},"id":{"type":"string","description_kind":"plain","computed":true}},"description_kind":"plain"}},"rootly_form_field_position":{"version":0,"block":{"attributes":{"form":{"type":"string","description_kind":"plain","optional":true,"computed":true},"form_field_id":{"type":"string","description_kind":"plain","required":true},"id":{"type":"string","description_kind":"plain","computed":true}},"description_kind":"plain"}},"rootly_form_set":{"version":0,"block":{"attributes":{"created_at":{"type":["map","string"],"description":"Filter by date range using 'lt' and 'gt'.","description_kind":"markdown","optional":true},"id":{"type":"string","description_kind":"plain","computed":true},"is_default":{"type":"bool","description_kind":"plain","optional":true,"computed":true},"slug":{"type":"string","description_kind":"plain","optional":true,"computed":true}},"description_kind":"plain"}},"rootly_form_set_condition":{"version":0,"block":{"attributes":{"form_field_id":{"type":"string","description_kind":"plain","optional":true,"computed":true},"form_set_id":{"type":"string","description_kind":"plain","required":true},"id":{"type":"string","description_kind":"plain","computed":true}},"description_kind":"plain"}},"rootly_functionalities":{"version":0,"block":{"attributes":{"functionalities":{"type":["list",["object",{"color":"string","description":"string","id":"string","name":"string","slug":"string"}]],"description_kind":"plain","computed":true},"id":{"type":"string","description_kind":"plain","optional":true,"computed":true},"name":{"type":"string","description_kind":"plain","optional":true},"opsgenie_id":{"type":"string","description_kind":"plain","optional":true},"pagerduty_id":{"type":"string","description_kind":"plain","optional":true},"slug":{"type":"string","description_kind":"plain","optional":true}},"description_kind":"plain"}},"rootly_functionality":{"version":0,"block":{"attributes":{"backstage_id":{"type":"string","description_kind":"plain","optional":true,"computed":true},"cortex_id":{"type":"string","description_kind":"plain","optional":true,"computed":true},"created_at":{"type":["map","string"],"description":"Filter by date range using 'lt' and 'gt'.","description_kind":"markdown","optional":true},"external_id":{"type":"string","description_kind":"plain","optional":true,"computed":true},"id":{"type":"string","description_kind":"plain","computed":true},"name":{"type":"string","description_kind":"plain","optional":true,"computed":true},"slug":{"type":"string","description_kind":"plain","optional":true,"computed":true}},"description_kind":"plain"}},"rootly_heartbeat":{"version":0,"block":{"attributes":{"created_at":{"type":["map","string"],"description":"Filter by date range using 'lt' and 'gt'.","description_kind":"markdown","optional":true},"id":{"type":"string","description_kind":"plain","computed":true},"name":{"type":"string","description_kind":"plain","optional":true,"computed":true}},"description_kind":"plain"}},"rootly_incident":{"version":0,"block":{"attributes":{"acknowledged_at":{"type":["map","string"],"description":"Filter by date range using 'lt' and 'gt'.","description_kind":"markdown","optional":true},"closed_at":{"type":["map","string"],"description":"Filter by date range using 'lt' and 'gt'.","description_kind":"markdown","optional":true},"created_at":{"type":["map","string"],"description":"Filter by date range using 'lt' and 'gt'.","description_kind":"markdown","optional":true},"detected_at":{"type":["map","string"],"description":"Filter by date range using 'lt' and 'gt'.","description_kind":"markdown","optional":true},"environments":{"type":"string","description_kind":"plain","optional":true,"computed":true},"functionalities":{"type":"string","description_kind":"plain","optional":true,"computed":true},"id":{"type":"string","description_kind":"plain","computed":true},"in_triage_at":{"type":["map","string"],"description":"Filter by date range using 'lt' and 'gt'.","description_kind":"markdown","optional":true},"kind":{"type":"string","description_kind":"plain","optional":true,"computed":true},"labels":{"type":"string","description_kind":"plain","optional":true,"computed":true},"mitigated_at":{"type":["map","string"],"description":"Filter by date range using 'lt' and 'gt'.","description_kind":"markdown","optional":true},"private":{"type":"bool","description_kind":"plain","optional":true,"computed":true},"resolved_at":{"type":["map","string"],"description":"Filter by date range using 'lt' and 'gt'.","description_kind":"markdown","optional":true},"services":{"type":"string","description_kind":"plain","optional":true,"computed":true},"severity":{"type":"string","description_kind":"plain","optional":true,"computed":true},"started_at":{"type":["map","string"],"description":"Filter by date range using 'lt' and 'gt'.","description_kind":"markdown","optional":true},"status":{"type":"string","description_kind":"plain","optional":true,"computed":true},"updated_at":{"type":["map","string"],"description":"Filter by date range using 'lt' and 'gt'.","description_kind":"markdown","optional":true},"user":{"type":"string","description_kind":"plain","optional":true,"computed":true}},"description_kind":"plain"}},"rootly_incident_permission_set":{"version":0,"block":{"attributes":{"created_at":{"type":["map","string"],"description":"Filter by date range using 'lt' and 'gt'.","description_kind":"markdown","optional":true},"id":{"type":"string","description_kind":"plain","computed":true},"name":{"type":"string","description_kind":"plain","optional":true,"computed":true},"slug":{"type":"string","description_kind":"plain","optional":true,"computed":true}},"description_kind":"plain"}},"rootly_incident_permission_set_boolean":{"version":0,"block":{"attributes":{"created_at":{"type":["map","string"],"description":"Filter by date range using 'lt' and 'gt'.","description_kind":"markdown","optional":true},"id":{"type":"string","description_kind":"plain","computed":true},"incident_permission_set_id":{"type":"string","description_kind":"plain","required":true},"kind":{"type":"string","description_kind":"plain","optional":true,"computed":true}},"description_kind":"plain"}},"rootly_incident_permission_set_resource":{"version":0,"block":{"attributes":{"created_at":{"type":["map","string"],"description":"Filter by date range using 'lt' and 'gt'.","description_kind":"markdown","optional":true},"id":{"type":"string","description_kind":"plain","computed":true},"incident_permission_set_id":{"type":"string","description_kind":"plain","required":true},"kind":{"type":"string","description_kind":"plain","optional":true,"computed":true}},"description_kind":"plain"}},"rootly_incident_post_mortem":{"version":0,"block":{"attributes":{"created_at":{"type":["map","string"],"description":"Filter by date range using 'lt' and 'gt'.","description_kind":"markdown","optional":true},"id":{"type":"string","description_kind":"plain","computed":true},"mitigated_at":{"type":["map","string"],"description":"Filter by date range using 'lt' and 'gt'.","description_kind":"markdown","optional":true},"resolved_at":{"type":["map","string"],"description":"Filter by date range using 'lt' and 'gt'.","description_kind":"markdown","optional":true},"started_at":{"type":["map","string"],"description":"Filter by date range using 'lt' and 'gt'.","description_kind":"markdown","optional":true},"status":{"type":"string","description_kind":"plain","optional":true,"computed":true}},"description_kind":"plain"}},"rootly_incident_role":{"version":0,"block":{"attributes":{"created_at":{"type":["map","string"],"description":"Filter by date range using 'lt' and 'gt'.","description_kind":"markdown","optional":true},"enabled":{"type":"bool","description_kind":"plain","optional":true},"id":{"type":"string","description_kind":"plain","computed":true},"name":{"type":"string","description_kind":"plain","optional":true,"computed":true},"slug":{"type":"string","description_kind":"plain","optional":true,"computed":true}},"description_kind":"plain"}},"rootly_incident_roles":{"version":0,"block":{"attributes":{"enabled":{"type":"bool","description_kind":"plain","optional":true},"id":{"type":"string","description_kind":"plain","optional":true,"computed":true},"incident_roles":{"type":["list",["object",{"description":"string","enabled":"bool","id":"string","name":"string","slug":"string","summary":"string"}]],"description_kind":"plain","computed":true},"name":{"type":"string","description_kind":"plain","optional":true},"slug":{"type":"string","description_kind":"plain","optional":true}},"description_kind":"plain"}},"rootly_incident_sub_status":{"version":0,"block":{"attributes":{"assigned_at":{"type":["map","string"],"description":"Filter by date range using 'lt' and 'gt'.","description_kind":"markdown","optional":true},"id":{"type":"string","description_kind":"plain","computed":true},"incident_id":{"type":"string","description_kind":"plain","required":true},"sub_status_id":{"type":"string","description_kind":"plain","optional":true,"computed":true}},"description_kind":"plain"}},"rootly_incident_type":{"version":0,"block":{"attributes":{"color":{"type":"string","description_kind":"plain","optional":true,"computed":true},"created_at":{"type":["map","string"],"description":"Filter by date range using 'lt' and 'gt'.","description_kind":"markdown","optional":true},"id":{"type":"string","description_kind":"plain","computed":true},"name":{"type":"string","description_kind":"plain","optional":true,"computed":true},"slug":{"type":"string","description_kind":"plain","optional":true,"computed":true}},"description_kind":"plain"}},"rootly_incident_types":{"version":0,"block":{"attributes":{"id":{"type":"string","description_kind":"plain","optional":true,"computed":true},"incident_types":{"type":["list",["object",{"description":"string","id":"string","name":"string","slug":"string"}]],"description_kind":"plain","computed":true},"name":{"type":"string","description_kind":"plain","optional":true},"slug":{"type":"string","description_kind":"plain","optional":true}},"description_kind":"plain"}},"rootly_ip_ranges":{"version":0,"block":{"attributes":{"id":{"type":"string","description_kind":"plain","optional":true,"computed":true},"integrations_ipv4":{"type":["list","string"],"description":"IPv4 addresses used by Rootly integrations.","description_kind":"markdown","computed":true},"integrations_ipv6":{"type":["list","string"],"description":"IPv6 addresses used by Rootly integrations.","description_kind":"markdown","computed":true},"webhooks_ipv4":{"type":["list","string"],"description":"IPv4 addresses used by Rootly webhooks.","description_kind":"markdown","computed":true},"webhooks_ipv6":{"type":["list","string"],"description":"IPv6 addresses used by Rootly webhooks.","description_kind":"markdown","computed":true}},"description_kind":"plain"}},"rootly_live_call_router":{"version":0,"block":{"attributes":{"created_at":{"type":["map","string"],"description":"Filter by date range using 'lt' and 'gt'.","description_kind":"markdown","optional":true},"id":{"type":"string","description_kind":"plain","computed":true},"name":{"type":"string","description_kind":"plain","optional":true,"computed":true}},"description_kind":"plain"}},"rootly_on_call_role":{"version":0,"block":{"attributes":{"created_at":{"type":["map","string"],"description":"Filter by date range using 'lt' and 'gt'.","description_kind":"markdown","optional":true},"id":{"type":"string","description_kind":"plain","computed":true},"name":{"type":"string","description_kind":"plain","optional":true,"computed":true},"slug":{"type":"string","description_kind":"plain","optional":true,"computed":true}},"description_kind":"plain"}},"rootly_post_mortem_template":{"version":0,"block":{"attributes":{"content":{"type":"string","description_kind":"plain","computed":true},"default":{"type":"bool","description_kind":"plain","computed":true},"format":{"type":"string","description_kind":"plain","computed":true},"id":{"type":"string","description_kind":"plain","computed":true},"name":{"type":"string","description_kind":"plain","computed":true},"slug":{"type":"string","description_kind":"plain","required":true}},"description_kind":"plain"}},"rootly_retrospective_configuration":{"version":0,"block":{"attributes":{"id":{"type":"string","description_kind":"plain","computed":true},"kind":{"type":"string","description_kind":"plain","optional":true,"computed":true}},"description_kind":"plain"}},"rootly_retrospective_process_group":{"version":0,"block":{"attributes":{"id":{"type":"string","description_kind":"plain","computed":true},"retrospective_process_id":{"type":"string","description_kind":"plain","required":true},"sub_status_id":{"type":"string","description_kind":"plain","optional":true,"computed":true}},"description_kind":"plain"}},"rootly_retrospective_process_group_step":{"version":0,"block":{"attributes":{"id":{"type":"string","description_kind":"plain","computed":true},"retrospective_process_group_id":{"type":"string","description_kind":"plain","required":true},"retrospective_step_id":{"type":"string","description_kind":"plain","optional":true,"computed":true}},"description_kind":"plain"}},"rootly_role":{"version":0,"block":{"attributes":{"created_at":{"type":["map","string"],"description":"Filter by date range using 'lt' and 'gt'.","description_kind":"markdown","optional":true},"id":{"type":"string","description_kind":"plain","computed":true},"name":{"type":"string","description_kind":"plain","optional":true,"computed":true},"slug":{"type":"string","description_kind":"plain","optional":true,"computed":true}},"description_kind":"plain"}},"rootly_schedule":{"version":1,"block":{"attributes":{"created_at":{"type":["map","string"],"description":"Filter by date range using 'lt' and 'gt'.","description_kind":"markdown","optional":true},"id":{"type":"string","description_kind":"plain","computed":true},"include_shadows_in_slack_notifications":{"type":"bool","description_kind":"plain","computed":true},"name":{"type":"string","description_kind":"plain","optional":true,"computed":true},"shift_report_day_of_week":{"type":"string","description_kind":"plain","computed":true},"shift_report_enabled":{"type":"bool","description_kind":"plain","computed":true},"shift_report_time_of_day":{"type":"string","description_kind":"plain","computed":true},"shift_report_time_zone":{"type":"string","description_kind":"plain","computed":true},"shift_start_notifications_enabled":{"type":"bool","description_kind":"plain","computed":true},"shift_update_notifications_enabled":{"type":"bool","description_kind":"plain","computed":true},"sync_linear_enabled":{"type":"bool","description_kind":"plain","computed":true}},"description_kind":"plain"}},"rootly_service":{"version":0,"block":{"attributes":{"alert_broadcast_enabled":{"type":"bool","description_kind":"plain","optional":true,"computed":true},"backstage_id":{"type":"string","description_kind":"plain","optional":true,"computed":true},"cortex_id":{"type":"string","description_kind":"plain","optional":true,"computed":true},"created_at":{"type":["map","string"],"description":"Filter by date range using 'lt' and 'gt'.","description_kind":"markdown","optional":true},"external_id":{"type":"string","description_kind":"plain","optional":true,"computed":true},"id":{"type":"string","description_kind":"plain","computed":true},"incident_broadcast_enabled":{"type":"bool","description_kind":"plain","optional":true,"computed":true},"name":{"type":"string","description_kind":"plain","optional":true,"computed":true},"slug":{"type":"string","description_kind":"plain","optional":true,"computed":true}},"description_kind":"plain"}},"rootly_services":{"version":0,"block":{"attributes":{"backstage_id":{"type":"string","description_kind":"plain","optional":true},"id":{"type":"string","description_kind":"plain","optional":true,"computed":true},"name":{"type":"string","description_kind":"plain","optional":true},"opsgenie_id":{"type":"string","description_kind":"plain","optional":true},"pagerduty_id":{"type":"string","description_kind":"plain","optional":true},"services":{"type":["list",["object",{"alert_broadcast_channel":["map","string"],"alert_broadcast_enabled":"bool","alert_urgency_id":"string","alerts_email_address":"string","alerts_email_enabled":"bool","backstage_id":"string","color":"string","cortex_id":"string","description":"string","environment_ids":["list","string"],"escalation_policy_id":"string","external_id":"string","github_repository_branch":"string","github_repository_name":"string","gitlab_repository_branch":"string","gitlab_repository_name":"string","id":"string","incident_broadcast_channel":["map","string"],"incident_broadcast_enabled":"bool","kubernetes_deployment_name":"string","name":"string","notify_emails":["list","string"],"opsgenie_id":"string","owner_group_ids":["list","string"],"owner_user_ids":["list","string"],"pagerduty_id":"string","position":"number","properties":["list","string"],"public_description":"string","service_ids":["list","string"],"service_now_ci_sys_id":"string","slack_aliases":["list","string"],"slack_channels":["list","string"],"slug":"string"}]],"description_kind":"plain","computed":true},"slug":{"type":"string","description_kind":"plain","optional":true}},"description_kind":"plain"}},"rootly_severities":{"version":0,"block":{"attributes":{"id":{"type":"string","description_kind":"plain","optional":true,"computed":true},"name":{"type":"string","description_kind":"plain","optional":true},"severities":{"type":["list",["object",{"color":"string","description":"string","id":"string","name":"string","severity":"string","slug":"string"}]],"description_kind":"plain","computed":true},"slug":{"type":"string","description_kind":"plain","optional":true}},"description_kind":"plain"}},"rootly_severity":{"version":0,"block":{"attributes":{"color":{"type":"string","description_kind":"plain","optional":true,"computed":true},"created_at":{"type":["map","string"],"description":"Filter by date range using 'lt' and 'gt'.","description_kind":"markdown","optional":true},"id":{"type":"string","description_kind":"plain","computed":true},"name":{"type":"string","description_kind":"plain","optional":true,"computed":true},"severity":{"type":"string","description_kind":"plain","optional":true,"computed":true},"slug":{"type":"string","description_kind":"plain","optional":true,"computed":true}},"description_kind":"plain"}},"rootly_sla":{"version":0,"block":{"attributes":{"created_at":{"type":["map","string"],"description":"Filter by date range using 'lt' and 'gt'.","description_kind":"markdown","optional":true},"id":{"type":"string","description_kind":"plain","computed":true},"name":{"type":"string","description_kind":"plain","optional":true,"computed":true},"slug":{"type":"string","description_kind":"plain","optional":true,"computed":true}},"description_kind":"plain"}},"rootly_status_page":{"version":0,"block":{"attributes":{"created_at":{"type":["map","string"],"description":"Filter by date range using 'lt' and 'gt'.","description_kind":"markdown","optional":true},"id":{"type":"string","description_kind":"plain","computed":true},"slug":{"type":"string","description_kind":"plain","optional":true,"computed":true}},"description_kind":"plain"}},"rootly_sub_status":{"version":0,"block":{"attributes":{"created_at":{"type":["map","string"],"description":"Filter by date range using 'lt' and 'gt'.","description_kind":"markdown","optional":true},"id":{"type":"string","description_kind":"plain","computed":true},"name":{"type":"string","description_kind":"plain","optional":true,"computed":true},"parent_status":{"type":"string","description_kind":"plain","optional":true,"computed":true},"slug":{"type":"string","description_kind":"plain","optional":true,"computed":true}},"description_kind":"plain"}},"rootly_team":{"version":0,"block":{"attributes":{"alert_broadcast_enabled":{"type":"bool","description_kind":"plain","optional":true,"computed":true},"backstage_id":{"type":"string","description_kind":"plain","optional":true,"computed":true},"color":{"type":"string","description_kind":"plain","optional":true,"computed":true},"cortex_id":{"type":"string","description_kind":"plain","optional":true,"computed":true},"created_at":{"type":["map","string"],"description":"Filter by date range using 'lt' and 'gt'.","description_kind":"markdown","optional":true},"external_id":{"type":"string","description_kind":"plain","optional":true,"computed":true},"id":{"type":"string","description_kind":"plain","computed":true},"incident_broadcast_enabled":{"type":"bool","description_kind":"plain","optional":true,"computed":true},"name":{"type":"string","description_kind":"plain","optional":true,"computed":true},"slug":{"type":"string","description_kind":"plain","optional":true,"computed":true}},"description_kind":"plain"}},"rootly_teams":{"version":0,"block":{"attributes":{"id":{"type":"string","description_kind":"plain","optional":true,"computed":true},"name":{"type":"string","description_kind":"plain","optional":true},"slug":{"type":"string","description_kind":"plain","optional":true},"teams":{"type":["list",["object",{"color":"string","description":"string","id":"string","name":"string","slug":"string"}]],"description_kind":"plain","computed":true}},"description_kind":"plain"}},"rootly_user":{"version":0,"block":{"attributes":{"created_at":{"type":["map","string"],"description":"Filter by date range using 'lt' and 'gt'.","description_kind":"markdown","optional":true},"email":{"type":"string","description_kind":"plain","optional":true,"computed":true},"id":{"type":"string","description_kind":"plain","computed":true},"on_call_role_id":{"type":"string","description":"The ID of the user's on-call role, or empty when unset.","description_kind":"markdown","computed":true},"role_id":{"type":"string","description":"The ID of the user's (general) role, or empty when unset.","description_kind":"markdown","computed":true}},"description_kind":"plain"}},"rootly_users":{"version":0,"block":{"attributes":{"emails":{"type":["set","string"],"description":"Optional set of emails to filter by (case-insensitive). When omitted, all users are returned.","description_kind":"markdown","optional":true},"id":{"type":"string","description_kind":"plain","optional":true,"computed":true},"users":{"type":["list",["object",{"email":"string","id":"string","on_call_role_id":"string","role_id":"string"}]],"description":"The matching users.","description_kind":"markdown","computed":true}},"description":"Lists Rootly users, optionally filtered to a set of emails. Emails that do not resolve to an existing user are omitted rather than causing an error.","description_kind":"markdown"}},"rootly_webhooks_endpoint":{"version":0,"block":{"attributes":{"id":{"type":"string","description_kind":"plain","computed":true},"name":{"type":"string","description_kind":"plain","optional":true,"computed":true},"slug":{"type":"string","description_kind":"plain","optional":true,"computed":true}},"description_kind":"plain"}},"rootly_workflow":{"version":0,"block":{"attributes":{"created_at":{"type":["map","string"],"description":"Filter by date range using 'lt' and 'gt'.","description_kind":"markdown","optional":true},"id":{"type":"string","description_kind":"plain","computed":true},"name":{"type":"string","description_kind":"plain","optional":true,"computed":true},"slug":{"type":"string","description_kind":"plain","optional":true,"computed":true}},"description_kind":"plain"}},"rootly_workflow_group":{"version":0,"block":{"attributes":{"expanded":{"type":"bool","description_kind":"plain","optional":true,"computed":true},"id":{"type":"string","description_kind":"plain","computed":true},"kind":{"type":"string","description_kind":"plain","optional":true,"computed":true},"name":{"type":"string","description_kind":"plain","optional":true,"computed":true},"position":{"type":"number","description_kind":"plain","optional":true,"computed":true},"slug":{"type":"string","description_kind":"plain","optional":true,"computed":true}},"description_kind":"plain"}},"rootly_workflow_task":{"version":0,"block":{"attributes":{"id":{"type":"string","description_kind":"plain","computed":true},"name":{"type":"string","description_kind":"plain","optional":true,"computed":true},"slug":{"type":"string","description_kind":"plain","optional":true,"computed":true},"workflow_id":{"type":"string","description_kind":"plain","required":true}},"description_kind":"plain"}}}}}}
